{
  "version": 4,
  "terraform_version": "1.6.3",
  "serial": 1239,
  "lineage": "43cbadcd-8214-0df5-f878-071a3cb22f77",
  "outputs": {
    "api_public_ip": {
      "value": "13.61.26.204",
      "type": "string"
    },
    "bastion_public_ip": {
      "value": "16.170.230.218",
      "type": "string"
    },
    "builder_private_ip": {
      "value": "10.0.3.167",
      "type": "string"
    },
    "jenkins_webhook_url": {
      "value": "http://JENKINS-alb-1127793743.eu-north-1.elb.amazonaws.com/github-webook",
      "type": "string"
    },
    "monitoring_private_ip": {
      "value": "10.0.4.10",
      "type": "string"
    },
    "scanner_private_ip": {
      "value": "10.0.3.153",
      "type": "string"
    }
  },
  "resources": [
    {
      "mode": "data",
      "type": "aws_ami",
      "name": "my_main_ubuntu_EC2_data",
      "provider": "provider[\"registry.terraform.io/hashicorp/aws\"]",
      "instances": [
        {
          "schema_version": 0,
          "attributes": {
            "architecture": "x86_64",
            "arn": "arn:aws:ec2:eu-north-1::image/ami-05d3e0186c058c4dd",
            "block_device_mappings": [
              {
                "device_name": "/dev/sda1",
                "ebs": {
                  "delete_on_termination": "true",
                  "encrypted": "false",
                  "iops": "0",
                  "snapshot_id": "snap-0eeb1e8c689cff9d2",
                  "throughput": "0",
                  "volume_initialization_rate": "0",
                  "volume_size": "8",
                  "volume_type": "gp3"
                },
                "no_device": "",
                "virtual_name": ""
              },
              {
                "device_name": "/dev/sdb",
                "ebs": {},
                "no_device": "",
                "virtual_name": "ephemeral0"
              },
              {
                "device_name": "/dev/sdc",
                "ebs": {},
                "no_device": "",
                "virtual_name": "ephemeral1"
              }
            ],
            "boot_mode": "uefi-preferred",
            "creation_date": "2025-05-30T10:40:25.000Z",
            "deprecation_time": "2027-05-30T10:40:25.000Z",
            "description": "Canonical, Ubuntu, 24.04, amd64 noble image",
            "ena_support": true,
            "executable_users": null,
            "filter": [
              {
                "name": "name",
                "values": [
                  "ubuntu/images/hvm-ssd-gp3/ubuntu-noble-24.04-amd64-server-*"
                ]
              }
            ],
            "hypervisor": "xen",
            "id": "ami-05d3e0186c058c4dd",
            "image_id": "ami-05d3e0186c058c4dd",
            "image_location": "amazon/ubuntu/images/hvm-ssd-gp3/ubuntu-noble-24.04-amd64-server-20250530",
            "image_owner_alias": "amazon",
            "image_type": "machine",
            "imds_support": "v2.0",
            "include_deprecated": false,
            "kernel_id": "",
            "last_launched_time": "",
            "most_recent": true,
            "name": "ubuntu/images/hvm-ssd-gp3/ubuntu-noble-24.04-amd64-server-20250530",
            "name_regex": null,
            "owner_id": "099720109477",
            "owners": [
              "099720109477"
            ],
            "platform": "",
            "platform_details": "Linux/UNIX",
            "product_codes": [],
            "public": true,
            "ramdisk_id": "",
            "root_device_name": "/dev/sda1",
            "root_device_type": "ebs",
            "root_snapshot_id": "snap-0eeb1e8c689cff9d2",
            "sriov_net_support": "simple",
            "state": "available",
            "state_reason": {
              "code": "UNSET",
              "message": "UNSET"
            },
            "tags": {},
            "timeouts": null,
            "tpm_support": "",
            "uefi_data": null,
            "usage_operation": "RunInstances",
            "virtualization_type": "hvm"
          },
          "sensitive_attributes": []
        }
      ]
    },
    {
      "mode": "data",
      "type": "aws_eks_cluster",
      "name": "cluster",
      "provider": "provider[\"registry.terraform.io/hashicorp/aws\"]",
      "instances": [
        {
          "schema_version": 0,
          "attributes": {
            "access_config": [
              {
                "authentication_mode": "CONFIG_MAP",
                "bootstrap_cluster_creator_admin_permissions": true
              }
            ],
            "arn": "arn:aws:eks:eu-north-1:039612864283:cluster/API_EKS_ThreatGPT",
            "certificate_authority": [
              {
                "data": "LS0tLS1CRUdJTiBDRVJUSUZJQ0FURS0tLS0tCk1JSURCVENDQWUyZ0F3SUJBZ0lJVmpIOG8xczFsc3N3RFFZSktvWklodmNOQVFFTEJRQXdGVEVUTUJFR0ExVUUKQXhNS2EzVmlaWEp1WlhSbGN6QWVGdzB5TlRBMk1UQXdPVEl5TXpCYUZ3MHpOVEEyTURnd09USTNNekJhTUJVeApFekFSQmdOVkJBTVRDbXQxWW1WeWJtVjBaWE13Z2dFaU1BMEdDU3FHU0liM0RRRUJBUVVBQTRJQkR3QXdnZ0VLCkFvSUJBUURWVWxoRExaWXFHTnlEZWl6djZYakFWZStlSHhqY0N5ekIxN3p6NUs2YktYZEV0Z1RXQXNVNTV4K3IKV2hoYzFnajJCRG83U2VYK2w5YXRuYjBZTW9QWFpPQ05Fek1KNXRYa1FrVlNXRjZXOTJ4amw0RTdCNlpROWhQYQpXL3hpQWJBdmpyQlhDWit5OHhkV2Q3OGtvbHljVUN5Sm9xZFpCRHp3cHk0M0l2UGh4MlUydkxmSnUzUUtCUXoyCmpuUWRlUWFucVJLbFNCdGhTbmxrbDdOYmhJZld1dzYxbU81YS9OSms1WmUwTjMvSEsvV2FDQXBxcWhOeS9aVmIKdDV3MSt2dmlyTE4xRTFHL3draXBMVTlSQkhmUDk4OGJ1M294L3Y4b0F5MTlYbG5QT1JjUFhCdmtPRGMrcUd4KwptOGxRN3NEM1AzbmV6NWk4bSs4am5SdEVXdzNCQWdNQkFBR2pXVEJYTUE0R0ExVWREd0VCL3dRRUF3SUNwREFQCkJnTlZIUk1CQWY4RUJUQURBUUgvTUIwR0ExVWREZ1FXQkJTUWc0NmpPcnRDaHQ3T1B4QUFNZllpT0prbWlqQVYKQmdOVkhSRUVEakFNZ2dwcmRXSmxjbTVsZEdWek1BMEdDU3FHU0liM0RRRUJDd1VBQTRJQkFRQk5BVlRPS0pJVgprRW91NWFkT1hZYUk4VmR4R1l2SEd3eVlJaDBEeW9Iek9HdTJ5NldOVmtxLzNlRjIxam5hV25VOGRvaUpDT0o4CksyZjBRSEZheWFqem5vVVdCVHc0RTBCSTN0UjNtVm41NlcyQ0h6RUg1UDdJa01zUjU5TW1BcDV3NnNQcGxSSXcKeU5hNzllOWcvQlNNbTg4aWQxT1djQzY4VVlMckZGOG8vaHA0T05uTXBoRVJtdlNQRlZvWXUvNm9rZ1pabUo0bQo1YmV0Vk91Z25SUWNFUjRnTnNMcjcyZ2JtU25VZFVsYjhLdEZjUFVuenc2RERnRVg0T1Y5UFBoc3hkRVJjT3hVCm5qTS9jL1R6R005ejl3d2RhUEsrSFdDQ1lVSk5ncFdJMEx3SUN0Z2JaNDBPUEJOU2o2d0QwcFZHOUtVcC9OSnYKdUtQRWxPeU81Mkk5Ci0tLS0tRU5EIENFUlRJRklDQVRFLS0tLS0K"
              }
            ],
            "cluster_id": null,
            "compute_config": [],
            "created_at": "2025-06-10T09:23:13Z",
            "enabled_cluster_log_types": [
              "api",
              "audit",
              "authenticator"
            ],
            "endpoint": "https://3CA89AAEB49FEF243D9DED82CB4193D5.sk1.eu-north-1.eks.amazonaws.com",
            "id": "API_EKS_ThreatGPT",
            "identity": [
              {
                "oidc": [
                  {
                    "issuer": "https://oidc.eks.eu-north-1.amazonaws.com/id/3CA89AAEB49FEF243D9DED82CB4193D5"
                  }
                ]
              }
            ],
            "kubernetes_network_config": [
              {
                "elastic_load_balancing": [
                  {
                    "enabled": false
                  }
                ],
                "ip_family": "ipv4",
                "service_ipv4_cidr": "172.20.0.0/16",
                "service_ipv6_cidr": ""
              }
            ],
            "name": "API_EKS_ThreatGPT",
            "outpost_config": [],
            "platform_version": "eks.28",
            "remote_network_config": [],
            "role_arn": "arn:aws:iam::039612864283:role/API_EKS_ThreatGPT-cluster-20250531101209947700000004",
            "status": "ACTIVE",
            "storage_config": [],
            "tags": {},
            "upgrade_policy": [
              {
                "support_type": "EXTENDED"
              }
            ],
            "version": "1.31",
            "vpc_config": [
              {
                "cluster_security_group_id": "sg-01b236c7b8fb135b1",
                "endpoint_private_access": true,
                "endpoint_public_access": true,
                "public_access_cidrs": [
                  "134.94.2.124/32"
                ],
                "security_group_ids": [
                  "sg-0a1ab93976b60d5f3"
                ],
                "subnet_ids": [
                  "subnet-012ca80a2303a146f",
                  "subnet-0218f9dd12b492d9f"
                ],
                "vpc_id": "vpc-00ab0082adeef6e00"
              }
            ],
            "zonal_shift_config": []
          },
          "sensitive_attributes": []
        }
      ]
    },
    {
      "mode": "data",
      "type": "aws_eks_cluster_auth",
      "name": "cluster",
      "provider": "provider[\"registry.terraform.io/hashicorp/aws\"]",
      "instances": [
        {
          "schema_version": 0,
          "attributes": {
            "id": "API_EKS_ThreatGPT",
            "name": "API_EKS_ThreatGPT",
            "token": "k8s-aws-v1.aHR0cHM6Ly9zdHMuZXUtbm9ydGgtMS5hbWF6b25hd3MuY29tLz9BY3Rpb249R2V0Q2FsbGVySWRlbnRpdHkmVmVyc2lvbj0yMDExLTA2LTE1JlgtQW16LUFsZ29yaXRobT1BV1M0LUhNQUMtU0hBMjU2JlgtQW16LUNyZWRlbnRpYWw9QUtJQVFTT0k0SzROMkI1M0UzREUlMkYyMDI1MDYxMCUyRmV1LW5vcnRoLTElMkZzdHMlMkZhd3M0X3JlcXVlc3QmWC1BbXotRGF0ZT0yMDI1MDYxMFQwOTIzMDBaJlgtQW16LUV4cGlyZXM9MCZYLUFtei1TaWduZWRIZWFkZXJzPWhvc3QlM0J4LWs4cy1hd3MtaWQmWC1BbXotU2lnbmF0dXJlPTlhOGM0ZDBmY2U2OTg1OWFmNWZlMjJhYmQzYTZkYzhkMGExY2IyNTc5OTRlZTc3Zjk5NTA2OTY3ODhlZTBhZmE"
          },
          "sensitive_attributes": []
        }
      ]
    },
    {
      "mode": "data",
      "type": "template_file",
      "name": "api_userdata",
      "provider": "provider[\"registry.terraform.io/hashicorp/template\"]",
      "instances": [
        {
          "schema_version": 0,
          "attributes": {
            "filename": null,
            "id": "f818aa9ea45866d8f5bc25fa3c1b31091d1b14eea1bbacf26532e613be6c0024",
            "rendered": "#!/bin/bash\n# Add Bastion and Jenkins ssh connection internally:\n\nmkdir -p /home/ubuntu/.ssh\necho \"ssh-rsa AAAAB3NzaC1yc2EAAAADAQABAAACAQDcK+33UyS60MR4pdlge463gf68MW+ulNX879xt7Lmmibwa1O7GTh6J188W+B3jQRjs5ru9m58+XZV6lSMyhWTOnCQ/KS5OlqmTdhJTOzZgS5maSwkIyhLSNfHlie4dU9ekX8C0lbZzMyKNavKmgP3+eWQ8n/dZZ9Woi9J0GYbbcRK3q5kcMPIs4AtcQJ7BzwOf7Y7LKKCisNpBU/Xm8XRQgqm+oTN40RNEZGoGCHbFbp0kel70yK7mh1bWqNjC0pdFIV0Dkvr4N4Xw4OF55Q9hv1pohXaweJ6Ovcnoo7kooAnqnS/swtXPyRtq6M6AsnsaBAofa0ZaBv2zGCvqrVMib5nQ1a2JmrUaSl+CIhumeljBHJXKt1O7Sjn7tOF4jzyoWHsD9bXFXLrGzwFc3juaHABewidT7C0l7TOZiG7MTgMb08lM3g63Nre4dTN5k5RtBY41zNBWfQbuadyEZ7Vtn0i4ioGszQRrHjkdTkow3RQAGW1vNui7bgI5+sNPN5OLpboeosh1yi03lpJiQn3Yn803s5NTkpSx2i0bVRX/KCgdi0Snfb8WcWwUX3Ziz3VBJlr/niaHOpVzUHhG5Fo46p5XMzMjr1+XKLcDDM45Va3qU3pQlan14aTDaH+VTh3r7uP4aO6yVyJh9zc3BxyQySe3Dv6d1o3xEtPahQnXAw==\n\" \u003e\u003e /home/ubuntu/.ssh/authorized_keys\necho \"ssh-rsa AAAAB3NzaC1yc2EAAAADAQABAAACAQDVz2/LnMeM0SS/ujv6Jlf4Mjy3Fv51B91+VZnJa3/dzbHvo/+R0NFzZAwCI0aslRLE9sbSoUvsYbRXdNsTovJ/Tipo5W6WkfD7aRqnfb/IAPQPGA15O5g4YvLYDuD738hU19JprPpne7gqemgSRaH7rebPZYKbFS7cfc/WWRK25P348BtpWnY5lrLTc3fEDg/sP6yqhw9eUd9pe4e7PoyAzV6e1aQZP5YmHGUcwfx2DluaGBB2LJovumld9BOzkoLKJyTt2MhiMh8Z0iGhOOhfAZ6UB1JhoSL+PbFnWk18bf/Shui1gDvyg2juRxd0MsBmVL1b3h8fuqBPBDR5TZGnVb9AnFtWAF2jsi6Bnah8xZTd6SShr0VldbmJy66aeI2ZwBUZ58afbvW0X0pRG9U5imEzp7G7r1DGEqKf/AkUbiQJkPtd0f3GR5MXa0wXhyaI3lFwCT3+0FL8wqu/1wGs2IgJHOzbHYAHcWIhKmzErMByP70VXZvRIumMU6D1cWR0F6/OiMitLD7pt099FsAPUG2WrreeRsNrh4HY3gYdyHbOv/+4FsHAFyjw9zquNoMIca2iH6sAeG1Uoyme1elxHZIAN/Q5uRDgmaMPXS6fba5Y1xUKPUHgjZ4sTHrUkfYo1FoCGddsXTyXl6CcaB1dQFpzFg/X9J/Xs0JtTQn+ZQ==\n\" \u003e\u003e /home/ubuntu/.ssh/authorized_keys\nchown -R ubuntu:ubuntu /home/ubuntu/.ssh\nchmod 600 /home/ubuntu/.ssh/authorized_keys\n\n# Wait until network is available\nuntil ping -c1 archive.ubuntu.com \u0026\u003e/dev/null; do\n  echo \"Waiting for internet connection...\"\n  sleep 2\ndone\n\n## Node Exporter for Prometheus:\n\n# Install Node Exporter\nuseradd --no-create-home --shell /bin/false node_exporter\nwget https://github.com/prometheus/node_exporter/releases/download/v1.6.1/node_exporter-1.6.1.linux-amd64.tar.gz\ntar xvfz node_exporter-1.6.1.linux-amd64.tar.gz\ncp node_exporter-1.6.1.linux-amd64/node_exporter /usr/local/bin/\nchown node_exporter:node_exporter /usr/local/bin/node_exporter\n\n# Create systemd service\ncat \u003c\u003cEOF \u003e /etc/systemd/system/node_exporter.service\n[Unit]\nDescription=Node Exporter\nAfter=network.target\n\n[Service]\nUser=node_exporter\nGroup=node_exporter\nType=simple\nExecStart=/usr/local/bin/node_exporter\n\n[Install]\nWantedBy=multi-user.target\nEOF\n\nsystemctl daemon-reexec\nsystemctl enable node_exporter\nsystemctl start node_exporter\n\n",
            "template": "#!/bin/bash\n# Add Bastion and Jenkins ssh connection internally:\n\nmkdir -p /home/ubuntu/.ssh\necho \"${bastion_internal_pubkey}\" \u003e\u003e /home/ubuntu/.ssh/authorized_keys\necho \"${jenkins_internal_pubkey}\" \u003e\u003e /home/ubuntu/.ssh/authorized_keys\nchown -R ubuntu:ubuntu /home/ubuntu/.ssh\nchmod 600 /home/ubuntu/.ssh/authorized_keys\n\n# Wait until network is available\nuntil ping -c1 archive.ubuntu.com \u0026\u003e/dev/null; do\n  echo \"Waiting for internet connection...\"\n  sleep 2\ndone\n\n## Node Exporter for Prometheus:\n\n# Install Node Exporter\nuseradd --no-create-home --shell /bin/false node_exporter\nwget https://github.com/prometheus/node_exporter/releases/download/v1.6.1/node_exporter-1.6.1.linux-amd64.tar.gz\ntar xvfz node_exporter-1.6.1.linux-amd64.tar.gz\ncp node_exporter-1.6.1.linux-amd64/node_exporter /usr/local/bin/\nchown node_exporter:node_exporter /usr/local/bin/node_exporter\n\n# Create systemd service\ncat \u003c\u003cEOF \u003e /etc/systemd/system/node_exporter.service\n[Unit]\nDescription=Node Exporter\nAfter=network.target\n\n[Service]\nUser=node_exporter\nGroup=node_exporter\nType=simple\nExecStart=/usr/local/bin/node_exporter\n\n[Install]\nWantedBy=multi-user.target\nEOF\n\nsystemctl daemon-reexec\nsystemctl enable node_exporter\nsystemctl start node_exporter\n\n",
            "vars": {
              "bastion_internal_pubkey": "ssh-rsa AAAAB3NzaC1yc2EAAAADAQABAAACAQDcK+33UyS60MR4pdlge463gf68MW+ulNX879xt7Lmmibwa1O7GTh6J188W+B3jQRjs5ru9m58+XZV6lSMyhWTOnCQ/KS5OlqmTdhJTOzZgS5maSwkIyhLSNfHlie4dU9ekX8C0lbZzMyKNavKmgP3+eWQ8n/dZZ9Woi9J0GYbbcRK3q5kcMPIs4AtcQJ7BzwOf7Y7LKKCisNpBU/Xm8XRQgqm+oTN40RNEZGoGCHbFbp0kel70yK7mh1bWqNjC0pdFIV0Dkvr4N4Xw4OF55Q9hv1pohXaweJ6Ovcnoo7kooAnqnS/swtXPyRtq6M6AsnsaBAofa0ZaBv2zGCvqrVMib5nQ1a2JmrUaSl+CIhumeljBHJXKt1O7Sjn7tOF4jzyoWHsD9bXFXLrGzwFc3juaHABewidT7C0l7TOZiG7MTgMb08lM3g63Nre4dTN5k5RtBY41zNBWfQbuadyEZ7Vtn0i4ioGszQRrHjkdTkow3RQAGW1vNui7bgI5+sNPN5OLpboeosh1yi03lpJiQn3Yn803s5NTkpSx2i0bVRX/KCgdi0Snfb8WcWwUX3Ziz3VBJlr/niaHOpVzUHhG5Fo46p5XMzMjr1+XKLcDDM45Va3qU3pQlan14aTDaH+VTh3r7uP4aO6yVyJh9zc3BxyQySe3Dv6d1o3xEtPahQnXAw==\n",
              "jenkins_internal_pubkey": "ssh-rsa AAAAB3NzaC1yc2EAAAADAQABAAACAQDVz2/LnMeM0SS/ujv6Jlf4Mjy3Fv51B91+VZnJa3/dzbHvo/+R0NFzZAwCI0aslRLE9sbSoUvsYbRXdNsTovJ/Tipo5W6WkfD7aRqnfb/IAPQPGA15O5g4YvLYDuD738hU19JprPpne7gqemgSRaH7rebPZYKbFS7cfc/WWRK25P348BtpWnY5lrLTc3fEDg/sP6yqhw9eUd9pe4e7PoyAzV6e1aQZP5YmHGUcwfx2DluaGBB2LJovumld9BOzkoLKJyTt2MhiMh8Z0iGhOOhfAZ6UB1JhoSL+PbFnWk18bf/Shui1gDvyg2juRxd0MsBmVL1b3h8fuqBPBDR5TZGnVb9AnFtWAF2jsi6Bnah8xZTd6SShr0VldbmJy66aeI2ZwBUZ58afbvW0X0pRG9U5imEzp7G7r1DGEqKf/AkUbiQJkPtd0f3GR5MXa0wXhyaI3lFwCT3+0FL8wqu/1wGs2IgJHOzbHYAHcWIhKmzErMByP70VXZvRIumMU6D1cWR0F6/OiMitLD7pt099FsAPUG2WrreeRsNrh4HY3gYdyHbOv/+4FsHAFyjw9zquNoMIca2iH6sAeG1Uoyme1elxHZIAN/Q5uRDgmaMPXS6fba5Y1xUKPUHgjZ4sTHrUkfYo1FoCGddsXTyXl6CcaB1dQFpzFg/X9J/Xs0JtTQn+ZQ==\n"
            }
          },
          "sensitive_attributes": []
        }
      ]
    },
    {
      "mode": "data",
      "type": "template_file",
      "name": "bastion_userdata",
      "provider": "provider[\"registry.terraform.io/hashicorp/template\"]",
      "instances": [
        {
          "schema_version": 0,
          "attributes": {
            "filename": null,
            "id": "78de3b5d7a707476aa3bf3ada45afafac2321a877b3771e708fb96bd1546cc02",
            "rendered": "#!/bin/bash\n\n# Log setup for debugging\n# Minimal configuration to minimize attack surface\nexec \u003e \u003e(tee /var/log/userdata-bastion.log | logger -t userdata -s 2\u003e/dev/console) 2\u003e\u00261\n\n# Wait until network is available\nuntil ping -c1 archive.ubuntu.com \u0026\u003e/dev/null; do\n  echo \"Waiting for internet connection...\"\n  sleep 2\ndone\n\napt update \u0026\u0026 apt -y upgrade\napt install -y openssh-server\n# fail2ban for brute-force protection\napt install -y fail2ban\nufw allow OpenSSH\nufw --force enable\n\n# Add Bastion ssh connection internally:\n\nmkdir -p /home/ubuntu/.ssh\necho \"ssh-rsa AAAAB3NzaC1yc2EAAAADAQABAAACAQDcK+33UyS60MR4pdlge463gf68MW+ulNX879xt7Lmmibwa1O7GTh6J188W+B3jQRjs5ru9m58+XZV6lSMyhWTOnCQ/KS5OlqmTdhJTOzZgS5maSwkIyhLSNfHlie4dU9ekX8C0lbZzMyKNavKmgP3+eWQ8n/dZZ9Woi9J0GYbbcRK3q5kcMPIs4AtcQJ7BzwOf7Y7LKKCisNpBU/Xm8XRQgqm+oTN40RNEZGoGCHbFbp0kel70yK7mh1bWqNjC0pdFIV0Dkvr4N4Xw4OF55Q9hv1pohXaweJ6Ovcnoo7kooAnqnS/swtXPyRtq6M6AsnsaBAofa0ZaBv2zGCvqrVMib5nQ1a2JmrUaSl+CIhumeljBHJXKt1O7Sjn7tOF4jzyoWHsD9bXFXLrGzwFc3juaHABewidT7C0l7TOZiG7MTgMb08lM3g63Nre4dTN5k5RtBY41zNBWfQbuadyEZ7Vtn0i4ioGszQRrHjkdTkow3RQAGW1vNui7bgI5+sNPN5OLpboeosh1yi03lpJiQn3Yn803s5NTkpSx2i0bVRX/KCgdi0Snfb8WcWwUX3Ziz3VBJlr/niaHOpVzUHhG5Fo46p5XMzMjr1+XKLcDDM45Va3qU3pQlan14aTDaH+VTh3r7uP4aO6yVyJh9zc3BxyQySe3Dv6d1o3xEtPahQnXAw==\n\" \u003e\u003e /home/ubuntu/.ssh/authorized_keys\nchown -R ubuntu:ubuntu /home/ubuntu/.ssh\nchmod 600 /home/ubuntu/.ssh/authorized_keys\n\n# echo does not handle multiline comments well:\ncat \u003c\u003cEOF \u003e /home/ubuntu/.ssh/bastion_internal.pem\n-----BEGIN RSA PRIVATE KEY-----\nMIIJKQIBAAKCAgEA3Cvt91MkutDEeKXZYHuOt4H+vDFvrpTV/O/cbey5pom8GtTu\nxk4eidfPFvgd40EY7Oa7vZufPl2VepUjMoVkzpwkPykuTpapk3YSUzs2YEuZmksJ\nCMoS0jXx5YnuHVPXpF/AtJW2czMijWrypoD9/nlkPJ/3WWfVqIvSdBmG23ESt6uZ\nHDDyLOALXECewc8Dn+2OyyigorDaQVP15vF0UIKpvqEzeNETRGRqBgh2xW6dJHpe\n9Miu5odW1qjYwtKXRSFdA5L6+DeF8ODheeUPYb9aaIV2sHiejr3J6KO5KKAJ6p0v\n7MLVz8kbaujOgLJ7GgQKH2tGWgb9sxgr6q1TIm+Z0NWtiZq1GkpfgiIbpnpYwRyV\nyrdTu0o5+7TheI88qFh7A/W1xVy6xs8BXN47mhwAXsInU+wtJe0zmYhuzE4DG9PJ\nTN4Otza3uHUzeZOUbQWONczQVn0G7mnchGe1bZ9IuIqBrM0Eax45HU5KMN0UABlt\nbzbou24COfrDTzeTi6W6HqLIdcotN5aSYkJ92J/NN7OTU5KUsdotG1UV/ygoHYtE\np32/FnFsFF92Ys91QSZa/54mhzqVc1B4RuRaOOqeVzMzI69flyi3AwzOOVWt6lN6\nUJWp9eGkw2h/lU4d6+7j+GjuslciYfc3NwcckMkntw7+ndaN8RLT2oUJ1wMCAwEA\nAQKCAgA9AOT97qkSJA8T+Kv6ujFochnRLgdqQW3rF9ClGn60AJzAeHgyNOnsOoH0\nNMofMeXEmgexuQFN5+MnZFQsxt4QCx5V68SbXM5ef8wDCLh/xOKp6Bl4OHkvimfc\nODPkJ1tr/WXpA0RatfPgaB4UeVAm5p6Z157SxFzkRt2Icpw1iCZuAps5PuyS937e\nUD9Mpt2zvcAfVUHw4fyPNkK/eu5F8nYyzfpzgsaKYCIqSsUR3hynQ0q1GzeuwxgS\nARWSIYRtUJmziFGGXef8Pmrq+cchx8G2jSg+LCWOmlJr5ZVDhthIi8YAHVndqTSy\nEhBJg2ptYmolm3USM7aunUdpzh1mvRMnxlHWMH3CUpbYfszECftnI7eLpQgYCNq4\nGrk0FgoAL4+7tzoAh5Ig+xu+OIs35ZZGoHw8hF842Ynu5u/l+wC4TkYTTu1ExZY8\nE9xJ7szCdg39S7HFXkQ1ts3Iv5yZa4l34ABgrApeyC3YZroFQli3DBIFQsgln5s6\nykXqEXRCaPQuIkfi3eQaMk0g+72mC6a/1sCATAIG02yIfilofvszVNn0N8oX/5j4\nDcio58dHXMXBeK744BDuv3h8Q3MWAtKaf13LbZtoiE/V9ojWiq8YjLV35/r4Kctm\nP6mCwO6zInwESiFaxa0TOiHIl05tKv3wkLKcyTImaFR/71ZYpQKCAQEA9KnXb7Sr\n1LlgI1X76MKw0SeH3xO1qwP8mR9aO5gQI1awMqtlz9Ow70ERRJDftlEN6WtAa2XI\nKM8drmRCtesT4xF4VR7JtdQuGNkpZ7FW0vVIbf31KgU5MK5QRPtMEsSei2p2J8EX\nTjLTgl4hHs9EAcOmf9CGsvE7crRIw9+06SJM+wfFxj46tzf6NuEHedWKzR33+31z\nwyvHG7sO5basur3V4ATC5nuBJhrpum4wxCQcX+n85WoTLAolWwlwvLgUPmx33aju\nJbNJ0/e8TTX8eIeix3Uj2axRudGS/ATygu9d0kK8g8adOprAhpddyhEaK1S6NU4y\nOo8Q84+e3IGmrQKCAQEA5l+R11q4kFyrDjqwr3UhPdt8AdByxzE6iYGIgcMs+wVT\nzGbxUfb6Ab4iKcQFvbr13Y318beOs3m0IB8Xw3B/sg1CbfnBqTQwTQGXGClMszRh\nrLJ8F4u1GxfqNca+PKFzSkY2d1wwaAAY5QIw06HdRB6OnKLRV04tH6iPIk9e5/AJ\nrReR8fYy5nqdB9fTA5tQzO2rFT9xFz32Y79bSGnoTHGrhJMT4vH1UhIMHmY9ua+9\nYtulI7Eo8uEfRjf94IglnlW0iGUDpWRmX4i4T27jEqgnnhf8rLls9wQ6jWbF3Qt2\nzE3KZX8VReyGYDFk3yMgmSRgB0XVAJRK4x5OMxkabwKCAQEA1/R+Q4xOy3Jg6G/B\n7d7DYaop5P6psOzQ7ntdExMS04518hOVx07MczKUwle6D1wWEn1nnCR3+4VtZnv6\n4kZABIJsG34Uf1ls4uP0ByHiSEzXBLdPyipYI58JHQpPSJWid96dslNeddipFv5s\n75v1JDWE5nayHoqNdZ6qR7JTJiDvn/hpWqWdABH52qzgA2s4m/qi46oFHzWqBtEi\nwiJu7loXySeKvRQwl+jTe4o9ozNYlFSdtAXgLFQ8StHXX8x/meX2G4I7yq0pMl8O\nJ3zKf70BMls0LLNMY98XhTn8sRQFVU0wxoPuTkdAPsymrXBREAQ2ZEzESynyxXl0\nuJ/79QKCAQEAjH58Uvng1SmuqF7ioh6sxyyz0+dsGE7NhE6bEYgWRoBZOq8NPQ+C\nKM3rx8zkM3FxwExzUZbAUHRIhc5wj6BsQAoWGTvX/3j0fAIcQ3/sZt3rM4cmZrWt\nHXjYPTOXkSJlTUbEsMZoPwTQKdnMLUTpzEFWd/BT+wqSOlxx7lq5ZnndbNKTDx02\nrZjZa48UAX8XJ+NKEws9zQ7c1Lg+00rDgNtR3uhTmHQ3SHX5LhDsU/H5bfDGJZ5F\netoQWKKNEgH17zoVf5kbQCKazGh0/vyBPz+N6bx3PF9ZNMw/aTzkLopvSOmoJX37\nW0mEKeX1vp+NodetOMI9xLyrbxdsWX1VwQKCAQAFLhYt4V1p9COfgHdDd+NRiPC3\nAM/MY+HjJq8Obsf2wYbDnG9OwtBFKG18gXI+UKJ9qxwuvASYV5D+HDlmi8+0AHJc\nbpA2ysxvz3e1MxxDx+4uiL+NN9UjWSNkXBZGKCoM03lPMF+PlW5ST1wzSPv3QGxn\nMFE4gI7OPEeVsz802soYoAAONQrn274x8fTS68CalmPgxl2dXYjxDiinzzWeaY3T\nj0QcAoFOry+7nvfRDZPRZSTF2yyq+azG1AHWr9clXMW0fSuxZf7tXM3kWSq//4Ob\nRELXLnvwYhQKkrUzz2Zu3CpBVBBzdOiAlpyNO16slOY09R/J5Jl38KSdfSQx\n-----END RSA PRIVATE KEY-----\n\nEOF\n\nchown ubuntu:ubuntu /home/ubuntu/.ssh/bastion_internal.pem\nchmod 600 /home/ubuntu/.ssh/bastion_internal.pem",
            "template": "#!/bin/bash\n\n# Log setup for debugging\n# Minimal configuration to minimize attack surface\nexec \u003e \u003e(tee /var/log/userdata-bastion.log | logger -t userdata -s 2\u003e/dev/console) 2\u003e\u00261\n\n# Wait until network is available\nuntil ping -c1 archive.ubuntu.com \u0026\u003e/dev/null; do\n  echo \"Waiting for internet connection...\"\n  sleep 2\ndone\n\napt update \u0026\u0026 apt -y upgrade\napt install -y openssh-server\n# fail2ban for brute-force protection\napt install -y fail2ban\nufw allow OpenSSH\nufw --force enable\n\n# Add Bastion ssh connection internally:\n\nmkdir -p /home/ubuntu/.ssh\necho \"${bastion_internal_pubkey}\" \u003e\u003e /home/ubuntu/.ssh/authorized_keys\nchown -R ubuntu:ubuntu /home/ubuntu/.ssh\nchmod 600 /home/ubuntu/.ssh/authorized_keys\n\n# echo does not handle multiline comments well:\ncat \u003c\u003cEOF \u003e /home/ubuntu/.ssh/bastion_internal.pem\n${bastion_internal_pem}\nEOF\n\nchown ubuntu:ubuntu /home/ubuntu/.ssh/bastion_internal.pem\nchmod 600 /home/ubuntu/.ssh/bastion_internal.pem",
            "vars": {
              "bastion_internal_pem": "-----BEGIN RSA PRIVATE KEY-----\nMIIJKQIBAAKCAgEA3Cvt91MkutDEeKXZYHuOt4H+vDFvrpTV/O/cbey5pom8GtTu\nxk4eidfPFvgd40EY7Oa7vZufPl2VepUjMoVkzpwkPykuTpapk3YSUzs2YEuZmksJ\nCMoS0jXx5YnuHVPXpF/AtJW2czMijWrypoD9/nlkPJ/3WWfVqIvSdBmG23ESt6uZ\nHDDyLOALXECewc8Dn+2OyyigorDaQVP15vF0UIKpvqEzeNETRGRqBgh2xW6dJHpe\n9Miu5odW1qjYwtKXRSFdA5L6+DeF8ODheeUPYb9aaIV2sHiejr3J6KO5KKAJ6p0v\n7MLVz8kbaujOgLJ7GgQKH2tGWgb9sxgr6q1TIm+Z0NWtiZq1GkpfgiIbpnpYwRyV\nyrdTu0o5+7TheI88qFh7A/W1xVy6xs8BXN47mhwAXsInU+wtJe0zmYhuzE4DG9PJ\nTN4Otza3uHUzeZOUbQWONczQVn0G7mnchGe1bZ9IuIqBrM0Eax45HU5KMN0UABlt\nbzbou24COfrDTzeTi6W6HqLIdcotN5aSYkJ92J/NN7OTU5KUsdotG1UV/ygoHYtE\np32/FnFsFF92Ys91QSZa/54mhzqVc1B4RuRaOOqeVzMzI69flyi3AwzOOVWt6lN6\nUJWp9eGkw2h/lU4d6+7j+GjuslciYfc3NwcckMkntw7+ndaN8RLT2oUJ1wMCAwEA\nAQKCAgA9AOT97qkSJA8T+Kv6ujFochnRLgdqQW3rF9ClGn60AJzAeHgyNOnsOoH0\nNMofMeXEmgexuQFN5+MnZFQsxt4QCx5V68SbXM5ef8wDCLh/xOKp6Bl4OHkvimfc\nODPkJ1tr/WXpA0RatfPgaB4UeVAm5p6Z157SxFzkRt2Icpw1iCZuAps5PuyS937e\nUD9Mpt2zvcAfVUHw4fyPNkK/eu5F8nYyzfpzgsaKYCIqSsUR3hynQ0q1GzeuwxgS\nARWSIYRtUJmziFGGXef8Pmrq+cchx8G2jSg+LCWOmlJr5ZVDhthIi8YAHVndqTSy\nEhBJg2ptYmolm3USM7aunUdpzh1mvRMnxlHWMH3CUpbYfszECftnI7eLpQgYCNq4\nGrk0FgoAL4+7tzoAh5Ig+xu+OIs35ZZGoHw8hF842Ynu5u/l+wC4TkYTTu1ExZY8\nE9xJ7szCdg39S7HFXkQ1ts3Iv5yZa4l34ABgrApeyC3YZroFQli3DBIFQsgln5s6\nykXqEXRCaPQuIkfi3eQaMk0g+72mC6a/1sCATAIG02yIfilofvszVNn0N8oX/5j4\nDcio58dHXMXBeK744BDuv3h8Q3MWAtKaf13LbZtoiE/V9ojWiq8YjLV35/r4Kctm\nP6mCwO6zInwESiFaxa0TOiHIl05tKv3wkLKcyTImaFR/71ZYpQKCAQEA9KnXb7Sr\n1LlgI1X76MKw0SeH3xO1qwP8mR9aO5gQI1awMqtlz9Ow70ERRJDftlEN6WtAa2XI\nKM8drmRCtesT4xF4VR7JtdQuGNkpZ7FW0vVIbf31KgU5MK5QRPtMEsSei2p2J8EX\nTjLTgl4hHs9EAcOmf9CGsvE7crRIw9+06SJM+wfFxj46tzf6NuEHedWKzR33+31z\nwyvHG7sO5basur3V4ATC5nuBJhrpum4wxCQcX+n85WoTLAolWwlwvLgUPmx33aju\nJbNJ0/e8TTX8eIeix3Uj2axRudGS/ATygu9d0kK8g8adOprAhpddyhEaK1S6NU4y\nOo8Q84+e3IGmrQKCAQEA5l+R11q4kFyrDjqwr3UhPdt8AdByxzE6iYGIgcMs+wVT\nzGbxUfb6Ab4iKcQFvbr13Y318beOs3m0IB8Xw3B/sg1CbfnBqTQwTQGXGClMszRh\nrLJ8F4u1GxfqNca+PKFzSkY2d1wwaAAY5QIw06HdRB6OnKLRV04tH6iPIk9e5/AJ\nrReR8fYy5nqdB9fTA5tQzO2rFT9xFz32Y79bSGnoTHGrhJMT4vH1UhIMHmY9ua+9\nYtulI7Eo8uEfRjf94IglnlW0iGUDpWRmX4i4T27jEqgnnhf8rLls9wQ6jWbF3Qt2\nzE3KZX8VReyGYDFk3yMgmSRgB0XVAJRK4x5OMxkabwKCAQEA1/R+Q4xOy3Jg6G/B\n7d7DYaop5P6psOzQ7ntdExMS04518hOVx07MczKUwle6D1wWEn1nnCR3+4VtZnv6\n4kZABIJsG34Uf1ls4uP0ByHiSEzXBLdPyipYI58JHQpPSJWid96dslNeddipFv5s\n75v1JDWE5nayHoqNdZ6qR7JTJiDvn/hpWqWdABH52qzgA2s4m/qi46oFHzWqBtEi\nwiJu7loXySeKvRQwl+jTe4o9ozNYlFSdtAXgLFQ8StHXX8x/meX2G4I7yq0pMl8O\nJ3zKf70BMls0LLNMY98XhTn8sRQFVU0wxoPuTkdAPsymrXBREAQ2ZEzESynyxXl0\nuJ/79QKCAQEAjH58Uvng1SmuqF7ioh6sxyyz0+dsGE7NhE6bEYgWRoBZOq8NPQ+C\nKM3rx8zkM3FxwExzUZbAUHRIhc5wj6BsQAoWGTvX/3j0fAIcQ3/sZt3rM4cmZrWt\nHXjYPTOXkSJlTUbEsMZoPwTQKdnMLUTpzEFWd/BT+wqSOlxx7lq5ZnndbNKTDx02\nrZjZa48UAX8XJ+NKEws9zQ7c1Lg+00rDgNtR3uhTmHQ3SHX5LhDsU/H5bfDGJZ5F\netoQWKKNEgH17zoVf5kbQCKazGh0/vyBPz+N6bx3PF9ZNMw/aTzkLopvSOmoJX37\nW0mEKeX1vp+NodetOMI9xLyrbxdsWX1VwQKCAQAFLhYt4V1p9COfgHdDd+NRiPC3\nAM/MY+HjJq8Obsf2wYbDnG9OwtBFKG18gXI+UKJ9qxwuvASYV5D+HDlmi8+0AHJc\nbpA2ysxvz3e1MxxDx+4uiL+NN9UjWSNkXBZGKCoM03lPMF+PlW5ST1wzSPv3QGxn\nMFE4gI7OPEeVsz802soYoAAONQrn274x8fTS68CalmPgxl2dXYjxDiinzzWeaY3T\nj0QcAoFOry+7nvfRDZPRZSTF2yyq+azG1AHWr9clXMW0fSuxZf7tXM3kWSq//4Ob\nRELXLnvwYhQKkrUzz2Zu3CpBVBBzdOiAlpyNO16slOY09R/J5Jl38KSdfSQx\n-----END RSA PRIVATE KEY-----\n",
              "bastion_internal_pubkey": "ssh-rsa AAAAB3NzaC1yc2EAAAADAQABAAACAQDcK+33UyS60MR4pdlge463gf68MW+ulNX879xt7Lmmibwa1O7GTh6J188W+B3jQRjs5ru9m58+XZV6lSMyhWTOnCQ/KS5OlqmTdhJTOzZgS5maSwkIyhLSNfHlie4dU9ekX8C0lbZzMyKNavKmgP3+eWQ8n/dZZ9Woi9J0GYbbcRK3q5kcMPIs4AtcQJ7BzwOf7Y7LKKCisNpBU/Xm8XRQgqm+oTN40RNEZGoGCHbFbp0kel70yK7mh1bWqNjC0pdFIV0Dkvr4N4Xw4OF55Q9hv1pohXaweJ6Ovcnoo7kooAnqnS/swtXPyRtq6M6AsnsaBAofa0ZaBv2zGCvqrVMib5nQ1a2JmrUaSl+CIhumeljBHJXKt1O7Sjn7tOF4jzyoWHsD9bXFXLrGzwFc3juaHABewidT7C0l7TOZiG7MTgMb08lM3g63Nre4dTN5k5RtBY41zNBWfQbuadyEZ7Vtn0i4ioGszQRrHjkdTkow3RQAGW1vNui7bgI5+sNPN5OLpboeosh1yi03lpJiQn3Yn803s5NTkpSx2i0bVRX/KCgdi0Snfb8WcWwUX3Ziz3VBJlr/niaHOpVzUHhG5Fo46p5XMzMjr1+XKLcDDM45Va3qU3pQlan14aTDaH+VTh3r7uP4aO6yVyJh9zc3BxyQySe3Dv6d1o3xEtPahQnXAw==\n"
            }
          },
          "sensitive_attributes": [
            [
              {
                "type": "get_attr",
                "value": "vars"
              },
              {
                "type": "index",
                "value": {
                  "value": "bastion_internal_pem",
                  "type": "string"
                }
              }
            ]
          ]
        }
      ]
    },
    {
      "mode": "data",
      "type": "template_file",
      "name": "builder_userdata",
      "provider": "provider[\"registry.terraform.io/hashicorp/template\"]",
      "instances": [
        {
          "schema_version": 0,
          "attributes": {
            "filename": null,
            "id": "fe99d988bd3a9c10f4164737c11e4ff9d6144b6769b3aa6a93c6b74564fb1386",
            "rendered": "#!/bin/bash\n# Add Bastion and Jenkins ssh connection internally:\nmkdir -p /home/ubuntu/.ssh\necho \"ssh-rsa AAAAB3NzaC1yc2EAAAADAQABAAACAQDcK+33UyS60MR4pdlge463gf68MW+ulNX879xt7Lmmibwa1O7GTh6J188W+B3jQRjs5ru9m58+XZV6lSMyhWTOnCQ/KS5OlqmTdhJTOzZgS5maSwkIyhLSNfHlie4dU9ekX8C0lbZzMyKNavKmgP3+eWQ8n/dZZ9Woi9J0GYbbcRK3q5kcMPIs4AtcQJ7BzwOf7Y7LKKCisNpBU/Xm8XRQgqm+oTN40RNEZGoGCHbFbp0kel70yK7mh1bWqNjC0pdFIV0Dkvr4N4Xw4OF55Q9hv1pohXaweJ6Ovcnoo7kooAnqnS/swtXPyRtq6M6AsnsaBAofa0ZaBv2zGCvqrVMib5nQ1a2JmrUaSl+CIhumeljBHJXKt1O7Sjn7tOF4jzyoWHsD9bXFXLrGzwFc3juaHABewidT7C0l7TOZiG7MTgMb08lM3g63Nre4dTN5k5RtBY41zNBWfQbuadyEZ7Vtn0i4ioGszQRrHjkdTkow3RQAGW1vNui7bgI5+sNPN5OLpboeosh1yi03lpJiQn3Yn803s5NTkpSx2i0bVRX/KCgdi0Snfb8WcWwUX3Ziz3VBJlr/niaHOpVzUHhG5Fo46p5XMzMjr1+XKLcDDM45Va3qU3pQlan14aTDaH+VTh3r7uP4aO6yVyJh9zc3BxyQySe3Dv6d1o3xEtPahQnXAw==\n\" \u003e\u003e /home/ubuntu/.ssh/authorized_keys\necho \"ssh-rsa AAAAB3NzaC1yc2EAAAADAQABAAACAQDVz2/LnMeM0SS/ujv6Jlf4Mjy3Fv51B91+VZnJa3/dzbHvo/+R0NFzZAwCI0aslRLE9sbSoUvsYbRXdNsTovJ/Tipo5W6WkfD7aRqnfb/IAPQPGA15O5g4YvLYDuD738hU19JprPpne7gqemgSRaH7rebPZYKbFS7cfc/WWRK25P348BtpWnY5lrLTc3fEDg/sP6yqhw9eUd9pe4e7PoyAzV6e1aQZP5YmHGUcwfx2DluaGBB2LJovumld9BOzkoLKJyTt2MhiMh8Z0iGhOOhfAZ6UB1JhoSL+PbFnWk18bf/Shui1gDvyg2juRxd0MsBmVL1b3h8fuqBPBDR5TZGnVb9AnFtWAF2jsi6Bnah8xZTd6SShr0VldbmJy66aeI2ZwBUZ58afbvW0X0pRG9U5imEzp7G7r1DGEqKf/AkUbiQJkPtd0f3GR5MXa0wXhyaI3lFwCT3+0FL8wqu/1wGs2IgJHOzbHYAHcWIhKmzErMByP70VXZvRIumMU6D1cWR0F6/OiMitLD7pt099FsAPUG2WrreeRsNrh4HY3gYdyHbOv/+4FsHAFyjw9zquNoMIca2iH6sAeG1Uoyme1elxHZIAN/Q5uRDgmaMPXS6fba5Y1xUKPUHgjZ4sTHrUkfYo1FoCGddsXTyXl6CcaB1dQFpzFg/X9J/Xs0JtTQn+ZQ==\n\" \u003e\u003e /home/ubuntu/.ssh/authorized_keys\nchown -R ubuntu:ubuntu /home/ubuntu/.ssh\nchmod 600 /home/ubuntu/.ssh/authorized_keys\n\n# Wait until network is available\nuntil ping -c1 archive.ubuntu.com \u0026\u003e/dev/null; do\n  echo \"Waiting for internet connection...\"\n  sleep 2\ndone\n\n# Docker\nsudo apt-get update -y\nsudo apt-get install -y docker.io\nusermod -aG docker ubuntu\nsystemctl enable docker\nsystemctl start docker\n\n# AWS CLI\nsudo apt-get install -y unzip\ncurl \"https://awscli.amazonaws.com/awscli-exe-linux-x86_64.zip\" -o \"awscliv2.zip\"\nunzip awscliv2.zip\nsudo ./aws/install\n# Make AWS CLI globally available (for Jenkins pipeline in future)\nsudo ln -s /usr/local/bin/aws /usr/bin/aws\n\n# kubectl\nsudo apt-get install -y curl\ncurl -LO \"https://dl.k8s.io/release/$(curl -Ls https://dl.k8s.io/release/stable.txt)/bin/linux/amd64/kubectl\"\nchmod +x kubectl\nmv kubectl /usr/local/bin/\n# Same as AWS CLI but with kubectl for Jenkins\nsudo ln -sf /usr/local/bin/kubectl /usr/bin/kubectl\n\n# Install helm\nsudo apt-get install -y bash git tar\ncurl https://raw.githubusercontent.com/helm/helm/master/scripts/get-helm-3 | bash\n\n# EKS charts repository\nhelm repo add eks https://aws.github.io/eks-charts\nhelm repo update\n\n# Create namespace for controller\nkubectl create namespace kube-system\n\n# Create IAM OIDC provider\n\n# Install ALB Controller via Helm\n\nhelm install aws-load-balancer-controller eks/aws-load-balancer-controller \\\n    -n kube-system \\\n    --set clusterName=API_EKS_ThreatGPT \\\n    --set serviceAccount.create=false \\\n    --set region=eu-north-1 \\\n    --set vpcId=vpc-00ab0082adeef6e00 \\\n    --set serviceAccount.name=aws-load-balancer-controller\n\n# Automate DNS with ExternalDNS\nhelm repo add bitnami https://charts.bitnami.com/bitnami\nhelm install external-dns bitnami/external-dns \\\n  --set provider=cloudflare \\\n  --set cloudflare.apiToken=\"N-aYiSKPE74P6EuNY6-ZQWKMDoGla0lZpjtLEFxX\" \\\n  --set domainFilters={myowaspproject3v401.com}\n\n## Node Exporter for Prometheus:\n\n# Install Node Exporter\nuseradd --no-create-home --shell /bin/false node_exporter\nwget https://github.com/prometheus/node_exporter/releases/download/v1.6.1/node_exporter-1.6.1.linux-amd64.tar.gz\ntar xvfz node_exporter-1.6.1.linux-amd64.tar.gz\ncp node_exporter-1.6.1.linux-amd64/node_exporter /usr/local/bin/\nchown node_exporter:node_exporter /usr/local/bin/node_exporter\n\n# Create systemd service\ncat \u003c\u003cEOF \u003e /etc/systemd/system/node_exporter.service\n[Unit]\nDescription=Node Exporter\nAfter=network.target\n\n[Service]\nUser=node_exporter\nGroup=node_exporter\nType=simple\nExecStart=/usr/local/bin/node_exporter\n\n[Install]\nWantedBy=multi-user.target\nEOF\n\nsystemctl daemon-reexec\nsystemctl enable node_exporter\nsystemctl start node_exporter\n",
            "template": "#!/bin/bash\n# Add Bastion and Jenkins ssh connection internally:\nmkdir -p /home/ubuntu/.ssh\necho \"${bastion_internal_pubkey}\" \u003e\u003e /home/ubuntu/.ssh/authorized_keys\necho \"${jenkins_internal_pubkey}\" \u003e\u003e /home/ubuntu/.ssh/authorized_keys\nchown -R ubuntu:ubuntu /home/ubuntu/.ssh\nchmod 600 /home/ubuntu/.ssh/authorized_keys\n\n# Wait until network is available\nuntil ping -c1 archive.ubuntu.com \u0026\u003e/dev/null; do\n  echo \"Waiting for internet connection...\"\n  sleep 2\ndone\n\n# Docker\nsudo apt-get update -y\nsudo apt-get install -y docker.io\nusermod -aG docker ubuntu\nsystemctl enable docker\nsystemctl start docker\n\n# AWS CLI\nsudo apt-get install -y unzip\ncurl \"https://awscli.amazonaws.com/awscli-exe-linux-x86_64.zip\" -o \"awscliv2.zip\"\nunzip awscliv2.zip\nsudo ./aws/install\n# Make AWS CLI globally available (for Jenkins pipeline in future)\nsudo ln -s /usr/local/bin/aws /usr/bin/aws\n\n# kubectl\nsudo apt-get install -y curl\ncurl -LO \"https://dl.k8s.io/release/$(curl -Ls https://dl.k8s.io/release/stable.txt)/bin/linux/amd64/kubectl\"\nchmod +x kubectl\nmv kubectl /usr/local/bin/\n# Same as AWS CLI but with kubectl for Jenkins\nsudo ln -sf /usr/local/bin/kubectl /usr/bin/kubectl\n\n# Install helm\nsudo apt-get install -y bash git tar\ncurl https://raw.githubusercontent.com/helm/helm/master/scripts/get-helm-3 | bash\n\n# EKS charts repository\nhelm repo add eks https://aws.github.io/eks-charts\nhelm repo update\n\n# Create namespace for controller\nkubectl create namespace kube-system\n\n# Create IAM OIDC provider\n\n# Install ALB Controller via Helm\n\nhelm install aws-load-balancer-controller eks/aws-load-balancer-controller \\\n    -n kube-system \\\n    --set clusterName=API_EKS_ThreatGPT \\\n    --set serviceAccount.create=false \\\n    --set region=eu-north-1 \\\n    --set vpcId=${VPC_ID} \\\n    --set serviceAccount.name=aws-load-balancer-controller\n\n# Automate DNS with ExternalDNS\nhelm repo add bitnami https://charts.bitnami.com/bitnami\nhelm install external-dns bitnami/external-dns \\\n  --set provider=cloudflare \\\n  --set cloudflare.apiToken=\"${CLOUDFLARE_TOKEN}\" \\\n  --set domainFilters={${MY_DOMAIN}}\n\n## Node Exporter for Prometheus:\n\n# Install Node Exporter\nuseradd --no-create-home --shell /bin/false node_exporter\nwget https://github.com/prometheus/node_exporter/releases/download/v1.6.1/node_exporter-1.6.1.linux-amd64.tar.gz\ntar xvfz node_exporter-1.6.1.linux-amd64.tar.gz\ncp node_exporter-1.6.1.linux-amd64/node_exporter /usr/local/bin/\nchown node_exporter:node_exporter /usr/local/bin/node_exporter\n\n# Create systemd service\ncat \u003c\u003cEOF \u003e /etc/systemd/system/node_exporter.service\n[Unit]\nDescription=Node Exporter\nAfter=network.target\n\n[Service]\nUser=node_exporter\nGroup=node_exporter\nType=simple\nExecStart=/usr/local/bin/node_exporter\n\n[Install]\nWantedBy=multi-user.target\nEOF\n\nsystemctl daemon-reexec\nsystemctl enable node_exporter\nsystemctl start node_exporter\n",
            "vars": {
              "CLOUDFLARE_TOKEN": "N-aYiSKPE74P6EuNY6-ZQWKMDoGla0lZpjtLEFxX",
              "MY_DOMAIN": "myowaspproject3v401.com",
              "VPC_ID": "vpc-00ab0082adeef6e00",
              "bastion_internal_pubkey": "ssh-rsa AAAAB3NzaC1yc2EAAAADAQABAAACAQDcK+33UyS60MR4pdlge463gf68MW+ulNX879xt7Lmmibwa1O7GTh6J188W+B3jQRjs5ru9m58+XZV6lSMyhWTOnCQ/KS5OlqmTdhJTOzZgS5maSwkIyhLSNfHlie4dU9ekX8C0lbZzMyKNavKmgP3+eWQ8n/dZZ9Woi9J0GYbbcRK3q5kcMPIs4AtcQJ7BzwOf7Y7LKKCisNpBU/Xm8XRQgqm+oTN40RNEZGoGCHbFbp0kel70yK7mh1bWqNjC0pdFIV0Dkvr4N4Xw4OF55Q9hv1pohXaweJ6Ovcnoo7kooAnqnS/swtXPyRtq6M6AsnsaBAofa0ZaBv2zGCvqrVMib5nQ1a2JmrUaSl+CIhumeljBHJXKt1O7Sjn7tOF4jzyoWHsD9bXFXLrGzwFc3juaHABewidT7C0l7TOZiG7MTgMb08lM3g63Nre4dTN5k5RtBY41zNBWfQbuadyEZ7Vtn0i4ioGszQRrHjkdTkow3RQAGW1vNui7bgI5+sNPN5OLpboeosh1yi03lpJiQn3Yn803s5NTkpSx2i0bVRX/KCgdi0Snfb8WcWwUX3Ziz3VBJlr/niaHOpVzUHhG5Fo46p5XMzMjr1+XKLcDDM45Va3qU3pQlan14aTDaH+VTh3r7uP4aO6yVyJh9zc3BxyQySe3Dv6d1o3xEtPahQnXAw==\n",
              "jenkins_internal_pubkey": "ssh-rsa AAAAB3NzaC1yc2EAAAADAQABAAACAQDVz2/LnMeM0SS/ujv6Jlf4Mjy3Fv51B91+VZnJa3/dzbHvo/+R0NFzZAwCI0aslRLE9sbSoUvsYbRXdNsTovJ/Tipo5W6WkfD7aRqnfb/IAPQPGA15O5g4YvLYDuD738hU19JprPpne7gqemgSRaH7rebPZYKbFS7cfc/WWRK25P348BtpWnY5lrLTc3fEDg/sP6yqhw9eUd9pe4e7PoyAzV6e1aQZP5YmHGUcwfx2DluaGBB2LJovumld9BOzkoLKJyTt2MhiMh8Z0iGhOOhfAZ6UB1JhoSL+PbFnWk18bf/Shui1gDvyg2juRxd0MsBmVL1b3h8fuqBPBDR5TZGnVb9AnFtWAF2jsi6Bnah8xZTd6SShr0VldbmJy66aeI2ZwBUZ58afbvW0X0pRG9U5imEzp7G7r1DGEqKf/AkUbiQJkPtd0f3GR5MXa0wXhyaI3lFwCT3+0FL8wqu/1wGs2IgJHOzbHYAHcWIhKmzErMByP70VXZvRIumMU6D1cWR0F6/OiMitLD7pt099FsAPUG2WrreeRsNrh4HY3gYdyHbOv/+4FsHAFyjw9zquNoMIca2iH6sAeG1Uoyme1elxHZIAN/Q5uRDgmaMPXS6fba5Y1xUKPUHgjZ4sTHrUkfYo1FoCGddsXTyXl6CcaB1dQFpzFg/X9J/Xs0JtTQn+ZQ==\n"
            }
          },
          "sensitive_attributes": []
        }
      ]
    },
    {
      "mode": "data",
      "type": "template_file",
      "name": "ingress_yaml",
      "provider": "provider[\"registry.terraform.io/hashicorp/template\"]",
      "instances": [
        {
          "schema_version": 0,
          "attributes": {
            "filename": null,
            "id": "2b5fe30e01305feaf806c8fc9da82e469c9879ed4e90be7499fb852a59310de3",
            "rendered": "# *.tpl because Terraform will insert public subnet addresses in line 11\napiVersion: networking.k8s.io/v1\nkind: Ingress\nmetadata:\n name: threatgpt-ingress\n annotations:\n  kubernetes.io/ingress.class: alb\n  alb.ingress.kubernetes.io/scheme: internet-facing\n  alb.ingress.kubernetes.io/target-type: ip\n  alb.ingress.kubernetes.io/listen-ports: '[{\"HTTP\": 80}]'\n  alb.ingress.kubernetes.io/subnets: subnet-03cbeae40811a199d, subnet-049ac68bbecd3419e\n  alb.ingress.kubernetes.io/healthcheck-path: /health\n  external-dns.alpha.kubernetes.io/hostname: myowaspproject3v401.com\nspec:\n rules:\n  - host: myowaspproject3v401.com\n    http:\n      paths:\n        - path: /\n          pathType: Prefix\n          backend:\n            service:\n              name: threatgpt-service\n              port:\n                number: 80",
            "template": "# *.tpl because Terraform will insert public subnet addresses in line 11\napiVersion: networking.k8s.io/v1\nkind: Ingress\nmetadata:\n name: threatgpt-ingress\n annotations:\n  kubernetes.io/ingress.class: alb\n  alb.ingress.kubernetes.io/scheme: internet-facing\n  alb.ingress.kubernetes.io/target-type: ip\n  alb.ingress.kubernetes.io/listen-ports: '[{\"HTTP\": 80}]'\n  alb.ingress.kubernetes.io/subnets: ${SUBNET_1}, ${SUBNET_2}\n  alb.ingress.kubernetes.io/healthcheck-path: /health\n  external-dns.alpha.kubernetes.io/hostname: ${MY_DOMAIN}\nspec:\n rules:\n  - host: myowaspproject3v401.com\n    http:\n      paths:\n        - path: /\n          pathType: Prefix\n          backend:\n            service:\n              name: threatgpt-service\n              port:\n                number: 80",
            "vars": {
              "MY_DOMAIN": "myowaspproject3v401.com",
              "SUBNET_1": "subnet-03cbeae40811a199d",
              "SUBNET_2": "subnet-049ac68bbecd3419e"
            }
          },
          "sensitive_attributes": []
        }
      ]
    },
    {
      "mode": "data",
      "type": "template_file",
      "name": "jenkins_userdata",
      "provider": "provider[\"registry.terraform.io/hashicorp/template\"]",
      "instances": [
        {
          "schema_version": 0,
          "attributes": {
            "filename": null,
            "id": "d0931112e784b11304bb79097e66538bc831fc7b959b8919225f5dee1c8a44ce",
            "rendered": "#!/bin/bash\nset -e\n\n# Save setup logs\nexec \u003e \u003e(tee /var/log/userdata-jenkins.log | logger -t userdata -s 2\u003e/dev/console) 2\u003e\u00261\n\n# ------------------------------------------------------------------ SSH KEYS\nmkdir -p /home/ubuntu/.ssh\necho \"ssh-rsa AAAAB3NzaC1yc2EAAAADAQABAAACAQDcK+33UyS60MR4pdlge463gf68MW+ulNX879xt7Lmmibwa1O7GTh6J188W+B3jQRjs5ru9m58+XZV6lSMyhWTOnCQ/KS5OlqmTdhJTOzZgS5maSwkIyhLSNfHlie4dU9ekX8C0lbZzMyKNavKmgP3+eWQ8n/dZZ9Woi9J0GYbbcRK3q5kcMPIs4AtcQJ7BzwOf7Y7LKKCisNpBU/Xm8XRQgqm+oTN40RNEZGoGCHbFbp0kel70yK7mh1bWqNjC0pdFIV0Dkvr4N4Xw4OF55Q9hv1pohXaweJ6Ovcnoo7kooAnqnS/swtXPyRtq6M6AsnsaBAofa0ZaBv2zGCvqrVMib5nQ1a2JmrUaSl+CIhumeljBHJXKt1O7Sjn7tOF4jzyoWHsD9bXFXLrGzwFc3juaHABewidT7C0l7TOZiG7MTgMb08lM3g63Nre4dTN5k5RtBY41zNBWfQbuadyEZ7Vtn0i4ioGszQRrHjkdTkow3RQAGW1vNui7bgI5+sNPN5OLpboeosh1yi03lpJiQn3Yn803s5NTkpSx2i0bVRX/KCgdi0Snfb8WcWwUX3Ziz3VBJlr/niaHOpVzUHhG5Fo46p5XMzMjr1+XKLcDDM45Va3qU3pQlan14aTDaH+VTh3r7uP4aO6yVyJh9zc3BxyQySe3Dv6d1o3xEtPahQnXAw==\n\" \u003e\u003e /home/ubuntu/.ssh/authorized_keys\necho \"ssh-rsa AAAAB3NzaC1yc2EAAAADAQABAAACAQDVz2/LnMeM0SS/ujv6Jlf4Mjy3Fv51B91+VZnJa3/dzbHvo/+R0NFzZAwCI0aslRLE9sbSoUvsYbRXdNsTovJ/Tipo5W6WkfD7aRqnfb/IAPQPGA15O5g4YvLYDuD738hU19JprPpne7gqemgSRaH7rebPZYKbFS7cfc/WWRK25P348BtpWnY5lrLTc3fEDg/sP6yqhw9eUd9pe4e7PoyAzV6e1aQZP5YmHGUcwfx2DluaGBB2LJovumld9BOzkoLKJyTt2MhiMh8Z0iGhOOhfAZ6UB1JhoSL+PbFnWk18bf/Shui1gDvyg2juRxd0MsBmVL1b3h8fuqBPBDR5TZGnVb9AnFtWAF2jsi6Bnah8xZTd6SShr0VldbmJy66aeI2ZwBUZ58afbvW0X0pRG9U5imEzp7G7r1DGEqKf/AkUbiQJkPtd0f3GR5MXa0wXhyaI3lFwCT3+0FL8wqu/1wGs2IgJHOzbHYAHcWIhKmzErMByP70VXZvRIumMU6D1cWR0F6/OiMitLD7pt099FsAPUG2WrreeRsNrh4HY3gYdyHbOv/+4FsHAFyjw9zquNoMIca2iH6sAeG1Uoyme1elxHZIAN/Q5uRDgmaMPXS6fba5Y1xUKPUHgjZ4sTHrUkfYo1FoCGddsXTyXl6CcaB1dQFpzFg/X9J/Xs0JtTQn+ZQ==\n\" \u003e\u003e /home/ubuntu/.ssh/authorized_keys\nchown -R ubuntu:ubuntu /home/ubuntu/.ssh\nchmod 600 /home/ubuntu/.ssh/authorized_keys\n\n# echo does not handle multiline comments well:\ncat \u003c\u003cEOF \u003e /home/ubuntu/.ssh/jenkins_internal.pem\n-----BEGIN RSA PRIVATE KEY-----\nMIIJKQIBAAKCAgEA1c9vy5zHjNEkv7o7+iZX+DI8txb+dQfdflWZyWt/3c2x76P/\nkdDRc2QMAiNGrJUSxPbG0qFL7GG0V3TbE6Lyf04qaOVulpHw+2kap32/yAD0DxgN\neTuYOGLy2A7g+9/IVNfSaaz6Z3u4KnpoEkWh+63mz2WCmxUu3H3P1lkStuT9+PAb\naVp2OZay03N3xA4P7D+sqocPXlHfaXuHuz6MgM1entWkGT+WJhxlHMH8dg5bmhgQ\ndiyaL7ppXfQTs5KCyick7djIYjIfGdIhoTjoXwGelAdSYaEi/j2xZ1pNfG3/0obo\ntYA78oNo7kcXdDLAZlS9W94fH7qgTwQ0eU2Rp1W/QJxbVgBdo7IugZ2ofMWU3ekk\noa9FZXW5icuumniNmcAVGefGn271tF9KURvVOYphM6exu69QxhKin/wJFG4kCZD7\nXdH9xkeTF2tMF4cmiN5RcAk9/tBS/MKrv9cBrNiICRzs2x2AB3FiISpsxKzAcj+9\nFV2b0SLpjFOg9XFkdBevzojIrSw+6bdPfRbAD1Btlq63nkbDa4eB2N4GHch2zr//\nuBbBwBco8Pc6rjaDCHGtoh+rAHhtVKMpntXpcR2SADf0ObkQ4JmjD10un22uWNcV\nCj1B4I2eLEx61JH2KNRaAhnXbF08l5egnGgdXUBacxYP1/Sf17NCbU0J/mUCAwEA\nAQKCAgBTpbGHl6EMKuB1L996GJku7TyKprDLSVXysHuXbPqb5HbaGa+JNQhUXA5E\noddq+nFa5G7ZhagF5R2gX4O79XJossRtwGDZAGSmfzKh11T54sGYzCCtTs7ZNIDs\nXTnQ4HZoFv1nQXi/lovw9m2TxHFAXQMhHYYQtSNduMzgf32OVx0zUIBw4abCFf6F\nMjXnWlcJZsne9zLghChjBKSP8UMXuwDrJArso89SvqYiL5Rc/XYB3atHCGEUDhpd\n2vkANm/7tX/Bm5+dpx06xVZJ1FE4phILuKeWsWtWyv0GQbJx3TkJ/KS7KV2KnbWm\nDuMSny5deoaQk+BaUfGYqDz9PgcemFdEvexLuN7tak6bztgStzq76f+xcyzBeE2W\nJmsc4Xi2rsRZvflMUMae6IMwIjpzLlKbDEyt6RQkJfH+TOqZwJ4sjLTIsB/Ao3fc\nKI01zqM5X94sBY46ApSh8l0GsRdmd4qpREqrp2NRKXtU8799N+NjyPX1TH0wK783\na0hTqz8LpwHth7Cf7/xIwiKPl6axpqqliiN0UKYBInpmzc8vibWD1pICATA5BJra\ngM6FsS9ooEbNNtSRgkMM+W3G+bjHTPeC4yJHz1D8TeE+ypi2BTP3HYonDg3Hwoni\n0hkSSogps8xetS0LiF7+GfFhDGYlKhRVhIgEifxPn8Ty2Pp+iwKCAQEA95Zjbq1W\nFVI4/PbsTnoe5RDVIpPZoejmCoWoASU0R7wtpTd2hzJunwHwyQ5475d8REznXgnw\n5NWCmXSO/aIAaq16JUvW6T21oRNvl97tr+nAKmIG4zmmMVHaJIq0xL8qvVSNqYdE\nm1/xvCS0t+xyibpxzLXpak3CGpTyfXNXM3uThfDcURZtOfcC0ywrpcK6igjSCN8w\n2ET/z+mGzUMRX1sWatY1Ncwn0eVdOFVw7BujUJlcbSG/uQ1Jt9wMXX2GtyHi1KgZ\n6UY8m0Vwmp2YUHC0dAPIUJ9sLjkeo3rn4Y7l/p/LaYOJEk5irV1WmvK4VfwvuJ4D\nnDop3JQ6Xh7R0wKCAQEA3RM909Ae3mSC8XGnCZRnVuI1IT/jBFQE9QZCAzyR2jxX\nPMIV6tM9kR/xqheYCaD1CPSrCFBhQt1/7eDjVILCP1yHWrLSrZ35mo6dwJd/4Sls\nerAk+z2RNfHyyVpHhZnVOT0MpGgmRqCe99tyCbBFrqgreC15mJwoGDJ2QazEdk42\nPdl61zBLRdg/K7beQcjYF//ugqjmuTNLOjuqbAqKKaAuIUsxitMyIUA2FB+rVXIi\npmJcorzZlBTU0qS/pAWQNjv07IJL1nkqRI1KNkm2L1kWK96x0IywpX142tvdxqti\nNPRp7Jy1WrsZ0ANzg1vIYi7wsF3I4glLpjgx4rgT5wKCAQAOh47SQe3ZVnftsHfx\nqw0BGFnJq6+L5uUJHQrc9lf5FbwABB86k+UWA8Ejq2vBc7xhLbouNJskcrs1UjfJ\n/qXTnNacNbUo/uwXxdI4sWZ1elxCoHoS/6EXJ9yLZHBzU1you7uMhVmrXJgNGIJa\ngM+/8WcYQlyuVl3bvX31ir1FUi04IQhs4coLKsnJpr/w/FqCGz5oMuDk8Deq9eNp\nTFRKqkfIgUWiIJb9pF4yHiGAWabd5gIcjWx46aS323wGSIWNXbm4DR1oKS0JV6vi\nBvmXTuXoIQiyYoiwtb1sjpvpCr/Ij4waZxO2NU9pKR8Z/MCAm0oZpXxEwM0QGsrK\nFzjtAoIBAQDDnfEJaZDG7F1JU22gdmZyZLrqbuNrwwSX4y+qOYA9gUMYCgzmuoAx\n1/g4r6PicUAg6o4kTyugxOocDPBaqVFES5WhVbZB1hU1A5jm/6cyDztj3FT80t+Y\nwjw4mt/KgfJAMZrsJxQnTp0baFwh4o3mG/xK3MJJnXOE5bHqLvuwS0iHtdaSbrNM\nXCqZfbhwsU00/0uG5fkySwb3wi/sZe8XIhtvbl+qHXKwJWc0q0kp1FKAs2yQu1Yz\nR7OBqDHC6wFOXAM++5QrdQ9HlVXjb5n7j3Kk4uqoRLVR2hKEZiR5VNETVmob6hY2\n8HPIsiUWSLKo3iwvguzrxZngvLy3hnZlAoIBAQDAAkZxfz54GYP40dpb9HfbIg1N\nlXxWkB6rLj8IBKMICzgQSrK6XyoLvfIiFfXYaTIdQUOd7CI8dIMXOI2rxDSPgDun\nfaPEk1V7gvxkhfwMPAiMHfWaPZeb6k3FtK9L7yZbGbHVNJ7/bUCzYnNo6iH+GaGT\nIywUsdEmLLV7JJEI2MwqHN7svG/qTb0pgDNYV20S1UR7fhgrMwdSS/0B8rLPzZMb\nlUUL/K2GxkRGXq/JSZvNFr+oXvwfTy0bsyK3qzAYJf9gT8obCiUnhijc4dEerS0v\nsC1kqHWBtJwG9UdKPtJae4CXJ/uygyqwuy9sIvyyK4MNqwCJjcDzFOw6KRDr\n-----END RSA PRIVATE KEY-----\n\nEOF\nchown ubuntu:ubuntu /home/ubuntu/.ssh/jenkins_internal.pem\nchmod 600 /home/ubuntu/.ssh/jenkins_internal.pem\n\n# ------------------------------------------------------------------ CONFIGURE EBS\n# Wait until a 15G unmounted volume appears\nwhile ! lsblk -dn -o NAME,SIZE | grep \"15G\" \u003e/dev/null; do\n  echo \"Waiting for 15G EBS volume to attach...\"\n  sleep 1\ndone\n\nEBS_DEV=$(lsblk -dn -o NAME,SIZE | grep \"15G\" | awk '{print $1}')\nEBS_PATH=\"/dev/$EBS_DEV\"\n\n# Format if needed\nif ! file -s \"$EBS_PATH\" | grep -q 'ext4'; then\n  mkfs.ext4 \"$EBS_PATH\"\nfi\n\n# ------------------------------------------------------------------ INSTALL JENKINS\n# Wait until network is available\nuntil ping -c1 archive.ubuntu.com \u0026\u003e/dev/null; do\n  echo \"Waiting for internet connection...\"\n  sleep 2\ndone\n\nsudo apt update \u0026\u0026 apt -y upgrade\nsudo apt install -y openjdk-17-jdk curl gnupg2 ufw\n\nmkdir -p /etc/apt/keyrings\ncurl -fsSL https://pkg.jenkins.io/debian-stable/jenkins.io-2023.key | tee /etc/apt/keyrings/jenkins-keyring.asc \u003e /dev/null\necho \"deb [signed-by=/etc/apt/keyrings/jenkins-keyring.asc] https://pkg.jenkins.io/debian-stable binary/\" \u003e /etc/apt/sources.list.d/jenkins.list\napt update\napt install -y jenkins\n\n# Start Jenkins service\nsystemctl enable jenkins\nsystemctl start jenkins\n\n# ------------------------------------------------------------------ FIREWALL\n# Open firewall ports\nufw allow OpenSSH\n# Jenkins runs on port 8080 by default (to open from browser)\nufw allow 8080\n# HTTP used during plugin installation\nufw allow 80\n# HTTPS used when setting SSL\nufw allow 443\nufw --force enable\n\n# ------------------------------------------------------------------ JENKINS PASSWORD\necho \"Jenkins initial admin password:\" \u003e /home/ubuntu/jenkins_password.txt\ncat /var/lib/jenkins/secrets/initialAdminPassword \u003e\u003e /home/ubuntu/jenkins_password.txt\n# Set file ownership to ubuntu (default user)\nchown ubuntu:ubuntu /home/ubuntu/jenkins_password.txt\n# Only the owner (ubuntu) can read + write (others no access)\nchmod 600 /home/ubuntu/jenkins_password.txt\n\n# ------------------------------------------------------------------ NODE EXPORTER\n# Install Node Exporter\nuseradd --no-create-home --shell /bin/false node_exporter\nwget https://github.com/prometheus/node_exporter/releases/download/v1.6.1/node_exporter-1.6.1.linux-amd64.tar.gz\ntar xvfz node_exporter-1.6.1.linux-amd64.tar.gz\ncp node_exporter-1.6.1.linux-amd64/node_exporter /usr/local/bin/\nchown node_exporter:node_exporter /usr/local/bin/node_exporter\n\n# Create systemd service\ncat \u003c\u003cEOF \u003e /etc/systemd/system/node_exporter.service\n[Unit]\nDescription=Node Exporter\nAfter=network.target\n\n[Service]\nUser=node_exporter\nGroup=node_exporter\nType=simple\nExecStart=/usr/local/bin/node_exporter\n\n[Install]\nWantedBy=multi-user.target\nEOF\n\nsystemctl daemon-reexec\nsystemctl enable node_exporter\nsystemctl start node_exporter\n\n# ------------------------------------------------------------------ CONFIGURE EBS\n\n# After Jenkins installation, mount EBS to Jenkins var/lib/jenkins\nmkdir -p /var/lib/jenkins\nmount \"$EBS_PATH\" /var/lib/jenkins\necho \"$EBS_PATH /var/lib/jenkins ext4 defaults,nofail 0 2\" \u003e\u003e /etc/fstab\nchown -R jenkins:jenkins /var/lib/jenkins",
            "template": "#!/bin/bash\nset -e\n\n# Save setup logs\nexec \u003e \u003e(tee /var/log/userdata-jenkins.log | logger -t userdata -s 2\u003e/dev/console) 2\u003e\u00261\n\n# ------------------------------------------------------------------ SSH KEYS\nmkdir -p /home/ubuntu/.ssh\necho \"${bastion_internal_pubkey}\" \u003e\u003e /home/ubuntu/.ssh/authorized_keys\necho \"${jenkins_internal_pubkey}\" \u003e\u003e /home/ubuntu/.ssh/authorized_keys\nchown -R ubuntu:ubuntu /home/ubuntu/.ssh\nchmod 600 /home/ubuntu/.ssh/authorized_keys\n\n# echo does not handle multiline comments well:\ncat \u003c\u003cEOF \u003e /home/ubuntu/.ssh/jenkins_internal.pem\n${jenkins_internal_pem}\nEOF\nchown ubuntu:ubuntu /home/ubuntu/.ssh/jenkins_internal.pem\nchmod 600 /home/ubuntu/.ssh/jenkins_internal.pem\n\n# ------------------------------------------------------------------ CONFIGURE EBS\n# Wait until a 15G unmounted volume appears\nwhile ! lsblk -dn -o NAME,SIZE | grep \"15G\" \u003e/dev/null; do\n  echo \"Waiting for 15G EBS volume to attach...\"\n  sleep 1\ndone\n\nEBS_DEV=$(lsblk -dn -o NAME,SIZE | grep \"15G\" | awk '{print $1}')\nEBS_PATH=\"/dev/$EBS_DEV\"\n\n# Format if needed\nif ! file -s \"$EBS_PATH\" | grep -q 'ext4'; then\n  mkfs.ext4 \"$EBS_PATH\"\nfi\n\n# ------------------------------------------------------------------ INSTALL JENKINS\n# Wait until network is available\nuntil ping -c1 archive.ubuntu.com \u0026\u003e/dev/null; do\n  echo \"Waiting for internet connection...\"\n  sleep 2\ndone\n\nsudo apt update \u0026\u0026 apt -y upgrade\nsudo apt install -y openjdk-17-jdk curl gnupg2 ufw\n\nmkdir -p /etc/apt/keyrings\ncurl -fsSL https://pkg.jenkins.io/debian-stable/jenkins.io-2023.key | tee /etc/apt/keyrings/jenkins-keyring.asc \u003e /dev/null\necho \"deb [signed-by=/etc/apt/keyrings/jenkins-keyring.asc] https://pkg.jenkins.io/debian-stable binary/\" \u003e /etc/apt/sources.list.d/jenkins.list\napt update\napt install -y jenkins\n\n# Start Jenkins service\nsystemctl enable jenkins\nsystemctl start jenkins\n\n# ------------------------------------------------------------------ FIREWALL\n# Open firewall ports\nufw allow OpenSSH\n# Jenkins runs on port 8080 by default (to open from browser)\nufw allow 8080\n# HTTP used during plugin installation\nufw allow 80\n# HTTPS used when setting SSL\nufw allow 443\nufw --force enable\n\n# ------------------------------------------------------------------ JENKINS PASSWORD\necho \"Jenkins initial admin password:\" \u003e /home/ubuntu/jenkins_password.txt\ncat /var/lib/jenkins/secrets/initialAdminPassword \u003e\u003e /home/ubuntu/jenkins_password.txt\n# Set file ownership to ubuntu (default user)\nchown ubuntu:ubuntu /home/ubuntu/jenkins_password.txt\n# Only the owner (ubuntu) can read + write (others no access)\nchmod 600 /home/ubuntu/jenkins_password.txt\n\n# ------------------------------------------------------------------ NODE EXPORTER\n# Install Node Exporter\nuseradd --no-create-home --shell /bin/false node_exporter\nwget https://github.com/prometheus/node_exporter/releases/download/v1.6.1/node_exporter-1.6.1.linux-amd64.tar.gz\ntar xvfz node_exporter-1.6.1.linux-amd64.tar.gz\ncp node_exporter-1.6.1.linux-amd64/node_exporter /usr/local/bin/\nchown node_exporter:node_exporter /usr/local/bin/node_exporter\n\n# Create systemd service\ncat \u003c\u003cEOF \u003e /etc/systemd/system/node_exporter.service\n[Unit]\nDescription=Node Exporter\nAfter=network.target\n\n[Service]\nUser=node_exporter\nGroup=node_exporter\nType=simple\nExecStart=/usr/local/bin/node_exporter\n\n[Install]\nWantedBy=multi-user.target\nEOF\n\nsystemctl daemon-reexec\nsystemctl enable node_exporter\nsystemctl start node_exporter\n\n# ------------------------------------------------------------------ CONFIGURE EBS\n\n# After Jenkins installation, mount EBS to Jenkins var/lib/jenkins\nmkdir -p /var/lib/jenkins\nmount \"$EBS_PATH\" /var/lib/jenkins\necho \"$EBS_PATH /var/lib/jenkins ext4 defaults,nofail 0 2\" \u003e\u003e /etc/fstab\nchown -R jenkins:jenkins /var/lib/jenkins",
            "vars": {
              "bastion_internal_pubkey": "ssh-rsa AAAAB3NzaC1yc2EAAAADAQABAAACAQDcK+33UyS60MR4pdlge463gf68MW+ulNX879xt7Lmmibwa1O7GTh6J188W+B3jQRjs5ru9m58+XZV6lSMyhWTOnCQ/KS5OlqmTdhJTOzZgS5maSwkIyhLSNfHlie4dU9ekX8C0lbZzMyKNavKmgP3+eWQ8n/dZZ9Woi9J0GYbbcRK3q5kcMPIs4AtcQJ7BzwOf7Y7LKKCisNpBU/Xm8XRQgqm+oTN40RNEZGoGCHbFbp0kel70yK7mh1bWqNjC0pdFIV0Dkvr4N4Xw4OF55Q9hv1pohXaweJ6Ovcnoo7kooAnqnS/swtXPyRtq6M6AsnsaBAofa0ZaBv2zGCvqrVMib5nQ1a2JmrUaSl+CIhumeljBHJXKt1O7Sjn7tOF4jzyoWHsD9bXFXLrGzwFc3juaHABewidT7C0l7TOZiG7MTgMb08lM3g63Nre4dTN5k5RtBY41zNBWfQbuadyEZ7Vtn0i4ioGszQRrHjkdTkow3RQAGW1vNui7bgI5+sNPN5OLpboeosh1yi03lpJiQn3Yn803s5NTkpSx2i0bVRX/KCgdi0Snfb8WcWwUX3Ziz3VBJlr/niaHOpVzUHhG5Fo46p5XMzMjr1+XKLcDDM45Va3qU3pQlan14aTDaH+VTh3r7uP4aO6yVyJh9zc3BxyQySe3Dv6d1o3xEtPahQnXAw==\n",
              "jenkins_internal_pem": "-----BEGIN RSA PRIVATE KEY-----\nMIIJKQIBAAKCAgEA1c9vy5zHjNEkv7o7+iZX+DI8txb+dQfdflWZyWt/3c2x76P/\nkdDRc2QMAiNGrJUSxPbG0qFL7GG0V3TbE6Lyf04qaOVulpHw+2kap32/yAD0DxgN\neTuYOGLy2A7g+9/IVNfSaaz6Z3u4KnpoEkWh+63mz2WCmxUu3H3P1lkStuT9+PAb\naVp2OZay03N3xA4P7D+sqocPXlHfaXuHuz6MgM1entWkGT+WJhxlHMH8dg5bmhgQ\ndiyaL7ppXfQTs5KCyick7djIYjIfGdIhoTjoXwGelAdSYaEi/j2xZ1pNfG3/0obo\ntYA78oNo7kcXdDLAZlS9W94fH7qgTwQ0eU2Rp1W/QJxbVgBdo7IugZ2ofMWU3ekk\noa9FZXW5icuumniNmcAVGefGn271tF9KURvVOYphM6exu69QxhKin/wJFG4kCZD7\nXdH9xkeTF2tMF4cmiN5RcAk9/tBS/MKrv9cBrNiICRzs2x2AB3FiISpsxKzAcj+9\nFV2b0SLpjFOg9XFkdBevzojIrSw+6bdPfRbAD1Btlq63nkbDa4eB2N4GHch2zr//\nuBbBwBco8Pc6rjaDCHGtoh+rAHhtVKMpntXpcR2SADf0ObkQ4JmjD10un22uWNcV\nCj1B4I2eLEx61JH2KNRaAhnXbF08l5egnGgdXUBacxYP1/Sf17NCbU0J/mUCAwEA\nAQKCAgBTpbGHl6EMKuB1L996GJku7TyKprDLSVXysHuXbPqb5HbaGa+JNQhUXA5E\noddq+nFa5G7ZhagF5R2gX4O79XJossRtwGDZAGSmfzKh11T54sGYzCCtTs7ZNIDs\nXTnQ4HZoFv1nQXi/lovw9m2TxHFAXQMhHYYQtSNduMzgf32OVx0zUIBw4abCFf6F\nMjXnWlcJZsne9zLghChjBKSP8UMXuwDrJArso89SvqYiL5Rc/XYB3atHCGEUDhpd\n2vkANm/7tX/Bm5+dpx06xVZJ1FE4phILuKeWsWtWyv0GQbJx3TkJ/KS7KV2KnbWm\nDuMSny5deoaQk+BaUfGYqDz9PgcemFdEvexLuN7tak6bztgStzq76f+xcyzBeE2W\nJmsc4Xi2rsRZvflMUMae6IMwIjpzLlKbDEyt6RQkJfH+TOqZwJ4sjLTIsB/Ao3fc\nKI01zqM5X94sBY46ApSh8l0GsRdmd4qpREqrp2NRKXtU8799N+NjyPX1TH0wK783\na0hTqz8LpwHth7Cf7/xIwiKPl6axpqqliiN0UKYBInpmzc8vibWD1pICATA5BJra\ngM6FsS9ooEbNNtSRgkMM+W3G+bjHTPeC4yJHz1D8TeE+ypi2BTP3HYonDg3Hwoni\n0hkSSogps8xetS0LiF7+GfFhDGYlKhRVhIgEifxPn8Ty2Pp+iwKCAQEA95Zjbq1W\nFVI4/PbsTnoe5RDVIpPZoejmCoWoASU0R7wtpTd2hzJunwHwyQ5475d8REznXgnw\n5NWCmXSO/aIAaq16JUvW6T21oRNvl97tr+nAKmIG4zmmMVHaJIq0xL8qvVSNqYdE\nm1/xvCS0t+xyibpxzLXpak3CGpTyfXNXM3uThfDcURZtOfcC0ywrpcK6igjSCN8w\n2ET/z+mGzUMRX1sWatY1Ncwn0eVdOFVw7BujUJlcbSG/uQ1Jt9wMXX2GtyHi1KgZ\n6UY8m0Vwmp2YUHC0dAPIUJ9sLjkeo3rn4Y7l/p/LaYOJEk5irV1WmvK4VfwvuJ4D\nnDop3JQ6Xh7R0wKCAQEA3RM909Ae3mSC8XGnCZRnVuI1IT/jBFQE9QZCAzyR2jxX\nPMIV6tM9kR/xqheYCaD1CPSrCFBhQt1/7eDjVILCP1yHWrLSrZ35mo6dwJd/4Sls\nerAk+z2RNfHyyVpHhZnVOT0MpGgmRqCe99tyCbBFrqgreC15mJwoGDJ2QazEdk42\nPdl61zBLRdg/K7beQcjYF//ugqjmuTNLOjuqbAqKKaAuIUsxitMyIUA2FB+rVXIi\npmJcorzZlBTU0qS/pAWQNjv07IJL1nkqRI1KNkm2L1kWK96x0IywpX142tvdxqti\nNPRp7Jy1WrsZ0ANzg1vIYi7wsF3I4glLpjgx4rgT5wKCAQAOh47SQe3ZVnftsHfx\nqw0BGFnJq6+L5uUJHQrc9lf5FbwABB86k+UWA8Ejq2vBc7xhLbouNJskcrs1UjfJ\n/qXTnNacNbUo/uwXxdI4sWZ1elxCoHoS/6EXJ9yLZHBzU1you7uMhVmrXJgNGIJa\ngM+/8WcYQlyuVl3bvX31ir1FUi04IQhs4coLKsnJpr/w/FqCGz5oMuDk8Deq9eNp\nTFRKqkfIgUWiIJb9pF4yHiGAWabd5gIcjWx46aS323wGSIWNXbm4DR1oKS0JV6vi\nBvmXTuXoIQiyYoiwtb1sjpvpCr/Ij4waZxO2NU9pKR8Z/MCAm0oZpXxEwM0QGsrK\nFzjtAoIBAQDDnfEJaZDG7F1JU22gdmZyZLrqbuNrwwSX4y+qOYA9gUMYCgzmuoAx\n1/g4r6PicUAg6o4kTyugxOocDPBaqVFES5WhVbZB1hU1A5jm/6cyDztj3FT80t+Y\nwjw4mt/KgfJAMZrsJxQnTp0baFwh4o3mG/xK3MJJnXOE5bHqLvuwS0iHtdaSbrNM\nXCqZfbhwsU00/0uG5fkySwb3wi/sZe8XIhtvbl+qHXKwJWc0q0kp1FKAs2yQu1Yz\nR7OBqDHC6wFOXAM++5QrdQ9HlVXjb5n7j3Kk4uqoRLVR2hKEZiR5VNETVmob6hY2\n8HPIsiUWSLKo3iwvguzrxZngvLy3hnZlAoIBAQDAAkZxfz54GYP40dpb9HfbIg1N\nlXxWkB6rLj8IBKMICzgQSrK6XyoLvfIiFfXYaTIdQUOd7CI8dIMXOI2rxDSPgDun\nfaPEk1V7gvxkhfwMPAiMHfWaPZeb6k3FtK9L7yZbGbHVNJ7/bUCzYnNo6iH+GaGT\nIywUsdEmLLV7JJEI2MwqHN7svG/qTb0pgDNYV20S1UR7fhgrMwdSS/0B8rLPzZMb\nlUUL/K2GxkRGXq/JSZvNFr+oXvwfTy0bsyK3qzAYJf9gT8obCiUnhijc4dEerS0v\nsC1kqHWBtJwG9UdKPtJae4CXJ/uygyqwuy9sIvyyK4MNqwCJjcDzFOw6KRDr\n-----END RSA PRIVATE KEY-----\n",
              "jenkins_internal_pubkey": "ssh-rsa AAAAB3NzaC1yc2EAAAADAQABAAACAQDVz2/LnMeM0SS/ujv6Jlf4Mjy3Fv51B91+VZnJa3/dzbHvo/+R0NFzZAwCI0aslRLE9sbSoUvsYbRXdNsTovJ/Tipo5W6WkfD7aRqnfb/IAPQPGA15O5g4YvLYDuD738hU19JprPpne7gqemgSRaH7rebPZYKbFS7cfc/WWRK25P348BtpWnY5lrLTc3fEDg/sP6yqhw9eUd9pe4e7PoyAzV6e1aQZP5YmHGUcwfx2DluaGBB2LJovumld9BOzkoLKJyTt2MhiMh8Z0iGhOOhfAZ6UB1JhoSL+PbFnWk18bf/Shui1gDvyg2juRxd0MsBmVL1b3h8fuqBPBDR5TZGnVb9AnFtWAF2jsi6Bnah8xZTd6SShr0VldbmJy66aeI2ZwBUZ58afbvW0X0pRG9U5imEzp7G7r1DGEqKf/AkUbiQJkPtd0f3GR5MXa0wXhyaI3lFwCT3+0FL8wqu/1wGs2IgJHOzbHYAHcWIhKmzErMByP70VXZvRIumMU6D1cWR0F6/OiMitLD7pt099FsAPUG2WrreeRsNrh4HY3gYdyHbOv/+4FsHAFyjw9zquNoMIca2iH6sAeG1Uoyme1elxHZIAN/Q5uRDgmaMPXS6fba5Y1xUKPUHgjZ4sTHrUkfYo1FoCGddsXTyXl6CcaB1dQFpzFg/X9J/Xs0JtTQn+ZQ==\n"
            }
          },
          "sensitive_attributes": [
            [
              {
                "type": "get_attr",
                "value": "vars"
              },
              {
                "type": "index",
                "value": {
                  "value": "jenkins_internal_pem",
                  "type": "string"
                }
              }
            ]
          ]
        }
      ]
    },
    {
      "mode": "data",
      "type": "template_file",
      "name": "monitoring_userdata",
      "provider": "provider[\"registry.terraform.io/hashicorp/template\"]",
      "instances": [
        {
          "schema_version": 0,
          "attributes": {
            "filename": null,
            "id": "3687703c1be9db559bae550839971c23511defabe4601c01f3ae0c4a97db3e33",
            "rendered": "#!/bin/bash\n\n# Log setup\nexec \u003e \u003e(tee /var/log/userdata-monitoring.log | logger -t userdata -s 2\u003e/dev/console) 2\u003e\u00261\n\n# Wait until network is available\nuntil ping -c1 archive.ubuntu.com \u0026\u003e/dev/null; do\n  echo \"Waiting for internet connection...\"\n  sleep 2\ndone\n\napt update \u0026\u0026 apt -y upgrade\napt install -y curl wget gnupg2 software-properties-common apt-transport-https ufw\n\n# Prometheus:\nuseradd --no-create-home --shell /bin/false prometheus\nmkdir /etc/prometheus /var/lib/prometheus\n\ncd /tmp\nwget https://github.com/prometheus/prometheus/releases/download/v2.48.1/prometheus-2.48.1.linux-amd64.tar.gz\ntar xvf prometheus-2.48.1.linux-amd64.tar.gz\ncd prometheus-2.48.1.linux-amd64\n\ncp prometheus /usr/local/bin/\ncp promtool /usr/local/bin/\ncp -r consoles/ console_libraries/ /etc/prometheus/\n\ncat \u003c\u003cEOF \u003e /etc/prometheus/prometheus.yml\nglobal:\n  scrape_interval: 15s\nscrape_configs:\n  - job_name: prometheus\n    static_configs:\n      - targets: ['localhost:9090']\nEOF\n\nchown -R prometheus:prometheus /etc/prometheus /var/lib/prometheus /usr/local/bin/prometheus /usr/local/bin/promtool\n\ncat \u003c\u003cEOF \u003e /etc/systemd/system/prometheus.service\n[Unit]\nDescription=Prometheus\nAfter=network.target\n\n[Service]\nUser=prometheus\nExecStart=/usr/local/bin/prometheus --config.file=/etc/prometheus/prometheus.yml --storage.tsdb.path=/var/lib/prometheus/\nRestart=on-failure\n\n[Install]\nWantedBy=multi-user.target\nEOF\n\nsystemctl daemon-reexec\nsystemctl daemon-reload\nsystemctl enable prometheus\nsystemctl start prometheus\n\n# Grafana:\nwget -q -O - https://packages.grafana.com/gpg.key | apt-key add -\nadd-apt-repository \"deb https://packages.grafana.com/oss/deb stable main\"\napt update\napt install -y grafana\n\nsystemctl enable grafana-server\nsystemctl start grafana-server\n\n# --- Open Firewall Ports ---\nufw allow OpenSSH\nufw allow 3000    # Grafana UI\nufw allow 9090    # Prometheus UI\nufw --force enable\n\n# Add Bastion ssh connection internally:\n\nmkdir -p /home/ubuntu/.ssh\necho \"ssh-rsa AAAAB3NzaC1yc2EAAAADAQABAAACAQDcK+33UyS60MR4pdlge463gf68MW+ulNX879xt7Lmmibwa1O7GTh6J188W+B3jQRjs5ru9m58+XZV6lSMyhWTOnCQ/KS5OlqmTdhJTOzZgS5maSwkIyhLSNfHlie4dU9ekX8C0lbZzMyKNavKmgP3+eWQ8n/dZZ9Woi9J0GYbbcRK3q5kcMPIs4AtcQJ7BzwOf7Y7LKKCisNpBU/Xm8XRQgqm+oTN40RNEZGoGCHbFbp0kel70yK7mh1bWqNjC0pdFIV0Dkvr4N4Xw4OF55Q9hv1pohXaweJ6Ovcnoo7kooAnqnS/swtXPyRtq6M6AsnsaBAofa0ZaBv2zGCvqrVMib5nQ1a2JmrUaSl+CIhumeljBHJXKt1O7Sjn7tOF4jzyoWHsD9bXFXLrGzwFc3juaHABewidT7C0l7TOZiG7MTgMb08lM3g63Nre4dTN5k5RtBY41zNBWfQbuadyEZ7Vtn0i4ioGszQRrHjkdTkow3RQAGW1vNui7bgI5+sNPN5OLpboeosh1yi03lpJiQn3Yn803s5NTkpSx2i0bVRX/KCgdi0Snfb8WcWwUX3Ziz3VBJlr/niaHOpVzUHhG5Fo46p5XMzMjr1+XKLcDDM45Va3qU3pQlan14aTDaH+VTh3r7uP4aO6yVyJh9zc3BxyQySe3Dv6d1o3xEtPahQnXAw==\n\" \u003e\u003e /home/ubuntu/.ssh/authorized_keys\nchown -R ubuntu:ubuntu /home/ubuntu/.ssh\nchmod 600 /home/ubuntu/.ssh/authorized_keys",
            "template": "#!/bin/bash\n\n# Log setup\nexec \u003e \u003e(tee /var/log/userdata-monitoring.log | logger -t userdata -s 2\u003e/dev/console) 2\u003e\u00261\n\n# Wait until network is available\nuntil ping -c1 archive.ubuntu.com \u0026\u003e/dev/null; do\n  echo \"Waiting for internet connection...\"\n  sleep 2\ndone\n\napt update \u0026\u0026 apt -y upgrade\napt install -y curl wget gnupg2 software-properties-common apt-transport-https ufw\n\n# Prometheus:\nuseradd --no-create-home --shell /bin/false prometheus\nmkdir /etc/prometheus /var/lib/prometheus\n\ncd /tmp\nwget https://github.com/prometheus/prometheus/releases/download/v2.48.1/prometheus-2.48.1.linux-amd64.tar.gz\ntar xvf prometheus-2.48.1.linux-amd64.tar.gz\ncd prometheus-2.48.1.linux-amd64\n\ncp prometheus /usr/local/bin/\ncp promtool /usr/local/bin/\ncp -r consoles/ console_libraries/ /etc/prometheus/\n\ncat \u003c\u003cEOF \u003e /etc/prometheus/prometheus.yml\nglobal:\n  scrape_interval: 15s\nscrape_configs:\n  - job_name: prometheus\n    static_configs:\n      - targets: ['localhost:9090']\nEOF\n\nchown -R prometheus:prometheus /etc/prometheus /var/lib/prometheus /usr/local/bin/prometheus /usr/local/bin/promtool\n\ncat \u003c\u003cEOF \u003e /etc/systemd/system/prometheus.service\n[Unit]\nDescription=Prometheus\nAfter=network.target\n\n[Service]\nUser=prometheus\nExecStart=/usr/local/bin/prometheus --config.file=/etc/prometheus/prometheus.yml --storage.tsdb.path=/var/lib/prometheus/\nRestart=on-failure\n\n[Install]\nWantedBy=multi-user.target\nEOF\n\nsystemctl daemon-reexec\nsystemctl daemon-reload\nsystemctl enable prometheus\nsystemctl start prometheus\n\n# Grafana:\nwget -q -O - https://packages.grafana.com/gpg.key | apt-key add -\nadd-apt-repository \"deb https://packages.grafana.com/oss/deb stable main\"\napt update\napt install -y grafana\n\nsystemctl enable grafana-server\nsystemctl start grafana-server\n\n# --- Open Firewall Ports ---\nufw allow OpenSSH\nufw allow 3000    # Grafana UI\nufw allow 9090    # Prometheus UI\nufw --force enable\n\n# Add Bastion ssh connection internally:\n\nmkdir -p /home/ubuntu/.ssh\necho \"${bastion_internal_pubkey}\" \u003e\u003e /home/ubuntu/.ssh/authorized_keys\nchown -R ubuntu:ubuntu /home/ubuntu/.ssh\nchmod 600 /home/ubuntu/.ssh/authorized_keys",
            "vars": {
              "bastion_internal_pubkey": "ssh-rsa AAAAB3NzaC1yc2EAAAADAQABAAACAQDcK+33UyS60MR4pdlge463gf68MW+ulNX879xt7Lmmibwa1O7GTh6J188W+B3jQRjs5ru9m58+XZV6lSMyhWTOnCQ/KS5OlqmTdhJTOzZgS5maSwkIyhLSNfHlie4dU9ekX8C0lbZzMyKNavKmgP3+eWQ8n/dZZ9Woi9J0GYbbcRK3q5kcMPIs4AtcQJ7BzwOf7Y7LKKCisNpBU/Xm8XRQgqm+oTN40RNEZGoGCHbFbp0kel70yK7mh1bWqNjC0pdFIV0Dkvr4N4Xw4OF55Q9hv1pohXaweJ6Ovcnoo7kooAnqnS/swtXPyRtq6M6AsnsaBAofa0ZaBv2zGCvqrVMib5nQ1a2JmrUaSl+CIhumeljBHJXKt1O7Sjn7tOF4jzyoWHsD9bXFXLrGzwFc3juaHABewidT7C0l7TOZiG7MTgMb08lM3g63Nre4dTN5k5RtBY41zNBWfQbuadyEZ7Vtn0i4ioGszQRrHjkdTkow3RQAGW1vNui7bgI5+sNPN5OLpboeosh1yi03lpJiQn3Yn803s5NTkpSx2i0bVRX/KCgdi0Snfb8WcWwUX3Ziz3VBJlr/niaHOpVzUHhG5Fo46p5XMzMjr1+XKLcDDM45Va3qU3pQlan14aTDaH+VTh3r7uP4aO6yVyJh9zc3BxyQySe3Dv6d1o3xEtPahQnXAw==\n"
            }
          },
          "sensitive_attributes": []
        }
      ]
    },
    {
      "mode": "data",
      "type": "template_file",
      "name": "prometheus_config",
      "provider": "provider[\"registry.terraform.io/hashicorp/template\"]",
      "instances": [
        {
          "schema_version": 0,
          "attributes": {
            "filename": null,
            "id": "498480390441540dc0152c50fadfd8a4798e71bb6048fecd8ed024d04bb373c3",
            "rendered": "global:\n  scrape_interval: 15s\n\nscrape_configs:\n  - job_name: 'prometheus'\n    static_configs:\n      - targets: ['localhost:9090']\n",
            "template": "global:\n  scrape_interval: 15s\n\nscrape_configs:\n  - job_name: 'prometheus'\n    static_configs:\n      - targets: ['localhost:9090']\n",
            "vars": {
              "API_IP": "10.0.2.7",
              "BUILDER_IP": "10.0.3.167",
              "JENKINS_IP": "10.0.3.154",
              "SCANNER_IP": "10.0.3.153"
            }
          },
          "sensitive_attributes": []
        }
      ]
    },
    {
      "mode": "data",
      "type": "template_file",
      "name": "scanner_userdata",
      "provider": "provider[\"registry.terraform.io/hashicorp/template\"]",
      "instances": [
        {
          "schema_version": 0,
          "attributes": {
            "filename": null,
            "id": "92290f5b829e6995db3c17af95f707493f2b42c1c9cf7e7f08771f89eed1d82e",
            "rendered": "#!/bin/bash\n\nexec \u003e \u003e(tee /var/log/userdata-scanner.log | logger -t userdata -s 2\u003e/dev/console) 2\u003e\u00261\n\n# Wait until network is available\nuntil ping -c1 archive.ubuntu.com \u0026\u003e/dev/null; do\n  echo \"Waiting for internet connection...\"\n  sleep 2\ndone\n\napt update \u0026\u0026 apt -y upgrade\napt install -y unzip curl openjdk-17-jre-headless git ufw\n\n# OWASP Dependency-Check\nmkdir -p /opt/owasp\ncd /opt/owasp\ncurl -L -o dependency-check.zip https://github.com/jeremylong/DependencyCheck/releases/latest/download/dependency-check-8.4.0-release.zip\nunzip dependency-check.zip\nln -s /opt/owasp/dependency-check/bin/dependency-check.sh /usr/local/bin/dependency-check.sh\n\n# OWASP ZAP (Daemon mode)\napt install -y snapd\nsnap install zaproxy --classic\n\n# Trivy (for Docker/image scanning)\napt install -y wget\nwget https://github.com/aquasecurity/trivy/releases/latest/download/trivy_0.50.1_Linux-64bit.deb\ndpkg -i trivy_0.50.1_Linux-64bit.deb\n\n# Scanner scripts dir\nmkdir -p /opt/scanner/scripts\n\n# Set up firewall rules\n# Enable incoming SSH inbound only\nufw allow OpenSSH\nufw --force enable\n\n\n# Add Bastion and Jenkins ssh connection internally:\n\nmkdir -p /home/ubuntu/.ssh\necho \"ssh-rsa AAAAB3NzaC1yc2EAAAADAQABAAACAQDcK+33UyS60MR4pdlge463gf68MW+ulNX879xt7Lmmibwa1O7GTh6J188W+B3jQRjs5ru9m58+XZV6lSMyhWTOnCQ/KS5OlqmTdhJTOzZgS5maSwkIyhLSNfHlie4dU9ekX8C0lbZzMyKNavKmgP3+eWQ8n/dZZ9Woi9J0GYbbcRK3q5kcMPIs4AtcQJ7BzwOf7Y7LKKCisNpBU/Xm8XRQgqm+oTN40RNEZGoGCHbFbp0kel70yK7mh1bWqNjC0pdFIV0Dkvr4N4Xw4OF55Q9hv1pohXaweJ6Ovcnoo7kooAnqnS/swtXPyRtq6M6AsnsaBAofa0ZaBv2zGCvqrVMib5nQ1a2JmrUaSl+CIhumeljBHJXKt1O7Sjn7tOF4jzyoWHsD9bXFXLrGzwFc3juaHABewidT7C0l7TOZiG7MTgMb08lM3g63Nre4dTN5k5RtBY41zNBWfQbuadyEZ7Vtn0i4ioGszQRrHjkdTkow3RQAGW1vNui7bgI5+sNPN5OLpboeosh1yi03lpJiQn3Yn803s5NTkpSx2i0bVRX/KCgdi0Snfb8WcWwUX3Ziz3VBJlr/niaHOpVzUHhG5Fo46p5XMzMjr1+XKLcDDM45Va3qU3pQlan14aTDaH+VTh3r7uP4aO6yVyJh9zc3BxyQySe3Dv6d1o3xEtPahQnXAw==\n\" \u003e\u003e /home/ubuntu/.ssh/authorized_keys\necho \"ssh-rsa AAAAB3NzaC1yc2EAAAADAQABAAACAQDVz2/LnMeM0SS/ujv6Jlf4Mjy3Fv51B91+VZnJa3/dzbHvo/+R0NFzZAwCI0aslRLE9sbSoUvsYbRXdNsTovJ/Tipo5W6WkfD7aRqnfb/IAPQPGA15O5g4YvLYDuD738hU19JprPpne7gqemgSRaH7rebPZYKbFS7cfc/WWRK25P348BtpWnY5lrLTc3fEDg/sP6yqhw9eUd9pe4e7PoyAzV6e1aQZP5YmHGUcwfx2DluaGBB2LJovumld9BOzkoLKJyTt2MhiMh8Z0iGhOOhfAZ6UB1JhoSL+PbFnWk18bf/Shui1gDvyg2juRxd0MsBmVL1b3h8fuqBPBDR5TZGnVb9AnFtWAF2jsi6Bnah8xZTd6SShr0VldbmJy66aeI2ZwBUZ58afbvW0X0pRG9U5imEzp7G7r1DGEqKf/AkUbiQJkPtd0f3GR5MXa0wXhyaI3lFwCT3+0FL8wqu/1wGs2IgJHOzbHYAHcWIhKmzErMByP70VXZvRIumMU6D1cWR0F6/OiMitLD7pt099FsAPUG2WrreeRsNrh4HY3gYdyHbOv/+4FsHAFyjw9zquNoMIca2iH6sAeG1Uoyme1elxHZIAN/Q5uRDgmaMPXS6fba5Y1xUKPUHgjZ4sTHrUkfYo1FoCGddsXTyXl6CcaB1dQFpzFg/X9J/Xs0JtTQn+ZQ==\n\" \u003e\u003e /home/ubuntu/.ssh/authorized_keys\nchown -R ubuntu:ubuntu /home/ubuntu/.ssh\nchmod 600 /home/ubuntu/.ssh/authorized_keys\n\n# Docker (for trivy analysis)\n\napt-get install -y docker.io\nsystemctl enable docker\nsystemctl start docker\nusermod -aG docker ubuntu\n\n\n## Node Exporter for Prometheus:\n\n# Install Node Exporter\nuseradd --no-create-home --shell /bin/false node_exporter\nwget https://github.com/prometheus/node_exporter/releases/download/v1.6.1/node_exporter-1.6.1.linux-amd64.tar.gz\ntar xvfz node_exporter-1.6.1.linux-amd64.tar.gz\ncp node_exporter-1.6.1.linux-amd64/node_exporter /usr/local/bin/\nchown node_exporter:node_exporter /usr/local/bin/node_exporter\n\n# Create systemd service\ncat \u003c\u003cEOF \u003e /etc/systemd/system/node_exporter.service\n[Unit]\nDescription=Node Exporter\nAfter=network.target\n\n[Service]\nUser=node_exporter\nGroup=node_exporter\nType=simple\nExecStart=/usr/local/bin/node_exporter\n\n[Install]\nWantedBy=multi-user.target\nEOF\n\nsystemctl daemon-reexec\nsystemctl enable node_exporter\nsystemctl start node_exporter",
            "template": "#!/bin/bash\n\nexec \u003e \u003e(tee /var/log/userdata-scanner.log | logger -t userdata -s 2\u003e/dev/console) 2\u003e\u00261\n\n# Wait until network is available\nuntil ping -c1 archive.ubuntu.com \u0026\u003e/dev/null; do\n  echo \"Waiting for internet connection...\"\n  sleep 2\ndone\n\napt update \u0026\u0026 apt -y upgrade\napt install -y unzip curl openjdk-17-jre-headless git ufw\n\n# OWASP Dependency-Check\nmkdir -p /opt/owasp\ncd /opt/owasp\ncurl -L -o dependency-check.zip https://github.com/jeremylong/DependencyCheck/releases/latest/download/dependency-check-8.4.0-release.zip\nunzip dependency-check.zip\nln -s /opt/owasp/dependency-check/bin/dependency-check.sh /usr/local/bin/dependency-check.sh\n\n# OWASP ZAP (Daemon mode)\napt install -y snapd\nsnap install zaproxy --classic\n\n# Trivy (for Docker/image scanning)\napt install -y wget\nwget https://github.com/aquasecurity/trivy/releases/latest/download/trivy_0.50.1_Linux-64bit.deb\ndpkg -i trivy_0.50.1_Linux-64bit.deb\n\n# Scanner scripts dir\nmkdir -p /opt/scanner/scripts\n\n# Set up firewall rules\n# Enable incoming SSH inbound only\nufw allow OpenSSH\nufw --force enable\n\n\n# Add Bastion and Jenkins ssh connection internally:\n\nmkdir -p /home/ubuntu/.ssh\necho \"${bastion_internal_pubkey}\" \u003e\u003e /home/ubuntu/.ssh/authorized_keys\necho \"${jenkins_internal_pubkey}\" \u003e\u003e /home/ubuntu/.ssh/authorized_keys\nchown -R ubuntu:ubuntu /home/ubuntu/.ssh\nchmod 600 /home/ubuntu/.ssh/authorized_keys\n\n# Docker (for trivy analysis)\n\napt-get install -y docker.io\nsystemctl enable docker\nsystemctl start docker\nusermod -aG docker ubuntu\n\n\n## Node Exporter for Prometheus:\n\n# Install Node Exporter\nuseradd --no-create-home --shell /bin/false node_exporter\nwget https://github.com/prometheus/node_exporter/releases/download/v1.6.1/node_exporter-1.6.1.linux-amd64.tar.gz\ntar xvfz node_exporter-1.6.1.linux-amd64.tar.gz\ncp node_exporter-1.6.1.linux-amd64/node_exporter /usr/local/bin/\nchown node_exporter:node_exporter /usr/local/bin/node_exporter\n\n# Create systemd service\ncat \u003c\u003cEOF \u003e /etc/systemd/system/node_exporter.service\n[Unit]\nDescription=Node Exporter\nAfter=network.target\n\n[Service]\nUser=node_exporter\nGroup=node_exporter\nType=simple\nExecStart=/usr/local/bin/node_exporter\n\n[Install]\nWantedBy=multi-user.target\nEOF\n\nsystemctl daemon-reexec\nsystemctl enable node_exporter\nsystemctl start node_exporter",
            "vars": {
              "bastion_internal_pubkey": "ssh-rsa AAAAB3NzaC1yc2EAAAADAQABAAACAQDcK+33UyS60MR4pdlge463gf68MW+ulNX879xt7Lmmibwa1O7GTh6J188W+B3jQRjs5ru9m58+XZV6lSMyhWTOnCQ/KS5OlqmTdhJTOzZgS5maSwkIyhLSNfHlie4dU9ekX8C0lbZzMyKNavKmgP3+eWQ8n/dZZ9Woi9J0GYbbcRK3q5kcMPIs4AtcQJ7BzwOf7Y7LKKCisNpBU/Xm8XRQgqm+oTN40RNEZGoGCHbFbp0kel70yK7mh1bWqNjC0pdFIV0Dkvr4N4Xw4OF55Q9hv1pohXaweJ6Ovcnoo7kooAnqnS/swtXPyRtq6M6AsnsaBAofa0ZaBv2zGCvqrVMib5nQ1a2JmrUaSl+CIhumeljBHJXKt1O7Sjn7tOF4jzyoWHsD9bXFXLrGzwFc3juaHABewidT7C0l7TOZiG7MTgMb08lM3g63Nre4dTN5k5RtBY41zNBWfQbuadyEZ7Vtn0i4ioGszQRrHjkdTkow3RQAGW1vNui7bgI5+sNPN5OLpboeosh1yi03lpJiQn3Yn803s5NTkpSx2i0bVRX/KCgdi0Snfb8WcWwUX3Ziz3VBJlr/niaHOpVzUHhG5Fo46p5XMzMjr1+XKLcDDM45Va3qU3pQlan14aTDaH+VTh3r7uP4aO6yVyJh9zc3BxyQySe3Dv6d1o3xEtPahQnXAw==\n",
              "jenkins_internal_pubkey": "ssh-rsa AAAAB3NzaC1yc2EAAAADAQABAAACAQDVz2/LnMeM0SS/ujv6Jlf4Mjy3Fv51B91+VZnJa3/dzbHvo/+R0NFzZAwCI0aslRLE9sbSoUvsYbRXdNsTovJ/Tipo5W6WkfD7aRqnfb/IAPQPGA15O5g4YvLYDuD738hU19JprPpne7gqemgSRaH7rebPZYKbFS7cfc/WWRK25P348BtpWnY5lrLTc3fEDg/sP6yqhw9eUd9pe4e7PoyAzV6e1aQZP5YmHGUcwfx2DluaGBB2LJovumld9BOzkoLKJyTt2MhiMh8Z0iGhOOhfAZ6UB1JhoSL+PbFnWk18bf/Shui1gDvyg2juRxd0MsBmVL1b3h8fuqBPBDR5TZGnVb9AnFtWAF2jsi6Bnah8xZTd6SShr0VldbmJy66aeI2ZwBUZ58afbvW0X0pRG9U5imEzp7G7r1DGEqKf/AkUbiQJkPtd0f3GR5MXa0wXhyaI3lFwCT3+0FL8wqu/1wGs2IgJHOzbHYAHcWIhKmzErMByP70VXZvRIumMU6D1cWR0F6/OiMitLD7pt099FsAPUG2WrreeRsNrh4HY3gYdyHbOv/+4FsHAFyjw9zquNoMIca2iH6sAeG1Uoyme1elxHZIAN/Q5uRDgmaMPXS6fba5Y1xUKPUHgjZ4sTHrUkfYo1FoCGddsXTyXl6CcaB1dQFpzFg/X9J/Xs0JtTQn+ZQ==\n"
            }
          },
          "sensitive_attributes": []
        }
      ]
    },
    {
      "mode": "managed",
      "type": "aws_cloudwatch_log_group",
      "name": "my_app_logs",
      "provider": "provider[\"registry.terraform.io/hashicorp/aws\"]",
      "instances": [
        {
          "schema_version": 0,
          "attributes": {
            "arn": "arn:aws:logs:eu-north-1:039612864283:log-group:/myapp/logs",
            "id": "/myapp/logs",
            "kms_key_id": "",
            "log_group_class": "STANDARD",
            "name": "/myapp/logs",
            "name_prefix": "",
            "retention_in_days": 0,
            "skip_destroy": false,
            "tags": {
              "Application": "serviceA",
              "Environment": "production"
            },
            "tags_all": {
              "Application": "serviceA",
              "Environment": "production"
            }
          },
          "sensitive_attributes": [],
          "private": "bnVsbA=="
        }
      ]
    },
    {
      "mode": "managed",
      "type": "aws_cloudwatch_log_metric_filter",
      "name": "my_error_counts",
      "provider": "provider[\"registry.terraform.io/hashicorp/aws\"]",
      "instances": [
        {
          "schema_version": 0,
          "attributes": {
            "id": "My_Error_Count",
            "log_group_name": "/myapp/logs",
            "metric_transformation": [
              {
                "default_value": "",
                "dimensions": {},
                "name": "EventCount",
                "namespace": "MyApp/Monitoring",
                "unit": "None",
                "value": "1"
              }
            ],
            "name": "My_Error_Count",
            "pattern": "ERROR"
          },
          "sensitive_attributes": [],
          "private": "bnVsbA==",
          "dependencies": [
            "aws_cloudwatch_log_group.my_app_logs"
          ]
        }
      ]
    },
    {
      "mode": "managed",
      "type": "aws_cloudwatch_metric_alarm",
      "name": "my_cpu_usage",
      "provider": "provider[\"registry.terraform.io/hashicorp/aws\"]",
      "instances": [
        {
          "schema_version": 1,
          "attributes": {
            "actions_enabled": true,
            "alarm_actions": [
              "arn:aws:sns:eu-north-1:039612864283:my_cloudwatch_alerts_topic"
            ],
            "alarm_description": "This metric monitors ec2 cpu utilization",
            "alarm_name": "my_cpu_usage",
            "arn": "arn:aws:cloudwatch:eu-north-1:039612864283:alarm:my_cpu_usage",
            "comparison_operator": "GreaterThanOrEqualToThreshold",
            "datapoints_to_alarm": 0,
            "dimensions": {},
            "evaluate_low_sample_count_percentiles": "",
            "evaluation_periods": 2,
            "extended_statistic": "",
            "id": "my_cpu_usage",
            "insufficient_data_actions": [],
            "metric_name": "CPUUtilization",
            "metric_query": [],
            "namespace": "AWS/EC2",
            "ok_actions": [],
            "period": 120,
            "statistic": "Average",
            "tags": {},
            "tags_all": {},
            "threshold": 80,
            "threshold_metric_id": "",
            "treat_missing_data": "missing",
            "unit": ""
          },
          "sensitive_attributes": [],
          "private": "eyJzY2hlbWFfdmVyc2lvbiI6IjEifQ==",
          "dependencies": [
            "aws_sns_topic.my_alarm_topic"
          ]
        }
      ]
    },
    {
      "mode": "managed",
      "type": "aws_ebs_volume",
      "name": "jenkins_data",
      "provider": "provider[\"registry.terraform.io/hashicorp/aws\"]",
      "instances": [
        {
          "schema_version": 0,
          "attributes": {
            "arn": "arn:aws:ec2:eu-north-1:039612864283:volume/vol-055ce4a809f10fbc1",
            "availability_zone": "eu-north-1a",
            "create_time": "2025-05-10T09:48:51Z",
            "encrypted": false,
            "final_snapshot": false,
            "id": "vol-055ce4a809f10fbc1",
            "iops": 3000,
            "kms_key_id": "",
            "multi_attach_enabled": false,
            "outpost_arn": "",
            "size": 15,
            "snapshot_id": "",
            "tags": {
              "Name": "jenkins_data_volume"
            },
            "tags_all": {
              "Name": "jenkins_data_volume"
            },
            "throughput": 125,
            "timeouts": null,
            "type": "gp3"
          },
          "sensitive_attributes": [],
          "private": "eyJlMmJmYjczMC1lY2FhLTExZTYtOGY4OC0zNDM2M2JjN2M0YzAiOnsiY3JlYXRlIjozMDAwMDAwMDAwMDAsImRlbGV0ZSI6NjAwMDAwMDAwMDAwLCJ1cGRhdGUiOjMwMDAwMDAwMDAwMH19"
        }
      ]
    },
    {
      "mode": "managed",
      "type": "aws_eip",
      "name": "api_eip",
      "provider": "provider[\"registry.terraform.io/hashicorp/aws\"]",
      "instances": [
        {
          "schema_version": 0,
          "attributes": {
            "address": null,
            "allocation_id": "eipalloc-006ed44678bfaa2ba",
            "arn": "arn:aws:ec2:eu-north-1:039612864283:elastic-ip/eipalloc-006ed44678bfaa2ba",
            "associate_with_private_ip": null,
            "association_id": "",
            "carrier_ip": "",
            "customer_owned_ip": "",
            "customer_owned_ipv4_pool": "",
            "domain": "vpc",
            "id": "eipalloc-006ed44678bfaa2ba",
            "instance": "",
            "ipam_pool_id": null,
            "network_border_group": "eu-north-1",
            "network_interface": "",
            "private_dns": "ip-10-0-2-231.eu-north-1.compute.internal",
            "private_ip": "",
            "ptr_record": "",
            "public_dns": "ec2-51-21-214-171.eu-north-1.compute.amazonaws.com",
            "public_ip": "51.21.214.171",
            "public_ipv4_pool": "amazon",
            "tags": {
              "Name": "api_static_ip"
            },
            "tags_all": {
              "Name": "api_static_ip"
            },
            "timeouts": null,
            "vpc": true
          },
          "sensitive_attributes": [],
          "private": "eyJlMmJmYjczMC1lY2FhLTExZTYtOGY4OC0zNDM2M2JjN2M0YzAiOnsiZGVsZXRlIjoxODAwMDAwMDAwMDAsInJlYWQiOjkwMDAwMDAwMDAwMCwidXBkYXRlIjozMDAwMDAwMDAwMDB9fQ=="
        }
      ]
    },
    {
      "mode": "managed",
      "type": "aws_eip",
      "name": "my_main_nat_eip",
      "provider": "provider[\"registry.terraform.io/hashicorp/aws\"]",
      "instances": [
        {
          "schema_version": 0,
          "attributes": {
            "address": null,
            "allocation_id": "eipalloc-0f22c417da252b71d",
            "arn": "arn:aws:ec2:eu-north-1:039612864283:elastic-ip/eipalloc-0f22c417da252b71d",
            "associate_with_private_ip": null,
            "association_id": "",
            "carrier_ip": "",
            "customer_owned_ip": "",
            "customer_owned_ipv4_pool": "",
            "domain": "vpc",
            "id": "eipalloc-0f22c417da252b71d",
            "instance": "",
            "ipam_pool_id": null,
            "network_border_group": "eu-north-1",
            "network_interface": "",
            "private_dns": "ip-10-0-1-241.eu-north-1.compute.internal",
            "private_ip": "",
            "ptr_record": "",
            "public_dns": "ec2-56-228-56-115.eu-north-1.compute.amazonaws.com",
            "public_ip": "56.228.56.115",
            "public_ipv4_pool": "amazon",
            "tags": {
              "Name": "my_main_nat_eip"
            },
            "tags_all": {
              "Name": "my_main_nat_eip"
            },
            "timeouts": null,
            "vpc": true
          },
          "sensitive_attributes": [],
          "private": "eyJlMmJmYjczMC1lY2FhLTExZTYtOGY4OC0zNDM2M2JjN2M0YzAiOnsiZGVsZXRlIjoxODAwMDAwMDAwMDAsInJlYWQiOjkwMDAwMDAwMDAwMCwidXBkYXRlIjozMDAwMDAwMDAwMDB9fQ=="
        }
      ]
    },
    {
      "mode": "managed",
      "type": "aws_eip",
      "name": "nat_eip_pods",
      "provider": "provider[\"registry.terraform.io/hashicorp/aws\"]",
      "instances": [
        {
          "schema_version": 0,
          "attributes": {
            "address": null,
            "allocation_id": "eipalloc-03af728e19388d7ad",
            "arn": "arn:aws:ec2:eu-north-1:039612864283:elastic-ip/eipalloc-03af728e19388d7ad",
            "associate_with_private_ip": null,
            "association_id": "",
            "carrier_ip": "",
            "customer_owned_ip": "",
            "customer_owned_ipv4_pool": "",
            "domain": "vpc",
            "id": "eipalloc-03af728e19388d7ad",
            "instance": "",
            "ipam_pool_id": null,
            "network_border_group": "eu-north-1",
            "network_interface": "",
            "private_dns": "ip-10-0-1-73.eu-north-1.compute.internal",
            "private_ip": "",
            "ptr_record": "",
            "public_dns": "ec2-51-21-151-18.eu-north-1.compute.amazonaws.com",
            "public_ip": "51.21.151.18",
            "public_ipv4_pool": "amazon",
            "tags": {},
            "tags_all": {},
            "timeouts": null,
            "vpc": true
          },
          "sensitive_attributes": [],
          "private": "eyJlMmJmYjczMC1lY2FhLTExZTYtOGY4OC0zNDM2M2JjN2M0YzAiOnsiZGVsZXRlIjoxODAwMDAwMDAwMDAsInJlYWQiOjkwMDAwMDAwMDAwMCwidXBkYXRlIjozMDAwMDAwMDAwMDB9fQ=="
        }
      ]
    },
    {
      "mode": "managed",
      "type": "aws_eip_association",
      "name": "api_eip_assoc",
      "provider": "provider[\"registry.terraform.io/hashicorp/aws\"]",
      "instances": [
        {
          "schema_version": 0,
          "attributes": {
            "allocation_id": "eipalloc-006ed44678bfaa2ba",
            "allow_reassociation": null,
            "id": "eipassoc-06d1ee6b63825ab41",
            "instance_id": "i-033b66985d019be13",
            "network_interface_id": "eni-066ccfa485a674ad2",
            "private_ip_address": "10.0.2.7",
            "public_ip": "51.21.214.171"
          },
          "sensitive_attributes": [],
          "private": "bnVsbA==",
          "dependencies": [
            "aws_eip.api_eip",
            "aws_instance.my_api_EC2_instance",
            "aws_key_pair.my_api_key_auth",
            "aws_security_group.sg_API",
            "aws_subnet.my_public_subnet_2",
            "aws_vpc.my_main_vpc",
            "data.aws_ami.my_main_ubuntu_EC2_data",
            "data.template_file.api_userdata",
            "tls_private_key.bastion_internal",
            "tls_private_key.jenkins_internal"
          ]
        }
      ]
    },
    {
      "mode": "managed",
      "type": "aws_iam_instance_profile",
      "name": "builder_profile",
      "provider": "provider[\"registry.terraform.io/hashicorp/aws\"]",
      "instances": [
        {
          "schema_version": 0,
          "attributes": {
            "arn": "arn:aws:iam::039612864283:instance-profile/builder-eks-profile",
            "create_date": "2025-05-30T15:49:33Z",
            "id": "builder-eks-profile",
            "name": "builder-eks-profile",
            "name_prefix": "",
            "path": "/",
            "role": "builder-eks-role",
            "tags": {},
            "tags_all": {},
            "unique_id": "AIPAQSOI4K4N625M6AECJ"
          },
          "sensitive_attributes": [],
          "private": "bnVsbA==",
          "dependencies": [
            "aws_iam_role.builder_eks_role"
          ]
        }
      ]
    },
    {
      "mode": "managed",
      "type": "aws_iam_instance_profile",
      "name": "my_ec2_instance_profile",
      "provider": "provider[\"registry.terraform.io/hashicorp/aws\"]",
      "instances": [
        {
          "schema_version": 0,
          "attributes": {
            "arn": "arn:aws:iam::039612864283:instance-profile/my_ec2_instance_profile_description",
            "create_date": "2025-05-10T09:48:52Z",
            "id": "my_ec2_instance_profile_description",
            "name": "my_ec2_instance_profile_description",
            "name_prefix": "",
            "path": "/",
            "role": "ec2_instance_role",
            "tags": {},
            "tags_all": {},
            "unique_id": "AIPAQSOI4K4NTYKZKK7DQ"
          },
          "sensitive_attributes": [],
          "private": "bnVsbA==",
          "dependencies": [
            "aws_iam_role.my_ec2_instance_role"
          ]
        }
      ]
    },
    {
      "mode": "managed",
      "type": "aws_iam_policy",
      "name": "alb_controller_policy",
      "provider": "provider[\"registry.terraform.io/hashicorp/aws\"]",
      "instances": [
        {
          "schema_version": 0,
          "attributes": {
            "arn": "arn:aws:iam::039612864283:policy/AWSLoadBalancerControllerIAMPolicy",
            "attachment_count": 1,
            "description": "",
            "id": "arn:aws:iam::039612864283:policy/AWSLoadBalancerControllerIAMPolicy",
            "name": "AWSLoadBalancerControllerIAMPolicy",
            "name_prefix": "",
            "path": "/",
            "policy": "{\"Statement\":[{\"Action\":[\"iam:CreateServiceLinkedRole\"],\"Condition\":{\"StringEquals\":{\"iam:AWSServiceName\":\"elasticloadbalancing.amazonaws.com\"}},\"Effect\":\"Allow\",\"Resource\":\"*\"},{\"Action\":[\"ec2:DescribeAccountAttributes\",\"ec2:DescribeAddresses\",\"ec2:DescribeAvailabilityZones\",\"ec2:DescribeInternetGateways\",\"ec2:DescribeVpcs\",\"ec2:DescribeVpcPeeringConnections\",\"ec2:DescribeSubnets\",\"ec2:DescribeSecurityGroups\",\"ec2:DescribeInstances\",\"ec2:DescribeNetworkInterfaces\",\"ec2:DescribeTags\",\"ec2:GetCoipPoolUsage\",\"ec2:DescribeCoipPools\",\"ec2:GetSecurityGroupsForVpc\",\"ec2:DescribeIpamPools\",\"ec2:DescribeRouteTables\",\"elasticloadbalancing:DescribeLoadBalancers\",\"elasticloadbalancing:DescribeLoadBalancerAttributes\",\"elasticloadbalancing:DescribeListeners\",\"elasticloadbalancing:DescribeListenerCertificates\",\"elasticloadbalancing:DescribeSSLPolicies\",\"elasticloadbalancing:DescribeRules\",\"elasticloadbalancing:DescribeTargetGroups\",\"elasticloadbalancing:DescribeTargetGroupAttributes\",\"elasticloadbalancing:DescribeTargetHealth\",\"elasticloadbalancing:DescribeTags\",\"elasticloadbalancing:DescribeTrustStores\",\"elasticloadbalancing:DescribeListenerAttributes\",\"elasticloadbalancing:DescribeCapacityReservation\"],\"Effect\":\"Allow\",\"Resource\":\"*\"},{\"Action\":[\"cognito-idp:DescribeUserPoolClient\",\"acm:ListCertificates\",\"acm:DescribeCertificate\",\"iam:ListServerCertificates\",\"iam:GetServerCertificate\",\"waf-regional:GetWebACL\",\"waf-regional:GetWebACLForResource\",\"waf-regional:AssociateWebACL\",\"waf-regional:DisassociateWebACL\",\"wafv2:GetWebACL\",\"wafv2:GetWebACLForResource\",\"wafv2:AssociateWebACL\",\"wafv2:DisassociateWebACL\",\"shield:GetSubscriptionState\",\"shield:DescribeProtection\",\"shield:CreateProtection\",\"shield:DeleteProtection\"],\"Effect\":\"Allow\",\"Resource\":\"*\"},{\"Action\":[\"ec2:AuthorizeSecurityGroupIngress\",\"ec2:RevokeSecurityGroupIngress\"],\"Effect\":\"Allow\",\"Resource\":\"*\"},{\"Action\":[\"ec2:CreateSecurityGroup\"],\"Effect\":\"Allow\",\"Resource\":\"*\"},{\"Action\":[\"ec2:CreateTags\"],\"Condition\":{\"Null\":{\"aws:RequestTag/elbv2.k8s.aws/cluster\":\"false\"},\"StringEquals\":{\"ec2:CreateAction\":\"CreateSecurityGroup\"}},\"Effect\":\"Allow\",\"Resource\":\"arn:aws:ec2:*:*:security-group/*\"},{\"Action\":[\"ec2:CreateTags\",\"ec2:DeleteTags\"],\"Condition\":{\"Null\":{\"aws:RequestTag/elbv2.k8s.aws/cluster\":\"true\",\"aws:ResourceTag/elbv2.k8s.aws/cluster\":\"false\"}},\"Effect\":\"Allow\",\"Resource\":\"arn:aws:ec2:*:*:security-group/*\"},{\"Action\":[\"ec2:AuthorizeSecurityGroupIngress\",\"ec2:RevokeSecurityGroupIngress\",\"ec2:DeleteSecurityGroup\"],\"Condition\":{\"Null\":{\"aws:ResourceTag/elbv2.k8s.aws/cluster\":\"false\"}},\"Effect\":\"Allow\",\"Resource\":\"*\"},{\"Action\":[\"elasticloadbalancing:CreateLoadBalancer\",\"elasticloadbalancing:CreateTargetGroup\"],\"Condition\":{\"Null\":{\"aws:RequestTag/elbv2.k8s.aws/cluster\":\"false\"}},\"Effect\":\"Allow\",\"Resource\":\"*\"},{\"Action\":[\"elasticloadbalancing:CreateListener\",\"elasticloadbalancing:DeleteListener\",\"elasticloadbalancing:CreateRule\",\"elasticloadbalancing:DeleteRule\"],\"Effect\":\"Allow\",\"Resource\":\"*\"},{\"Action\":[\"elasticloadbalancing:AddTags\",\"elasticloadbalancing:RemoveTags\"],\"Condition\":{\"Null\":{\"aws:RequestTag/elbv2.k8s.aws/cluster\":\"true\",\"aws:ResourceTag/elbv2.k8s.aws/cluster\":\"false\"}},\"Effect\":\"Allow\",\"Resource\":[\"arn:aws:elasticloadbalancing:*:*:targetgroup/*/*\",\"arn:aws:elasticloadbalancing:*:*:loadbalancer/net/*/*\",\"arn:aws:elasticloadbalancing:*:*:loadbalancer/app/*/*\"]},{\"Action\":[\"elasticloadbalancing:AddTags\",\"elasticloadbalancing:RemoveTags\"],\"Effect\":\"Allow\",\"Resource\":[\"arn:aws:elasticloadbalancing:*:*:listener/net/*/*/*\",\"arn:aws:elasticloadbalancing:*:*:listener/app/*/*/*\",\"arn:aws:elasticloadbalancing:*:*:listener-rule/net/*/*/*\",\"arn:aws:elasticloadbalancing:*:*:listener-rule/app/*/*/*\"]},{\"Action\":[\"elasticloadbalancing:ModifyLoadBalancerAttributes\",\"elasticloadbalancing:SetIpAddressType\",\"elasticloadbalancing:SetSecurityGroups\",\"elasticloadbalancing:SetSubnets\",\"elasticloadbalancing:DeleteLoadBalancer\",\"elasticloadbalancing:ModifyTargetGroup\",\"elasticloadbalancing:ModifyTargetGroupAttributes\",\"elasticloadbalancing:DeleteTargetGroup\",\"elasticloadbalancing:ModifyListenerAttributes\",\"elasticloadbalancing:ModifyCapacityReservation\",\"elasticloadbalancing:ModifyIpPools\"],\"Condition\":{\"Null\":{\"aws:ResourceTag/elbv2.k8s.aws/cluster\":\"false\"}},\"Effect\":\"Allow\",\"Resource\":\"*\"},{\"Action\":[\"elasticloadbalancing:AddTags\"],\"Condition\":{\"Null\":{\"aws:RequestTag/elbv2.k8s.aws/cluster\":\"false\"},\"StringEquals\":{\"elasticloadbalancing:CreateAction\":[\"CreateTargetGroup\",\"CreateLoadBalancer\"]}},\"Effect\":\"Allow\",\"Resource\":[\"arn:aws:elasticloadbalancing:*:*:targetgroup/*/*\",\"arn:aws:elasticloadbalancing:*:*:loadbalancer/net/*/*\",\"arn:aws:elasticloadbalancing:*:*:loadbalancer/app/*/*\"]},{\"Action\":[\"elasticloadbalancing:RegisterTargets\",\"elasticloadbalancing:DeregisterTargets\"],\"Effect\":\"Allow\",\"Resource\":\"arn:aws:elasticloadbalancing:*:*:targetgroup/*/*\"},{\"Action\":[\"elasticloadbalancing:SetWebAcl\",\"elasticloadbalancing:ModifyListener\",\"elasticloadbalancing:AddListenerCertificates\",\"elasticloadbalancing:RemoveListenerCertificates\",\"elasticloadbalancing:ModifyRule\",\"elasticloadbalancing:SetRulePriorities\"],\"Effect\":\"Allow\",\"Resource\":\"*\"}],\"Version\":\"2012-10-17\"}",
            "policy_id": "ANPAQSOI4K4NYVSXIUCRH",
            "tags": {},
            "tags_all": {}
          },
          "sensitive_attributes": [],
          "private": "bnVsbA=="
        }
      ]
    },
    {
      "mode": "managed",
      "type": "aws_iam_policy",
      "name": "developer_eks_access",
      "provider": "provider[\"registry.terraform.io/hashicorp/aws\"]",
      "instances": [
        {
          "schema_version": 0,
          "attributes": {
            "arn": "arn:aws:iam::039612864283:policy/DeveloperEKSAccess",
            "attachment_count": 1,
            "description": "Grant EKS + IAM PassRole access",
            "id": "arn:aws:iam::039612864283:policy/DeveloperEKSAccess",
            "name": "DeveloperEKSAccess",
            "name_prefix": "",
            "path": "/",
            "policy": "{\"Statement\":[{\"Action\":[\"eks:DescribeCluster\",\"eks:ListClusters\",\"eks:DescribeNodegroup\",\"iam:PassRole\",\"iam:GetRole\",\"iam:AttachRolePolicy\",\"iam:CreateServiceLinkedRole\"],\"Effect\":\"Allow\",\"Resource\":\"*\"}],\"Version\":\"2012-10-17\"}",
            "policy_id": "ANPAQSOI4K4NQR6IC66KL",
            "tags": {},
            "tags_all": {}
          },
          "sensitive_attributes": [],
          "private": "bnVsbA=="
        }
      ]
    },
    {
      "mode": "managed",
      "type": "aws_iam_policy",
      "name": "my_ec2_basic_policy",
      "provider": "provider[\"registry.terraform.io/hashicorp/aws\"]",
      "instances": [
        {
          "schema_version": 0,
          "attributes": {
            "arn": "arn:aws:iam::039612864283:policy/my_ec2_policy",
            "attachment_count": 1,
            "description": "my_ec2_policy_description",
            "id": "arn:aws:iam::039612864283:policy/my_ec2_policy",
            "name": "my_ec2_policy",
            "name_prefix": "",
            "path": "/",
            "policy": "{\"Statement\":[{\"Action\":[\"logs:CreateLogGroup\",\"logs:CreateLogStream\",\"logs:PutLogEvents\"],\"Effect\":\"Allow\",\"Resource\":\"*\"},{\"Action\":[\"s3:PutObject\",\"s3:GetObject\",\"s3:ListBucket\"],\"Effect\":\"Allow\",\"Resource\":\"*\"}],\"Version\":\"2012-10-17\"}",
            "policy_id": "ANPAQSOI4K4NZKBSB57WN",
            "tags": {},
            "tags_all": {}
          },
          "sensitive_attributes": [],
          "private": "bnVsbA=="
        }
      ]
    },
    {
      "mode": "managed",
      "type": "aws_iam_policy_attachment",
      "name": "ALB_controller_policy_attachment",
      "provider": "provider[\"registry.terraform.io/hashicorp/aws\"]",
      "instances": [
        {
          "schema_version": 0,
          "attributes": {
            "groups": [],
            "id": "ALB controller policy attachment",
            "name": "ALB controller policy attachment",
            "policy_arn": "arn:aws:iam::039612864283:policy/AWSLoadBalancerControllerIAMPolicy",
            "roles": [
              "EKS-ALB_controller"
            ],
            "users": []
          },
          "sensitive_attributes": [],
          "private": "bnVsbA==",
          "dependencies": [
            "aws_iam_policy.alb_controller_policy",
            "aws_iam_role.ALB_controller",
            "aws_subnet.my_private_subnet_1",
            "aws_subnet.my_private_subnet_2",
            "aws_vpc.my_main_vpc",
            "module.eks.aws_cloudwatch_log_group.this",
            "module.eks.aws_eks_cluster.this",
            "module.eks.aws_iam_openid_connect_provider.oidc_provider",
            "module.eks.aws_iam_policy.cni_ipv6_policy",
            "module.eks.aws_iam_role.this",
            "module.eks.aws_iam_role_policy_attachment.this",
            "module.eks.aws_security_group.cluster",
            "module.eks.aws_security_group.node",
            "module.eks.aws_security_group_rule.cluster",
            "module.eks.aws_security_group_rule.node",
            "module.eks.data.aws_caller_identity.current",
            "module.eks.data.aws_iam_policy_document.assume_role_policy",
            "module.eks.data.aws_iam_policy_document.cni_ipv6_policy",
            "module.eks.data.aws_iam_session_context.current",
            "module.eks.data.aws_partition.current",
            "module.eks.data.tls_certificate.this",
            "module.eks.module.kms.aws_kms_external_key.this",
            "module.eks.module.kms.aws_kms_key.this",
            "module.eks.module.kms.aws_kms_replica_external_key.this",
            "module.eks.module.kms.aws_kms_replica_key.this",
            "module.eks.module.kms.data.aws_caller_identity.current",
            "module.eks.module.kms.data.aws_iam_policy_document.this",
            "module.eks.module.kms.data.aws_partition.current"
          ]
        }
      ]
    },
    {
      "mode": "managed",
      "type": "aws_iam_policy_attachment",
      "name": "alb_controller_attach",
      "provider": "provider[\"registry.terraform.io/hashicorp/aws\"]",
      "instances": [
        {
          "schema_version": 0,
          "attributes": {
            "groups": [],
            "id": "ALBControllerPolicyAttachment",
            "name": "ALBControllerPolicyAttachment",
            "policy_arn": "arn:aws:iam::039612864283:policy/AWSLoadBalancerControllerIAMPolicy",
            "roles": [
              "EKS-ALB_controller"
            ],
            "users": []
          },
          "sensitive_attributes": [],
          "private": "bnVsbA==",
          "dependencies": [
            "aws_iam_policy.alb_controller_policy",
            "aws_iam_role.ALB_controller",
            "aws_subnet.my_private_subnet_1",
            "aws_subnet.my_private_subnet_2",
            "aws_vpc.my_main_vpc",
            "module.eks.aws_cloudwatch_log_group.this",
            "module.eks.aws_eks_cluster.this",
            "module.eks.aws_iam_openid_connect_provider.oidc_provider",
            "module.eks.aws_iam_policy.cni_ipv6_policy",
            "module.eks.aws_iam_role.this",
            "module.eks.aws_iam_role_policy_attachment.this",
            "module.eks.aws_security_group.cluster",
            "module.eks.aws_security_group.node",
            "module.eks.aws_security_group_rule.cluster",
            "module.eks.aws_security_group_rule.node",
            "module.eks.data.aws_caller_identity.current",
            "module.eks.data.aws_iam_policy_document.assume_role_policy",
            "module.eks.data.aws_iam_policy_document.cni_ipv6_policy",
            "module.eks.data.aws_iam_session_context.current",
            "module.eks.data.aws_partition.current",
            "module.eks.data.tls_certificate.this",
            "module.eks.module.kms.aws_kms_external_key.this",
            "module.eks.module.kms.aws_kms_key.this",
            "module.eks.module.kms.aws_kms_replica_external_key.this",
            "module.eks.module.kms.aws_kms_replica_key.this",
            "module.eks.module.kms.data.aws_caller_identity.current",
            "module.eks.module.kms.data.aws_iam_policy_document.this",
            "module.eks.module.kms.data.aws_partition.current"
          ]
        }
      ]
    },
    {
      "mode": "managed",
      "type": "aws_iam_role",
      "name": "ALB_controller",
      "provider": "provider[\"registry.terraform.io/hashicorp/aws\"]",
      "instances": [
        {
          "schema_version": 0,
          "attributes": {
            "arn": "arn:aws:iam::039612864283:role/EKS-ALB_controller",
            "assume_role_policy": "{\"Statement\":[{\"Action\":\"sts:AssumeRoleWithWebIdentity\",\"Condition\":{\"StringEquals\":{\"arn:aws:iam::039612864283:oidc-provider/oidc.eks.eu-north-1.amazonaws.com/id/3CA89AAEB49FEF243D9DED82CB4193D5:sub\":\"system:serviceaccount:kube-system:aws-load-balancer-controller\"}},\"Effect\":\"Allow\",\"Principal\":{\"Federated\":\"arn:aws:iam::039612864283:oidc-provider/oidc.eks.eu-north-1.amazonaws.com/id/3CA89AAEB49FEF243D9DED82CB4193D5\"},\"Sid\":\"\"}],\"Version\":\"2012-10-17\"}",
            "create_date": "2025-05-30T15:57:54Z",
            "description": "",
            "force_detach_policies": false,
            "id": "EKS-ALB_controller",
            "inline_policy": [],
            "managed_policy_arns": [
              "arn:aws:iam::039612864283:policy/AWSLoadBalancerControllerIAMPolicy"
            ],
            "max_session_duration": 3600,
            "name": "EKS-ALB_controller",
            "name_prefix": "",
            "path": "/",
            "permissions_boundary": "",
            "tags": {
              "tag-key": "ALB IAM role"
            },
            "tags_all": {
              "tag-key": "ALB IAM role"
            },
            "unique_id": "AROAQSOI4K4N3E5UMJNSB"
          },
          "sensitive_attributes": [],
          "private": "bnVsbA==",
          "dependencies": [
            "aws_subnet.my_private_subnet_1",
            "aws_subnet.my_private_subnet_2",
            "aws_vpc.my_main_vpc",
            "module.eks.aws_cloudwatch_log_group.this",
            "module.eks.aws_eks_cluster.this",
            "module.eks.aws_iam_openid_connect_provider.oidc_provider",
            "module.eks.aws_iam_policy.cni_ipv6_policy",
            "module.eks.aws_iam_role.this",
            "module.eks.aws_iam_role_policy_attachment.this",
            "module.eks.aws_security_group.cluster",
            "module.eks.aws_security_group.node",
            "module.eks.aws_security_group_rule.cluster",
            "module.eks.aws_security_group_rule.node",
            "module.eks.data.aws_caller_identity.current",
            "module.eks.data.aws_iam_policy_document.assume_role_policy",
            "module.eks.data.aws_iam_policy_document.cni_ipv6_policy",
            "module.eks.data.aws_iam_session_context.current",
            "module.eks.data.aws_partition.current",
            "module.eks.data.tls_certificate.this",
            "module.eks.module.kms.aws_kms_external_key.this",
            "module.eks.module.kms.aws_kms_key.this",
            "module.eks.module.kms.aws_kms_replica_external_key.this",
            "module.eks.module.kms.aws_kms_replica_key.this",
            "module.eks.module.kms.data.aws_caller_identity.current",
            "module.eks.module.kms.data.aws_iam_policy_document.this",
            "module.eks.module.kms.data.aws_partition.current"
          ]
        }
      ]
    },
    {
      "mode": "managed",
      "type": "aws_iam_role",
      "name": "builder_eks_role",
      "provider": "provider[\"registry.terraform.io/hashicorp/aws\"]",
      "instances": [
        {
          "schema_version": 0,
          "attributes": {
            "arn": "arn:aws:iam::039612864283:role/builder-eks-role",
            "assume_role_policy": "{\"Statement\":[{\"Action\":\"sts:AssumeRole\",\"Effect\":\"Allow\",\"Principal\":{\"Service\":\"ec2.amazonaws.com\"}}],\"Version\":\"2012-10-17\"}",
            "create_date": "2025-05-30T15:49:32Z",
            "description": "",
            "force_detach_policies": false,
            "id": "builder-eks-role",
            "inline_policy": [],
            "managed_policy_arns": [
              "arn:aws:iam::aws:policy/AmazonEC2ContainerRegistryReadOnly",
              "arn:aws:iam::aws:policy/AmazonEKSClusterPolicy",
              "arn:aws:iam::aws:policy/AmazonEKSWorkerNodePolicy",
              "arn:aws:iam::aws:policy/AmazonS3FullAccess"
            ],
            "max_session_duration": 3600,
            "name": "builder-eks-role",
            "name_prefix": "",
            "path": "/",
            "permissions_boundary": "",
            "tags": {},
            "tags_all": {},
            "unique_id": "AROAQSOI4K4NTHDNKPENN"
          },
          "sensitive_attributes": [],
          "private": "bnVsbA=="
        }
      ]
    },
    {
      "mode": "managed",
      "type": "aws_iam_role",
      "name": "eks-cluster",
      "provider": "provider[\"registry.terraform.io/hashicorp/aws\"]",
      "instances": [
        {
          "schema_version": 0,
          "attributes": {
            "arn": "arn:aws:iam::039612864283:role/eks-cluster-example",
            "assume_role_policy": "{\"Statement\":[{\"Action\":[\"sts:AssumeRole\",\"sts:TagSession\"],\"Effect\":\"Allow\",\"Principal\":{\"Service\":[\"ec2.amazonaws.com\",\"eks.amazonaws.com\"]}}],\"Version\":\"2012-10-17\"}",
            "create_date": "2025-05-30T15:49:32Z",
            "description": "",
            "force_detach_policies": false,
            "id": "eks-cluster-example",
            "inline_policy": [],
            "managed_policy_arns": [
              "arn:aws:iam::aws:policy/AmazonEKSClusterPolicy"
            ],
            "max_session_duration": 3600,
            "name": "eks-cluster-example",
            "name_prefix": "",
            "path": "/",
            "permissions_boundary": "",
            "tags": {},
            "tags_all": {},
            "unique_id": "AROAQSOI4K4NUYBV2D3IX"
          },
          "sensitive_attributes": [],
          "private": "bnVsbA=="
        }
      ]
    },
    {
      "mode": "managed",
      "type": "aws_iam_role",
      "name": "eks_node_group_iam_role",
      "provider": "provider[\"registry.terraform.io/hashicorp/aws\"]",
      "instances": [
        {
          "schema_version": 0,
          "attributes": {
            "arn": "arn:aws:iam::039612864283:role/eks-node-group-role",
            "assume_role_policy": "{\"Statement\":[{\"Action\":\"sts:AssumeRole\",\"Effect\":\"Allow\",\"Principal\":{\"Service\":\"ec2.amazonaws.com\"}}],\"Version\":\"2012-10-17\"}",
            "create_date": "2025-05-30T17:26:04Z",
            "description": "",
            "force_detach_policies": false,
            "id": "eks-node-group-role",
            "inline_policy": [],
            "managed_policy_arns": [
              "arn:aws:iam::aws:policy/AmazonEC2ContainerRegistryReadOnly",
              "arn:aws:iam::aws:policy/AmazonEKSWorkerNodePolicy",
              "arn:aws:iam::aws:policy/AmazonEKS_CNI_Policy"
            ],
            "max_session_duration": 3600,
            "name": "eks-node-group-role",
            "name_prefix": "",
            "path": "/",
            "permissions_boundary": "",
            "tags": {},
            "tags_all": {},
            "unique_id": "AROAQSOI4K4NZIUDQAH7J"
          },
          "sensitive_attributes": [],
          "private": "bnVsbA==",
          "create_before_destroy": true
        }
      ]
    },
    {
      "mode": "managed",
      "type": "aws_iam_role",
      "name": "my_ec2_instance_role",
      "provider": "provider[\"registry.terraform.io/hashicorp/aws\"]",
      "instances": [
        {
          "schema_version": 0,
          "attributes": {
            "arn": "arn:aws:iam::039612864283:role/ec2_instance_role",
            "assume_role_policy": "{\"Statement\":[{\"Action\":\"sts:AssumeRole\",\"Effect\":\"Allow\",\"Principal\":{\"Service\":\"ec2.amazonaws.com\"},\"Sid\":\"\"}],\"Version\":\"2012-10-17\"}",
            "create_date": "2025-05-10T09:48:51Z",
            "description": "",
            "force_detach_policies": false,
            "id": "ec2_instance_role",
            "inline_policy": [],
            "managed_policy_arns": [
              "arn:aws:iam::039612864283:policy/my_ec2_policy"
            ],
            "max_session_duration": 3600,
            "name": "ec2_instance_role",
            "name_prefix": "",
            "path": "/",
            "permissions_boundary": "",
            "tags": {
              "Name": "my_ec2_instance_role"
            },
            "tags_all": {
              "Name": "my_ec2_instance_role"
            },
            "unique_id": "AROAQSOI4K4NX5M2KRP5M"
          },
          "sensitive_attributes": [],
          "private": "bnVsbA=="
        }
      ]
    },
    {
      "mode": "managed",
      "type": "aws_iam_role_policy_attachment",
      "name": "ec2_policy_attach",
      "provider": "provider[\"registry.terraform.io/hashicorp/aws\"]",
      "instances": [
        {
          "schema_version": 0,
          "attributes": {
            "id": "ec2_instance_role-20250510094852323400000002",
            "policy_arn": "arn:aws:iam::039612864283:policy/my_ec2_policy",
            "role": "ec2_instance_role"
          },
          "sensitive_attributes": [],
          "private": "bnVsbA==",
          "dependencies": [
            "aws_iam_policy.my_ec2_basic_policy",
            "aws_iam_role.my_ec2_instance_role"
          ]
        }
      ]
    },
    {
      "mode": "managed",
      "type": "aws_iam_role_policy_attachment",
      "name": "ecr_access",
      "provider": "provider[\"registry.terraform.io/hashicorp/aws\"]",
      "instances": [
        {
          "schema_version": 0,
          "attributes": {
            "id": "builder-eks-role-2025053015493393090000000a",
            "policy_arn": "arn:aws:iam::aws:policy/AmazonEC2ContainerRegistryReadOnly",
            "role": "builder-eks-role"
          },
          "sensitive_attributes": [],
          "private": "bnVsbA==",
          "dependencies": [
            "aws_iam_role.builder_eks_role"
          ]
        }
      ]
    },
    {
      "mode": "managed",
      "type": "aws_iam_role_policy_attachment",
      "name": "eks_AmazonEKSClusterPolicy",
      "provider": "provider[\"registry.terraform.io/hashicorp/aws\"]",
      "instances": [
        {
          "schema_version": 0,
          "attributes": {
            "id": "eks-cluster-example-2025053015493432400000000b",
            "policy_arn": "arn:aws:iam::aws:policy/AmazonEKSClusterPolicy",
            "role": "eks-cluster-example"
          },
          "sensitive_attributes": [],
          "private": "bnVsbA==",
          "dependencies": [
            "aws_iam_role.eks-cluster"
          ]
        }
      ]
    },
    {
      "mode": "managed",
      "type": "aws_iam_role_policy_attachment",
      "name": "eks_cluster",
      "provider": "provider[\"registry.terraform.io/hashicorp/aws\"]",
      "instances": [
        {
          "schema_version": 0,
          "attributes": {
            "id": "builder-eks-role-20250530154933465000000008",
            "policy_arn": "arn:aws:iam::aws:policy/AmazonEKSClusterPolicy",
            "role": "builder-eks-role"
          },
          "sensitive_attributes": [],
          "private": "bnVsbA==",
          "dependencies": [
            "aws_iam_role.builder_eks_role"
          ]
        }
      ]
    },
    {
      "mode": "managed",
      "type": "aws_iam_role_policy_attachment",
      "name": "eks_worker",
      "provider": "provider[\"registry.terraform.io/hashicorp/aws\"]",
      "instances": [
        {
          "schema_version": 0,
          "attributes": {
            "id": "builder-eks-role-20250530154933217900000007",
            "policy_arn": "arn:aws:iam::aws:policy/AmazonEKSWorkerNodePolicy",
            "role": "builder-eks-role"
          },
          "sensitive_attributes": [],
          "private": "bnVsbA==",
          "dependencies": [
            "aws_iam_role.builder_eks_role"
          ]
        }
      ]
    },
    {
      "mode": "managed",
      "type": "aws_iam_role_policy_attachment",
      "name": "eks_worker_node",
      "provider": "provider[\"registry.terraform.io/hashicorp/aws\"]",
      "instances": [
        {
          "index_key": "arn:aws:iam::aws:policy/AmazonEC2ContainerRegistryReadOnly",
          "schema_version": 0,
          "attributes": {
            "id": "eks-node-group-role-20250530172605346200000003",
            "policy_arn": "arn:aws:iam::aws:policy/AmazonEC2ContainerRegistryReadOnly",
            "role": "eks-node-group-role"
          },
          "sensitive_attributes": [],
          "private": "bnVsbA==",
          "dependencies": [
            "aws_iam_role.eks_node_group_iam_role"
          ]
        },
        {
          "index_key": "arn:aws:iam::aws:policy/AmazonEKSWorkerNodePolicy",
          "schema_version": 0,
          "attributes": {
            "id": "eks-node-group-role-20250530172605590500000004",
            "policy_arn": "arn:aws:iam::aws:policy/AmazonEKSWorkerNodePolicy",
            "role": "eks-node-group-role"
          },
          "sensitive_attributes": [],
          "private": "bnVsbA==",
          "dependencies": [
            "aws_iam_role.eks_node_group_iam_role"
          ]
        },
        {
          "index_key": "arn:aws:iam::aws:policy/AmazonEKS_CNI_Policy",
          "schema_version": 0,
          "attributes": {
            "id": "eks-node-group-role-20250530172605101900000002",
            "policy_arn": "arn:aws:iam::aws:policy/AmazonEKS_CNI_Policy",
            "role": "eks-node-group-role"
          },
          "sensitive_attributes": [],
          "private": "bnVsbA==",
          "dependencies": [
            "aws_iam_role.eks_node_group_iam_role"
          ]
        }
      ]
    },
    {
      "mode": "managed",
      "type": "aws_iam_role_policy_attachment",
      "name": "s3_access",
      "provider": "provider[\"registry.terraform.io/hashicorp/aws\"]",
      "instances": [
        {
          "schema_version": 0,
          "attributes": {
            "id": "builder-eks-role-20250530154933926200000009",
            "policy_arn": "arn:aws:iam::aws:policy/AmazonS3FullAccess",
            "role": "builder-eks-role"
          },
          "sensitive_attributes": [],
          "private": "bnVsbA==",
          "dependencies": [
            "aws_iam_role.builder_eks_role"
          ]
        }
      ]
    },
    {
      "mode": "managed",
      "type": "aws_iam_user_policy_attachment",
      "name": "attach_developer_policy",
      "provider": "provider[\"registry.terraform.io/hashicorp/aws\"]",
      "instances": [
        {
          "schema_version": 0,
          "attributes": {
            "id": "developer-20250530180947934800000007",
            "policy_arn": "arn:aws:iam::039612864283:policy/DeveloperEKSAccess",
            "user": "developer"
          },
          "sensitive_attributes": [],
          "private": "bnVsbA==",
          "dependencies": [
            "aws_iam_policy.developer_eks_access"
          ]
        }
      ]
    },
    {
      "mode": "managed",
      "type": "aws_instance",
      "name": "my_api_EC2_instance",
      "provider": "provider[\"registry.terraform.io/hashicorp/aws\"]",
      "instances": [
        {
          "schema_version": 1,
          "attributes": {
            "ami": "ami-05d3e0186c058c4dd",
            "arn": "arn:aws:ec2:eu-north-1:039612864283:instance/i-033b66985d019be13",
            "associate_public_ip_address": true,
            "availability_zone": "eu-north-1b",
            "capacity_reservation_specification": [
              {
                "capacity_reservation_preference": "open",
                "capacity_reservation_target": []
              }
            ],
            "cpu_core_count": 1,
            "cpu_options": [
              {
                "amd_sev_snp": "",
                "core_count": 1,
                "threads_per_core": 2
              }
            ],
            "cpu_threads_per_core": 2,
            "credit_specification": [
              {
                "cpu_credits": "unlimited"
              }
            ],
            "disable_api_stop": false,
            "disable_api_termination": false,
            "ebs_block_device": [],
            "ebs_optimized": false,
            "enable_primary_ipv6": null,
            "enclave_options": [
              {
                "enabled": false
              }
            ],
            "ephemeral_block_device": [],
            "get_password_data": false,
            "hibernation": false,
            "host_id": "",
            "host_resource_group_arn": null,
            "iam_instance_profile": "",
            "id": "i-033b66985d019be13",
            "instance_initiated_shutdown_behavior": "stop",
            "instance_lifecycle": "",
            "instance_market_options": [],
            "instance_state": "running",
            "instance_type": "t3.micro",
            "ipv6_address_count": 0,
            "ipv6_addresses": [],
            "key_name": "my_api_key",
            "launch_template": [],
            "maintenance_options": [
              {
                "auto_recovery": "default"
              }
            ],
            "metadata_options": [
              {
                "http_endpoint": "enabled",
                "http_protocol_ipv6": "disabled",
                "http_put_response_hop_limit": 2,
                "http_tokens": "required",
                "instance_metadata_tags": "disabled"
              }
            ],
            "monitoring": false,
            "network_interface": [],
            "outpost_arn": "",
            "password_data": "",
            "placement_group": "",
            "placement_partition_number": 0,
            "primary_network_interface_id": "eni-066ccfa485a674ad2",
            "private_dns": "ip-10-0-2-7.eu-north-1.compute.internal",
            "private_dns_name_options": [
              {
                "enable_resource_name_dns_a_record": false,
                "enable_resource_name_dns_aaaa_record": false,
                "hostname_type": "ip-name"
              }
            ],
            "private_ip": "10.0.2.7",
            "public_dns": "ec2-13-61-26-204.eu-north-1.compute.amazonaws.com",
            "public_ip": "13.61.26.204",
            "root_block_device": [
              {
                "delete_on_termination": true,
                "device_name": "/dev/sda1",
                "encrypted": false,
                "iops": 3000,
                "kms_key_id": "",
                "tags": null,
                "tags_all": {},
                "throughput": 125,
                "volume_id": "vol-0c5affbb2fa302fd0",
                "volume_size": 10,
                "volume_type": "gp3"
              }
            ],
            "secondary_private_ips": [],
            "security_groups": [],
            "source_dest_check": true,
            "spot_instance_request_id": "",
            "subnet_id": "subnet-049ac68bbecd3419e",
            "tags": {
              "Name": "api-server"
            },
            "tags_all": {
              "Name": "api-server"
            },
            "tenancy": "default",
            "timeouts": null,
            "user_data": "b4a6750304d1a9f18aece8da674b66dd5f8d4ac4",
            "user_data_base64": null,
            "user_data_replace_on_change": false,
            "volume_tags": null,
            "vpc_security_group_ids": [
              "sg-05aa84913b23e53e5"
            ]
          },
          "sensitive_attributes": [],
          "private": "eyJlMmJmYjczMC1lY2FhLTExZTYtOGY4OC0zNDM2M2JjN2M0YzAiOnsiY3JlYXRlIjo2MDAwMDAwMDAwMDAsImRlbGV0ZSI6MTIwMDAwMDAwMDAwMCwicmVhZCI6OTAwMDAwMDAwMDAwLCJ1cGRhdGUiOjYwMDAwMDAwMDAwMH0sInNjaGVtYV92ZXJzaW9uIjoiMSJ9",
          "dependencies": [
            "aws_key_pair.my_api_key_auth",
            "aws_security_group.sg_API",
            "aws_subnet.my_public_subnet_2",
            "aws_vpc.my_main_vpc",
            "data.aws_ami.my_main_ubuntu_EC2_data",
            "data.template_file.api_userdata",
            "tls_private_key.bastion_internal",
            "tls_private_key.jenkins_internal"
          ]
        }
      ]
    },
    {
      "mode": "managed",
      "type": "aws_instance",
      "name": "my_bastion_EC2_instance",
      "provider": "provider[\"registry.terraform.io/hashicorp/aws\"]",
      "instances": [
        {
          "schema_version": 1,
          "attributes": {
            "ami": "ami-05d3e0186c058c4dd",
            "arn": "arn:aws:ec2:eu-north-1:039612864283:instance/i-0533ac8b493adcc84",
            "associate_public_ip_address": true,
            "availability_zone": "eu-north-1a",
            "capacity_reservation_specification": [
              {
                "capacity_reservation_preference": "open",
                "capacity_reservation_target": []
              }
            ],
            "cpu_core_count": 1,
            "cpu_options": [
              {
                "amd_sev_snp": "",
                "core_count": 1,
                "threads_per_core": 2
              }
            ],
            "cpu_threads_per_core": 2,
            "credit_specification": [
              {
                "cpu_credits": "unlimited"
              }
            ],
            "disable_api_stop": false,
            "disable_api_termination": false,
            "ebs_block_device": [],
            "ebs_optimized": false,
            "enable_primary_ipv6": null,
            "enclave_options": [
              {
                "enabled": false
              }
            ],
            "ephemeral_block_device": [],
            "get_password_data": false,
            "hibernation": false,
            "host_id": "",
            "host_resource_group_arn": null,
            "iam_instance_profile": "",
            "id": "i-0533ac8b493adcc84",
            "instance_initiated_shutdown_behavior": "stop",
            "instance_lifecycle": "",
            "instance_market_options": [],
            "instance_state": "running",
            "instance_type": "t3.micro",
            "ipv6_address_count": 0,
            "ipv6_addresses": [],
            "key_name": "my_bastion_key",
            "launch_template": [],
            "maintenance_options": [
              {
                "auto_recovery": "default"
              }
            ],
            "metadata_options": [
              {
                "http_endpoint": "enabled",
                "http_protocol_ipv6": "disabled",
                "http_put_response_hop_limit": 2,
                "http_tokens": "required",
                "instance_metadata_tags": "disabled"
              }
            ],
            "monitoring": false,
            "network_interface": [],
            "outpost_arn": "",
            "password_data": "",
            "placement_group": "",
            "placement_partition_number": 0,
            "primary_network_interface_id": "eni-01832c8d7bc0690a2",
            "private_dns": "ip-10-0-1-87.eu-north-1.compute.internal",
            "private_dns_name_options": [
              {
                "enable_resource_name_dns_a_record": false,
                "enable_resource_name_dns_aaaa_record": false,
                "hostname_type": "ip-name"
              }
            ],
            "private_ip": "10.0.1.87",
            "public_dns": "ec2-16-170-230-218.eu-north-1.compute.amazonaws.com",
            "public_ip": "16.170.230.218",
            "root_block_device": [
              {
                "delete_on_termination": true,
                "device_name": "/dev/sda1",
                "encrypted": false,
                "iops": 3000,
                "kms_key_id": "",
                "tags": null,
                "tags_all": {},
                "throughput": 125,
                "volume_id": "vol-0c6215568eda2b023",
                "volume_size": 10,
                "volume_type": "gp3"
              }
            ],
            "secondary_private_ips": [],
            "security_groups": [],
            "source_dest_check": true,
            "spot_instance_request_id": "",
            "subnet_id": "subnet-03cbeae40811a199d",
            "tags": {
              "Name": "bastion-server"
            },
            "tags_all": {
              "Name": "bastion-server"
            },
            "tenancy": "default",
            "timeouts": null,
            "user_data": "6783f62a8b36f5429f491469f29cc3f7a2a095af",
            "user_data_base64": null,
            "user_data_replace_on_change": false,
            "volume_tags": null,
            "vpc_security_group_ids": [
              "sg-0d656622d887b1339"
            ]
          },
          "sensitive_attributes": [],
          "private": "eyJlMmJmYjczMC1lY2FhLTExZTYtOGY4OC0zNDM2M2JjN2M0YzAiOnsiY3JlYXRlIjo2MDAwMDAwMDAwMDAsImRlbGV0ZSI6MTIwMDAwMDAwMDAwMCwicmVhZCI6OTAwMDAwMDAwMDAwLCJ1cGRhdGUiOjYwMDAwMDAwMDAwMH0sInNjaGVtYV92ZXJzaW9uIjoiMSJ9",
          "dependencies": [
            "aws_key_pair.my_bastion_key_auth",
            "aws_security_group.sg_BASTION",
            "aws_subnet.my_public_subnet_1",
            "aws_vpc.my_main_vpc",
            "data.aws_ami.my_main_ubuntu_EC2_data",
            "data.template_file.bastion_userdata",
            "tls_private_key.bastion_internal"
          ]
        }
      ]
    },
    {
      "mode": "managed",
      "type": "aws_instance",
      "name": "my_builder_EC2_instance",
      "provider": "provider[\"registry.terraform.io/hashicorp/aws\"]",
      "instances": [
        {
          "schema_version": 1,
          "attributes": {
            "ami": "ami-05d3e0186c058c4dd",
            "arn": "arn:aws:ec2:eu-north-1:039612864283:instance/i-04a1d0f9fd4ce6c99",
            "associate_public_ip_address": false,
            "availability_zone": "eu-north-1a",
            "capacity_reservation_specification": [
              {
                "capacity_reservation_preference": "open",
                "capacity_reservation_target": []
              }
            ],
            "cpu_core_count": 1,
            "cpu_options": [
              {
                "amd_sev_snp": "",
                "core_count": 1,
                "threads_per_core": 2
              }
            ],
            "cpu_threads_per_core": 2,
            "credit_specification": [
              {
                "cpu_credits": "unlimited"
              }
            ],
            "disable_api_stop": false,
            "disable_api_termination": false,
            "ebs_block_device": [],
            "ebs_optimized": false,
            "enable_primary_ipv6": null,
            "enclave_options": [
              {
                "enabled": false
              }
            ],
            "ephemeral_block_device": [],
            "get_password_data": false,
            "hibernation": false,
            "host_id": "",
            "host_resource_group_arn": null,
            "iam_instance_profile": "builder-eks-profile",
            "id": "i-04a1d0f9fd4ce6c99",
            "instance_initiated_shutdown_behavior": "stop",
            "instance_lifecycle": "",
            "instance_market_options": [],
            "instance_state": "running",
            "instance_type": "t3.micro",
            "ipv6_address_count": 0,
            "ipv6_addresses": [],
            "key_name": "my_builder_key",
            "launch_template": [],
            "maintenance_options": [
              {
                "auto_recovery": "default"
              }
            ],
            "metadata_options": [
              {
                "http_endpoint": "enabled",
                "http_protocol_ipv6": "disabled",
                "http_put_response_hop_limit": 2,
                "http_tokens": "required",
                "instance_metadata_tags": "disabled"
              }
            ],
            "monitoring": false,
            "network_interface": [],
            "outpost_arn": "",
            "password_data": "",
            "placement_group": "",
            "placement_partition_number": 0,
            "primary_network_interface_id": "eni-010eb17c0d1d080a4",
            "private_dns": "ip-10-0-3-167.eu-north-1.compute.internal",
            "private_dns_name_options": [
              {
                "enable_resource_name_dns_a_record": false,
                "enable_resource_name_dns_aaaa_record": false,
                "hostname_type": "ip-name"
              }
            ],
            "private_ip": "10.0.3.167",
            "public_dns": "",
            "public_ip": "",
            "root_block_device": [
              {
                "delete_on_termination": true,
                "device_name": "/dev/sda1",
                "encrypted": false,
                "iops": 3000,
                "kms_key_id": "",
                "tags": null,
                "tags_all": {},
                "throughput": 125,
                "volume_id": "vol-0d73c4e1ae8be587f",
                "volume_size": 10,
                "volume_type": "gp3"
              }
            ],
            "secondary_private_ips": [],
            "security_groups": [],
            "source_dest_check": true,
            "spot_instance_request_id": "",
            "subnet_id": "subnet-012ca80a2303a146f",
            "tags": {
              "Name": "builder-server"
            },
            "tags_all": {
              "Name": "builder-server"
            },
            "tenancy": "default",
            "timeouts": null,
            "user_data": "fa8af4c43757c53fe4f4acd153580cd1aebf6225",
            "user_data_base64": null,
            "user_data_replace_on_change": false,
            "volume_tags": null,
            "vpc_security_group_ids": [
              "sg-05d726c00fb309247"
            ]
          },
          "sensitive_attributes": [],
          "private": "eyJlMmJmYjczMC1lY2FhLTExZTYtOGY4OC0zNDM2M2JjN2M0YzAiOnsiY3JlYXRlIjo2MDAwMDAwMDAwMDAsImRlbGV0ZSI6MTIwMDAwMDAwMDAwMCwicmVhZCI6OTAwMDAwMDAwMDAwLCJ1cGRhdGUiOjYwMDAwMDAwMDAwMH0sInNjaGVtYV92ZXJzaW9uIjoiMSJ9",
          "dependencies": [
            "aws_iam_instance_profile.builder_profile",
            "aws_iam_role.builder_eks_role",
            "aws_key_pair.my_builder_key_auth",
            "aws_security_group.sg_ALB_JENKINS",
            "aws_security_group.sg_BASTION",
            "aws_security_group.sg_BUILDER",
            "aws_security_group.sg_JENKINS",
            "aws_subnet.my_private_subnet_1",
            "aws_vpc.my_main_vpc",
            "data.aws_ami.my_main_ubuntu_EC2_data",
            "data.template_file.builder_userdata",
            "tls_private_key.bastion_internal",
            "tls_private_key.jenkins_internal"
          ]
        }
      ]
    },
    {
      "mode": "managed",
      "type": "aws_instance",
      "name": "my_jenkins_EC2_instance",
      "provider": "provider[\"registry.terraform.io/hashicorp/aws\"]",
      "instances": [
        {
          "schema_version": 1,
          "attributes": {
            "ami": "ami-05d3e0186c058c4dd",
            "arn": "arn:aws:ec2:eu-north-1:039612864283:instance/i-053ad9fd99e05c0ea",
            "associate_public_ip_address": false,
            "availability_zone": "eu-north-1a",
            "capacity_reservation_specification": [
              {
                "capacity_reservation_preference": "open",
                "capacity_reservation_target": []
              }
            ],
            "cpu_core_count": 1,
            "cpu_options": [
              {
                "amd_sev_snp": "",
                "core_count": 1,
                "threads_per_core": 2
              }
            ],
            "cpu_threads_per_core": 2,
            "credit_specification": [
              {
                "cpu_credits": "unlimited"
              }
            ],
            "disable_api_stop": false,
            "disable_api_termination": false,
            "ebs_block_device": [],
            "ebs_optimized": false,
            "enable_primary_ipv6": null,
            "enclave_options": [
              {
                "enabled": false
              }
            ],
            "ephemeral_block_device": [],
            "get_password_data": false,
            "hibernation": false,
            "host_id": "",
            "host_resource_group_arn": null,
            "iam_instance_profile": "my_ec2_instance_profile_description",
            "id": "i-053ad9fd99e05c0ea",
            "instance_initiated_shutdown_behavior": "stop",
            "instance_lifecycle": "",
            "instance_market_options": [],
            "instance_state": "running",
            "instance_type": "t3.micro",
            "ipv6_address_count": 0,
            "ipv6_addresses": [],
            "key_name": "my_jenkins_key",
            "launch_template": [],
            "maintenance_options": [
              {
                "auto_recovery": "default"
              }
            ],
            "metadata_options": [
              {
                "http_endpoint": "enabled",
                "http_protocol_ipv6": "disabled",
                "http_put_response_hop_limit": 2,
                "http_tokens": "required",
                "instance_metadata_tags": "disabled"
              }
            ],
            "monitoring": false,
            "network_interface": [],
            "outpost_arn": "",
            "password_data": "",
            "placement_group": "",
            "placement_partition_number": 0,
            "primary_network_interface_id": "eni-06f3231cbe0e382b0",
            "private_dns": "ip-10-0-3-154.eu-north-1.compute.internal",
            "private_dns_name_options": [
              {
                "enable_resource_name_dns_a_record": false,
                "enable_resource_name_dns_aaaa_record": false,
                "hostname_type": "ip-name"
              }
            ],
            "private_ip": "10.0.3.154",
            "public_dns": "",
            "public_ip": "",
            "root_block_device": [
              {
                "delete_on_termination": true,
                "device_name": "/dev/sda1",
                "encrypted": false,
                "iops": 3000,
                "kms_key_id": "",
                "tags": null,
                "tags_all": {},
                "throughput": 125,
                "volume_id": "vol-0dee87c05bd9adc14",
                "volume_size": 10,
                "volume_type": "gp3"
              }
            ],
            "secondary_private_ips": [],
            "security_groups": [],
            "source_dest_check": true,
            "spot_instance_request_id": "",
            "subnet_id": "subnet-012ca80a2303a146f",
            "tags": {
              "Name": "jenkins-server"
            },
            "tags_all": {
              "Name": "jenkins-server"
            },
            "tenancy": "default",
            "timeouts": null,
            "user_data": "9d7bf17d2ddc7ee744262a6911b10205bc3bfe99",
            "user_data_base64": null,
            "user_data_replace_on_change": false,
            "volume_tags": null,
            "vpc_security_group_ids": [
              "sg-0a2b8947767b0674d"
            ]
          },
          "sensitive_attributes": [],
          "private": "eyJlMmJmYjczMC1lY2FhLTExZTYtOGY4OC0zNDM2M2JjN2M0YzAiOnsiY3JlYXRlIjo2MDAwMDAwMDAwMDAsImRlbGV0ZSI6MTIwMDAwMDAwMDAwMCwicmVhZCI6OTAwMDAwMDAwMDAwLCJ1cGRhdGUiOjYwMDAwMDAwMDAwMH0sInNjaGVtYV92ZXJzaW9uIjoiMSJ9",
          "dependencies": [
            "aws_iam_instance_profile.my_ec2_instance_profile",
            "aws_iam_role.my_ec2_instance_role",
            "aws_key_pair.my_jenkins_key_auth",
            "aws_security_group.sg_ALB_JENKINS",
            "aws_security_group.sg_BASTION",
            "aws_security_group.sg_JENKINS",
            "aws_subnet.my_private_subnet_1",
            "aws_vpc.my_main_vpc",
            "data.aws_ami.my_main_ubuntu_EC2_data",
            "data.template_file.jenkins_userdata",
            "tls_private_key.bastion_internal",
            "tls_private_key.jenkins_internal"
          ]
        }
      ]
    },
    {
      "mode": "managed",
      "type": "aws_instance",
      "name": "my_monitoring_EC2_instance",
      "provider": "provider[\"registry.terraform.io/hashicorp/aws\"]",
      "instances": [
        {
          "schema_version": 1,
          "attributes": {
            "ami": "ami-05d3e0186c058c4dd",
            "arn": "arn:aws:ec2:eu-north-1:039612864283:instance/i-0c0af8708c40accf3",
            "associate_public_ip_address": false,
            "availability_zone": "eu-north-1b",
            "capacity_reservation_specification": [
              {
                "capacity_reservation_preference": "open",
                "capacity_reservation_target": []
              }
            ],
            "cpu_core_count": 1,
            "cpu_options": [
              {
                "amd_sev_snp": "",
                "core_count": 1,
                "threads_per_core": 2
              }
            ],
            "cpu_threads_per_core": 2,
            "credit_specification": [
              {
                "cpu_credits": "unlimited"
              }
            ],
            "disable_api_stop": false,
            "disable_api_termination": false,
            "ebs_block_device": [],
            "ebs_optimized": false,
            "enable_primary_ipv6": null,
            "enclave_options": [
              {
                "enabled": false
              }
            ],
            "ephemeral_block_device": [],
            "get_password_data": false,
            "hibernation": false,
            "host_id": "",
            "host_resource_group_arn": null,
            "iam_instance_profile": "my_ec2_instance_profile_description",
            "id": "i-0c0af8708c40accf3",
            "instance_initiated_shutdown_behavior": "stop",
            "instance_lifecycle": "",
            "instance_market_options": [],
            "instance_state": "running",
            "instance_type": "t3.micro",
            "ipv6_address_count": 0,
            "ipv6_addresses": [],
            "key_name": "my_monitoring_key",
            "launch_template": [],
            "maintenance_options": [
              {
                "auto_recovery": "default"
              }
            ],
            "metadata_options": [
              {
                "http_endpoint": "enabled",
                "http_protocol_ipv6": "disabled",
                "http_put_response_hop_limit": 2,
                "http_tokens": "required",
                "instance_metadata_tags": "disabled"
              }
            ],
            "monitoring": false,
            "network_interface": [],
            "outpost_arn": "",
            "password_data": "",
            "placement_group": "",
            "placement_partition_number": 0,
            "primary_network_interface_id": "eni-01e157544aedf94ad",
            "private_dns": "ip-10-0-4-10.eu-north-1.compute.internal",
            "private_dns_name_options": [
              {
                "enable_resource_name_dns_a_record": false,
                "enable_resource_name_dns_aaaa_record": false,
                "hostname_type": "ip-name"
              }
            ],
            "private_ip": "10.0.4.10",
            "public_dns": "",
            "public_ip": "",
            "root_block_device": [
              {
                "delete_on_termination": true,
                "device_name": "/dev/sda1",
                "encrypted": false,
                "iops": 3000,
                "kms_key_id": "",
                "tags": null,
                "tags_all": {},
                "throughput": 125,
                "volume_id": "vol-0db0dd9c177d6ad8d",
                "volume_size": 10,
                "volume_type": "gp3"
              }
            ],
            "secondary_private_ips": [],
            "security_groups": [],
            "source_dest_check": true,
            "spot_instance_request_id": "",
            "subnet_id": "subnet-0218f9dd12b492d9f",
            "tags": {
              "Name": "monitoring-server"
            },
            "tags_all": {
              "Name": "monitoring-server"
            },
            "tenancy": "default",
            "timeouts": null,
            "user_data": "3e8e254aed00bb5288525296a9b919033d490e76",
            "user_data_base64": null,
            "user_data_replace_on_change": false,
            "volume_tags": null,
            "vpc_security_group_ids": [
              "sg-052f18c475e891a06"
            ]
          },
          "sensitive_attributes": [],
          "private": "eyJlMmJmYjczMC1lY2FhLTExZTYtOGY4OC0zNDM2M2JjN2M0YzAiOnsiY3JlYXRlIjo2MDAwMDAwMDAwMDAsImRlbGV0ZSI6MTIwMDAwMDAwMDAwMCwicmVhZCI6OTAwMDAwMDAwMDAwLCJ1cGRhdGUiOjYwMDAwMDAwMDAwMH0sInNjaGVtYV92ZXJzaW9uIjoiMSJ9",
          "dependencies": [
            "aws_iam_instance_profile.my_ec2_instance_profile",
            "aws_iam_role.my_ec2_instance_role",
            "aws_key_pair.my_monitoring_key_auth",
            "aws_security_group.sg_MONITORING",
            "aws_subnet.my_private_subnet_2",
            "aws_vpc.my_main_vpc",
            "data.aws_ami.my_main_ubuntu_EC2_data",
            "data.template_file.monitoring_userdata",
            "tls_private_key.bastion_internal"
          ]
        }
      ]
    },
    {
      "mode": "managed",
      "type": "aws_instance",
      "name": "my_scanner_EC2_instance",
      "provider": "provider[\"registry.terraform.io/hashicorp/aws\"]",
      "instances": [
        {
          "schema_version": 1,
          "attributes": {
            "ami": "ami-05d3e0186c058c4dd",
            "arn": "arn:aws:ec2:eu-north-1:039612864283:instance/i-0441834d836a47a3b",
            "associate_public_ip_address": false,
            "availability_zone": "eu-north-1a",
            "capacity_reservation_specification": [
              {
                "capacity_reservation_preference": "open",
                "capacity_reservation_target": []
              }
            ],
            "cpu_core_count": 1,
            "cpu_options": [
              {
                "amd_sev_snp": "",
                "core_count": 1,
                "threads_per_core": 2
              }
            ],
            "cpu_threads_per_core": 2,
            "credit_specification": [
              {
                "cpu_credits": "unlimited"
              }
            ],
            "disable_api_stop": false,
            "disable_api_termination": false,
            "ebs_block_device": [],
            "ebs_optimized": false,
            "enable_primary_ipv6": null,
            "enclave_options": [
              {
                "enabled": false
              }
            ],
            "ephemeral_block_device": [],
            "get_password_data": false,
            "hibernation": false,
            "host_id": "",
            "host_resource_group_arn": null,
            "iam_instance_profile": "my_ec2_instance_profile_description",
            "id": "i-0441834d836a47a3b",
            "instance_initiated_shutdown_behavior": "stop",
            "instance_lifecycle": "",
            "instance_market_options": [],
            "instance_state": "running",
            "instance_type": "t3.micro",
            "ipv6_address_count": 0,
            "ipv6_addresses": [],
            "key_name": "my_scanner_key",
            "launch_template": [],
            "maintenance_options": [
              {
                "auto_recovery": "default"
              }
            ],
            "metadata_options": [
              {
                "http_endpoint": "enabled",
                "http_protocol_ipv6": "disabled",
                "http_put_response_hop_limit": 2,
                "http_tokens": "required",
                "instance_metadata_tags": "disabled"
              }
            ],
            "monitoring": false,
            "network_interface": [],
            "outpost_arn": "",
            "password_data": "",
            "placement_group": "",
            "placement_partition_number": 0,
            "primary_network_interface_id": "eni-028952a65a61fdde1",
            "private_dns": "ip-10-0-3-153.eu-north-1.compute.internal",
            "private_dns_name_options": [
              {
                "enable_resource_name_dns_a_record": false,
                "enable_resource_name_dns_aaaa_record": false,
                "hostname_type": "ip-name"
              }
            ],
            "private_ip": "10.0.3.153",
            "public_dns": "",
            "public_ip": "",
            "root_block_device": [
              {
                "delete_on_termination": true,
                "device_name": "/dev/sda1",
                "encrypted": false,
                "iops": 3000,
                "kms_key_id": "",
                "tags": null,
                "tags_all": {},
                "throughput": 125,
                "volume_id": "vol-0131e4db86991e803",
                "volume_size": 10,
                "volume_type": "gp3"
              }
            ],
            "secondary_private_ips": [],
            "security_groups": [],
            "source_dest_check": true,
            "spot_instance_request_id": "",
            "subnet_id": "subnet-012ca80a2303a146f",
            "tags": {
              "Name": "scanner-server"
            },
            "tags_all": {
              "Name": "scanner-server"
            },
            "tenancy": "default",
            "timeouts": null,
            "user_data": "01bce993d84d767f6a271e67ee7d3c6c7b9dd28d",
            "user_data_base64": null,
            "user_data_replace_on_change": false,
            "volume_tags": null,
            "vpc_security_group_ids": [
              "sg-01411d0cea18a4483"
            ]
          },
          "sensitive_attributes": [],
          "private": "eyJlMmJmYjczMC1lY2FhLTExZTYtOGY4OC0zNDM2M2JjN2M0YzAiOnsiY3JlYXRlIjo2MDAwMDAwMDAwMDAsImRlbGV0ZSI6MTIwMDAwMDAwMDAwMCwicmVhZCI6OTAwMDAwMDAwMDAwLCJ1cGRhdGUiOjYwMDAwMDAwMDAwMH0sInNjaGVtYV92ZXJzaW9uIjoiMSJ9",
          "dependencies": [
            "aws_iam_instance_profile.my_ec2_instance_profile",
            "aws_iam_role.my_ec2_instance_role",
            "aws_key_pair.my_scanner_key_auth",
            "aws_security_group.sg_SCANNER",
            "aws_subnet.my_private_subnet_1",
            "aws_vpc.my_main_vpc",
            "data.aws_ami.my_main_ubuntu_EC2_data",
            "data.template_file.scanner_userdata",
            "tls_private_key.bastion_internal",
            "tls_private_key.jenkins_internal"
          ]
        }
      ]
    },
    {
      "mode": "managed",
      "type": "aws_internet_gateway",
      "name": "my_main_igw",
      "provider": "provider[\"registry.terraform.io/hashicorp/aws\"]",
      "instances": [
        {
          "schema_version": 0,
          "attributes": {
            "arn": "arn:aws:ec2:eu-north-1:039612864283:internet-gateway/igw-0a7d925b7c7f31ecd",
            "id": "igw-0a7d925b7c7f31ecd",
            "owner_id": "039612864283",
            "tags": {
              "Name": "my_main_igw"
            },
            "tags_all": {
              "Name": "my_main_igw"
            },
            "timeouts": null,
            "vpc_id": "vpc-00ab0082adeef6e00"
          },
          "sensitive_attributes": [],
          "private": "eyJlMmJmYjczMC1lY2FhLTExZTYtOGY4OC0zNDM2M2JjN2M0YzAiOnsiY3JlYXRlIjoxMjAwMDAwMDAwMDAwLCJkZWxldGUiOjEyMDAwMDAwMDAwMDAsInVwZGF0ZSI6MTIwMDAwMDAwMDAwMH19",
          "dependencies": [
            "aws_vpc.my_main_vpc"
          ]
        }
      ]
    },
    {
      "mode": "managed",
      "type": "aws_key_pair",
      "name": "my_api_key_auth",
      "provider": "provider[\"registry.terraform.io/hashicorp/aws\"]",
      "instances": [
        {
          "schema_version": 1,
          "attributes": {
            "arn": "arn:aws:ec2:eu-north-1:039612864283:key-pair/my_api_key",
            "fingerprint": "rtCbLaUptViuJER230Ww61iSsNsNECqx1+kcVAlUzKY=",
            "id": "my_api_key",
            "key_name": "my_api_key",
            "key_name_prefix": "",
            "key_pair_id": "key-04ba616cdde058a89",
            "key_type": "ed25519",
            "public_key": "ssh-ed25519 AAAAC3NzaC1lZDI1NTE5AAAAILx/Ssthjt/wYXuxJjD1CmktiLz4+NqQuepU95NHoewA zam488@zam488",
            "tags": {},
            "tags_all": {}
          },
          "sensitive_attributes": [],
          "private": "eyJzY2hlbWFfdmVyc2lvbiI6IjEifQ=="
        }
      ]
    },
    {
      "mode": "managed",
      "type": "aws_key_pair",
      "name": "my_bastion_key_auth",
      "provider": "provider[\"registry.terraform.io/hashicorp/aws\"]",
      "instances": [
        {
          "schema_version": 1,
          "attributes": {
            "arn": "arn:aws:ec2:eu-north-1:039612864283:key-pair/my_bastion_key",
            "fingerprint": "IBgDVR87z7g914lBDGQSAql6wCwV1V2SL6LvrmszYvA=",
            "id": "my_bastion_key",
            "key_name": "my_bastion_key",
            "key_name_prefix": "",
            "key_pair_id": "key-0e1dc26f67a16e30a",
            "key_type": "ed25519",
            "public_key": "ssh-ed25519 AAAAC3NzaC1lZDI1NTE5AAAAIMiqS4bijN+sfHMAFhBY6MWx17fApxROt9vsjr/3vAf8 zam488@zam488",
            "tags": {},
            "tags_all": {}
          },
          "sensitive_attributes": [],
          "private": "eyJzY2hlbWFfdmVyc2lvbiI6IjEifQ=="
        }
      ]
    },
    {
      "mode": "managed",
      "type": "aws_key_pair",
      "name": "my_builder_key_auth",
      "provider": "provider[\"registry.terraform.io/hashicorp/aws\"]",
      "instances": [
        {
          "schema_version": 1,
          "attributes": {
            "arn": "arn:aws:ec2:eu-north-1:039612864283:key-pair/my_builder_key",
            "fingerprint": "9a:00:70:ed:6b:78:59:f8:f4:a5:d0:61:cc:2f:3e:a9",
            "id": "my_builder_key",
            "key_name": "my_builder_key",
            "key_name_prefix": "",
            "key_pair_id": "key-04312b743f34b293a",
            "key_type": "rsa",
            "public_key": "ssh-rsa AAAAB3NzaC1yc2EAAAADAQABAAABgQDAwR7uUOKQ2qXu8Iygk8Ygt/ui1WUHBCZe6rwLceTZPOQ1prAuSciDK0k1qGngGATJgFHPBlt7b6WMPkM93/IuJLlYRg+PJniUYvK0Sx3NeNk/Y6N+CpaRMuR0w8T4pRsvewllPxrTW2+S6JrCG/vRQwkhFBuVgZ9zjTrpqbgzNM/ir1MFivrma437b/ac3uWhfthEeYNZ1WR89Am2CHM+isNE1Vowr6xAZY1/B+aE7FX32D3pOFGqcAlcKyaXrfxquUQ61IAy7E7hhcGZdB98973zBTKgfhx3rLnHVb5pT58uDiu/WYi+mEtE8eD+4bj/It7OrDkYDh7FhCiRq2sKmMI8UBJ21x14wWmhXzunDORJ6+wzc78zgLfYAFXltPLre4DwF9SP0PlJwYXcPtpEH914QDKtdpfGTzn9Wu4ORM5jD9PNju3GhpxNoMpMSJbcjoFLc+MZGP+uqwiNDUAtNuT2QAD4YI/ZyOuBJLDuGYT8yuFxKn5+1LI0XbzPLd8= zam488@zam488",
            "tags": {},
            "tags_all": {}
          },
          "sensitive_attributes": [],
          "private": "eyJzY2hlbWFfdmVyc2lvbiI6IjEifQ=="
        }
      ]
    },
    {
      "mode": "managed",
      "type": "aws_key_pair",
      "name": "my_jenkins_key_auth",
      "provider": "provider[\"registry.terraform.io/hashicorp/aws\"]",
      "instances": [
        {
          "schema_version": 1,
          "attributes": {
            "arn": "arn:aws:ec2:eu-north-1:039612864283:key-pair/my_jenkins_key",
            "fingerprint": "90r0I9NaM/fulTNFEQK9OHtaTB5+l82rwmzrHgTFJSM=",
            "id": "my_jenkins_key",
            "key_name": "my_jenkins_key",
            "key_name_prefix": "",
            "key_pair_id": "key-0390abb012af0b21c",
            "key_type": "ed25519",
            "public_key": "ssh-ed25519 AAAAC3NzaC1lZDI1NTE5AAAAIEoN7RKu7ZSF1boUehEXRRzUq3bK776r17T3rdgs6YlK zam488@zam488",
            "tags": {},
            "tags_all": {}
          },
          "sensitive_attributes": [],
          "private": "eyJzY2hlbWFfdmVyc2lvbiI6IjEifQ=="
        }
      ]
    },
    {
      "mode": "managed",
      "type": "aws_key_pair",
      "name": "my_monitoring_key_auth",
      "provider": "provider[\"registry.terraform.io/hashicorp/aws\"]",
      "instances": [
        {
          "schema_version": 1,
          "attributes": {
            "arn": "arn:aws:ec2:eu-north-1:039612864283:key-pair/my_monitoring_key",
            "fingerprint": "TCh+6K6zS+5cqsuMHnLbxcQkyExpJflTNGzb3q1o0C8=",
            "id": "my_monitoring_key",
            "key_name": "my_monitoring_key",
            "key_name_prefix": "",
            "key_pair_id": "key-0c9737e7539f67213",
            "key_type": "ed25519",
            "public_key": "ssh-ed25519 AAAAC3NzaC1lZDI1NTE5AAAAIOhMPhvc0KQgWtDU73xX/cgWQioz6/CNEcs4imoc1/D9 zam488@zam488",
            "tags": {},
            "tags_all": {}
          },
          "sensitive_attributes": [],
          "private": "eyJzY2hlbWFfdmVyc2lvbiI6IjEifQ=="
        }
      ]
    },
    {
      "mode": "managed",
      "type": "aws_key_pair",
      "name": "my_scanner_key_auth",
      "provider": "provider[\"registry.terraform.io/hashicorp/aws\"]",
      "instances": [
        {
          "schema_version": 1,
          "attributes": {
            "arn": "arn:aws:ec2:eu-north-1:039612864283:key-pair/my_scanner_key",
            "fingerprint": "Y7nyQklr3FqcWKf/uuiYT4CispWrpiltX1Yb1jRlSJM=",
            "id": "my_scanner_key",
            "key_name": "my_scanner_key",
            "key_name_prefix": "",
            "key_pair_id": "key-0b735385afd60c69c",
            "key_type": "ed25519",
            "public_key": "ssh-ed25519 AAAAC3NzaC1lZDI1NTE5AAAAINIMGiVpxsivVK0P40YH1Y+cOW0GgdglOxdQeaSDiKxG zam488@zam488",
            "tags": {},
            "tags_all": {}
          },
          "sensitive_attributes": [],
          "private": "eyJzY2hlbWFfdmVyc2lvbiI6IjEifQ=="
        }
      ]
    },
    {
      "mode": "managed",
      "type": "aws_lb",
      "name": "JENKINS_alb",
      "provider": "provider[\"registry.terraform.io/hashicorp/aws\"]",
      "instances": [
        {
          "schema_version": 0,
          "attributes": {
            "access_logs": [
              {
                "bucket": "",
                "enabled": false,
                "prefix": ""
              }
            ],
            "arn": "arn:aws:elasticloadbalancing:eu-north-1:039612864283:loadbalancer/app/JENKINS-alb/89b3093f2cbdd562",
            "arn_suffix": "app/JENKINS-alb/89b3093f2cbdd562",
            "client_keep_alive": 3600,
            "connection_logs": [
              {
                "bucket": "",
                "enabled": false,
                "prefix": ""
              }
            ],
            "customer_owned_ipv4_pool": "",
            "desync_mitigation_mode": "defensive",
            "dns_name": "JENKINS-alb-1127793743.eu-north-1.elb.amazonaws.com",
            "dns_record_client_routing_policy": null,
            "drop_invalid_header_fields": false,
            "enable_cross_zone_load_balancing": true,
            "enable_deletion_protection": false,
            "enable_http2": true,
            "enable_tls_version_and_cipher_suite_headers": false,
            "enable_waf_fail_open": false,
            "enable_xff_client_port": false,
            "enable_zonal_shift": false,
            "enforce_security_group_inbound_rules_on_private_link_traffic": "",
            "id": "arn:aws:elasticloadbalancing:eu-north-1:039612864283:loadbalancer/app/JENKINS-alb/89b3093f2cbdd562",
            "idle_timeout": 60,
            "internal": false,
            "ip_address_type": "ipv4",
            "ipam_pools": [],
            "load_balancer_type": "application",
            "minimum_load_balancer_capacity": [],
            "name": "JENKINS-alb",
            "name_prefix": "",
            "preserve_host_header": false,
            "security_groups": [
              "sg-0c7f7aace1238d536"
            ],
            "subnet_mapping": [
              {
                "allocation_id": "",
                "ipv6_address": "",
                "outpost_id": "",
                "private_ipv4_address": "",
                "subnet_id": "subnet-03cbeae40811a199d"
              },
              {
                "allocation_id": "",
                "ipv6_address": "",
                "outpost_id": "",
                "private_ipv4_address": "",
                "subnet_id": "subnet-049ac68bbecd3419e"
              }
            ],
            "subnets": [
              "subnet-03cbeae40811a199d",
              "subnet-049ac68bbecd3419e"
            ],
            "tags": {
              "Name": "Jenkins alb"
            },
            "tags_all": {
              "Name": "Jenkins alb"
            },
            "timeouts": null,
            "vpc_id": "vpc-00ab0082adeef6e00",
            "xff_header_processing_mode": "append",
            "zone_id": "Z23TAZ6LKFMNIO"
          },
          "sensitive_attributes": [],
          "private": "eyJlMmJmYjczMC1lY2FhLTExZTYtOGY4OC0zNDM2M2JjN2M0YzAiOnsiY3JlYXRlIjo2MDAwMDAwMDAwMDAsImRlbGV0ZSI6NjAwMDAwMDAwMDAwLCJ1cGRhdGUiOjYwMDAwMDAwMDAwMH19",
          "dependencies": [
            "aws_security_group.sg_ALB_JENKINS",
            "aws_subnet.my_public_subnet_1",
            "aws_subnet.my_public_subnet_2",
            "aws_vpc.my_main_vpc"
          ]
        }
      ]
    },
    {
      "mode": "managed",
      "type": "aws_lb_listener",
      "name": "JENKINS_alb_listener",
      "provider": "provider[\"registry.terraform.io/hashicorp/aws\"]",
      "instances": [
        {
          "schema_version": 0,
          "attributes": {
            "alpn_policy": null,
            "arn": "arn:aws:elasticloadbalancing:eu-north-1:039612864283:listener/app/JENKINS-alb/89b3093f2cbdd562/f6aa03404b352260",
            "certificate_arn": null,
            "default_action": [
              {
                "authenticate_cognito": [],
                "authenticate_oidc": [],
                "fixed_response": [
                  {
                    "content_type": "text/plain",
                    "message_body": "Forbidden",
                    "status_code": "403"
                  }
                ],
                "forward": [],
                "order": 1,
                "redirect": [],
                "target_group_arn": "",
                "type": "fixed-response"
              }
            ],
            "id": "arn:aws:elasticloadbalancing:eu-north-1:039612864283:listener/app/JENKINS-alb/89b3093f2cbdd562/f6aa03404b352260",
            "load_balancer_arn": "arn:aws:elasticloadbalancing:eu-north-1:039612864283:loadbalancer/app/JENKINS-alb/89b3093f2cbdd562",
            "mutual_authentication": [],
            "port": 80,
            "protocol": "HTTP",
            "routing_http_request_x_amzn_mtls_clientcert_header_name": null,
            "routing_http_request_x_amzn_mtls_clientcert_issuer_header_name": null,
            "routing_http_request_x_amzn_mtls_clientcert_leaf_header_name": null,
            "routing_http_request_x_amzn_mtls_clientcert_serial_number_header_name": null,
            "routing_http_request_x_amzn_mtls_clientcert_subject_header_name": null,
            "routing_http_request_x_amzn_mtls_clientcert_validity_header_name": null,
            "routing_http_request_x_amzn_tls_cipher_suite_header_name": null,
            "routing_http_request_x_amzn_tls_version_header_name": null,
            "routing_http_response_access_control_allow_credentials_header_value": "",
            "routing_http_response_access_control_allow_headers_header_value": "",
            "routing_http_response_access_control_allow_methods_header_value": "",
            "routing_http_response_access_control_allow_origin_header_value": "",
            "routing_http_response_access_control_expose_headers_header_value": "",
            "routing_http_response_access_control_max_age_header_value": "",
            "routing_http_response_content_security_policy_header_value": "",
            "routing_http_response_server_enabled": true,
            "routing_http_response_strict_transport_security_header_value": "",
            "routing_http_response_x_content_type_options_header_value": "",
            "routing_http_response_x_frame_options_header_value": "",
            "ssl_policy": "",
            "tags": {
              "Name": "Return 403 Forbidden for all request by default"
            },
            "tags_all": {
              "Name": "Return 403 Forbidden for all request by default"
            },
            "tcp_idle_timeout_seconds": null,
            "timeouts": null
          },
          "sensitive_attributes": [],
          "private": "eyJlMmJmYjczMC1lY2FhLTExZTYtOGY4OC0zNDM2M2JjN2M0YzAiOnsiY3JlYXRlIjozMDAwMDAwMDAwMDAsInVwZGF0ZSI6MzAwMDAwMDAwMDAwfX0=",
          "dependencies": [
            "aws_lb.JENKINS_alb",
            "aws_security_group.sg_ALB_JENKINS",
            "aws_subnet.my_public_subnet_1",
            "aws_subnet.my_public_subnet_2",
            "aws_vpc.my_main_vpc"
          ]
        }
      ]
    },
    {
      "mode": "managed",
      "type": "aws_lb_listener_rule",
      "name": "JENKINS_alb_webhook_rule",
      "provider": "provider[\"registry.terraform.io/hashicorp/aws\"]",
      "instances": [
        {
          "schema_version": 0,
          "attributes": {
            "action": [
              {
                "authenticate_cognito": [],
                "authenticate_oidc": [],
                "fixed_response": [],
                "forward": [],
                "order": 1,
                "redirect": [],
                "target_group_arn": "arn:aws:elasticloadbalancing:eu-north-1:039612864283:targetgroup/JENKINS-alb-tg/1489fa497991390a",
                "type": "forward"
              }
            ],
            "arn": "arn:aws:elasticloadbalancing:eu-north-1:039612864283:listener-rule/app/JENKINS-alb/89b3093f2cbdd562/f6aa03404b352260/5a97e438cee77dad",
            "condition": [
              {
                "host_header": [],
                "http_header": [],
                "http_request_method": [],
                "path_pattern": [
                  {
                    "values": [
                      "/github-webhook"
                    ]
                  }
                ],
                "query_string": [],
                "source_ip": []
              }
            ],
            "id": "arn:aws:elasticloadbalancing:eu-north-1:039612864283:listener-rule/app/JENKINS-alb/89b3093f2cbdd562/f6aa03404b352260/5a97e438cee77dad",
            "listener_arn": "arn:aws:elasticloadbalancing:eu-north-1:039612864283:listener/app/JENKINS-alb/89b3093f2cbdd562/f6aa03404b352260",
            "priority": 1,
            "tags": null,
            "tags_all": {}
          },
          "sensitive_attributes": [],
          "private": "bnVsbA==",
          "dependencies": [
            "aws_lb.JENKINS_alb",
            "aws_lb_listener.JENKINS_alb_listener",
            "aws_lb_target_group.JENKINS_alb_tg",
            "aws_security_group.sg_ALB_JENKINS",
            "aws_subnet.my_public_subnet_1",
            "aws_subnet.my_public_subnet_2",
            "aws_vpc.my_main_vpc"
          ]
        }
      ]
    },
    {
      "mode": "managed",
      "type": "aws_lb_listener_rule",
      "name": "JENKINS_allow_admin_ui",
      "provider": "provider[\"registry.terraform.io/hashicorp/aws\"]",
      "instances": [
        {
          "schema_version": 0,
          "attributes": {
            "action": [
              {
                "authenticate_cognito": [],
                "authenticate_oidc": [],
                "fixed_response": [],
                "forward": [],
                "order": 1,
                "redirect": [],
                "target_group_arn": "arn:aws:elasticloadbalancing:eu-north-1:039612864283:targetgroup/JENKINS-alb-tg/1489fa497991390a",
                "type": "forward"
              }
            ],
            "arn": "arn:aws:elasticloadbalancing:eu-north-1:039612864283:listener-rule/app/JENKINS-alb/89b3093f2cbdd562/f6aa03404b352260/ebdc8cac32df52e7",
            "condition": [
              {
                "host_header": [],
                "http_header": [],
                "http_request_method": [],
                "path_pattern": [
                  {
                    "values": [
                      "/*"
                    ]
                  }
                ],
                "query_string": [],
                "source_ip": []
              },
              {
                "host_header": [],
                "http_header": [],
                "http_request_method": [],
                "path_pattern": [],
                "query_string": [],
                "source_ip": [
                  {
                    "values": [
                      "134.94.2.124/32"
                    ]
                  }
                ]
              }
            ],
            "id": "arn:aws:elasticloadbalancing:eu-north-1:039612864283:listener-rule/app/JENKINS-alb/89b3093f2cbdd562/f6aa03404b352260/ebdc8cac32df52e7",
            "listener_arn": "arn:aws:elasticloadbalancing:eu-north-1:039612864283:listener/app/JENKINS-alb/89b3093f2cbdd562/f6aa03404b352260",
            "priority": 10,
            "tags": null,
            "tags_all": {}
          },
          "sensitive_attributes": [],
          "private": "bnVsbA==",
          "dependencies": [
            "aws_lb.JENKINS_alb",
            "aws_lb_listener.JENKINS_alb_listener",
            "aws_lb_target_group.JENKINS_alb_tg",
            "aws_security_group.sg_ALB_JENKINS",
            "aws_subnet.my_public_subnet_1",
            "aws_subnet.my_public_subnet_2",
            "aws_vpc.my_main_vpc"
          ]
        }
      ]
    },
    {
      "mode": "managed",
      "type": "aws_lb_target_group",
      "name": "JENKINS_alb_tg",
      "provider": "provider[\"registry.terraform.io/hashicorp/aws\"]",
      "instances": [
        {
          "schema_version": 0,
          "attributes": {
            "arn": "arn:aws:elasticloadbalancing:eu-north-1:039612864283:targetgroup/JENKINS-alb-tg/1489fa497991390a",
            "arn_suffix": "targetgroup/JENKINS-alb-tg/1489fa497991390a",
            "connection_termination": null,
            "deregistration_delay": "300",
            "health_check": [
              {
                "enabled": true,
                "healthy_threshold": 2,
                "interval": 30,
                "matcher": "200-399",
                "path": "/",
                "port": "traffic-port",
                "protocol": "HTTP",
                "timeout": 5,
                "unhealthy_threshold": 2
              }
            ],
            "id": "arn:aws:elasticloadbalancing:eu-north-1:039612864283:targetgroup/JENKINS-alb-tg/1489fa497991390a",
            "ip_address_type": "ipv4",
            "lambda_multi_value_headers_enabled": false,
            "load_balancer_arns": [],
            "load_balancing_algorithm_type": "round_robin",
            "load_balancing_anomaly_mitigation": "off",
            "load_balancing_cross_zone_enabled": "use_load_balancer_configuration",
            "name": "JENKINS-alb-tg",
            "name_prefix": "",
            "port": 8080,
            "preserve_client_ip": null,
            "protocol": "HTTP",
            "protocol_version": "HTTP1",
            "proxy_protocol_v2": false,
            "slow_start": 0,
            "stickiness": [
              {
                "cookie_duration": 86400,
                "cookie_name": "",
                "enabled": false,
                "type": "lb_cookie"
              }
            ],
            "tags": {},
            "tags_all": {},
            "target_failover": [
              {
                "on_deregistration": null,
                "on_unhealthy": null
              }
            ],
            "target_group_health": [
              {
                "dns_failover": [
                  {
                    "minimum_healthy_targets_count": "1",
                    "minimum_healthy_targets_percentage": "off"
                  }
                ],
                "unhealthy_state_routing": [
                  {
                    "minimum_healthy_targets_count": 1,
                    "minimum_healthy_targets_percentage": "off"
                  }
                ]
              }
            ],
            "target_health_state": [
              {
                "enable_unhealthy_connection_termination": null,
                "unhealthy_draining_interval": null
              }
            ],
            "target_type": "instance",
            "vpc_id": "vpc-00ab0082adeef6e00"
          },
          "sensitive_attributes": [],
          "private": "bnVsbA==",
          "dependencies": [
            "aws_vpc.my_main_vpc"
          ]
        }
      ]
    },
    {
      "mode": "managed",
      "type": "aws_lb_target_group_attachment",
      "name": "JENKINS_alb_attachment",
      "provider": "provider[\"registry.terraform.io/hashicorp/aws\"]",
      "instances": [
        {
          "schema_version": 0,
          "attributes": {
            "availability_zone": null,
            "id": "arn:aws:elasticloadbalancing:eu-north-1:039612864283:targetgroup/JENKINS-alb-tg/1489fa497991390a-20250610092324453500000009",
            "port": 8080,
            "target_group_arn": "arn:aws:elasticloadbalancing:eu-north-1:039612864283:targetgroup/JENKINS-alb-tg/1489fa497991390a",
            "target_id": "i-053ad9fd99e05c0ea"
          },
          "sensitive_attributes": [],
          "private": "bnVsbA==",
          "dependencies": [
            "aws_iam_instance_profile.my_ec2_instance_profile",
            "aws_iam_role.my_ec2_instance_role",
            "aws_instance.my_jenkins_EC2_instance",
            "aws_key_pair.my_jenkins_key_auth",
            "aws_lb_target_group.JENKINS_alb_tg",
            "aws_security_group.sg_ALB_JENKINS",
            "aws_security_group.sg_BASTION",
            "aws_security_group.sg_JENKINS",
            "aws_subnet.my_private_subnet_1",
            "aws_vpc.my_main_vpc",
            "data.aws_ami.my_main_ubuntu_EC2_data",
            "data.template_file.jenkins_userdata",
            "tls_private_key.bastion_internal",
            "tls_private_key.jenkins_internal"
          ]
        }
      ]
    },
    {
      "mode": "managed",
      "type": "aws_nat_gateway",
      "name": "my_NAT_gateway",
      "provider": "provider[\"registry.terraform.io/hashicorp/aws\"]",
      "instances": [
        {
          "schema_version": 0,
          "attributes": {
            "allocation_id": "eipalloc-0f22c417da252b71d",
            "association_id": "eipassoc-0d6883770057cc4e5",
            "connectivity_type": "public",
            "id": "nat-0bc7eab1c100cbd0d",
            "network_interface_id": "eni-01b749224056ded9a",
            "private_ip": "10.0.1.121",
            "public_ip": "56.228.56.115",
            "secondary_allocation_ids": null,
            "secondary_private_ip_address_count": 0,
            "secondary_private_ip_addresses": [],
            "subnet_id": "subnet-03cbeae40811a199d",
            "tags": {
              "Name": "my_NAT_gw"
            },
            "tags_all": {
              "Name": "my_NAT_gw"
            },
            "timeouts": null
          },
          "sensitive_attributes": [],
          "private": "eyJlMmJmYjczMC1lY2FhLTExZTYtOGY4OC0zNDM2M2JjN2M0YzAiOnsiY3JlYXRlIjo2MDAwMDAwMDAwMDAsImRlbGV0ZSI6MTgwMDAwMDAwMDAwMCwidXBkYXRlIjo2MDAwMDAwMDAwMDB9fQ==",
          "dependencies": [
            "aws_eip.my_main_nat_eip",
            "aws_internet_gateway.my_main_igw",
            "aws_subnet.my_public_subnet_1",
            "aws_vpc.my_main_vpc"
          ]
        }
      ]
    },
    {
      "mode": "managed",
      "type": "aws_nat_gateway",
      "name": "nat_gateway_pods",
      "provider": "provider[\"registry.terraform.io/hashicorp/aws\"]",
      "instances": [
        {
          "schema_version": 0,
          "attributes": {
            "allocation_id": "eipalloc-03af728e19388d7ad",
            "association_id": "eipassoc-06eaa5e133edad96a",
            "connectivity_type": "public",
            "id": "nat-05e5f6a798cc2228a",
            "network_interface_id": "eni-03e41ae75aad0a808",
            "private_ip": "10.0.1.37",
            "public_ip": "51.21.151.18",
            "secondary_allocation_ids": null,
            "secondary_private_ip_address_count": 0,
            "secondary_private_ip_addresses": [],
            "subnet_id": "subnet-03cbeae40811a199d",
            "tags": {
              "Name": "NAT-Gateway for Pods"
            },
            "tags_all": {
              "Name": "NAT-Gateway for Pods"
            },
            "timeouts": null
          },
          "sensitive_attributes": [],
          "private": "eyJlMmJmYjczMC1lY2FhLTExZTYtOGY4OC0zNDM2M2JjN2M0YzAiOnsiY3JlYXRlIjo2MDAwMDAwMDAwMDAsImRlbGV0ZSI6MTgwMDAwMDAwMDAwMCwidXBkYXRlIjo2MDAwMDAwMDAwMDB9fQ==",
          "dependencies": [
            "aws_eip.nat_eip_pods",
            "aws_subnet.my_public_subnet_1",
            "aws_vpc.my_main_vpc"
          ]
        }
      ]
    },
    {
      "mode": "managed",
      "type": "aws_route_table",
      "name": "my_private_route_table",
      "provider": "provider[\"registry.terraform.io/hashicorp/aws\"]",
      "instances": [
        {
          "schema_version": 0,
          "attributes": {
            "arn": "arn:aws:ec2:eu-north-1:039612864283:route-table/rtb-039b050e77acdef72",
            "id": "rtb-039b050e77acdef72",
            "owner_id": "039612864283",
            "propagating_vgws": [],
            "route": [
              {
                "carrier_gateway_id": "",
                "cidr_block": "0.0.0.0/0",
                "core_network_arn": "",
                "destination_prefix_list_id": "",
                "egress_only_gateway_id": "",
                "gateway_id": "nat-0bc7eab1c100cbd0d",
                "ipv6_cidr_block": "",
                "local_gateway_id": "",
                "nat_gateway_id": "",
                "network_interface_id": "",
                "transit_gateway_id": "",
                "vpc_endpoint_id": "",
                "vpc_peering_connection_id": ""
              }
            ],
            "tags": {
              "Name": "my_private_route_table"
            },
            "tags_all": {
              "Name": "my_private_route_table"
            },
            "timeouts": null,
            "vpc_id": "vpc-00ab0082adeef6e00"
          },
          "sensitive_attributes": [],
          "private": "eyJlMmJmYjczMC1lY2FhLTExZTYtOGY4OC0zNDM2M2JjN2M0YzAiOnsiY3JlYXRlIjozMDAwMDAwMDAwMDAsImRlbGV0ZSI6MzAwMDAwMDAwMDAwLCJ1cGRhdGUiOjEyMDAwMDAwMDAwMH19",
          "dependencies": [
            "aws_eip.my_main_nat_eip",
            "aws_internet_gateway.my_main_igw",
            "aws_nat_gateway.my_NAT_gateway",
            "aws_subnet.my_public_subnet_1",
            "aws_vpc.my_main_vpc"
          ]
        }
      ]
    },
    {
      "mode": "managed",
      "type": "aws_route_table",
      "name": "my_public_route_table",
      "provider": "provider[\"registry.terraform.io/hashicorp/aws\"]",
      "instances": [
        {
          "schema_version": 0,
          "attributes": {
            "arn": "arn:aws:ec2:eu-north-1:039612864283:route-table/rtb-02c1e171cc50d1f1f",
            "id": "rtb-02c1e171cc50d1f1f",
            "owner_id": "039612864283",
            "propagating_vgws": [],
            "route": [
              {
                "carrier_gateway_id": "",
                "cidr_block": "0.0.0.0/0",
                "core_network_arn": "",
                "destination_prefix_list_id": "",
                "egress_only_gateway_id": "",
                "gateway_id": "igw-0a7d925b7c7f31ecd",
                "ipv6_cidr_block": "",
                "local_gateway_id": "",
                "nat_gateway_id": "",
                "network_interface_id": "",
                "transit_gateway_id": "",
                "vpc_endpoint_id": "",
                "vpc_peering_connection_id": ""
              }
            ],
            "tags": {
              "Name": "my_public_route_table"
            },
            "tags_all": {
              "Name": "my_public_route_table"
            },
            "timeouts": null,
            "vpc_id": "vpc-00ab0082adeef6e00"
          },
          "sensitive_attributes": [],
          "private": "eyJlMmJmYjczMC1lY2FhLTExZTYtOGY4OC0zNDM2M2JjN2M0YzAiOnsiY3JlYXRlIjozMDAwMDAwMDAwMDAsImRlbGV0ZSI6MzAwMDAwMDAwMDAwLCJ1cGRhdGUiOjEyMDAwMDAwMDAwMH19",
          "dependencies": [
            "aws_internet_gateway.my_main_igw",
            "aws_vpc.my_main_vpc"
          ]
        }
      ]
    },
    {
      "mode": "managed",
      "type": "aws_route_table",
      "name": "private_route_table_pods",
      "provider": "provider[\"registry.terraform.io/hashicorp/aws\"]",
      "instances": [
        {
          "schema_version": 0,
          "attributes": {
            "arn": "arn:aws:ec2:eu-north-1:039612864283:route-table/rtb-02a72baae870be7e7",
            "id": "rtb-02a72baae870be7e7",
            "owner_id": "039612864283",
            "propagating_vgws": [],
            "route": [
              {
                "carrier_gateway_id": "",
                "cidr_block": "0.0.0.0/0",
                "core_network_arn": "",
                "destination_prefix_list_id": "",
                "egress_only_gateway_id": "",
                "gateway_id": "",
                "ipv6_cidr_block": "",
                "local_gateway_id": "",
                "nat_gateway_id": "nat-05e5f6a798cc2228a",
                "network_interface_id": "",
                "transit_gateway_id": "",
                "vpc_endpoint_id": "",
                "vpc_peering_connection_id": ""
              }
            ],
            "tags": {
              "Name": "Private-route for Pods"
            },
            "tags_all": {
              "Name": "Private-route for Pods"
            },
            "timeouts": null,
            "vpc_id": "vpc-00ab0082adeef6e00"
          },
          "sensitive_attributes": [],
          "private": "eyJlMmJmYjczMC1lY2FhLTExZTYtOGY4OC0zNDM2M2JjN2M0YzAiOnsiY3JlYXRlIjozMDAwMDAwMDAwMDAsImRlbGV0ZSI6MzAwMDAwMDAwMDAwLCJ1cGRhdGUiOjEyMDAwMDAwMDAwMH19",
          "dependencies": [
            "aws_eip.nat_eip_pods",
            "aws_nat_gateway.nat_gateway_pods",
            "aws_subnet.my_public_subnet_1",
            "aws_vpc.my_main_vpc"
          ]
        }
      ]
    },
    {
      "mode": "managed",
      "type": "aws_route_table_association",
      "name": "my_private_subnet_1_rt_assoc",
      "provider": "provider[\"registry.terraform.io/hashicorp/aws\"]",
      "instances": [
        {
          "schema_version": 0,
          "attributes": {
            "gateway_id": "",
            "id": "rtbassoc-0fdd496583d7802b2",
            "route_table_id": "rtb-039b050e77acdef72",
            "subnet_id": "subnet-012ca80a2303a146f",
            "timeouts": null
          },
          "sensitive_attributes": [],
          "private": "eyJlMmJmYjczMC1lY2FhLTExZTYtOGY4OC0zNDM2M2JjN2M0YzAiOnsiY3JlYXRlIjozMDAwMDAwMDAwMDAsImRlbGV0ZSI6MzAwMDAwMDAwMDAwLCJ1cGRhdGUiOjEyMDAwMDAwMDAwMH19",
          "dependencies": [
            "aws_eip.my_main_nat_eip",
            "aws_internet_gateway.my_main_igw",
            "aws_nat_gateway.my_NAT_gateway",
            "aws_route_table.my_private_route_table",
            "aws_subnet.my_private_subnet_1",
            "aws_subnet.my_public_subnet_1",
            "aws_vpc.my_main_vpc"
          ]
        }
      ]
    },
    {
      "mode": "managed",
      "type": "aws_route_table_association",
      "name": "my_private_subnet_2_rt_assoc",
      "provider": "provider[\"registry.terraform.io/hashicorp/aws\"]",
      "instances": [
        {
          "schema_version": 0,
          "attributes": {
            "gateway_id": "",
            "id": "rtbassoc-0b8317d61ba9d7ccf",
            "route_table_id": "rtb-039b050e77acdef72",
            "subnet_id": "subnet-0218f9dd12b492d9f",
            "timeouts": null
          },
          "sensitive_attributes": [],
          "private": "eyJlMmJmYjczMC1lY2FhLTExZTYtOGY4OC0zNDM2M2JjN2M0YzAiOnsiY3JlYXRlIjozMDAwMDAwMDAwMDAsImRlbGV0ZSI6MzAwMDAwMDAwMDAwLCJ1cGRhdGUiOjEyMDAwMDAwMDAwMH19",
          "dependencies": [
            "aws_eip.my_main_nat_eip",
            "aws_internet_gateway.my_main_igw",
            "aws_nat_gateway.my_NAT_gateway",
            "aws_route_table.my_private_route_table",
            "aws_subnet.my_private_subnet_2",
            "aws_subnet.my_public_subnet_1",
            "aws_vpc.my_main_vpc"
          ]
        }
      ]
    },
    {
      "mode": "managed",
      "type": "aws_route_table_association",
      "name": "my_public_subnet_1_rt_assoc",
      "provider": "provider[\"registry.terraform.io/hashicorp/aws\"]",
      "instances": [
        {
          "schema_version": 0,
          "attributes": {
            "gateway_id": "",
            "id": "rtbassoc-048b92d7c2d83d24f",
            "route_table_id": "rtb-02c1e171cc50d1f1f",
            "subnet_id": "subnet-03cbeae40811a199d",
            "timeouts": null
          },
          "sensitive_attributes": [],
          "private": "eyJlMmJmYjczMC1lY2FhLTExZTYtOGY4OC0zNDM2M2JjN2M0YzAiOnsiY3JlYXRlIjozMDAwMDAwMDAwMDAsImRlbGV0ZSI6MzAwMDAwMDAwMDAwLCJ1cGRhdGUiOjEyMDAwMDAwMDAwMH19",
          "dependencies": [
            "aws_internet_gateway.my_main_igw",
            "aws_route_table.my_public_route_table",
            "aws_subnet.my_public_subnet_1",
            "aws_vpc.my_main_vpc"
          ]
        }
      ]
    },
    {
      "mode": "managed",
      "type": "aws_route_table_association",
      "name": "my_public_subnet_2_rt_assoc",
      "provider": "provider[\"registry.terraform.io/hashicorp/aws\"]",
      "instances": [
        {
          "schema_version": 0,
          "attributes": {
            "gateway_id": "",
            "id": "rtbassoc-0213f29487854e719",
            "route_table_id": "rtb-02c1e171cc50d1f1f",
            "subnet_id": "subnet-049ac68bbecd3419e",
            "timeouts": null
          },
          "sensitive_attributes": [],
          "private": "eyJlMmJmYjczMC1lY2FhLTExZTYtOGY4OC0zNDM2M2JjN2M0YzAiOnsiY3JlYXRlIjozMDAwMDAwMDAwMDAsImRlbGV0ZSI6MzAwMDAwMDAwMDAwLCJ1cGRhdGUiOjEyMDAwMDAwMDAwMH19",
          "dependencies": [
            "aws_internet_gateway.my_main_igw",
            "aws_route_table.my_public_route_table",
            "aws_subnet.my_public_subnet_2",
            "aws_vpc.my_main_vpc"
          ]
        }
      ]
    },
    {
      "mode": "managed",
      "type": "aws_route_table_association",
      "name": "private_pods_1",
      "provider": "provider[\"registry.terraform.io/hashicorp/aws\"]",
      "instances": [
        {
          "schema_version": 0,
          "attributes": {
            "gateway_id": "",
            "id": "rtbassoc-0baaf428b4061d308",
            "route_table_id": "rtb-02a72baae870be7e7",
            "subnet_id": "subnet-0e99af233c0141914",
            "timeouts": null
          },
          "sensitive_attributes": [],
          "private": "eyJlMmJmYjczMC1lY2FhLTExZTYtOGY4OC0zNDM2M2JjN2M0YzAiOnsiY3JlYXRlIjozMDAwMDAwMDAwMDAsImRlbGV0ZSI6MzAwMDAwMDAwMDAwLCJ1cGRhdGUiOjEyMDAwMDAwMDAwMH19",
          "dependencies": [
            "aws_eip.nat_eip_pods",
            "aws_nat_gateway.nat_gateway_pods",
            "aws_route_table.private_route_table_pods",
            "aws_subnet.my_pods_private_subnet_1",
            "aws_subnet.my_public_subnet_1",
            "aws_vpc.my_main_vpc"
          ]
        }
      ]
    },
    {
      "mode": "managed",
      "type": "aws_route_table_association",
      "name": "private_pods_2",
      "provider": "provider[\"registry.terraform.io/hashicorp/aws\"]",
      "instances": [
        {
          "schema_version": 0,
          "attributes": {
            "gateway_id": "",
            "id": "rtbassoc-0ddec75158ca2e32e",
            "route_table_id": "rtb-02a72baae870be7e7",
            "subnet_id": "subnet-01d1a654a78bce0f1",
            "timeouts": null
          },
          "sensitive_attributes": [],
          "private": "eyJlMmJmYjczMC1lY2FhLTExZTYtOGY4OC0zNDM2M2JjN2M0YzAiOnsiY3JlYXRlIjozMDAwMDAwMDAwMDAsImRlbGV0ZSI6MzAwMDAwMDAwMDAwLCJ1cGRhdGUiOjEyMDAwMDAwMDAwMH19",
          "dependencies": [
            "aws_eip.nat_eip_pods",
            "aws_nat_gateway.nat_gateway_pods",
            "aws_route_table.private_route_table_pods",
            "aws_subnet.my_pods_private_subnet_2",
            "aws_subnet.my_public_subnet_1",
            "aws_vpc.my_main_vpc"
          ]
        }
      ]
    },
    {
      "mode": "managed",
      "type": "aws_s3_bucket",
      "name": "my_s3_bucket",
      "provider": "provider[\"registry.terraform.io/hashicorp/aws\"]",
      "instances": [
        {
          "schema_version": 0,
          "attributes": {
            "acceleration_status": "",
            "acl": null,
            "arn": "arn:aws:s3:::myowaspproject3v401-logs",
            "bucket": "myowaspproject3v401-logs",
            "bucket_domain_name": "myowaspproject3v401-logs.s3.amazonaws.com",
            "bucket_prefix": "",
            "bucket_regional_domain_name": "myowaspproject3v401-logs.s3.eu-north-1.amazonaws.com",
            "cors_rule": [],
            "force_destroy": false,
            "grant": [
              {
                "id": "88c08998583afe85806b6cfb6cafefbb4efd5dfb7724166cf53724e9f1f9db9f",
                "permissions": [
                  "FULL_CONTROL"
                ],
                "type": "CanonicalUser",
                "uri": ""
              }
            ],
            "hosted_zone_id": "Z3BAZG2TWCNX0D",
            "id": "myowaspproject3v401-logs",
            "lifecycle_rule": [],
            "logging": [],
            "object_lock_configuration": [],
            "object_lock_enabled": false,
            "policy": "",
            "region": "eu-north-1",
            "replication_configuration": [],
            "request_payer": "BucketOwner",
            "server_side_encryption_configuration": [
              {
                "rule": [
                  {
                    "apply_server_side_encryption_by_default": [
                      {
                        "kms_master_key_id": "",
                        "sse_algorithm": "AES256"
                      }
                    ],
                    "bucket_key_enabled": false
                  }
                ]
              }
            ],
            "tags": {
              "Environment": "Dev",
              "Name": "My bucket"
            },
            "tags_all": {
              "Environment": "Dev",
              "Name": "My bucket"
            },
            "timeouts": null,
            "versioning": [
              {
                "enabled": false,
                "mfa_delete": false
              }
            ],
            "website": [],
            "website_domain": null,
            "website_endpoint": null
          },
          "sensitive_attributes": [],
          "private": "eyJlMmJmYjczMC1lY2FhLTExZTYtOGY4OC0zNDM2M2JjN2M0YzAiOnsiY3JlYXRlIjoxMjAwMDAwMDAwMDAwLCJkZWxldGUiOjM2MDAwMDAwMDAwMDAsInJlYWQiOjEyMDAwMDAwMDAwMDAsInVwZGF0ZSI6MTIwMDAwMDAwMDAwMH19"
        }
      ]
    },
    {
      "mode": "managed",
      "type": "aws_security_group",
      "name": "sg_ALB_JENKINS",
      "provider": "provider[\"registry.terraform.io/hashicorp/aws\"]",
      "instances": [
        {
          "schema_version": 1,
          "attributes": {
            "arn": "arn:aws:ec2:eu-north-1:039612864283:security-group/sg-0c7f7aace1238d536",
            "description": "Allow GitHub webhook IPs to Jenkins through ALB",
            "egress": [
              {
                "cidr_blocks": [
                  "0.0.0.0/0"
                ],
                "description": "",
                "from_port": 0,
                "ipv6_cidr_blocks": [],
                "prefix_list_ids": [],
                "protocol": "-1",
                "security_groups": [],
                "self": false,
                "to_port": 0
              }
            ],
            "id": "sg-0c7f7aace1238d536",
            "ingress": [
              {
                "cidr_blocks": [
                  "134.94.2.124/32"
                ],
                "description": "Jenkins configuration UI",
                "from_port": 80,
                "ipv6_cidr_blocks": [],
                "prefix_list_ids": [],
                "protocol": "tcp",
                "security_groups": [],
                "self": false,
                "to_port": 80
              },
              {
                "cidr_blocks": [
                  "192.30.252.0/22",
                  "185.199.108.0/22",
                  "140.82.112.0/20",
                  "143.55.64.0/20"
                ],
                "description": "GitHub Webhooks",
                "from_port": 80,
                "ipv6_cidr_blocks": [],
                "prefix_list_ids": [],
                "protocol": "tcp",
                "security_groups": [],
                "self": false,
                "to_port": 80
              }
            ],
            "name": "alb_jenkins_sg",
            "name_prefix": "",
            "owner_id": "039612864283",
            "revoke_rules_on_delete": false,
            "tags": {
              "Name": "ALB_JENKINS_sg"
            },
            "tags_all": {
              "Name": "ALB_JENKINS_sg"
            },
            "timeouts": null,
            "vpc_id": "vpc-00ab0082adeef6e00"
          },
          "sensitive_attributes": [],
          "private": "eyJlMmJmYjczMC1lY2FhLTExZTYtOGY4OC0zNDM2M2JjN2M0YzAiOnsiY3JlYXRlIjo2MDAwMDAwMDAwMDAsImRlbGV0ZSI6OTAwMDAwMDAwMDAwfSwic2NoZW1hX3ZlcnNpb24iOiIxIn0=",
          "dependencies": [
            "aws_vpc.my_main_vpc"
          ]
        }
      ]
    },
    {
      "mode": "managed",
      "type": "aws_security_group",
      "name": "sg_API",
      "provider": "provider[\"registry.terraform.io/hashicorp/aws\"]",
      "instances": [
        {
          "schema_version": 1,
          "attributes": {
            "arn": "arn:aws:ec2:eu-north-1:039612864283:security-group/sg-05aa84913b23e53e5",
            "description": "Allow connections to the API",
            "egress": [
              {
                "cidr_blocks": [
                  "0.0.0.0/0"
                ],
                "description": "",
                "from_port": 0,
                "ipv6_cidr_blocks": [],
                "prefix_list_ids": [],
                "protocol": "-1",
                "security_groups": [],
                "self": false,
                "to_port": 0
              }
            ],
            "id": "sg-05aa84913b23e53e5",
            "ingress": [
              {
                "cidr_blocks": [
                  "0.0.0.0/0"
                ],
                "description": "",
                "from_port": 443,
                "ipv6_cidr_blocks": [],
                "prefix_list_ids": [],
                "protocol": "tcp",
                "security_groups": [],
                "self": false,
                "to_port": 443
              },
              {
                "cidr_blocks": [
                  "0.0.0.0/0"
                ],
                "description": "",
                "from_port": 80,
                "ipv6_cidr_blocks": [],
                "prefix_list_ids": [],
                "protocol": "tcp",
                "security_groups": [],
                "self": false,
                "to_port": 80
              },
              {
                "cidr_blocks": [],
                "description": "",
                "from_port": 22,
                "ipv6_cidr_blocks": [],
                "prefix_list_ids": [],
                "protocol": "tcp",
                "security_groups": [
                  "sg-0a2b8947767b0674d",
                  "sg-0d656622d887b1339"
                ],
                "self": false,
                "to_port": 22
              }
            ],
            "name": "sg_API",
            "name_prefix": "",
            "owner_id": "039612864283",
            "revoke_rules_on_delete": false,
            "tags": {
              "Name": "sg_API"
            },
            "tags_all": {
              "Name": "sg_API"
            },
            "timeouts": null,
            "vpc_id": "vpc-00ab0082adeef6e00"
          },
          "sensitive_attributes": [],
          "private": "eyJlMmJmYjczMC1lY2FhLTExZTYtOGY4OC0zNDM2M2JjN2M0YzAiOnsiY3JlYXRlIjo2MDAwMDAwMDAwMDAsImRlbGV0ZSI6OTAwMDAwMDAwMDAwfSwic2NoZW1hX3ZlcnNpb24iOiIxIn0=",
          "dependencies": [
            "aws_vpc.my_main_vpc"
          ]
        }
      ]
    },
    {
      "mode": "managed",
      "type": "aws_security_group",
      "name": "sg_BASTION",
      "provider": "provider[\"registry.terraform.io/hashicorp/aws\"]",
      "instances": [
        {
          "schema_version": 1,
          "attributes": {
            "arn": "arn:aws:ec2:eu-north-1:039612864283:security-group/sg-0d656622d887b1339",
            "description": "Allow SSH from your IP only (BASTION)",
            "egress": [
              {
                "cidr_blocks": [
                  "0.0.0.0/0"
                ],
                "description": "",
                "from_port": 0,
                "ipv6_cidr_blocks": [],
                "prefix_list_ids": [],
                "protocol": "-1",
                "security_groups": [],
                "self": false,
                "to_port": 0
              }
            ],
            "id": "sg-0d656622d887b1339",
            "ingress": [
              {
                "cidr_blocks": [
                  "134.94.2.8/32"
                ],
                "description": "",
                "from_port": 22,
                "ipv6_cidr_blocks": [],
                "prefix_list_ids": [],
                "protocol": "tcp",
                "security_groups": [],
                "self": false,
                "to_port": 22
              }
            ],
            "name": "sg_BASTION",
            "name_prefix": "",
            "owner_id": "039612864283",
            "revoke_rules_on_delete": false,
            "tags": {
              "Name": "sg_BASTION"
            },
            "tags_all": {
              "Name": "sg_BASTION"
            },
            "timeouts": null,
            "vpc_id": "vpc-00ab0082adeef6e00"
          },
          "sensitive_attributes": [],
          "private": "eyJlMmJmYjczMC1lY2FhLTExZTYtOGY4OC0zNDM2M2JjN2M0YzAiOnsiY3JlYXRlIjo2MDAwMDAwMDAwMDAsImRlbGV0ZSI6OTAwMDAwMDAwMDAwfSwic2NoZW1hX3ZlcnNpb24iOiIxIn0=",
          "dependencies": [
            "aws_vpc.my_main_vpc"
          ]
        }
      ]
    },
    {
      "mode": "managed",
      "type": "aws_security_group",
      "name": "sg_BUILDER",
      "provider": "provider[\"registry.terraform.io/hashicorp/aws\"]",
      "instances": [
        {
          "schema_version": 1,
          "attributes": {
            "arn": "arn:aws:ec2:eu-north-1:039612864283:security-group/sg-05d726c00fb309247",
            "description": "Allow SSH from Bastions and Jenkins to BUILDER",
            "egress": [
              {
                "cidr_blocks": [
                  "0.0.0.0/0"
                ],
                "description": "",
                "from_port": 0,
                "ipv6_cidr_blocks": [],
                "prefix_list_ids": [],
                "protocol": "-1",
                "security_groups": [],
                "self": false,
                "to_port": 0
              }
            ],
            "id": "sg-05d726c00fb309247",
            "ingress": [
              {
                "cidr_blocks": [],
                "description": "",
                "from_port": 22,
                "ipv6_cidr_blocks": [],
                "prefix_list_ids": [],
                "protocol": "tcp",
                "security_groups": [
                  "sg-0a2b8947767b0674d",
                  "sg-0d656622d887b1339"
                ],
                "self": false,
                "to_port": 22
              }
            ],
            "name": "sg_BUILDER",
            "name_prefix": "",
            "owner_id": "039612864283",
            "revoke_rules_on_delete": false,
            "tags": {
              "Name": "sg_BUILDER"
            },
            "tags_all": {
              "Name": "sg_BUILDER"
            },
            "timeouts": null,
            "vpc_id": "vpc-00ab0082adeef6e00"
          },
          "sensitive_attributes": [],
          "private": "eyJlMmJmYjczMC1lY2FhLTExZTYtOGY4OC0zNDM2M2JjN2M0YzAiOnsiY3JlYXRlIjo2MDAwMDAwMDAwMDAsImRlbGV0ZSI6OTAwMDAwMDAwMDAwfSwic2NoZW1hX3ZlcnNpb24iOiIxIn0=",
          "dependencies": [
            "aws_security_group.sg_ALB_JENKINS",
            "aws_security_group.sg_BASTION",
            "aws_security_group.sg_JENKINS",
            "aws_vpc.my_main_vpc"
          ]
        }
      ]
    },
    {
      "mode": "managed",
      "type": "aws_security_group",
      "name": "sg_JENKINS",
      "provider": "provider[\"registry.terraform.io/hashicorp/aws\"]",
      "instances": [
        {
          "schema_version": 1,
          "attributes": {
            "arn": "arn:aws:ec2:eu-north-1:039612864283:security-group/sg-0a2b8947767b0674d",
            "description": "SG for Jenkins",
            "egress": [
              {
                "cidr_blocks": [
                  "0.0.0.0/0"
                ],
                "description": "",
                "from_port": 0,
                "ipv6_cidr_blocks": [],
                "prefix_list_ids": [],
                "protocol": "-1",
                "security_groups": [],
                "self": false,
                "to_port": 0
              }
            ],
            "id": "sg-0a2b8947767b0674d",
            "ingress": [
              {
                "cidr_blocks": [],
                "description": "",
                "from_port": 22,
                "ipv6_cidr_blocks": [],
                "prefix_list_ids": [],
                "protocol": "tcp",
                "security_groups": [
                  "sg-0d656622d887b1339"
                ],
                "self": false,
                "to_port": 22
              },
              {
                "cidr_blocks": [],
                "description": "",
                "from_port": 8080,
                "ipv6_cidr_blocks": [],
                "prefix_list_ids": [],
                "protocol": "tcp",
                "security_groups": [
                  "sg-0c7f7aace1238d536"
                ],
                "self": false,
                "to_port": 8080
              },
              {
                "cidr_blocks": [],
                "description": "",
                "from_port": 8080,
                "ipv6_cidr_blocks": [],
                "prefix_list_ids": [],
                "protocol": "tcp",
                "security_groups": [
                  "sg-0d656622d887b1339"
                ],
                "self": false,
                "to_port": 8080
              }
            ],
            "name": "sg_JENKINS",
            "name_prefix": "",
            "owner_id": "039612864283",
            "revoke_rules_on_delete": false,
            "tags": {
              "Name": "sg_JENKINS"
            },
            "tags_all": {
              "Name": "sg_JENKINS"
            },
            "timeouts": null,
            "vpc_id": "vpc-00ab0082adeef6e00"
          },
          "sensitive_attributes": [],
          "private": "eyJlMmJmYjczMC1lY2FhLTExZTYtOGY4OC0zNDM2M2JjN2M0YzAiOnsiY3JlYXRlIjo2MDAwMDAwMDAwMDAsImRlbGV0ZSI6OTAwMDAwMDAwMDAwfSwic2NoZW1hX3ZlcnNpb24iOiIxIn0=",
          "dependencies": [
            "aws_security_group.sg_ALB_JENKINS",
            "aws_security_group.sg_BASTION",
            "aws_vpc.my_main_vpc"
          ]
        }
      ]
    },
    {
      "mode": "managed",
      "type": "aws_security_group",
      "name": "sg_MONITORING",
      "provider": "provider[\"registry.terraform.io/hashicorp/aws\"]",
      "instances": [
        {
          "schema_version": 1,
          "attributes": {
            "arn": "arn:aws:ec2:eu-north-1:039612864283:security-group/sg-052f18c475e891a06",
            "description": "Allow internal monitoring access",
            "egress": [
              {
                "cidr_blocks": [
                  "0.0.0.0/0"
                ],
                "description": "",
                "from_port": 0,
                "ipv6_cidr_blocks": [],
                "prefix_list_ids": [],
                "protocol": "-1",
                "security_groups": [],
                "self": false,
                "to_port": 0
              }
            ],
            "id": "sg-052f18c475e891a06",
            "ingress": [
              {
                "cidr_blocks": [
                  "10.0.0.0/16"
                ],
                "description": "",
                "from_port": 8080,
                "ipv6_cidr_blocks": [],
                "prefix_list_ids": [],
                "protocol": "tcp",
                "security_groups": [],
                "self": false,
                "to_port": 8080
              },
              {
                "cidr_blocks": [],
                "description": "",
                "from_port": 22,
                "ipv6_cidr_blocks": [],
                "prefix_list_ids": [],
                "protocol": "tcp",
                "security_groups": [
                  "sg-0a2b8947767b0674d",
                  "sg-0d656622d887b1339"
                ],
                "self": false,
                "to_port": 22
              }
            ],
            "name": "sg_MONITORING",
            "name_prefix": "",
            "owner_id": "039612864283",
            "revoke_rules_on_delete": false,
            "tags": {
              "Name": "sg_MONITORING"
            },
            "tags_all": {
              "Name": "sg_MONITORING"
            },
            "timeouts": null,
            "vpc_id": "vpc-00ab0082adeef6e00"
          },
          "sensitive_attributes": [],
          "private": "eyJlMmJmYjczMC1lY2FhLTExZTYtOGY4OC0zNDM2M2JjN2M0YzAiOnsiY3JlYXRlIjo2MDAwMDAwMDAwMDAsImRlbGV0ZSI6OTAwMDAwMDAwMDAwfSwic2NoZW1hX3ZlcnNpb24iOiIxIn0=",
          "dependencies": [
            "aws_vpc.my_main_vpc"
          ]
        }
      ]
    },
    {
      "mode": "managed",
      "type": "aws_security_group",
      "name": "sg_SCANNER",
      "provider": "provider[\"registry.terraform.io/hashicorp/aws\"]",
      "instances": [
        {
          "schema_version": 1,
          "attributes": {
            "arn": "arn:aws:ec2:eu-north-1:039612864283:security-group/sg-01411d0cea18a4483",
            "description": "SCANNER sg",
            "egress": [
              {
                "cidr_blocks": [
                  "0.0.0.0/0"
                ],
                "description": "",
                "from_port": 0,
                "ipv6_cidr_blocks": [],
                "prefix_list_ids": [],
                "protocol": "-1",
                "security_groups": [],
                "self": false,
                "to_port": 0
              }
            ],
            "id": "sg-01411d0cea18a4483",
            "ingress": [
              {
                "cidr_blocks": [
                  "10.0.0.0/16"
                ],
                "description": "",
                "from_port": 8080,
                "ipv6_cidr_blocks": [],
                "prefix_list_ids": [],
                "protocol": "tcp",
                "security_groups": [],
                "self": false,
                "to_port": 8080
              },
              {
                "cidr_blocks": [],
                "description": "",
                "from_port": 22,
                "ipv6_cidr_blocks": [],
                "prefix_list_ids": [],
                "protocol": "tcp",
                "security_groups": [
                  "sg-0a2b8947767b0674d",
                  "sg-0d656622d887b1339"
                ],
                "self": false,
                "to_port": 22
              }
            ],
            "name": "sg_SCANNER",
            "name_prefix": "",
            "owner_id": "039612864283",
            "revoke_rules_on_delete": false,
            "tags": {
              "Name": "sg_SCANNER"
            },
            "tags_all": {
              "Name": "sg_SCANNER"
            },
            "timeouts": null,
            "vpc_id": "vpc-00ab0082adeef6e00"
          },
          "sensitive_attributes": [],
          "private": "eyJlMmJmYjczMC1lY2FhLTExZTYtOGY4OC0zNDM2M2JjN2M0YzAiOnsiY3JlYXRlIjo2MDAwMDAwMDAwMDAsImRlbGV0ZSI6OTAwMDAwMDAwMDAwfSwic2NoZW1hX3ZlcnNpb24iOiIxIn0=",
          "dependencies": [
            "aws_vpc.my_main_vpc"
          ]
        }
      ]
    },
    {
      "mode": "managed",
      "type": "aws_sns_topic",
      "name": "my_alarm_topic",
      "provider": "provider[\"registry.terraform.io/hashicorp/aws\"]",
      "instances": [
        {
          "schema_version": 0,
          "attributes": {
            "application_failure_feedback_role_arn": "",
            "application_success_feedback_role_arn": "",
            "application_success_feedback_sample_rate": 0,
            "archive_policy": "",
            "arn": "arn:aws:sns:eu-north-1:039612864283:my_cloudwatch_alerts_topic",
            "beginning_archive_time": "",
            "content_based_deduplication": false,
            "delivery_policy": "",
            "display_name": "",
            "fifo_throughput_scope": "",
            "fifo_topic": false,
            "firehose_failure_feedback_role_arn": "",
            "firehose_success_feedback_role_arn": "",
            "firehose_success_feedback_sample_rate": 0,
            "http_failure_feedback_role_arn": "",
            "http_success_feedback_role_arn": "",
            "http_success_feedback_sample_rate": 0,
            "id": "arn:aws:sns:eu-north-1:039612864283:my_cloudwatch_alerts_topic",
            "kms_master_key_id": "",
            "lambda_failure_feedback_role_arn": "",
            "lambda_success_feedback_role_arn": "",
            "lambda_success_feedback_sample_rate": 0,
            "name": "my_cloudwatch_alerts_topic",
            "name_prefix": "",
            "owner": "039612864283",
            "policy": "{\"Id\":\"__default_policy_ID\",\"Statement\":[{\"Action\":[\"SNS:GetTopicAttributes\",\"SNS:SetTopicAttributes\",\"SNS:AddPermission\",\"SNS:RemovePermission\",\"SNS:DeleteTopic\",\"SNS:Subscribe\",\"SNS:ListSubscriptionsByTopic\",\"SNS:Publish\"],\"Condition\":{\"StringEquals\":{\"AWS:SourceOwner\":\"039612864283\"}},\"Effect\":\"Allow\",\"Principal\":{\"AWS\":\"*\"},\"Resource\":\"arn:aws:sns:eu-north-1:039612864283:my_cloudwatch_alerts_topic\",\"Sid\":\"__default_statement_ID\"}],\"Version\":\"2008-10-17\"}",
            "signature_version": 0,
            "sqs_failure_feedback_role_arn": "",
            "sqs_success_feedback_role_arn": "",
            "sqs_success_feedback_sample_rate": 0,
            "tags": {},
            "tags_all": {},
            "tracing_config": ""
          },
          "sensitive_attributes": [],
          "private": "bnVsbA=="
        }
      ]
    },
    {
      "mode": "managed",
      "type": "aws_sns_topic_subscription",
      "name": "email_alert",
      "provider": "provider[\"registry.terraform.io/hashicorp/aws\"]",
      "instances": [
        {
          "schema_version": 0,
          "attributes": {
            "arn": "arn:aws:sns:eu-north-1:039612864283:my_cloudwatch_alerts_topic:c6d5f232-01a2-467f-9bed-59128e3d33eb",
            "confirmation_timeout_in_minutes": 1,
            "confirmation_was_authenticated": false,
            "delivery_policy": "",
            "endpoint": "3v401sec@protonmail.com",
            "endpoint_auto_confirms": false,
            "filter_policy": "",
            "filter_policy_scope": "",
            "id": "arn:aws:sns:eu-north-1:039612864283:my_cloudwatch_alerts_topic:c6d5f232-01a2-467f-9bed-59128e3d33eb",
            "owner_id": "039612864283",
            "pending_confirmation": true,
            "protocol": "email",
            "raw_message_delivery": false,
            "redrive_policy": "",
            "replay_policy": "",
            "subscription_role_arn": "",
            "topic_arn": "arn:aws:sns:eu-north-1:039612864283:my_cloudwatch_alerts_topic"
          },
          "sensitive_attributes": [],
          "private": "bnVsbA==",
          "dependencies": [
            "aws_sns_topic.my_alarm_topic"
          ]
        }
      ]
    },
    {
      "mode": "managed",
      "type": "aws_subnet",
      "name": "my_pods_private_subnet_1",
      "provider": "provider[\"registry.terraform.io/hashicorp/aws\"]",
      "instances": [
        {
          "schema_version": 1,
          "attributes": {
            "arn": "arn:aws:ec2:eu-north-1:039612864283:subnet/subnet-0e99af233c0141914",
            "assign_ipv6_address_on_creation": false,
            "availability_zone": "eu-north-1a",
            "availability_zone_id": "eun1-az1",
            "cidr_block": "10.0.5.0/24",
            "customer_owned_ipv4_pool": "",
            "enable_dns64": false,
            "enable_lni_at_device_index": 0,
            "enable_resource_name_dns_a_record_on_launch": false,
            "enable_resource_name_dns_aaaa_record_on_launch": false,
            "id": "subnet-0e99af233c0141914",
            "ipv6_cidr_block": "",
            "ipv6_cidr_block_association_id": "",
            "ipv6_native": false,
            "map_customer_owned_ip_on_launch": false,
            "map_public_ip_on_launch": false,
            "outpost_arn": "",
            "owner_id": "039612864283",
            "private_dns_hostname_type_on_launch": "ip-name",
            "tags": {
              "Name": "Pods private subnet 1"
            },
            "tags_all": {
              "Name": "Pods private subnet 1"
            },
            "timeouts": null,
            "vpc_id": "vpc-00ab0082adeef6e00"
          },
          "sensitive_attributes": [],
          "private": "eyJlMmJmYjczMC1lY2FhLTExZTYtOGY4OC0zNDM2M2JjN2M0YzAiOnsiY3JlYXRlIjo2MDAwMDAwMDAwMDAsImRlbGV0ZSI6MTIwMDAwMDAwMDAwMH0sInNjaGVtYV92ZXJzaW9uIjoiMSJ9",
          "dependencies": [
            "aws_vpc.my_main_vpc"
          ]
        }
      ]
    },
    {
      "mode": "managed",
      "type": "aws_subnet",
      "name": "my_pods_private_subnet_2",
      "provider": "provider[\"registry.terraform.io/hashicorp/aws\"]",
      "instances": [
        {
          "schema_version": 1,
          "attributes": {
            "arn": "arn:aws:ec2:eu-north-1:039612864283:subnet/subnet-01d1a654a78bce0f1",
            "assign_ipv6_address_on_creation": false,
            "availability_zone": "eu-north-1b",
            "availability_zone_id": "eun1-az2",
            "cidr_block": "10.0.6.0/24",
            "customer_owned_ipv4_pool": "",
            "enable_dns64": false,
            "enable_lni_at_device_index": 0,
            "enable_resource_name_dns_a_record_on_launch": false,
            "enable_resource_name_dns_aaaa_record_on_launch": false,
            "id": "subnet-01d1a654a78bce0f1",
            "ipv6_cidr_block": "",
            "ipv6_cidr_block_association_id": "",
            "ipv6_native": false,
            "map_customer_owned_ip_on_launch": false,
            "map_public_ip_on_launch": false,
            "outpost_arn": "",
            "owner_id": "039612864283",
            "private_dns_hostname_type_on_launch": "ip-name",
            "tags": {
              "Name": "Pods private subnet 2"
            },
            "tags_all": {
              "Name": "Pods private subnet 2"
            },
            "timeouts": null,
            "vpc_id": "vpc-00ab0082adeef6e00"
          },
          "sensitive_attributes": [],
          "private": "eyJlMmJmYjczMC1lY2FhLTExZTYtOGY4OC0zNDM2M2JjN2M0YzAiOnsiY3JlYXRlIjo2MDAwMDAwMDAwMDAsImRlbGV0ZSI6MTIwMDAwMDAwMDAwMH0sInNjaGVtYV92ZXJzaW9uIjoiMSJ9",
          "dependencies": [
            "aws_vpc.my_main_vpc"
          ]
        }
      ]
    },
    {
      "mode": "managed",
      "type": "aws_subnet",
      "name": "my_private_subnet_1",
      "provider": "provider[\"registry.terraform.io/hashicorp/aws\"]",
      "instances": [
        {
          "schema_version": 1,
          "attributes": {
            "arn": "arn:aws:ec2:eu-north-1:039612864283:subnet/subnet-012ca80a2303a146f",
            "assign_ipv6_address_on_creation": false,
            "availability_zone": "eu-north-1a",
            "availability_zone_id": "eun1-az1",
            "cidr_block": "10.0.3.0/24",
            "customer_owned_ipv4_pool": "",
            "enable_dns64": false,
            "enable_lni_at_device_index": 0,
            "enable_resource_name_dns_a_record_on_launch": false,
            "enable_resource_name_dns_aaaa_record_on_launch": false,
            "id": "subnet-012ca80a2303a146f",
            "ipv6_cidr_block": "",
            "ipv6_cidr_block_association_id": "",
            "ipv6_native": false,
            "map_customer_owned_ip_on_launch": false,
            "map_public_ip_on_launch": false,
            "outpost_arn": "",
            "owner_id": "039612864283",
            "private_dns_hostname_type_on_launch": "ip-name",
            "tags": {
              "Name": "my_private_subnet_1_eu-north-1a"
            },
            "tags_all": {
              "Name": "my_private_subnet_1_eu-north-1a"
            },
            "timeouts": null,
            "vpc_id": "vpc-00ab0082adeef6e00"
          },
          "sensitive_attributes": [],
          "private": "eyJlMmJmYjczMC1lY2FhLTExZTYtOGY4OC0zNDM2M2JjN2M0YzAiOnsiY3JlYXRlIjo2MDAwMDAwMDAwMDAsImRlbGV0ZSI6MTIwMDAwMDAwMDAwMH0sInNjaGVtYV92ZXJzaW9uIjoiMSJ9",
          "dependencies": [
            "aws_vpc.my_main_vpc"
          ],
          "create_before_destroy": true
        }
      ]
    },
    {
      "mode": "managed",
      "type": "aws_subnet",
      "name": "my_private_subnet_2",
      "provider": "provider[\"registry.terraform.io/hashicorp/aws\"]",
      "instances": [
        {
          "schema_version": 1,
          "attributes": {
            "arn": "arn:aws:ec2:eu-north-1:039612864283:subnet/subnet-0218f9dd12b492d9f",
            "assign_ipv6_address_on_creation": false,
            "availability_zone": "eu-north-1b",
            "availability_zone_id": "eun1-az2",
            "cidr_block": "10.0.4.0/24",
            "customer_owned_ipv4_pool": "",
            "enable_dns64": false,
            "enable_lni_at_device_index": 0,
            "enable_resource_name_dns_a_record_on_launch": false,
            "enable_resource_name_dns_aaaa_record_on_launch": false,
            "id": "subnet-0218f9dd12b492d9f",
            "ipv6_cidr_block": "",
            "ipv6_cidr_block_association_id": "",
            "ipv6_native": false,
            "map_customer_owned_ip_on_launch": false,
            "map_public_ip_on_launch": false,
            "outpost_arn": "",
            "owner_id": "039612864283",
            "private_dns_hostname_type_on_launch": "ip-name",
            "tags": {
              "Name": "my_private_subnet_2_eu-north-1b"
            },
            "tags_all": {
              "Name": "my_private_subnet_2_eu-north-1b"
            },
            "timeouts": null,
            "vpc_id": "vpc-00ab0082adeef6e00"
          },
          "sensitive_attributes": [],
          "private": "eyJlMmJmYjczMC1lY2FhLTExZTYtOGY4OC0zNDM2M2JjN2M0YzAiOnsiY3JlYXRlIjo2MDAwMDAwMDAwMDAsImRlbGV0ZSI6MTIwMDAwMDAwMDAwMH0sInNjaGVtYV92ZXJzaW9uIjoiMSJ9",
          "dependencies": [
            "aws_vpc.my_main_vpc"
          ],
          "create_before_destroy": true
        }
      ]
    },
    {
      "mode": "managed",
      "type": "aws_subnet",
      "name": "my_public_subnet_1",
      "provider": "provider[\"registry.terraform.io/hashicorp/aws\"]",
      "instances": [
        {
          "schema_version": 1,
          "attributes": {
            "arn": "arn:aws:ec2:eu-north-1:039612864283:subnet/subnet-03cbeae40811a199d",
            "assign_ipv6_address_on_creation": false,
            "availability_zone": "eu-north-1a",
            "availability_zone_id": "eun1-az1",
            "cidr_block": "10.0.1.0/24",
            "customer_owned_ipv4_pool": "",
            "enable_dns64": false,
            "enable_lni_at_device_index": 0,
            "enable_resource_name_dns_a_record_on_launch": false,
            "enable_resource_name_dns_aaaa_record_on_launch": false,
            "id": "subnet-03cbeae40811a199d",
            "ipv6_cidr_block": "",
            "ipv6_cidr_block_association_id": "",
            "ipv6_native": false,
            "map_customer_owned_ip_on_launch": false,
            "map_public_ip_on_launch": true,
            "outpost_arn": "",
            "owner_id": "039612864283",
            "private_dns_hostname_type_on_launch": "ip-name",
            "tags": {
              "Name": "my_public_subnet_1_eu-north-1a"
            },
            "tags_all": {
              "Name": "my_public_subnet_1_eu-north-1a"
            },
            "timeouts": null,
            "vpc_id": "vpc-00ab0082adeef6e00"
          },
          "sensitive_attributes": [],
          "private": "eyJlMmJmYjczMC1lY2FhLTExZTYtOGY4OC0zNDM2M2JjN2M0YzAiOnsiY3JlYXRlIjo2MDAwMDAwMDAwMDAsImRlbGV0ZSI6MTIwMDAwMDAwMDAwMH0sInNjaGVtYV92ZXJzaW9uIjoiMSJ9",
          "dependencies": [
            "aws_vpc.my_main_vpc"
          ]
        }
      ]
    },
    {
      "mode": "managed",
      "type": "aws_subnet",
      "name": "my_public_subnet_2",
      "provider": "provider[\"registry.terraform.io/hashicorp/aws\"]",
      "instances": [
        {
          "schema_version": 1,
          "attributes": {
            "arn": "arn:aws:ec2:eu-north-1:039612864283:subnet/subnet-049ac68bbecd3419e",
            "assign_ipv6_address_on_creation": false,
            "availability_zone": "eu-north-1b",
            "availability_zone_id": "eun1-az2",
            "cidr_block": "10.0.2.0/24",
            "customer_owned_ipv4_pool": "",
            "enable_dns64": false,
            "enable_lni_at_device_index": 0,
            "enable_resource_name_dns_a_record_on_launch": false,
            "enable_resource_name_dns_aaaa_record_on_launch": false,
            "id": "subnet-049ac68bbecd3419e",
            "ipv6_cidr_block": "",
            "ipv6_cidr_block_association_id": "",
            "ipv6_native": false,
            "map_customer_owned_ip_on_launch": false,
            "map_public_ip_on_launch": true,
            "outpost_arn": "",
            "owner_id": "039612864283",
            "private_dns_hostname_type_on_launch": "ip-name",
            "tags": {
              "Name": "my_public_subnet_2_eu-north-1b"
            },
            "tags_all": {
              "Name": "my_public_subnet_2_eu-north-1b"
            },
            "timeouts": null,
            "vpc_id": "vpc-00ab0082adeef6e00"
          },
          "sensitive_attributes": [],
          "private": "eyJlMmJmYjczMC1lY2FhLTExZTYtOGY4OC0zNDM2M2JjN2M0YzAiOnsiY3JlYXRlIjo2MDAwMDAwMDAwMDAsImRlbGV0ZSI6MTIwMDAwMDAwMDAwMH0sInNjaGVtYV92ZXJzaW9uIjoiMSJ9",
          "dependencies": [
            "aws_vpc.my_main_vpc"
          ]
        }
      ]
    },
    {
      "mode": "managed",
      "type": "aws_volume_attachment",
      "name": "jenkins_data_attachment",
      "provider": "provider[\"registry.terraform.io/hashicorp/aws\"]",
      "instances": [
        {
          "schema_version": 0,
          "attributes": {
            "device_name": "/dev/xvdf",
            "force_detach": true,
            "id": "vai-2332607333",
            "instance_id": "i-053ad9fd99e05c0ea",
            "skip_destroy": null,
            "stop_instance_before_detaching": null,
            "timeouts": null,
            "volume_id": "vol-055ce4a809f10fbc1"
          },
          "sensitive_attributes": [],
          "private": "eyJlMmJmYjczMC1lY2FhLTExZTYtOGY4OC0zNDM2M2JjN2M0YzAiOnsiY3JlYXRlIjozMDAwMDAwMDAwMDAsImRlbGV0ZSI6MzAwMDAwMDAwMDAwfX0=",
          "dependencies": [
            "aws_ebs_volume.jenkins_data",
            "aws_iam_instance_profile.my_ec2_instance_profile",
            "aws_iam_role.my_ec2_instance_role",
            "aws_instance.my_jenkins_EC2_instance",
            "aws_key_pair.my_jenkins_key_auth",
            "aws_security_group.sg_ALB_JENKINS",
            "aws_security_group.sg_BASTION",
            "aws_security_group.sg_JENKINS",
            "aws_subnet.my_private_subnet_1",
            "aws_vpc.my_main_vpc",
            "data.aws_ami.my_main_ubuntu_EC2_data",
            "data.template_file.jenkins_userdata",
            "tls_private_key.bastion_internal",
            "tls_private_key.jenkins_internal"
          ]
        }
      ]
    },
    {
      "mode": "managed",
      "type": "aws_vpc",
      "name": "my_main_vpc",
      "provider": "provider[\"registry.terraform.io/hashicorp/aws\"]",
      "instances": [
        {
          "schema_version": 1,
          "attributes": {
            "arn": "arn:aws:ec2:eu-north-1:039612864283:vpc/vpc-00ab0082adeef6e00",
            "assign_generated_ipv6_cidr_block": false,
            "cidr_block": "10.0.0.0/16",
            "default_network_acl_id": "acl-07141105bdc80f4a2",
            "default_route_table_id": "rtb-020dea6d033ef2f20",
            "default_security_group_id": "sg-0d60e6daab618cd72",
            "dhcp_options_id": "dopt-0b4968e8070808d6f",
            "enable_dns_hostnames": true,
            "enable_dns_support": true,
            "enable_network_address_usage_metrics": false,
            "id": "vpc-00ab0082adeef6e00",
            "instance_tenancy": "default",
            "ipv4_ipam_pool_id": null,
            "ipv4_netmask_length": null,
            "ipv6_association_id": "",
            "ipv6_cidr_block": "",
            "ipv6_cidr_block_network_border_group": "",
            "ipv6_ipam_pool_id": "",
            "ipv6_netmask_length": 0,
            "main_route_table_id": "rtb-020dea6d033ef2f20",
            "owner_id": "039612864283",
            "tags": {
              "Name": "vpc_developer"
            },
            "tags_all": {
              "Name": "vpc_developer"
            }
          },
          "sensitive_attributes": [],
          "private": "eyJzY2hlbWFfdmVyc2lvbiI6IjEifQ==",
          "create_before_destroy": true
        }
      ]
    },
    {
      "mode": "managed",
      "type": "aws_vpc_security_group_egress_rule",
      "name": "sg_API_all_outbound_traffic_ipv4",
      "provider": "provider[\"registry.terraform.io/hashicorp/aws\"]",
      "instances": [
        {
          "schema_version": 0,
          "attributes": {
            "arn": "arn:aws:ec2:eu-north-1:039612864283:security-group-rule/sgr-07820515407b250f0",
            "cidr_ipv4": "0.0.0.0/0",
            "cidr_ipv6": null,
            "description": null,
            "from_port": null,
            "id": "sgr-07820515407b250f0",
            "ip_protocol": "-1",
            "prefix_list_id": null,
            "referenced_security_group_id": null,
            "security_group_id": "sg-05aa84913b23e53e5",
            "security_group_rule_id": "sgr-07820515407b250f0",
            "tags": {
              "Name": "Allow all outbound connection to API ipv4"
            },
            "tags_all": {
              "Name": "Allow all outbound connection to API ipv4"
            },
            "to_port": null
          },
          "sensitive_attributes": [],
          "dependencies": [
            "aws_security_group.sg_API",
            "aws_vpc.my_main_vpc"
          ]
        }
      ]
    },
    {
      "mode": "managed",
      "type": "aws_vpc_security_group_egress_rule",
      "name": "sg_BASTION_all_outbound_traffic_ipv4",
      "provider": "provider[\"registry.terraform.io/hashicorp/aws\"]",
      "instances": [
        {
          "schema_version": 0,
          "attributes": {
            "arn": "arn:aws:ec2:eu-north-1:039612864283:security-group-rule/sgr-0cc35c1c3eee87ee9",
            "cidr_ipv4": "0.0.0.0/0",
            "cidr_ipv6": null,
            "description": null,
            "from_port": null,
            "id": "sgr-0cc35c1c3eee87ee9",
            "ip_protocol": "-1",
            "prefix_list_id": null,
            "referenced_security_group_id": null,
            "security_group_id": "sg-0d656622d887b1339",
            "security_group_rule_id": "sgr-0cc35c1c3eee87ee9",
            "tags": null,
            "tags_all": {},
            "to_port": null
          },
          "sensitive_attributes": [],
          "dependencies": [
            "aws_security_group.sg_BASTION",
            "aws_vpc.my_main_vpc"
          ]
        }
      ]
    },
    {
      "mode": "managed",
      "type": "aws_vpc_security_group_egress_rule",
      "name": "sg_MONITORING_all_outbound_traffic_ipv4",
      "provider": "provider[\"registry.terraform.io/hashicorp/aws\"]",
      "instances": [
        {
          "schema_version": 0,
          "attributes": {
            "arn": "arn:aws:ec2:eu-north-1:039612864283:security-group-rule/sgr-05854bfc286708c46",
            "cidr_ipv4": "0.0.0.0/0",
            "cidr_ipv6": null,
            "description": null,
            "from_port": null,
            "id": "sgr-05854bfc286708c46",
            "ip_protocol": "-1",
            "prefix_list_id": null,
            "referenced_security_group_id": null,
            "security_group_id": "sg-052f18c475e891a06",
            "security_group_rule_id": "sgr-05854bfc286708c46",
            "tags": null,
            "tags_all": {},
            "to_port": null
          },
          "sensitive_attributes": [],
          "dependencies": [
            "aws_security_group.sg_MONITORING",
            "aws_vpc.my_main_vpc"
          ]
        }
      ]
    },
    {
      "mode": "managed",
      "type": "aws_vpc_security_group_egress_rule",
      "name": "sg_SCANNER_all_outbound_traffic_ipv4",
      "provider": "provider[\"registry.terraform.io/hashicorp/aws\"]",
      "instances": [
        {
          "schema_version": 0,
          "attributes": {
            "arn": "arn:aws:ec2:eu-north-1:039612864283:security-group-rule/sgr-0f1597fec065c25db",
            "cidr_ipv4": "0.0.0.0/0",
            "cidr_ipv6": null,
            "description": null,
            "from_port": null,
            "id": "sgr-0f1597fec065c25db",
            "ip_protocol": "-1",
            "prefix_list_id": null,
            "referenced_security_group_id": null,
            "security_group_id": "sg-01411d0cea18a4483",
            "security_group_rule_id": "sgr-0f1597fec065c25db",
            "tags": null,
            "tags_all": {},
            "to_port": null
          },
          "sensitive_attributes": [],
          "dependencies": [
            "aws_security_group.sg_SCANNER",
            "aws_vpc.my_main_vpc"
          ]
        }
      ]
    },
    {
      "mode": "managed",
      "type": "aws_vpc_security_group_ingress_rule",
      "name": "sg_API_ipv4_HTTP",
      "provider": "provider[\"registry.terraform.io/hashicorp/aws\"]",
      "instances": [
        {
          "schema_version": 0,
          "attributes": {
            "arn": "arn:aws:ec2:eu-north-1:039612864283:security-group-rule/sgr-0e11030bf443c8ba6",
            "cidr_ipv4": "0.0.0.0/0",
            "cidr_ipv6": null,
            "description": null,
            "from_port": 80,
            "id": "sgr-0e11030bf443c8ba6",
            "ip_protocol": "tcp",
            "prefix_list_id": null,
            "referenced_security_group_id": null,
            "security_group_id": "sg-05aa84913b23e53e5",
            "security_group_rule_id": "sgr-0e11030bf443c8ba6",
            "tags": {
              "Name": "Allow HTTP inbound connection to API ipv4"
            },
            "tags_all": {
              "Name": "Allow HTTP inbound connection to API ipv4"
            },
            "to_port": 80
          },
          "sensitive_attributes": [],
          "dependencies": [
            "aws_security_group.sg_API",
            "aws_vpc.my_main_vpc"
          ]
        }
      ]
    },
    {
      "mode": "managed",
      "type": "aws_vpc_security_group_ingress_rule",
      "name": "sg_API_ipv4_HTTPS",
      "provider": "provider[\"registry.terraform.io/hashicorp/aws\"]",
      "instances": [
        {
          "schema_version": 0,
          "attributes": {
            "arn": "arn:aws:ec2:eu-north-1:039612864283:security-group-rule/sgr-041581bd844881865",
            "cidr_ipv4": "0.0.0.0/0",
            "cidr_ipv6": null,
            "description": null,
            "from_port": 443,
            "id": "sgr-041581bd844881865",
            "ip_protocol": "tcp",
            "prefix_list_id": null,
            "referenced_security_group_id": null,
            "security_group_id": "sg-05aa84913b23e53e5",
            "security_group_rule_id": "sgr-041581bd844881865",
            "tags": {
              "Name": "Allow HTTPS inbound connection to API ipv4"
            },
            "tags_all": {
              "Name": "Allow HTTPS inbound connection to API ipv4"
            },
            "to_port": 443
          },
          "sensitive_attributes": [],
          "dependencies": [
            "aws_security_group.sg_API",
            "aws_vpc.my_main_vpc"
          ]
        }
      ]
    },
    {
      "mode": "managed",
      "type": "aws_vpc_security_group_ingress_rule",
      "name": "sg_API_ssh_from_bastion",
      "provider": "provider[\"registry.terraform.io/hashicorp/aws\"]",
      "instances": [
        {
          "schema_version": 0,
          "attributes": {
            "arn": "arn:aws:ec2:eu-north-1:039612864283:security-group-rule/sgr-02ea53c19a85b5c61",
            "cidr_ipv4": null,
            "cidr_ipv6": null,
            "description": null,
            "from_port": 22,
            "id": "sgr-02ea53c19a85b5c61",
            "ip_protocol": "tcp",
            "prefix_list_id": null,
            "referenced_security_group_id": "sg-0d656622d887b1339",
            "security_group_id": "sg-05aa84913b23e53e5",
            "security_group_rule_id": "sgr-02ea53c19a85b5c61",
            "tags": {
              "Name": "Allow SSH from Bastion"
            },
            "tags_all": {
              "Name": "Allow SSH from Bastion"
            },
            "to_port": 22
          },
          "sensitive_attributes": [],
          "dependencies": [
            "aws_security_group.sg_API",
            "aws_security_group.sg_BASTION",
            "aws_vpc.my_main_vpc"
          ]
        }
      ]
    },
    {
      "mode": "managed",
      "type": "aws_vpc_security_group_ingress_rule",
      "name": "sg_API_ssh_from_jenkins",
      "provider": "provider[\"registry.terraform.io/hashicorp/aws\"]",
      "instances": [
        {
          "schema_version": 0,
          "attributes": {
            "arn": "arn:aws:ec2:eu-north-1:039612864283:security-group-rule/sgr-0da3f55a730ec8dd5",
            "cidr_ipv4": null,
            "cidr_ipv6": null,
            "description": null,
            "from_port": 22,
            "id": "sgr-0da3f55a730ec8dd5",
            "ip_protocol": "tcp",
            "prefix_list_id": null,
            "referenced_security_group_id": "sg-0a2b8947767b0674d",
            "security_group_id": "sg-05aa84913b23e53e5",
            "security_group_rule_id": "sgr-0da3f55a730ec8dd5",
            "tags": {
              "Name": "Allow SSH from Jenkins"
            },
            "tags_all": {
              "Name": "Allow SSH from Jenkins"
            },
            "to_port": 22
          },
          "sensitive_attributes": [],
          "dependencies": [
            "aws_security_group.sg_ALB_JENKINS",
            "aws_security_group.sg_API",
            "aws_security_group.sg_BASTION",
            "aws_security_group.sg_JENKINS",
            "aws_vpc.my_main_vpc"
          ]
        }
      ]
    },
    {
      "mode": "managed",
      "type": "aws_vpc_security_group_ingress_rule",
      "name": "sg_BASTION_ipv4",
      "provider": "provider[\"registry.terraform.io/hashicorp/aws\"]",
      "instances": [
        {
          "schema_version": 0,
          "attributes": {
            "arn": "arn:aws:ec2:eu-north-1:039612864283:security-group-rule/sgr-09be539a00bf9b76b",
            "cidr_ipv4": "134.94.2.124/32",
            "cidr_ipv6": null,
            "description": null,
            "from_port": 22,
            "id": "sgr-09be539a00bf9b76b",
            "ip_protocol": "tcp",
            "prefix_list_id": null,
            "referenced_security_group_id": null,
            "security_group_id": "sg-0d656622d887b1339",
            "security_group_rule_id": "sgr-09be539a00bf9b76b",
            "tags": null,
            "tags_all": {},
            "to_port": 22
          },
          "sensitive_attributes": [],
          "dependencies": [
            "aws_security_group.sg_BASTION",
            "aws_vpc.my_main_vpc"
          ]
        }
      ]
    },
    {
      "mode": "managed",
      "type": "aws_vpc_security_group_ingress_rule",
      "name": "sg_MONITORING_ipv4",
      "provider": "provider[\"registry.terraform.io/hashicorp/aws\"]",
      "instances": [
        {
          "schema_version": 0,
          "attributes": {
            "arn": "arn:aws:ec2:eu-north-1:039612864283:security-group-rule/sgr-0dcc4b28851393b23",
            "cidr_ipv4": "10.0.0.0/16",
            "cidr_ipv6": null,
            "description": null,
            "from_port": 8080,
            "id": "sgr-0dcc4b28851393b23",
            "ip_protocol": "tcp",
            "prefix_list_id": null,
            "referenced_security_group_id": null,
            "security_group_id": "sg-052f18c475e891a06",
            "security_group_rule_id": "sgr-0dcc4b28851393b23",
            "tags": {
              "Name": "Allow any device in the 10.0.0.0/16 VPC CIDR block to access port 8080"
            },
            "tags_all": {
              "Name": "Allow any device in the 10.0.0.0/16 VPC CIDR block to access port 8080"
            },
            "to_port": 8080
          },
          "sensitive_attributes": [],
          "dependencies": [
            "aws_security_group.sg_MONITORING",
            "aws_vpc.my_main_vpc"
          ]
        }
      ]
    },
    {
      "mode": "managed",
      "type": "aws_vpc_security_group_ingress_rule",
      "name": "sg_MONITORING_ssh_from_bastion",
      "provider": "provider[\"registry.terraform.io/hashicorp/aws\"]",
      "instances": [
        {
          "schema_version": 0,
          "attributes": {
            "arn": "arn:aws:ec2:eu-north-1:039612864283:security-group-rule/sgr-020e263c913a0cdb7",
            "cidr_ipv4": null,
            "cidr_ipv6": null,
            "description": null,
            "from_port": 22,
            "id": "sgr-020e263c913a0cdb7",
            "ip_protocol": "tcp",
            "prefix_list_id": null,
            "referenced_security_group_id": "sg-0d656622d887b1339",
            "security_group_id": "sg-052f18c475e891a06",
            "security_group_rule_id": "sgr-020e263c913a0cdb7",
            "tags": {
              "Name": "Allow SSH from Bastion to monitoring EC2 instance"
            },
            "tags_all": {
              "Name": "Allow SSH from Bastion to monitoring EC2 instance"
            },
            "to_port": 22
          },
          "sensitive_attributes": [],
          "dependencies": [
            "aws_security_group.sg_BASTION",
            "aws_security_group.sg_MONITORING",
            "aws_vpc.my_main_vpc"
          ]
        }
      ]
    },
    {
      "mode": "managed",
      "type": "aws_vpc_security_group_ingress_rule",
      "name": "sg_MONITORING_ssh_from_jenkins",
      "provider": "provider[\"registry.terraform.io/hashicorp/aws\"]",
      "instances": [
        {
          "schema_version": 0,
          "attributes": {
            "arn": "arn:aws:ec2:eu-north-1:039612864283:security-group-rule/sgr-0e68728bd60f99b89",
            "cidr_ipv4": null,
            "cidr_ipv6": null,
            "description": null,
            "from_port": 22,
            "id": "sgr-0e68728bd60f99b89",
            "ip_protocol": "tcp",
            "prefix_list_id": null,
            "referenced_security_group_id": "sg-0a2b8947767b0674d",
            "security_group_id": "sg-052f18c475e891a06",
            "security_group_rule_id": "sgr-0e68728bd60f99b89",
            "tags": {
              "Name": "Allow SSH from Jenkins to mointoring EC2 instance"
            },
            "tags_all": {
              "Name": "Allow SSH from Jenkins to mointoring EC2 instance"
            },
            "to_port": 22
          },
          "sensitive_attributes": [],
          "dependencies": [
            "aws_security_group.sg_ALB_JENKINS",
            "aws_security_group.sg_BASTION",
            "aws_security_group.sg_JENKINS",
            "aws_security_group.sg_MONITORING",
            "aws_vpc.my_main_vpc"
          ]
        }
      ]
    },
    {
      "mode": "managed",
      "type": "aws_vpc_security_group_ingress_rule",
      "name": "sg_SCANNER_ipv4",
      "provider": "provider[\"registry.terraform.io/hashicorp/aws\"]",
      "instances": [
        {
          "schema_version": 0,
          "attributes": {
            "arn": "arn:aws:ec2:eu-north-1:039612864283:security-group-rule/sgr-04c667aa7faec5db6",
            "cidr_ipv4": "10.0.0.0/16",
            "cidr_ipv6": null,
            "description": null,
            "from_port": 8080,
            "id": "sgr-04c667aa7faec5db6",
            "ip_protocol": "tcp",
            "prefix_list_id": null,
            "referenced_security_group_id": null,
            "security_group_id": "sg-01411d0cea18a4483",
            "security_group_rule_id": "sgr-04c667aa7faec5db6",
            "tags": {
              "Name": "Allow any device in the 10.0.0.0/16 VPC CIDR block to access port 8080"
            },
            "tags_all": {
              "Name": "Allow any device in the 10.0.0.0/16 VPC CIDR block to access port 8080"
            },
            "to_port": 8080
          },
          "sensitive_attributes": [],
          "dependencies": [
            "aws_security_group.sg_SCANNER",
            "aws_vpc.my_main_vpc"
          ]
        }
      ]
    },
    {
      "mode": "managed",
      "type": "aws_vpc_security_group_ingress_rule",
      "name": "sg_SCANNER_ssh_from_bastion",
      "provider": "provider[\"registry.terraform.io/hashicorp/aws\"]",
      "instances": [
        {
          "schema_version": 0,
          "attributes": {
            "arn": "arn:aws:ec2:eu-north-1:039612864283:security-group-rule/sgr-04ecc631743c00704",
            "cidr_ipv4": null,
            "cidr_ipv6": null,
            "description": null,
            "from_port": 22,
            "id": "sgr-04ecc631743c00704",
            "ip_protocol": "tcp",
            "prefix_list_id": null,
            "referenced_security_group_id": "sg-0d656622d887b1339",
            "security_group_id": "sg-01411d0cea18a4483",
            "security_group_rule_id": "sgr-04ecc631743c00704",
            "tags": {
              "Name": "Allow SSH from Bastion to scanner EC2 instance"
            },
            "tags_all": {
              "Name": "Allow SSH from Bastion to scanner EC2 instance"
            },
            "to_port": 22
          },
          "sensitive_attributes": [],
          "dependencies": [
            "aws_security_group.sg_BASTION",
            "aws_security_group.sg_SCANNER",
            "aws_vpc.my_main_vpc"
          ]
        }
      ]
    },
    {
      "mode": "managed",
      "type": "aws_vpc_security_group_ingress_rule",
      "name": "sg_SCANNER_ssh_from_jenkins",
      "provider": "provider[\"registry.terraform.io/hashicorp/aws\"]",
      "instances": [
        {
          "schema_version": 0,
          "attributes": {
            "arn": "arn:aws:ec2:eu-north-1:039612864283:security-group-rule/sgr-0216f8fbcfaeebe24",
            "cidr_ipv4": null,
            "cidr_ipv6": null,
            "description": null,
            "from_port": 22,
            "id": "sgr-0216f8fbcfaeebe24",
            "ip_protocol": "tcp",
            "prefix_list_id": null,
            "referenced_security_group_id": "sg-0a2b8947767b0674d",
            "security_group_id": "sg-01411d0cea18a4483",
            "security_group_rule_id": "sgr-0216f8fbcfaeebe24",
            "tags": {
              "Name": "Allow SSH from Jenkins to scanner EC2 instance"
            },
            "tags_all": {
              "Name": "Allow SSH from Jenkins to scanner EC2 instance"
            },
            "to_port": 22
          },
          "sensitive_attributes": [],
          "dependencies": [
            "aws_security_group.sg_ALB_JENKINS",
            "aws_security_group.sg_BASTION",
            "aws_security_group.sg_JENKINS",
            "aws_security_group.sg_SCANNER",
            "aws_vpc.my_main_vpc"
          ]
        }
      ]
    },
    {
      "mode": "managed",
      "type": "helm_release",
      "name": "externaldns",
      "provider": "provider[\"registry.terraform.io/hashicorp/helm\"]",
      "instances": [
        {
          "status": "tainted",
          "schema_version": 1,
          "attributes": {
            "atomic": false,
            "chart": "external-dns",
            "cleanup_on_fail": false,
            "create_namespace": false,
            "dependency_update": false,
            "description": null,
            "devel": null,
            "disable_crd_hooks": false,
            "disable_openapi_validation": false,
            "disable_webhooks": false,
            "force_update": false,
            "id": "external-dns",
            "keyring": null,
            "lint": false,
            "manifest": null,
            "max_history": 0,
            "metadata": [
              {
                "app_version": "0.16.1",
                "chart": "external-dns",
                "first_deployed": 1749548079,
                "last_deployed": 1749548079,
                "name": "external-dns",
                "namespace": "default",
                "notes": "***********************************************************************\n* External DNS                                                        *\n***********************************************************************\n  Chart version: 1.16.1\n  App version:   0.16.1\n  Image tag:     registry.k8s.io/external-dns/external-dns:v0.16.1\n***********************************************************************\n🚧 DEPRECATIONS 🚧\n\nThe following features, functions, or methods are deprecated and no longer recommended for use.\n\n❗❗❗ DEPRECATED ❗❗❗ The legacy 'provider: \u003cname\u003e' configuration is in use. Support will be removed in future releases.\n",
                "revision": 1,
                "values": "{\"cloudflare\":{\"apiToken\":\"N-aYiSKPE74P6EuNY6-ZQWKMDoGla0lZpjtLEFxX\"},\"domainFilters\":[\"myowaspproject3v401.com\"],\"policy\":\"sync\",\"provider\":\"cloudflare\",\"registry\":\"txt\",\"txtOwnerId\":\"threatgpt\"}",
                "version": "1.16.1"
              }
            ],
            "name": "external-dns",
            "namespace": "default",
            "pass_credentials": false,
            "postrender": [],
            "recreate_pods": false,
            "render_subchart_notes": true,
            "replace": false,
            "repository": "https://kubernetes-sigs.github.io/external-dns",
            "repository_ca_file": null,
            "repository_cert_file": null,
            "repository_key_file": null,
            "repository_password": null,
            "repository_username": null,
            "reset_values": false,
            "reuse_values": false,
            "set": [
              {
                "name": "cloudflare.apiToken",
                "type": "",
                "value": "N-aYiSKPE74P6EuNY6-ZQWKMDoGla0lZpjtLEFxX"
              },
              {
                "name": "domainFilters[0]",
                "type": "",
                "value": "myowaspproject3v401.com"
              },
              {
                "name": "policy",
                "type": "",
                "value": "sync"
              },
              {
                "name": "provider",
                "type": "",
                "value": "cloudflare"
              },
              {
                "name": "registry",
                "type": "",
                "value": "txt"
              },
              {
                "name": "txtOwnerId",
                "type": "",
                "value": "threatgpt"
              }
            ],
            "set_list": [],
            "set_sensitive": [],
            "skip_crds": false,
            "status": "failed",
            "timeout": 300,
            "upgrade_install": null,
            "values": null,
            "verify": false,
            "version": "1.16.1",
            "wait": true,
            "wait_for_jobs": false
          },
          "sensitive_attributes": [],
          "private": "eyJzY2hlbWFfdmVyc2lvbiI6IjEifQ==",
          "dependencies": [
            "aws_iam_role.eks_node_group_iam_role",
            "aws_subnet.my_private_subnet_1",
            "aws_subnet.my_private_subnet_2",
            "aws_vpc.my_main_vpc",
            "module.eks.aws_cloudwatch_log_group.this",
            "module.eks.aws_ec2_tag.cluster_primary_security_group",
            "module.eks.aws_eks_addon.before_compute",
            "module.eks.aws_eks_addon.this",
            "module.eks.aws_eks_cluster.this",
            "module.eks.aws_eks_identity_provider_config.this",
            "module.eks.aws_iam_openid_connect_provider.oidc_provider",
            "module.eks.aws_iam_policy.cluster_encryption",
            "module.eks.aws_iam_policy.cni_ipv6_policy",
            "module.eks.aws_iam_role.this",
            "module.eks.aws_iam_role_policy_attachment.additional",
            "module.eks.aws_iam_role_policy_attachment.cluster_encryption",
            "module.eks.aws_iam_role_policy_attachment.this",
            "module.eks.aws_security_group.cluster",
            "module.eks.aws_security_group.node",
            "module.eks.aws_security_group_rule.cluster",
            "module.eks.aws_security_group_rule.node",
            "module.eks.data.aws_caller_identity.current",
            "module.eks.data.aws_eks_addon_version.this",
            "module.eks.data.aws_iam_policy_document.assume_role_policy",
            "module.eks.data.aws_iam_policy_document.cni_ipv6_policy",
            "module.eks.data.aws_iam_session_context.current",
            "module.eks.data.aws_partition.current",
            "module.eks.data.tls_certificate.this",
            "module.eks.kubernetes_config_map.aws_auth",
            "module.eks.kubernetes_config_map_v1_data.aws_auth",
            "module.eks.module.eks_managed_node_group.aws_autoscaling_schedule.this",
            "module.eks.module.eks_managed_node_group.aws_eks_node_group.this",
            "module.eks.module.eks_managed_node_group.aws_iam_role.this",
            "module.eks.module.eks_managed_node_group.aws_iam_role_policy_attachment.additional",
            "module.eks.module.eks_managed_node_group.aws_iam_role_policy_attachment.this",
            "module.eks.module.eks_managed_node_group.aws_launch_template.this",
            "module.eks.module.eks_managed_node_group.data.aws_caller_identity.current",
            "module.eks.module.eks_managed_node_group.data.aws_iam_policy_document.assume_role_policy",
            "module.eks.module.eks_managed_node_group.data.aws_partition.current",
            "module.eks.module.eks_managed_node_group.module.user_data.data.cloudinit_config.linux_eks_managed_node_group",
            "module.eks.module.fargate_profile.aws_eks_fargate_profile.this",
            "module.eks.module.fargate_profile.aws_iam_role.this",
            "module.eks.module.fargate_profile.aws_iam_role_policy_attachment.additional",
            "module.eks.module.fargate_profile.aws_iam_role_policy_attachment.this",
            "module.eks.module.fargate_profile.data.aws_caller_identity.current",
            "module.eks.module.fargate_profile.data.aws_iam_policy_document.assume_role_policy",
            "module.eks.module.fargate_profile.data.aws_partition.current",
            "module.eks.module.kms.aws_kms_alias.this",
            "module.eks.module.kms.aws_kms_external_key.this",
            "module.eks.module.kms.aws_kms_grant.this",
            "module.eks.module.kms.aws_kms_key.this",
            "module.eks.module.kms.aws_kms_replica_external_key.this",
            "module.eks.module.kms.aws_kms_replica_key.this",
            "module.eks.module.kms.data.aws_caller_identity.current",
            "module.eks.module.kms.data.aws_iam_policy_document.this",
            "module.eks.module.kms.data.aws_partition.current",
            "module.eks.module.self_managed_node_group.aws_autoscaling_group.this",
            "module.eks.module.self_managed_node_group.aws_autoscaling_schedule.this",
            "module.eks.module.self_managed_node_group.aws_iam_instance_profile.this",
            "module.eks.module.self_managed_node_group.aws_iam_role.this",
            "module.eks.module.self_managed_node_group.aws_iam_role_policy_attachment.additional",
            "module.eks.module.self_managed_node_group.aws_iam_role_policy_attachment.this",
            "module.eks.module.self_managed_node_group.aws_launch_template.this",
            "module.eks.module.self_managed_node_group.data.aws_ami.eks_default",
            "module.eks.module.self_managed_node_group.data.aws_caller_identity.current",
            "module.eks.module.self_managed_node_group.data.aws_iam_policy_document.assume_role_policy",
            "module.eks.module.self_managed_node_group.data.aws_partition.current",
            "module.eks.module.self_managed_node_group.module.user_data.data.cloudinit_config.linux_eks_managed_node_group",
            "module.eks.time_sleep.this",
            "null_resource.update_kubeconfig",
            "null_resource.wait_for_eks"
          ]
        }
      ]
    },
    {
      "mode": "managed",
      "type": "local_file",
      "name": "bastion_private_key",
      "provider": "provider[\"registry.terraform.io/hashicorp/local\"]",
      "instances": [
        {
          "schema_version": 0,
          "attributes": {
            "content": "-----BEGIN RSA PRIVATE KEY-----\nMIIJKQIBAAKCAgEA3Cvt91MkutDEeKXZYHuOt4H+vDFvrpTV/O/cbey5pom8GtTu\nxk4eidfPFvgd40EY7Oa7vZufPl2VepUjMoVkzpwkPykuTpapk3YSUzs2YEuZmksJ\nCMoS0jXx5YnuHVPXpF/AtJW2czMijWrypoD9/nlkPJ/3WWfVqIvSdBmG23ESt6uZ\nHDDyLOALXECewc8Dn+2OyyigorDaQVP15vF0UIKpvqEzeNETRGRqBgh2xW6dJHpe\n9Miu5odW1qjYwtKXRSFdA5L6+DeF8ODheeUPYb9aaIV2sHiejr3J6KO5KKAJ6p0v\n7MLVz8kbaujOgLJ7GgQKH2tGWgb9sxgr6q1TIm+Z0NWtiZq1GkpfgiIbpnpYwRyV\nyrdTu0o5+7TheI88qFh7A/W1xVy6xs8BXN47mhwAXsInU+wtJe0zmYhuzE4DG9PJ\nTN4Otza3uHUzeZOUbQWONczQVn0G7mnchGe1bZ9IuIqBrM0Eax45HU5KMN0UABlt\nbzbou24COfrDTzeTi6W6HqLIdcotN5aSYkJ92J/NN7OTU5KUsdotG1UV/ygoHYtE\np32/FnFsFF92Ys91QSZa/54mhzqVc1B4RuRaOOqeVzMzI69flyi3AwzOOVWt6lN6\nUJWp9eGkw2h/lU4d6+7j+GjuslciYfc3NwcckMkntw7+ndaN8RLT2oUJ1wMCAwEA\nAQKCAgA9AOT97qkSJA8T+Kv6ujFochnRLgdqQW3rF9ClGn60AJzAeHgyNOnsOoH0\nNMofMeXEmgexuQFN5+MnZFQsxt4QCx5V68SbXM5ef8wDCLh/xOKp6Bl4OHkvimfc\nODPkJ1tr/WXpA0RatfPgaB4UeVAm5p6Z157SxFzkRt2Icpw1iCZuAps5PuyS937e\nUD9Mpt2zvcAfVUHw4fyPNkK/eu5F8nYyzfpzgsaKYCIqSsUR3hynQ0q1GzeuwxgS\nARWSIYRtUJmziFGGXef8Pmrq+cchx8G2jSg+LCWOmlJr5ZVDhthIi8YAHVndqTSy\nEhBJg2ptYmolm3USM7aunUdpzh1mvRMnxlHWMH3CUpbYfszECftnI7eLpQgYCNq4\nGrk0FgoAL4+7tzoAh5Ig+xu+OIs35ZZGoHw8hF842Ynu5u/l+wC4TkYTTu1ExZY8\nE9xJ7szCdg39S7HFXkQ1ts3Iv5yZa4l34ABgrApeyC3YZroFQli3DBIFQsgln5s6\nykXqEXRCaPQuIkfi3eQaMk0g+72mC6a/1sCATAIG02yIfilofvszVNn0N8oX/5j4\nDcio58dHXMXBeK744BDuv3h8Q3MWAtKaf13LbZtoiE/V9ojWiq8YjLV35/r4Kctm\nP6mCwO6zInwESiFaxa0TOiHIl05tKv3wkLKcyTImaFR/71ZYpQKCAQEA9KnXb7Sr\n1LlgI1X76MKw0SeH3xO1qwP8mR9aO5gQI1awMqtlz9Ow70ERRJDftlEN6WtAa2XI\nKM8drmRCtesT4xF4VR7JtdQuGNkpZ7FW0vVIbf31KgU5MK5QRPtMEsSei2p2J8EX\nTjLTgl4hHs9EAcOmf9CGsvE7crRIw9+06SJM+wfFxj46tzf6NuEHedWKzR33+31z\nwyvHG7sO5basur3V4ATC5nuBJhrpum4wxCQcX+n85WoTLAolWwlwvLgUPmx33aju\nJbNJ0/e8TTX8eIeix3Uj2axRudGS/ATygu9d0kK8g8adOprAhpddyhEaK1S6NU4y\nOo8Q84+e3IGmrQKCAQEA5l+R11q4kFyrDjqwr3UhPdt8AdByxzE6iYGIgcMs+wVT\nzGbxUfb6Ab4iKcQFvbr13Y318beOs3m0IB8Xw3B/sg1CbfnBqTQwTQGXGClMszRh\nrLJ8F4u1GxfqNca+PKFzSkY2d1wwaAAY5QIw06HdRB6OnKLRV04tH6iPIk9e5/AJ\nrReR8fYy5nqdB9fTA5tQzO2rFT9xFz32Y79bSGnoTHGrhJMT4vH1UhIMHmY9ua+9\nYtulI7Eo8uEfRjf94IglnlW0iGUDpWRmX4i4T27jEqgnnhf8rLls9wQ6jWbF3Qt2\nzE3KZX8VReyGYDFk3yMgmSRgB0XVAJRK4x5OMxkabwKCAQEA1/R+Q4xOy3Jg6G/B\n7d7DYaop5P6psOzQ7ntdExMS04518hOVx07MczKUwle6D1wWEn1nnCR3+4VtZnv6\n4kZABIJsG34Uf1ls4uP0ByHiSEzXBLdPyipYI58JHQpPSJWid96dslNeddipFv5s\n75v1JDWE5nayHoqNdZ6qR7JTJiDvn/hpWqWdABH52qzgA2s4m/qi46oFHzWqBtEi\nwiJu7loXySeKvRQwl+jTe4o9ozNYlFSdtAXgLFQ8StHXX8x/meX2G4I7yq0pMl8O\nJ3zKf70BMls0LLNMY98XhTn8sRQFVU0wxoPuTkdAPsymrXBREAQ2ZEzESynyxXl0\nuJ/79QKCAQEAjH58Uvng1SmuqF7ioh6sxyyz0+dsGE7NhE6bEYgWRoBZOq8NPQ+C\nKM3rx8zkM3FxwExzUZbAUHRIhc5wj6BsQAoWGTvX/3j0fAIcQ3/sZt3rM4cmZrWt\nHXjYPTOXkSJlTUbEsMZoPwTQKdnMLUTpzEFWd/BT+wqSOlxx7lq5ZnndbNKTDx02\nrZjZa48UAX8XJ+NKEws9zQ7c1Lg+00rDgNtR3uhTmHQ3SHX5LhDsU/H5bfDGJZ5F\netoQWKKNEgH17zoVf5kbQCKazGh0/vyBPz+N6bx3PF9ZNMw/aTzkLopvSOmoJX37\nW0mEKeX1vp+NodetOMI9xLyrbxdsWX1VwQKCAQAFLhYt4V1p9COfgHdDd+NRiPC3\nAM/MY+HjJq8Obsf2wYbDnG9OwtBFKG18gXI+UKJ9qxwuvASYV5D+HDlmi8+0AHJc\nbpA2ysxvz3e1MxxDx+4uiL+NN9UjWSNkXBZGKCoM03lPMF+PlW5ST1wzSPv3QGxn\nMFE4gI7OPEeVsz802soYoAAONQrn274x8fTS68CalmPgxl2dXYjxDiinzzWeaY3T\nj0QcAoFOry+7nvfRDZPRZSTF2yyq+azG1AHWr9clXMW0fSuxZf7tXM3kWSq//4Ob\nRELXLnvwYhQKkrUzz2Zu3CpBVBBzdOiAlpyNO16slOY09R/J5Jl38KSdfSQx\n-----END RSA PRIVATE KEY-----\n",
            "content_base64": null,
            "content_base64sha256": "0lHKdyACdMBKA3GBxe0FtqtQGYW3mJihEC/GAfWVUHg=",
            "content_base64sha512": "VrOlUNg1nmkNG51fUI5j2HOpQx7R0uojBcbdbNuIwhYqGeE4vMaj6O6d7fBDwXjapKvw4Ty2xSY8+hhROaMWGg==",
            "content_md5": "f040f3bbc28d10051746f8c4e71d11f0",
            "content_sha1": "ecd6e10d200b0f6b4eb36ba28a443c55bc8c4d6f",
            "content_sha256": "d251ca77200274c04a037181c5ed05b6ab501985b79898a1102fc601f5955078",
            "content_sha512": "56b3a550d8359e690d1b9d5f508e63d873a9431ed1d2ea2305c6dd6cdb88c2162a19e138bcc6a3e8ee9dedf043c178daa4abf0e13cb6c5263cfa185139a3161a",
            "directory_permission": "0777",
            "file_permission": "0600",
            "filename": "./bastion_internal.pem",
            "id": "ecd6e10d200b0f6b4eb36ba28a443c55bc8c4d6f",
            "sensitive_content": null,
            "source": null
          },
          "sensitive_attributes": [
            [
              {
                "type": "get_attr",
                "value": "content"
              }
            ]
          ],
          "dependencies": [
            "tls_private_key.bastion_internal"
          ]
        }
      ]
    },
    {
      "mode": "managed",
      "type": "local_file",
      "name": "jenkins_private_key",
      "provider": "provider[\"registry.terraform.io/hashicorp/local\"]",
      "instances": [
        {
          "schema_version": 0,
          "attributes": {
            "content": "-----BEGIN RSA PRIVATE KEY-----\nMIIJKQIBAAKCAgEA1c9vy5zHjNEkv7o7+iZX+DI8txb+dQfdflWZyWt/3c2x76P/\nkdDRc2QMAiNGrJUSxPbG0qFL7GG0V3TbE6Lyf04qaOVulpHw+2kap32/yAD0DxgN\neTuYOGLy2A7g+9/IVNfSaaz6Z3u4KnpoEkWh+63mz2WCmxUu3H3P1lkStuT9+PAb\naVp2OZay03N3xA4P7D+sqocPXlHfaXuHuz6MgM1entWkGT+WJhxlHMH8dg5bmhgQ\ndiyaL7ppXfQTs5KCyick7djIYjIfGdIhoTjoXwGelAdSYaEi/j2xZ1pNfG3/0obo\ntYA78oNo7kcXdDLAZlS9W94fH7qgTwQ0eU2Rp1W/QJxbVgBdo7IugZ2ofMWU3ekk\noa9FZXW5icuumniNmcAVGefGn271tF9KURvVOYphM6exu69QxhKin/wJFG4kCZD7\nXdH9xkeTF2tMF4cmiN5RcAk9/tBS/MKrv9cBrNiICRzs2x2AB3FiISpsxKzAcj+9\nFV2b0SLpjFOg9XFkdBevzojIrSw+6bdPfRbAD1Btlq63nkbDa4eB2N4GHch2zr//\nuBbBwBco8Pc6rjaDCHGtoh+rAHhtVKMpntXpcR2SADf0ObkQ4JmjD10un22uWNcV\nCj1B4I2eLEx61JH2KNRaAhnXbF08l5egnGgdXUBacxYP1/Sf17NCbU0J/mUCAwEA\nAQKCAgBTpbGHl6EMKuB1L996GJku7TyKprDLSVXysHuXbPqb5HbaGa+JNQhUXA5E\noddq+nFa5G7ZhagF5R2gX4O79XJossRtwGDZAGSmfzKh11T54sGYzCCtTs7ZNIDs\nXTnQ4HZoFv1nQXi/lovw9m2TxHFAXQMhHYYQtSNduMzgf32OVx0zUIBw4abCFf6F\nMjXnWlcJZsne9zLghChjBKSP8UMXuwDrJArso89SvqYiL5Rc/XYB3atHCGEUDhpd\n2vkANm/7tX/Bm5+dpx06xVZJ1FE4phILuKeWsWtWyv0GQbJx3TkJ/KS7KV2KnbWm\nDuMSny5deoaQk+BaUfGYqDz9PgcemFdEvexLuN7tak6bztgStzq76f+xcyzBeE2W\nJmsc4Xi2rsRZvflMUMae6IMwIjpzLlKbDEyt6RQkJfH+TOqZwJ4sjLTIsB/Ao3fc\nKI01zqM5X94sBY46ApSh8l0GsRdmd4qpREqrp2NRKXtU8799N+NjyPX1TH0wK783\na0hTqz8LpwHth7Cf7/xIwiKPl6axpqqliiN0UKYBInpmzc8vibWD1pICATA5BJra\ngM6FsS9ooEbNNtSRgkMM+W3G+bjHTPeC4yJHz1D8TeE+ypi2BTP3HYonDg3Hwoni\n0hkSSogps8xetS0LiF7+GfFhDGYlKhRVhIgEifxPn8Ty2Pp+iwKCAQEA95Zjbq1W\nFVI4/PbsTnoe5RDVIpPZoejmCoWoASU0R7wtpTd2hzJunwHwyQ5475d8REznXgnw\n5NWCmXSO/aIAaq16JUvW6T21oRNvl97tr+nAKmIG4zmmMVHaJIq0xL8qvVSNqYdE\nm1/xvCS0t+xyibpxzLXpak3CGpTyfXNXM3uThfDcURZtOfcC0ywrpcK6igjSCN8w\n2ET/z+mGzUMRX1sWatY1Ncwn0eVdOFVw7BujUJlcbSG/uQ1Jt9wMXX2GtyHi1KgZ\n6UY8m0Vwmp2YUHC0dAPIUJ9sLjkeo3rn4Y7l/p/LaYOJEk5irV1WmvK4VfwvuJ4D\nnDop3JQ6Xh7R0wKCAQEA3RM909Ae3mSC8XGnCZRnVuI1IT/jBFQE9QZCAzyR2jxX\nPMIV6tM9kR/xqheYCaD1CPSrCFBhQt1/7eDjVILCP1yHWrLSrZ35mo6dwJd/4Sls\nerAk+z2RNfHyyVpHhZnVOT0MpGgmRqCe99tyCbBFrqgreC15mJwoGDJ2QazEdk42\nPdl61zBLRdg/K7beQcjYF//ugqjmuTNLOjuqbAqKKaAuIUsxitMyIUA2FB+rVXIi\npmJcorzZlBTU0qS/pAWQNjv07IJL1nkqRI1KNkm2L1kWK96x0IywpX142tvdxqti\nNPRp7Jy1WrsZ0ANzg1vIYi7wsF3I4glLpjgx4rgT5wKCAQAOh47SQe3ZVnftsHfx\nqw0BGFnJq6+L5uUJHQrc9lf5FbwABB86k+UWA8Ejq2vBc7xhLbouNJskcrs1UjfJ\n/qXTnNacNbUo/uwXxdI4sWZ1elxCoHoS/6EXJ9yLZHBzU1you7uMhVmrXJgNGIJa\ngM+/8WcYQlyuVl3bvX31ir1FUi04IQhs4coLKsnJpr/w/FqCGz5oMuDk8Deq9eNp\nTFRKqkfIgUWiIJb9pF4yHiGAWabd5gIcjWx46aS323wGSIWNXbm4DR1oKS0JV6vi\nBvmXTuXoIQiyYoiwtb1sjpvpCr/Ij4waZxO2NU9pKR8Z/MCAm0oZpXxEwM0QGsrK\nFzjtAoIBAQDDnfEJaZDG7F1JU22gdmZyZLrqbuNrwwSX4y+qOYA9gUMYCgzmuoAx\n1/g4r6PicUAg6o4kTyugxOocDPBaqVFES5WhVbZB1hU1A5jm/6cyDztj3FT80t+Y\nwjw4mt/KgfJAMZrsJxQnTp0baFwh4o3mG/xK3MJJnXOE5bHqLvuwS0iHtdaSbrNM\nXCqZfbhwsU00/0uG5fkySwb3wi/sZe8XIhtvbl+qHXKwJWc0q0kp1FKAs2yQu1Yz\nR7OBqDHC6wFOXAM++5QrdQ9HlVXjb5n7j3Kk4uqoRLVR2hKEZiR5VNETVmob6hY2\n8HPIsiUWSLKo3iwvguzrxZngvLy3hnZlAoIBAQDAAkZxfz54GYP40dpb9HfbIg1N\nlXxWkB6rLj8IBKMICzgQSrK6XyoLvfIiFfXYaTIdQUOd7CI8dIMXOI2rxDSPgDun\nfaPEk1V7gvxkhfwMPAiMHfWaPZeb6k3FtK9L7yZbGbHVNJ7/bUCzYnNo6iH+GaGT\nIywUsdEmLLV7JJEI2MwqHN7svG/qTb0pgDNYV20S1UR7fhgrMwdSS/0B8rLPzZMb\nlUUL/K2GxkRGXq/JSZvNFr+oXvwfTy0bsyK3qzAYJf9gT8obCiUnhijc4dEerS0v\nsC1kqHWBtJwG9UdKPtJae4CXJ/uygyqwuy9sIvyyK4MNqwCJjcDzFOw6KRDr\n-----END RSA PRIVATE KEY-----\n",
            "content_base64": null,
            "content_base64sha256": "IGo5bd9slABavmtseQE+hG7eJwdLmUAZVoJwbkNmKFk=",
            "content_base64sha512": "7qJTGYHQz4E+MlUvXMUF1rHPwyY8CLzyPf6x2KeH2FqJGyvuFsZUmxFpAXbKvB89r+i6UuG9VqtfLy2Nx0hZdw==",
            "content_md5": "58bf3df7ab183d763b96291ea471c287",
            "content_sha1": "b341f2a1fe0d1ee138b0b0e81b81bbe0a525ed31",
            "content_sha256": "206a396ddf6c94005abe6b6c79013e846ede27074b9940195682706e43662859",
            "content_sha512": "eea2531981d0cf813e32552f5cc505d6b1cfc3263c08bcf23dfeb1d8a787d85a891b2bee16c6549b11690176cabc1f3dafe8ba52e1bd56ab5f2f2d8dc7485977",
            "directory_permission": "0777",
            "file_permission": "0600",
            "filename": "./jenkins_internal.pem",
            "id": "b341f2a1fe0d1ee138b0b0e81b81bbe0a525ed31",
            "sensitive_content": null,
            "source": null
          },
          "sensitive_attributes": [
            [
              {
                "type": "get_attr",
                "value": "content"
              }
            ]
          ],
          "dependencies": [
            "tls_private_key.jenkins_internal"
          ]
        }
      ]
    },
    {
      "mode": "managed",
      "type": "local_file",
      "name": "prometheus_config",
      "provider": "provider[\"registry.terraform.io/hashicorp/local\"]",
      "instances": [
        {
          "schema_version": 0,
          "attributes": {
            "content": "global:\n  scrape_interval: 15s\n\nscrape_configs:\n  - job_name: 'prometheus'\n    static_configs:\n      - targets: ['localhost:9090']\n",
            "content_base64": null,
            "content_base64sha256": "SYSAOQRBVA3AFSxQ+t/YpHmOcbtgSP7NjtAk0Euzc8M=",
            "content_base64sha512": "68p08FILhTr7sTcaOk1FliRjA2xSdNk5s4/+p0V2l0MFjbF1mW98VCeqF44az3FGXJZ+Q3hxVUaNFPHYLG2+ZQ==",
            "content_md5": "f3d0fe23da1560b23600fa633f2c218b",
            "content_sha1": "38d2d9386faab93139894d9c46a6ef58cc09448c",
            "content_sha256": "498480390441540dc0152c50fadfd8a4798e71bb6048fecd8ed024d04bb373c3",
            "content_sha512": "ebca74f0520b853afbb1371a3a4d45962463036c5274d939b38ffea745769743058db175996f7c5427aa178e1acf71465c967e43787155468d14f1d82c6dbe65",
            "directory_permission": "0777",
            "file_permission": "0777",
            "filename": "./prometheus.yml",
            "id": "38d2d9386faab93139894d9c46a6ef58cc09448c",
            "sensitive_content": null,
            "source": null
          },
          "sensitive_attributes": [],
          "dependencies": [
            "aws_iam_instance_profile.builder_profile",
            "aws_iam_instance_profile.my_ec2_instance_profile",
            "aws_iam_role.builder_eks_role",
            "aws_iam_role.my_ec2_instance_role",
            "aws_instance.my_api_EC2_instance",
            "aws_instance.my_builder_EC2_instance",
            "aws_instance.my_jenkins_EC2_instance",
            "aws_instance.my_scanner_EC2_instance",
            "aws_key_pair.my_api_key_auth",
            "aws_key_pair.my_builder_key_auth",
            "aws_key_pair.my_jenkins_key_auth",
            "aws_key_pair.my_scanner_key_auth",
            "aws_security_group.sg_ALB_JENKINS",
            "aws_security_group.sg_API",
            "aws_security_group.sg_BASTION",
            "aws_security_group.sg_BUILDER",
            "aws_security_group.sg_JENKINS",
            "aws_security_group.sg_SCANNER",
            "aws_subnet.my_private_subnet_1",
            "aws_subnet.my_public_subnet_2",
            "aws_vpc.my_main_vpc",
            "data.aws_ami.my_main_ubuntu_EC2_data",
            "data.template_file.api_userdata",
            "data.template_file.builder_userdata",
            "data.template_file.jenkins_userdata",
            "data.template_file.prometheus_config",
            "data.template_file.scanner_userdata",
            "tls_private_key.bastion_internal",
            "tls_private_key.jenkins_internal"
          ]
        }
      ]
    },
    {
      "mode": "managed",
      "type": "local_file",
      "name": "rendered_ingress",
      "provider": "provider[\"registry.terraform.io/hashicorp/local\"]",
      "instances": [
        {
          "schema_version": 0,
          "attributes": {
            "content": "# *.tpl because Terraform will insert public subnet addresses in line 11\napiVersion: networking.k8s.io/v1\nkind: Ingress\nmetadata:\n name: threatgpt-ingress\n annotations:\n  kubernetes.io/ingress.class: alb\n  alb.ingress.kubernetes.io/scheme: internet-facing\n  alb.ingress.kubernetes.io/target-type: ip\n  alb.ingress.kubernetes.io/listen-ports: '[{\"HTTP\": 80}]'\n  alb.ingress.kubernetes.io/subnets: subnet-03cbeae40811a199d, subnet-049ac68bbecd3419e\n  alb.ingress.kubernetes.io/healthcheck-path: /health\n  external-dns.alpha.kubernetes.io/hostname: myowaspproject3v401.com\nspec:\n rules:\n  - host: myowaspproject3v401.com\n    http:\n      paths:\n        - path: /\n          pathType: Prefix\n          backend:\n            service:\n              name: threatgpt-service\n              port:\n                number: 80",
            "content_base64": null,
            "content_base64sha256": "K1/jDgEwX+r4Bsj8naguRpyYee1OkL50mfuFKlkxDeM=",
            "content_base64sha512": "6Ec8SLmVnqF845ZlONNxg53uqkYDFmkS374jWA8S69GwhPcSxyDuPlOPx1CPn8JLVu9iBp9ZFP5MtviavA6lnQ==",
            "content_md5": "64fa4bf911f5046e30dffec9c0c02a22",
            "content_sha1": "24f32d40d3baccd56cae0d54f6ea549fe9e5a647",
            "content_sha256": "2b5fe30e01305feaf806c8fc9da82e469c9879ed4e90be7499fb852a59310de3",
            "content_sha512": "e8473c48b9959ea17ce3966538d371839deeaa4603166912dfbe23580f12ebd1b084f712c720ee3e538fc7508f9fc24b56ef62069f5914fe4cb6f89abc0ea59d",
            "directory_permission": "0777",
            "file_permission": "0777",
            "filename": "./../Builder-server/EKS/ingress.yaml",
            "id": "24f32d40d3baccd56cae0d54f6ea549fe9e5a647",
            "sensitive_content": null,
            "source": null
          },
          "sensitive_attributes": [],
          "dependencies": [
            "aws_subnet.my_public_subnet_1",
            "aws_subnet.my_public_subnet_2",
            "aws_vpc.my_main_vpc",
            "data.template_file.ingress_yaml"
          ]
        }
      ]
    },
    {
      "mode": "managed",
      "type": "null_resource",
      "name": "update_kubeconfig",
      "provider": "provider[\"registry.terraform.io/hashicorp/null\"]",
      "instances": [
        {
          "schema_version": 0,
          "attributes": {
            "id": "648965099333309983",
            "triggers": null
          },
          "sensitive_attributes": [],
          "dependencies": [
            "aws_iam_role.eks_node_group_iam_role",
            "aws_subnet.my_private_subnet_1",
            "aws_subnet.my_private_subnet_2",
            "aws_vpc.my_main_vpc",
            "module.eks.aws_cloudwatch_log_group.this",
            "module.eks.aws_ec2_tag.cluster_primary_security_group",
            "module.eks.aws_eks_addon.before_compute",
            "module.eks.aws_eks_addon.this",
            "module.eks.aws_eks_cluster.this",
            "module.eks.aws_eks_identity_provider_config.this",
            "module.eks.aws_iam_openid_connect_provider.oidc_provider",
            "module.eks.aws_iam_policy.cluster_encryption",
            "module.eks.aws_iam_policy.cni_ipv6_policy",
            "module.eks.aws_iam_role.this",
            "module.eks.aws_iam_role_policy_attachment.additional",
            "module.eks.aws_iam_role_policy_attachment.cluster_encryption",
            "module.eks.aws_iam_role_policy_attachment.this",
            "module.eks.aws_security_group.cluster",
            "module.eks.aws_security_group.node",
            "module.eks.aws_security_group_rule.cluster",
            "module.eks.aws_security_group_rule.node",
            "module.eks.data.aws_caller_identity.current",
            "module.eks.data.aws_eks_addon_version.this",
            "module.eks.data.aws_iam_policy_document.assume_role_policy",
            "module.eks.data.aws_iam_policy_document.cni_ipv6_policy",
            "module.eks.data.aws_iam_session_context.current",
            "module.eks.data.aws_partition.current",
            "module.eks.data.tls_certificate.this",
            "module.eks.kubernetes_config_map.aws_auth",
            "module.eks.kubernetes_config_map_v1_data.aws_auth",
            "module.eks.module.eks_managed_node_group.aws_autoscaling_schedule.this",
            "module.eks.module.eks_managed_node_group.aws_eks_node_group.this",
            "module.eks.module.eks_managed_node_group.aws_iam_role.this",
            "module.eks.module.eks_managed_node_group.aws_iam_role_policy_attachment.additional",
            "module.eks.module.eks_managed_node_group.aws_iam_role_policy_attachment.this",
            "module.eks.module.eks_managed_node_group.aws_launch_template.this",
            "module.eks.module.eks_managed_node_group.data.aws_caller_identity.current",
            "module.eks.module.eks_managed_node_group.data.aws_iam_policy_document.assume_role_policy",
            "module.eks.module.eks_managed_node_group.data.aws_partition.current",
            "module.eks.module.eks_managed_node_group.module.user_data.data.cloudinit_config.linux_eks_managed_node_group",
            "module.eks.module.fargate_profile.aws_eks_fargate_profile.this",
            "module.eks.module.fargate_profile.aws_iam_role.this",
            "module.eks.module.fargate_profile.aws_iam_role_policy_attachment.additional",
            "module.eks.module.fargate_profile.aws_iam_role_policy_attachment.this",
            "module.eks.module.fargate_profile.data.aws_caller_identity.current",
            "module.eks.module.fargate_profile.data.aws_iam_policy_document.assume_role_policy",
            "module.eks.module.fargate_profile.data.aws_partition.current",
            "module.eks.module.kms.aws_kms_alias.this",
            "module.eks.module.kms.aws_kms_external_key.this",
            "module.eks.module.kms.aws_kms_grant.this",
            "module.eks.module.kms.aws_kms_key.this",
            "module.eks.module.kms.aws_kms_replica_external_key.this",
            "module.eks.module.kms.aws_kms_replica_key.this",
            "module.eks.module.kms.data.aws_caller_identity.current",
            "module.eks.module.kms.data.aws_iam_policy_document.this",
            "module.eks.module.kms.data.aws_partition.current",
            "module.eks.module.self_managed_node_group.aws_autoscaling_group.this",
            "module.eks.module.self_managed_node_group.aws_autoscaling_schedule.this",
            "module.eks.module.self_managed_node_group.aws_iam_instance_profile.this",
            "module.eks.module.self_managed_node_group.aws_iam_role.this",
            "module.eks.module.self_managed_node_group.aws_iam_role_policy_attachment.additional",
            "module.eks.module.self_managed_node_group.aws_iam_role_policy_attachment.this",
            "module.eks.module.self_managed_node_group.aws_launch_template.this",
            "module.eks.module.self_managed_node_group.data.aws_ami.eks_default",
            "module.eks.module.self_managed_node_group.data.aws_caller_identity.current",
            "module.eks.module.self_managed_node_group.data.aws_iam_policy_document.assume_role_policy",
            "module.eks.module.self_managed_node_group.data.aws_partition.current",
            "module.eks.module.self_managed_node_group.module.user_data.data.cloudinit_config.linux_eks_managed_node_group",
            "module.eks.time_sleep.this"
          ]
        }
      ]
    },
    {
      "mode": "managed",
      "type": "null_resource",
      "name": "wait_for_cluster",
      "provider": "provider[\"registry.terraform.io/hashicorp/null\"]",
      "instances": [
        {
          "schema_version": 0,
          "attributes": {
            "id": "597549213646369772",
            "triggers": null
          },
          "sensitive_attributes": [],
          "dependencies": [
            "aws_iam_role.eks_node_group_iam_role",
            "aws_subnet.my_private_subnet_1",
            "aws_subnet.my_private_subnet_2",
            "aws_vpc.my_main_vpc",
            "module.eks.aws_cloudwatch_log_group.this",
            "module.eks.aws_ec2_tag.cluster_primary_security_group",
            "module.eks.aws_eks_addon.before_compute",
            "module.eks.aws_eks_addon.this",
            "module.eks.aws_eks_cluster.this",
            "module.eks.aws_eks_identity_provider_config.this",
            "module.eks.aws_iam_openid_connect_provider.oidc_provider",
            "module.eks.aws_iam_policy.cluster_encryption",
            "module.eks.aws_iam_policy.cni_ipv6_policy",
            "module.eks.aws_iam_role.this",
            "module.eks.aws_iam_role_policy_attachment.additional",
            "module.eks.aws_iam_role_policy_attachment.cluster_encryption",
            "module.eks.aws_iam_role_policy_attachment.this",
            "module.eks.aws_security_group.cluster",
            "module.eks.aws_security_group.node",
            "module.eks.aws_security_group_rule.cluster",
            "module.eks.aws_security_group_rule.node",
            "module.eks.data.aws_caller_identity.current",
            "module.eks.data.aws_eks_addon_version.this",
            "module.eks.data.aws_iam_policy_document.assume_role_policy",
            "module.eks.data.aws_iam_policy_document.cni_ipv6_policy",
            "module.eks.data.aws_iam_session_context.current",
            "module.eks.data.aws_partition.current",
            "module.eks.data.tls_certificate.this",
            "module.eks.kubernetes_config_map.aws_auth",
            "module.eks.kubernetes_config_map_v1_data.aws_auth",
            "module.eks.module.eks_managed_node_group.aws_autoscaling_schedule.this",
            "module.eks.module.eks_managed_node_group.aws_eks_node_group.this",
            "module.eks.module.eks_managed_node_group.aws_iam_role.this",
            "module.eks.module.eks_managed_node_group.aws_iam_role_policy_attachment.additional",
            "module.eks.module.eks_managed_node_group.aws_iam_role_policy_attachment.this",
            "module.eks.module.eks_managed_node_group.aws_launch_template.this",
            "module.eks.module.eks_managed_node_group.data.aws_caller_identity.current",
            "module.eks.module.eks_managed_node_group.data.aws_iam_policy_document.assume_role_policy",
            "module.eks.module.eks_managed_node_group.data.aws_partition.current",
            "module.eks.module.eks_managed_node_group.module.user_data.data.cloudinit_config.linux_eks_managed_node_group",
            "module.eks.module.fargate_profile.aws_eks_fargate_profile.this",
            "module.eks.module.fargate_profile.aws_iam_role.this",
            "module.eks.module.fargate_profile.aws_iam_role_policy_attachment.additional",
            "module.eks.module.fargate_profile.aws_iam_role_policy_attachment.this",
            "module.eks.module.fargate_profile.data.aws_caller_identity.current",
            "module.eks.module.fargate_profile.data.aws_iam_policy_document.assume_role_policy",
            "module.eks.module.fargate_profile.data.aws_partition.current",
            "module.eks.module.kms.aws_kms_alias.this",
            "module.eks.module.kms.aws_kms_external_key.this",
            "module.eks.module.kms.aws_kms_grant.this",
            "module.eks.module.kms.aws_kms_key.this",
            "module.eks.module.kms.aws_kms_replica_external_key.this",
            "module.eks.module.kms.aws_kms_replica_key.this",
            "module.eks.module.kms.data.aws_caller_identity.current",
            "module.eks.module.kms.data.aws_iam_policy_document.this",
            "module.eks.module.kms.data.aws_partition.current",
            "module.eks.module.self_managed_node_group.aws_autoscaling_group.this",
            "module.eks.module.self_managed_node_group.aws_autoscaling_schedule.this",
            "module.eks.module.self_managed_node_group.aws_iam_instance_profile.this",
            "module.eks.module.self_managed_node_group.aws_iam_role.this",
            "module.eks.module.self_managed_node_group.aws_iam_role_policy_attachment.additional",
            "module.eks.module.self_managed_node_group.aws_iam_role_policy_attachment.this",
            "module.eks.module.self_managed_node_group.aws_launch_template.this",
            "module.eks.module.self_managed_node_group.data.aws_ami.eks_default",
            "module.eks.module.self_managed_node_group.data.aws_caller_identity.current",
            "module.eks.module.self_managed_node_group.data.aws_iam_policy_document.assume_role_policy",
            "module.eks.module.self_managed_node_group.data.aws_partition.current",
            "module.eks.module.self_managed_node_group.module.user_data.data.cloudinit_config.linux_eks_managed_node_group",
            "module.eks.time_sleep.this"
          ]
        }
      ]
    },
    {
      "mode": "managed",
      "type": "null_resource",
      "name": "wait_for_eks",
      "provider": "provider[\"registry.terraform.io/hashicorp/null\"]",
      "instances": [
        {
          "schema_version": 0,
          "attributes": {
            "id": "3077197388017634927",
            "triggers": null
          },
          "sensitive_attributes": [],
          "dependencies": [
            "aws_iam_role.eks_node_group_iam_role",
            "aws_subnet.my_private_subnet_1",
            "aws_subnet.my_private_subnet_2",
            "aws_vpc.my_main_vpc",
            "module.eks.aws_cloudwatch_log_group.this",
            "module.eks.aws_ec2_tag.cluster_primary_security_group",
            "module.eks.aws_eks_addon.before_compute",
            "module.eks.aws_eks_addon.this",
            "module.eks.aws_eks_cluster.this",
            "module.eks.aws_eks_identity_provider_config.this",
            "module.eks.aws_iam_openid_connect_provider.oidc_provider",
            "module.eks.aws_iam_policy.cluster_encryption",
            "module.eks.aws_iam_policy.cni_ipv6_policy",
            "module.eks.aws_iam_role.this",
            "module.eks.aws_iam_role_policy_attachment.additional",
            "module.eks.aws_iam_role_policy_attachment.cluster_encryption",
            "module.eks.aws_iam_role_policy_attachment.this",
            "module.eks.aws_security_group.cluster",
            "module.eks.aws_security_group.node",
            "module.eks.aws_security_group_rule.cluster",
            "module.eks.aws_security_group_rule.node",
            "module.eks.data.aws_caller_identity.current",
            "module.eks.data.aws_eks_addon_version.this",
            "module.eks.data.aws_iam_policy_document.assume_role_policy",
            "module.eks.data.aws_iam_policy_document.cni_ipv6_policy",
            "module.eks.data.aws_iam_session_context.current",
            "module.eks.data.aws_partition.current",
            "module.eks.data.tls_certificate.this",
            "module.eks.kubernetes_config_map.aws_auth",
            "module.eks.kubernetes_config_map_v1_data.aws_auth",
            "module.eks.module.eks_managed_node_group.aws_autoscaling_schedule.this",
            "module.eks.module.eks_managed_node_group.aws_eks_node_group.this",
            "module.eks.module.eks_managed_node_group.aws_iam_role.this",
            "module.eks.module.eks_managed_node_group.aws_iam_role_policy_attachment.additional",
            "module.eks.module.eks_managed_node_group.aws_iam_role_policy_attachment.this",
            "module.eks.module.eks_managed_node_group.aws_launch_template.this",
            "module.eks.module.eks_managed_node_group.data.aws_caller_identity.current",
            "module.eks.module.eks_managed_node_group.data.aws_iam_policy_document.assume_role_policy",
            "module.eks.module.eks_managed_node_group.data.aws_partition.current",
            "module.eks.module.eks_managed_node_group.module.user_data.data.cloudinit_config.linux_eks_managed_node_group",
            "module.eks.module.fargate_profile.aws_eks_fargate_profile.this",
            "module.eks.module.fargate_profile.aws_iam_role.this",
            "module.eks.module.fargate_profile.aws_iam_role_policy_attachment.additional",
            "module.eks.module.fargate_profile.aws_iam_role_policy_attachment.this",
            "module.eks.module.fargate_profile.data.aws_caller_identity.current",
            "module.eks.module.fargate_profile.data.aws_iam_policy_document.assume_role_policy",
            "module.eks.module.fargate_profile.data.aws_partition.current",
            "module.eks.module.kms.aws_kms_alias.this",
            "module.eks.module.kms.aws_kms_external_key.this",
            "module.eks.module.kms.aws_kms_grant.this",
            "module.eks.module.kms.aws_kms_key.this",
            "module.eks.module.kms.aws_kms_replica_external_key.this",
            "module.eks.module.kms.aws_kms_replica_key.this",
            "module.eks.module.kms.data.aws_caller_identity.current",
            "module.eks.module.kms.data.aws_iam_policy_document.this",
            "module.eks.module.kms.data.aws_partition.current",
            "module.eks.module.self_managed_node_group.aws_autoscaling_group.this",
            "module.eks.module.self_managed_node_group.aws_autoscaling_schedule.this",
            "module.eks.module.self_managed_node_group.aws_iam_instance_profile.this",
            "module.eks.module.self_managed_node_group.aws_iam_role.this",
            "module.eks.module.self_managed_node_group.aws_iam_role_policy_attachment.additional",
            "module.eks.module.self_managed_node_group.aws_iam_role_policy_attachment.this",
            "module.eks.module.self_managed_node_group.aws_launch_template.this",
            "module.eks.module.self_managed_node_group.data.aws_ami.eks_default",
            "module.eks.module.self_managed_node_group.data.aws_caller_identity.current",
            "module.eks.module.self_managed_node_group.data.aws_iam_policy_document.assume_role_policy",
            "module.eks.module.self_managed_node_group.data.aws_partition.current",
            "module.eks.module.self_managed_node_group.module.user_data.data.cloudinit_config.linux_eks_managed_node_group",
            "module.eks.time_sleep.this",
            "null_resource.update_kubeconfig"
          ]
        }
      ]
    },
    {
      "mode": "managed",
      "type": "tls_private_key",
      "name": "bastion_internal",
      "provider": "provider[\"registry.terraform.io/hashicorp/tls\"]",
      "instances": [
        {
          "schema_version": 1,
          "attributes": {
            "algorithm": "RSA",
            "ecdsa_curve": "P224",
            "id": "c3376b8137d7c882d3fa3485837a7f1b9f1f5557",
            "private_key_openssh": "-----BEGIN OPENSSH PRIVATE KEY-----\nb3BlbnNzaC1rZXktdjEAAAAABG5vbmUAAAAEbm9uZQAAAAAAAAABAAACFwAAAAdz\nc2gtcnNhAAAAAwEAAQAAAgEA3Cvt91MkutDEeKXZYHuOt4H+vDFvrpTV/O/cbey5\npom8GtTuxk4eidfPFvgd40EY7Oa7vZufPl2VepUjMoVkzpwkPykuTpapk3YSUzs2\nYEuZmksJCMoS0jXx5YnuHVPXpF/AtJW2czMijWrypoD9/nlkPJ/3WWfVqIvSdBmG\n23ESt6uZHDDyLOALXECewc8Dn+2OyyigorDaQVP15vF0UIKpvqEzeNETRGRqBgh2\nxW6dJHpe9Miu5odW1qjYwtKXRSFdA5L6+DeF8ODheeUPYb9aaIV2sHiejr3J6KO5\nKKAJ6p0v7MLVz8kbaujOgLJ7GgQKH2tGWgb9sxgr6q1TIm+Z0NWtiZq1GkpfgiIb\npnpYwRyVyrdTu0o5+7TheI88qFh7A/W1xVy6xs8BXN47mhwAXsInU+wtJe0zmYhu\nzE4DG9PJTN4Otza3uHUzeZOUbQWONczQVn0G7mnchGe1bZ9IuIqBrM0Eax45HU5K\nMN0UABltbzbou24COfrDTzeTi6W6HqLIdcotN5aSYkJ92J/NN7OTU5KUsdotG1UV\n/ygoHYtEp32/FnFsFF92Ys91QSZa/54mhzqVc1B4RuRaOOqeVzMzI69flyi3AwzO\nOVWt6lN6UJWp9eGkw2h/lU4d6+7j+GjuslciYfc3NwcckMkntw7+ndaN8RLT2oUJ\n1wMAAAc49GZpNfRmaTUAAAAHc3NoLXJzYQAAAgEA3Cvt91MkutDEeKXZYHuOt4H+\nvDFvrpTV/O/cbey5pom8GtTuxk4eidfPFvgd40EY7Oa7vZufPl2VepUjMoVkzpwk\nPykuTpapk3YSUzs2YEuZmksJCMoS0jXx5YnuHVPXpF/AtJW2czMijWrypoD9/nlk\nPJ/3WWfVqIvSdBmG23ESt6uZHDDyLOALXECewc8Dn+2OyyigorDaQVP15vF0UIKp\nvqEzeNETRGRqBgh2xW6dJHpe9Miu5odW1qjYwtKXRSFdA5L6+DeF8ODheeUPYb9a\naIV2sHiejr3J6KO5KKAJ6p0v7MLVz8kbaujOgLJ7GgQKH2tGWgb9sxgr6q1TIm+Z\n0NWtiZq1GkpfgiIbpnpYwRyVyrdTu0o5+7TheI88qFh7A/W1xVy6xs8BXN47mhwA\nXsInU+wtJe0zmYhuzE4DG9PJTN4Otza3uHUzeZOUbQWONczQVn0G7mnchGe1bZ9I\nuIqBrM0Eax45HU5KMN0UABltbzbou24COfrDTzeTi6W6HqLIdcotN5aSYkJ92J/N\nN7OTU5KUsdotG1UV/ygoHYtEp32/FnFsFF92Ys91QSZa/54mhzqVc1B4RuRaOOqe\nVzMzI69flyi3AwzOOVWt6lN6UJWp9eGkw2h/lU4d6+7j+GjuslciYfc3NwcckMkn\ntw7+ndaN8RLT2oUJ1wMAAAADAQABAAACAD0A5P3uqRIkDxP4q/q6MWhyGdEuB2pB\nbesX0KUafrQAnMB4eDI06ew6gfQ0yh8x5cSaB7G5AU3n4ydkVCzG3hALHlXrxJtc\nzl5/zAMIuH/E4qnoGXg4eS+KZ9w4M+QnW2v9ZekDRFq18+BoHhR5UCbmnpnXntLE\nXORG3YhynDWIJm4Cmzk+7JL3ft5QP0ym3bO9wB9VQfDh/I82Qr967kXydjLN+nOC\nxopgIipKxRHeHKdDSrUbN67DGBIBFZIhhG1QmbOIUYZd5/w+aur5xyHHwbaNKD4s\nJY6aUmvllUOG2EiLxgAdWd2pNLISEEmDam1iaiWbdRIztq6dR2nOHWa9EyfGUdYw\nfcJSlth+zMQJ+2cjt4ulCBgI2rgauTQWCgAvj7u3OgCHkiD7G744izfllkagfDyE\nXzjZie7m7+X7ALhORhNO7UTFljwT3EnuzMJ2Df1LscVeRDW2zci/nJlriXfgAGCs\nCl7ILdhmugVCWLcMEgVCyCWfmzrKReoRdEJo9C4iR+Ld5BoyTSD7vaYLpr/WwIBM\nAgbTbIh+KWh++zNU2fQ3yhf/mPgNyKjnx0dcxcF4rvjgEO6/eHxDcxYC0pp/Xctt\nm2iIT9X2iNaKrxiMtXfn+vgpy2Y/qYLA7rMifARKIVrFrRM6IciXTm0q/fCQspzJ\nMiZoVH/vVlilAAABAAUuFi3hXWn0I5+Ad0N341GI8LcAz8xj4eMmrw5ux/bBhsOc\nb07C0EUobXyBcj5Qon2rHC68BJhXkP4cOWaLz7QAclxukDbKzG/Pd7UzHEPH7i6I\nv4031SNZI2RcFkYoKgzTeU8wX4+VblJPXDNI+/dAbGcwUTiAjs48R5WzPzTayhig\nAA41CufbvjHx9NLrwJqWY+DGXZ1diPEOKKfPNZ5pjdOPRBwCgU6vL7ue99ENk9Fl\nJMXbLKr5rMbUAdav1yVcxbR9K7Fl/u1czeRZKr//g5tEQtcue/BiFAqStTPPZm7c\nKkFUEHN06ICWnI07XqyU5jT1H8nkmXfwpJ19JDEAAAEBAPSp12+0q9S5YCNV++jC\nsNEnh98TtasD/JkfWjuYECNWsDKrZc/TsO9BEUSQ37ZRDelrQGtlyCjPHa5kQrXr\nE+MReFUeybXULhjZKWexVtL1SG399SoFOTCuUET7TBLEnotqdifBF04y04JeIR7P\nRAHDpn/QhrLxO3K0SMPftOkiTPsHxcY+Orc3+jbhB3nVis0d9/t9c8Mrxxu7DuW2\nrLq91eAEwuZ7gSYa6bpuMMQkHF/p/OVqEywKJVsJcLy4FD5sd92o7iWzSdP3vE01\n/HiHosd1I9msUbnRkvwE8oLvXdJCvIPGnTqawIaXXcoRGitUujVOMjqPEPOPntyB\npq0AAAEBAOZfkddauJBcqw46sK91IT3bfAHQcscxOomBiIHDLPsFU8xm8VH2+gG+\nIinEBb269d2N9fG3jrN5tCAfF8Nwf7INQm35wak0ME0BlxgpTLM0YayyfBeLtRsX\n6jXGvjyhc0pGNndcMGgAGOUCMNOh3UQejpyi0VdOLR+ojyJPXufwCa0XkfH2MuZ6\nnQfX0wObUMztqxU/cRc99mO/W0hp6Exxq4STE+Lx9VISDB5mPbmvvWLbpSOxKPLh\nH0Y3/eCIJZ5VtIhlA6VkZl+IuE9u4xKoJ54X/Ky5bPcEOo1mxd0LdsxNymV/FUXs\nhmAxZN8jIJkkYAdF1QCUSuMeTjMZGm8AAAAAAQID\n-----END OPENSSH PRIVATE KEY-----\n",
            "private_key_pem": "-----BEGIN RSA PRIVATE KEY-----\nMIIJKQIBAAKCAgEA3Cvt91MkutDEeKXZYHuOt4H+vDFvrpTV/O/cbey5pom8GtTu\nxk4eidfPFvgd40EY7Oa7vZufPl2VepUjMoVkzpwkPykuTpapk3YSUzs2YEuZmksJ\nCMoS0jXx5YnuHVPXpF/AtJW2czMijWrypoD9/nlkPJ/3WWfVqIvSdBmG23ESt6uZ\nHDDyLOALXECewc8Dn+2OyyigorDaQVP15vF0UIKpvqEzeNETRGRqBgh2xW6dJHpe\n9Miu5odW1qjYwtKXRSFdA5L6+DeF8ODheeUPYb9aaIV2sHiejr3J6KO5KKAJ6p0v\n7MLVz8kbaujOgLJ7GgQKH2tGWgb9sxgr6q1TIm+Z0NWtiZq1GkpfgiIbpnpYwRyV\nyrdTu0o5+7TheI88qFh7A/W1xVy6xs8BXN47mhwAXsInU+wtJe0zmYhuzE4DG9PJ\nTN4Otza3uHUzeZOUbQWONczQVn0G7mnchGe1bZ9IuIqBrM0Eax45HU5KMN0UABlt\nbzbou24COfrDTzeTi6W6HqLIdcotN5aSYkJ92J/NN7OTU5KUsdotG1UV/ygoHYtE\np32/FnFsFF92Ys91QSZa/54mhzqVc1B4RuRaOOqeVzMzI69flyi3AwzOOVWt6lN6\nUJWp9eGkw2h/lU4d6+7j+GjuslciYfc3NwcckMkntw7+ndaN8RLT2oUJ1wMCAwEA\nAQKCAgA9AOT97qkSJA8T+Kv6ujFochnRLgdqQW3rF9ClGn60AJzAeHgyNOnsOoH0\nNMofMeXEmgexuQFN5+MnZFQsxt4QCx5V68SbXM5ef8wDCLh/xOKp6Bl4OHkvimfc\nODPkJ1tr/WXpA0RatfPgaB4UeVAm5p6Z157SxFzkRt2Icpw1iCZuAps5PuyS937e\nUD9Mpt2zvcAfVUHw4fyPNkK/eu5F8nYyzfpzgsaKYCIqSsUR3hynQ0q1GzeuwxgS\nARWSIYRtUJmziFGGXef8Pmrq+cchx8G2jSg+LCWOmlJr5ZVDhthIi8YAHVndqTSy\nEhBJg2ptYmolm3USM7aunUdpzh1mvRMnxlHWMH3CUpbYfszECftnI7eLpQgYCNq4\nGrk0FgoAL4+7tzoAh5Ig+xu+OIs35ZZGoHw8hF842Ynu5u/l+wC4TkYTTu1ExZY8\nE9xJ7szCdg39S7HFXkQ1ts3Iv5yZa4l34ABgrApeyC3YZroFQli3DBIFQsgln5s6\nykXqEXRCaPQuIkfi3eQaMk0g+72mC6a/1sCATAIG02yIfilofvszVNn0N8oX/5j4\nDcio58dHXMXBeK744BDuv3h8Q3MWAtKaf13LbZtoiE/V9ojWiq8YjLV35/r4Kctm\nP6mCwO6zInwESiFaxa0TOiHIl05tKv3wkLKcyTImaFR/71ZYpQKCAQEA9KnXb7Sr\n1LlgI1X76MKw0SeH3xO1qwP8mR9aO5gQI1awMqtlz9Ow70ERRJDftlEN6WtAa2XI\nKM8drmRCtesT4xF4VR7JtdQuGNkpZ7FW0vVIbf31KgU5MK5QRPtMEsSei2p2J8EX\nTjLTgl4hHs9EAcOmf9CGsvE7crRIw9+06SJM+wfFxj46tzf6NuEHedWKzR33+31z\nwyvHG7sO5basur3V4ATC5nuBJhrpum4wxCQcX+n85WoTLAolWwlwvLgUPmx33aju\nJbNJ0/e8TTX8eIeix3Uj2axRudGS/ATygu9d0kK8g8adOprAhpddyhEaK1S6NU4y\nOo8Q84+e3IGmrQKCAQEA5l+R11q4kFyrDjqwr3UhPdt8AdByxzE6iYGIgcMs+wVT\nzGbxUfb6Ab4iKcQFvbr13Y318beOs3m0IB8Xw3B/sg1CbfnBqTQwTQGXGClMszRh\nrLJ8F4u1GxfqNca+PKFzSkY2d1wwaAAY5QIw06HdRB6OnKLRV04tH6iPIk9e5/AJ\nrReR8fYy5nqdB9fTA5tQzO2rFT9xFz32Y79bSGnoTHGrhJMT4vH1UhIMHmY9ua+9\nYtulI7Eo8uEfRjf94IglnlW0iGUDpWRmX4i4T27jEqgnnhf8rLls9wQ6jWbF3Qt2\nzE3KZX8VReyGYDFk3yMgmSRgB0XVAJRK4x5OMxkabwKCAQEA1/R+Q4xOy3Jg6G/B\n7d7DYaop5P6psOzQ7ntdExMS04518hOVx07MczKUwle6D1wWEn1nnCR3+4VtZnv6\n4kZABIJsG34Uf1ls4uP0ByHiSEzXBLdPyipYI58JHQpPSJWid96dslNeddipFv5s\n75v1JDWE5nayHoqNdZ6qR7JTJiDvn/hpWqWdABH52qzgA2s4m/qi46oFHzWqBtEi\nwiJu7loXySeKvRQwl+jTe4o9ozNYlFSdtAXgLFQ8StHXX8x/meX2G4I7yq0pMl8O\nJ3zKf70BMls0LLNMY98XhTn8sRQFVU0wxoPuTkdAPsymrXBREAQ2ZEzESynyxXl0\nuJ/79QKCAQEAjH58Uvng1SmuqF7ioh6sxyyz0+dsGE7NhE6bEYgWRoBZOq8NPQ+C\nKM3rx8zkM3FxwExzUZbAUHRIhc5wj6BsQAoWGTvX/3j0fAIcQ3/sZt3rM4cmZrWt\nHXjYPTOXkSJlTUbEsMZoPwTQKdnMLUTpzEFWd/BT+wqSOlxx7lq5ZnndbNKTDx02\nrZjZa48UAX8XJ+NKEws9zQ7c1Lg+00rDgNtR3uhTmHQ3SHX5LhDsU/H5bfDGJZ5F\netoQWKKNEgH17zoVf5kbQCKazGh0/vyBPz+N6bx3PF9ZNMw/aTzkLopvSOmoJX37\nW0mEKeX1vp+NodetOMI9xLyrbxdsWX1VwQKCAQAFLhYt4V1p9COfgHdDd+NRiPC3\nAM/MY+HjJq8Obsf2wYbDnG9OwtBFKG18gXI+UKJ9qxwuvASYV5D+HDlmi8+0AHJc\nbpA2ysxvz3e1MxxDx+4uiL+NN9UjWSNkXBZGKCoM03lPMF+PlW5ST1wzSPv3QGxn\nMFE4gI7OPEeVsz802soYoAAONQrn274x8fTS68CalmPgxl2dXYjxDiinzzWeaY3T\nj0QcAoFOry+7nvfRDZPRZSTF2yyq+azG1AHWr9clXMW0fSuxZf7tXM3kWSq//4Ob\nRELXLnvwYhQKkrUzz2Zu3CpBVBBzdOiAlpyNO16slOY09R/J5Jl38KSdfSQx\n-----END RSA PRIVATE KEY-----\n",
            "private_key_pem_pkcs8": "-----BEGIN PRIVATE KEY-----\nMIIJQwIBADANBgkqhkiG9w0BAQEFAASCCS0wggkpAgEAAoICAQDcK+33UyS60MR4\npdlge463gf68MW+ulNX879xt7Lmmibwa1O7GTh6J188W+B3jQRjs5ru9m58+XZV6\nlSMyhWTOnCQ/KS5OlqmTdhJTOzZgS5maSwkIyhLSNfHlie4dU9ekX8C0lbZzMyKN\navKmgP3+eWQ8n/dZZ9Woi9J0GYbbcRK3q5kcMPIs4AtcQJ7BzwOf7Y7LKKCisNpB\nU/Xm8XRQgqm+oTN40RNEZGoGCHbFbp0kel70yK7mh1bWqNjC0pdFIV0Dkvr4N4Xw\n4OF55Q9hv1pohXaweJ6Ovcnoo7kooAnqnS/swtXPyRtq6M6AsnsaBAofa0ZaBv2z\nGCvqrVMib5nQ1a2JmrUaSl+CIhumeljBHJXKt1O7Sjn7tOF4jzyoWHsD9bXFXLrG\nzwFc3juaHABewidT7C0l7TOZiG7MTgMb08lM3g63Nre4dTN5k5RtBY41zNBWfQbu\nadyEZ7Vtn0i4ioGszQRrHjkdTkow3RQAGW1vNui7bgI5+sNPN5OLpboeosh1yi03\nlpJiQn3Yn803s5NTkpSx2i0bVRX/KCgdi0Snfb8WcWwUX3Ziz3VBJlr/niaHOpVz\nUHhG5Fo46p5XMzMjr1+XKLcDDM45Va3qU3pQlan14aTDaH+VTh3r7uP4aO6yVyJh\n9zc3BxyQySe3Dv6d1o3xEtPahQnXAwIDAQABAoICAD0A5P3uqRIkDxP4q/q6MWhy\nGdEuB2pBbesX0KUafrQAnMB4eDI06ew6gfQ0yh8x5cSaB7G5AU3n4ydkVCzG3hAL\nHlXrxJtczl5/zAMIuH/E4qnoGXg4eS+KZ9w4M+QnW2v9ZekDRFq18+BoHhR5UCbm\nnpnXntLEXORG3YhynDWIJm4Cmzk+7JL3ft5QP0ym3bO9wB9VQfDh/I82Qr967kXy\ndjLN+nOCxopgIipKxRHeHKdDSrUbN67DGBIBFZIhhG1QmbOIUYZd5/w+aur5xyHH\nwbaNKD4sJY6aUmvllUOG2EiLxgAdWd2pNLISEEmDam1iaiWbdRIztq6dR2nOHWa9\nEyfGUdYwfcJSlth+zMQJ+2cjt4ulCBgI2rgauTQWCgAvj7u3OgCHkiD7G744izfl\nlkagfDyEXzjZie7m7+X7ALhORhNO7UTFljwT3EnuzMJ2Df1LscVeRDW2zci/nJlr\niXfgAGCsCl7ILdhmugVCWLcMEgVCyCWfmzrKReoRdEJo9C4iR+Ld5BoyTSD7vaYL\npr/WwIBMAgbTbIh+KWh++zNU2fQ3yhf/mPgNyKjnx0dcxcF4rvjgEO6/eHxDcxYC\n0pp/Xcttm2iIT9X2iNaKrxiMtXfn+vgpy2Y/qYLA7rMifARKIVrFrRM6IciXTm0q\n/fCQspzJMiZoVH/vVlilAoIBAQD0qddvtKvUuWAjVfvowrDRJ4ffE7WrA/yZH1o7\nmBAjVrAyq2XP07DvQRFEkN+2UQ3pa0BrZcgozx2uZEK16xPjEXhVHsm11C4Y2Sln\nsVbS9Uht/fUqBTkwrlBE+0wSxJ6LanYnwRdOMtOCXiEez0QBw6Z/0Iay8TtytEjD\n37TpIkz7B8XGPjq3N/o24Qd51YrNHff7fXPDK8cbuw7ltqy6vdXgBMLme4EmGum6\nbjDEJBxf6fzlahMsCiVbCXC8uBQ+bHfdqO4ls0nT97xNNfx4h6LHdSPZrFG50ZL8\nBPKC713SQryDxp06msCGl13KERorVLo1TjI6jxDzj57cgaatAoIBAQDmX5HXWriQ\nXKsOOrCvdSE923wB0HLHMTqJgYiBwyz7BVPMZvFR9voBviIpxAW9uvXdjfXxt46z\nebQgHxfDcH+yDUJt+cGpNDBNAZcYKUyzNGGssnwXi7UbF+o1xr48oXNKRjZ3XDBo\nABjlAjDTod1EHo6cotFXTi0fqI8iT17n8AmtF5Hx9jLmep0H19MDm1DM7asVP3EX\nPfZjv1tIaehMcauEkxPi8fVSEgweZj25r71i26UjsSjy4R9GN/3giCWeVbSIZQOl\nZGZfiLhPbuMSqCeeF/ysuWz3BDqNZsXdC3bMTcplfxVF7IZgMWTfIyCZJGAHRdUA\nlErjHk4zGRpvAoIBAQDX9H5DjE7LcmDob8Ht3sNhqink/qmw7NDue10TExLTjnXy\nE5XHTsxzMpTCV7oPXBYSfWecJHf7hW1me/riRkAEgmwbfhR/WWzi4/QHIeJITNcE\nt0/KKlgjnwkdCk9IlaJ33p2yU1512KkW/mzvm/UkNYTmdrIeio11nqpHslMmIO+f\n+GlapZ0AEfnarOADazib+qLjqgUfNaoG0SLCIm7uWhfJJ4q9FDCX6NN7ij2jM1iU\nVJ20BeAsVDxK0ddfzH+Z5fYbgjvKrSkyXw4nfMp/vQEyWzQss0xj3xeFOfyxFAVV\nTTDGg+5OR0A+zKatcFEQBDZkTMRLKfLFeXS4n/v1AoIBAQCMfnxS+eDVKa6oXuKi\nHqzHLLPT52wYTs2ETpsRiBZGgFk6rw09D4IozevHzOQzcXHATHNRlsBQdEiFznCP\noGxAChYZO9f/ePR8AhxDf+xm3eszhyZmta0deNg9M5eRImVNRsSwxmg/BNAp2cwt\nROnMQVZ38FP7CpI6XHHuWrlmed1s0pMPHTatmNlrjxQBfxcn40oTCz3NDtzUuD7T\nSsOA21He6FOYdDdIdfkuEOxT8flt8MYlnkV62hBYoo0SAfXvOhV/mRtAIprMaHT+\n/IE/P43pvHc8X1k0zD9pPOQuim9I6aglfftbSYQp5fW+n42h1604wj3EvKtvF2xZ\nfVXBAoIBAAUuFi3hXWn0I5+Ad0N341GI8LcAz8xj4eMmrw5ux/bBhsOcb07C0EUo\nbXyBcj5Qon2rHC68BJhXkP4cOWaLz7QAclxukDbKzG/Pd7UzHEPH7i6Iv4031SNZ\nI2RcFkYoKgzTeU8wX4+VblJPXDNI+/dAbGcwUTiAjs48R5WzPzTayhigAA41Cufb\nvjHx9NLrwJqWY+DGXZ1diPEOKKfPNZ5pjdOPRBwCgU6vL7ue99ENk9FlJMXbLKr5\nrMbUAdav1yVcxbR9K7Fl/u1czeRZKr//g5tEQtcue/BiFAqStTPPZm7cKkFUEHN0\n6ICWnI07XqyU5jT1H8nkmXfwpJ19JDE=\n-----END PRIVATE KEY-----\n",
            "public_key_fingerprint_md5": "3f:eb:ed:ed:2e:c5:6b:96:dc:92:c7:c8:ae:b3:d5:fc",
            "public_key_fingerprint_sha256": "SHA256:6YZE6RbNOIvNxiyYKBU4d/4J6YPT9dhbJFQIy2kcW+0",
            "public_key_openssh": "ssh-rsa AAAAB3NzaC1yc2EAAAADAQABAAACAQDcK+33UyS60MR4pdlge463gf68MW+ulNX879xt7Lmmibwa1O7GTh6J188W+B3jQRjs5ru9m58+XZV6lSMyhWTOnCQ/KS5OlqmTdhJTOzZgS5maSwkIyhLSNfHlie4dU9ekX8C0lbZzMyKNavKmgP3+eWQ8n/dZZ9Woi9J0GYbbcRK3q5kcMPIs4AtcQJ7BzwOf7Y7LKKCisNpBU/Xm8XRQgqm+oTN40RNEZGoGCHbFbp0kel70yK7mh1bWqNjC0pdFIV0Dkvr4N4Xw4OF55Q9hv1pohXaweJ6Ovcnoo7kooAnqnS/swtXPyRtq6M6AsnsaBAofa0ZaBv2zGCvqrVMib5nQ1a2JmrUaSl+CIhumeljBHJXKt1O7Sjn7tOF4jzyoWHsD9bXFXLrGzwFc3juaHABewidT7C0l7TOZiG7MTgMb08lM3g63Nre4dTN5k5RtBY41zNBWfQbuadyEZ7Vtn0i4ioGszQRrHjkdTkow3RQAGW1vNui7bgI5+sNPN5OLpboeosh1yi03lpJiQn3Yn803s5NTkpSx2i0bVRX/KCgdi0Snfb8WcWwUX3Ziz3VBJlr/niaHOpVzUHhG5Fo46p5XMzMjr1+XKLcDDM45Va3qU3pQlan14aTDaH+VTh3r7uP4aO6yVyJh9zc3BxyQySe3Dv6d1o3xEtPahQnXAw==\n",
            "public_key_pem": "-----BEGIN PUBLIC KEY-----\nMIICIjANBgkqhkiG9w0BAQEFAAOCAg8AMIICCgKCAgEA3Cvt91MkutDEeKXZYHuO\nt4H+vDFvrpTV/O/cbey5pom8GtTuxk4eidfPFvgd40EY7Oa7vZufPl2VepUjMoVk\nzpwkPykuTpapk3YSUzs2YEuZmksJCMoS0jXx5YnuHVPXpF/AtJW2czMijWrypoD9\n/nlkPJ/3WWfVqIvSdBmG23ESt6uZHDDyLOALXECewc8Dn+2OyyigorDaQVP15vF0\nUIKpvqEzeNETRGRqBgh2xW6dJHpe9Miu5odW1qjYwtKXRSFdA5L6+DeF8ODheeUP\nYb9aaIV2sHiejr3J6KO5KKAJ6p0v7MLVz8kbaujOgLJ7GgQKH2tGWgb9sxgr6q1T\nIm+Z0NWtiZq1GkpfgiIbpnpYwRyVyrdTu0o5+7TheI88qFh7A/W1xVy6xs8BXN47\nmhwAXsInU+wtJe0zmYhuzE4DG9PJTN4Otza3uHUzeZOUbQWONczQVn0G7mnchGe1\nbZ9IuIqBrM0Eax45HU5KMN0UABltbzbou24COfrDTzeTi6W6HqLIdcotN5aSYkJ9\n2J/NN7OTU5KUsdotG1UV/ygoHYtEp32/FnFsFF92Ys91QSZa/54mhzqVc1B4RuRa\nOOqeVzMzI69flyi3AwzOOVWt6lN6UJWp9eGkw2h/lU4d6+7j+GjuslciYfc3Nwcc\nkMkntw7+ndaN8RLT2oUJ1wMCAwEAAQ==\n-----END PUBLIC KEY-----\n",
            "rsa_bits": 4096
          },
          "sensitive_attributes": []
        }
      ]
    },
    {
      "mode": "managed",
      "type": "tls_private_key",
      "name": "jenkins_internal",
      "provider": "provider[\"registry.terraform.io/hashicorp/tls\"]",
      "instances": [
        {
          "schema_version": 1,
          "attributes": {
            "algorithm": "RSA",
            "ecdsa_curve": "P224",
            "id": "1338145141dbe2753c6349d727e8c30952d939df",
            "private_key_openssh": "-----BEGIN OPENSSH PRIVATE KEY-----\nb3BlbnNzaC1rZXktdjEAAAAABG5vbmUAAAAEbm9uZQAAAAAAAAABAAACFwAAAAdz\nc2gtcnNhAAAAAwEAAQAAAgEA1c9vy5zHjNEkv7o7+iZX+DI8txb+dQfdflWZyWt/\n3c2x76P/kdDRc2QMAiNGrJUSxPbG0qFL7GG0V3TbE6Lyf04qaOVulpHw+2kap32/\nyAD0DxgNeTuYOGLy2A7g+9/IVNfSaaz6Z3u4KnpoEkWh+63mz2WCmxUu3H3P1lkS\ntuT9+PAbaVp2OZay03N3xA4P7D+sqocPXlHfaXuHuz6MgM1entWkGT+WJhxlHMH8\ndg5bmhgQdiyaL7ppXfQTs5KCyick7djIYjIfGdIhoTjoXwGelAdSYaEi/j2xZ1pN\nfG3/0obotYA78oNo7kcXdDLAZlS9W94fH7qgTwQ0eU2Rp1W/QJxbVgBdo7IugZ2o\nfMWU3ekkoa9FZXW5icuumniNmcAVGefGn271tF9KURvVOYphM6exu69QxhKin/wJ\nFG4kCZD7XdH9xkeTF2tMF4cmiN5RcAk9/tBS/MKrv9cBrNiICRzs2x2AB3FiISps\nxKzAcj+9FV2b0SLpjFOg9XFkdBevzojIrSw+6bdPfRbAD1Btlq63nkbDa4eB2N4G\nHch2zr//uBbBwBco8Pc6rjaDCHGtoh+rAHhtVKMpntXpcR2SADf0ObkQ4JmjD10u\nn22uWNcVCj1B4I2eLEx61JH2KNRaAhnXbF08l5egnGgdXUBacxYP1/Sf17NCbU0J\n/mUAAAc4YxAhTmMQIU4AAAAHc3NoLXJzYQAAAgEA1c9vy5zHjNEkv7o7+iZX+DI8\ntxb+dQfdflWZyWt/3c2x76P/kdDRc2QMAiNGrJUSxPbG0qFL7GG0V3TbE6Lyf04q\naOVulpHw+2kap32/yAD0DxgNeTuYOGLy2A7g+9/IVNfSaaz6Z3u4KnpoEkWh+63m\nz2WCmxUu3H3P1lkStuT9+PAbaVp2OZay03N3xA4P7D+sqocPXlHfaXuHuz6MgM1e\nntWkGT+WJhxlHMH8dg5bmhgQdiyaL7ppXfQTs5KCyick7djIYjIfGdIhoTjoXwGe\nlAdSYaEi/j2xZ1pNfG3/0obotYA78oNo7kcXdDLAZlS9W94fH7qgTwQ0eU2Rp1W/\nQJxbVgBdo7IugZ2ofMWU3ekkoa9FZXW5icuumniNmcAVGefGn271tF9KURvVOYph\nM6exu69QxhKin/wJFG4kCZD7XdH9xkeTF2tMF4cmiN5RcAk9/tBS/MKrv9cBrNiI\nCRzs2x2AB3FiISpsxKzAcj+9FV2b0SLpjFOg9XFkdBevzojIrSw+6bdPfRbAD1Bt\nlq63nkbDa4eB2N4GHch2zr//uBbBwBco8Pc6rjaDCHGtoh+rAHhtVKMpntXpcR2S\nADf0ObkQ4JmjD10un22uWNcVCj1B4I2eLEx61JH2KNRaAhnXbF08l5egnGgdXUBa\ncxYP1/Sf17NCbU0J/mUAAAADAQABAAACAFOlsYeXoQwq4HUv33oYmS7tPIqmsMtJ\nVfKwe5ds+pvkdtoZr4k1CFRcDkSh12r6cVrkbtmFqAXlHaBfg7v1cmiyxG3AYNkA\nZKZ/MqHXVPniwZjMIK1Oztk0gOxdOdDgdmgW/WdBeL+Wi/D2bZPEcUBdAyEdhhC1\nI124zOB/fY5XHTNQgHDhpsIV/oUyNedaVwlmyd73MuCEKGMEpI/xQxe7AOskCuyj\nz1K+piIvlFz9dgHdq0cIYRQOGl3a+QA2b/u1f8Gbn52nHTrFVknUUTimEgu4p5ax\na1bK/QZBsnHdOQn8pLspXYqdtaYO4xKfLl16hpCT4FpR8ZioPP0+Bx6YV0S97Eu4\n3u1qTpvO2BK3Orvp/7FzLMF4TZYmaxzheLauxFm9+UxQxp7ogzAiOnMuUpsMTK3p\nFCQl8f5M6pnAniyMtMiwH8Cjd9wojTXOozlf3iwFjjoClKHyXQaxF2Z3iqlESqun\nY1Epe1Tzv30342PI9fVMfTArvzdrSFOrPwunAe2HsJ/v/EjCIo+XprGmqqWKI3RQ\npgEiembNzy+JtYPWkgIBMDkEmtqAzoWxL2igRs021JGCQwz5bcb5uMdM94LjIkfP\nUPxN4T7KmLYFM/cdiicODcfCieLSGRJKiCmzzF61LQuIXv4Z8WEMZiUqFFWEiASJ\n/E+fxPLY+n6LAAABAQDAAkZxfz54GYP40dpb9HfbIg1NlXxWkB6rLj8IBKMICzgQ\nSrK6XyoLvfIiFfXYaTIdQUOd7CI8dIMXOI2rxDSPgDunfaPEk1V7gvxkhfwMPAiM\nHfWaPZeb6k3FtK9L7yZbGbHVNJ7/bUCzYnNo6iH+GaGTIywUsdEmLLV7JJEI2Mwq\nHN7svG/qTb0pgDNYV20S1UR7fhgrMwdSS/0B8rLPzZMblUUL/K2GxkRGXq/JSZvN\nFr+oXvwfTy0bsyK3qzAYJf9gT8obCiUnhijc4dEerS0vsC1kqHWBtJwG9UdKPtJa\ne4CXJ/uygyqwuy9sIvyyK4MNqwCJjcDzFOw6KRDrAAABAQD3lmNurVYVUjj89uxO\neh7lENUik9mh6OYKhagBJTRHvC2lN3aHMm6fAfDJDnjvl3xETOdeCfDk1YKZdI79\nogBqrXolS9bpPbWhE2+X3u2v6cAqYgbjOaYxUdokirTEvyq9VI2ph0SbX/G8JLS3\n7HKJunHMtelqTcIalPJ9c1cze5OF8NxRFm059wLTLCulwrqKCNII3zDYRP/P6YbN\nQxFfWxZq1jU1zCfR5V04VXDsG6NQmVxtIb+5DUm33AxdfYa3IeLUqBnpRjybRXCa\nnZhQcLR0A8hQn2wuOR6jeufhjuX+n8tpg4kSTmKtXVaa8rhV/C+4ngOcOinclDpe\nHtHTAAABAQDdEz3T0B7eZILxcacJlGdW4jUhP+MEVAT1BkIDPJHaPFc8whXq0z2R\nH/GqF5gJoPUI9KsIUGFC3X/t4ONUgsI/XIdastKtnfmajp3Al3/hKWx6sCT7PZE1\n8fLJWkeFmdU5PQykaCZGoJ7323IJsEWuqCt4LXmYnCgYMnZBrMR2TjY92XrXMEtF\n2D8rtt5ByNgX/+6CqOa5M0s6O6psCoopoC4hSzGK0zIhQDYUH6tVciKmYlyivNmU\nFNTSpL+kBZA2O/TsgkvWeSpEjUo2SbYvWRYr3rHQjLClfXja293Gq2I09GnsnLVa\nuxnQA3ODW8hiLvCwXcjiCUumODHiuBPnAAAAAAEC\n-----END OPENSSH PRIVATE KEY-----\n",
            "private_key_pem": "-----BEGIN RSA PRIVATE KEY-----\nMIIJKQIBAAKCAgEA1c9vy5zHjNEkv7o7+iZX+DI8txb+dQfdflWZyWt/3c2x76P/\nkdDRc2QMAiNGrJUSxPbG0qFL7GG0V3TbE6Lyf04qaOVulpHw+2kap32/yAD0DxgN\neTuYOGLy2A7g+9/IVNfSaaz6Z3u4KnpoEkWh+63mz2WCmxUu3H3P1lkStuT9+PAb\naVp2OZay03N3xA4P7D+sqocPXlHfaXuHuz6MgM1entWkGT+WJhxlHMH8dg5bmhgQ\ndiyaL7ppXfQTs5KCyick7djIYjIfGdIhoTjoXwGelAdSYaEi/j2xZ1pNfG3/0obo\ntYA78oNo7kcXdDLAZlS9W94fH7qgTwQ0eU2Rp1W/QJxbVgBdo7IugZ2ofMWU3ekk\noa9FZXW5icuumniNmcAVGefGn271tF9KURvVOYphM6exu69QxhKin/wJFG4kCZD7\nXdH9xkeTF2tMF4cmiN5RcAk9/tBS/MKrv9cBrNiICRzs2x2AB3FiISpsxKzAcj+9\nFV2b0SLpjFOg9XFkdBevzojIrSw+6bdPfRbAD1Btlq63nkbDa4eB2N4GHch2zr//\nuBbBwBco8Pc6rjaDCHGtoh+rAHhtVKMpntXpcR2SADf0ObkQ4JmjD10un22uWNcV\nCj1B4I2eLEx61JH2KNRaAhnXbF08l5egnGgdXUBacxYP1/Sf17NCbU0J/mUCAwEA\nAQKCAgBTpbGHl6EMKuB1L996GJku7TyKprDLSVXysHuXbPqb5HbaGa+JNQhUXA5E\noddq+nFa5G7ZhagF5R2gX4O79XJossRtwGDZAGSmfzKh11T54sGYzCCtTs7ZNIDs\nXTnQ4HZoFv1nQXi/lovw9m2TxHFAXQMhHYYQtSNduMzgf32OVx0zUIBw4abCFf6F\nMjXnWlcJZsne9zLghChjBKSP8UMXuwDrJArso89SvqYiL5Rc/XYB3atHCGEUDhpd\n2vkANm/7tX/Bm5+dpx06xVZJ1FE4phILuKeWsWtWyv0GQbJx3TkJ/KS7KV2KnbWm\nDuMSny5deoaQk+BaUfGYqDz9PgcemFdEvexLuN7tak6bztgStzq76f+xcyzBeE2W\nJmsc4Xi2rsRZvflMUMae6IMwIjpzLlKbDEyt6RQkJfH+TOqZwJ4sjLTIsB/Ao3fc\nKI01zqM5X94sBY46ApSh8l0GsRdmd4qpREqrp2NRKXtU8799N+NjyPX1TH0wK783\na0hTqz8LpwHth7Cf7/xIwiKPl6axpqqliiN0UKYBInpmzc8vibWD1pICATA5BJra\ngM6FsS9ooEbNNtSRgkMM+W3G+bjHTPeC4yJHz1D8TeE+ypi2BTP3HYonDg3Hwoni\n0hkSSogps8xetS0LiF7+GfFhDGYlKhRVhIgEifxPn8Ty2Pp+iwKCAQEA95Zjbq1W\nFVI4/PbsTnoe5RDVIpPZoejmCoWoASU0R7wtpTd2hzJunwHwyQ5475d8REznXgnw\n5NWCmXSO/aIAaq16JUvW6T21oRNvl97tr+nAKmIG4zmmMVHaJIq0xL8qvVSNqYdE\nm1/xvCS0t+xyibpxzLXpak3CGpTyfXNXM3uThfDcURZtOfcC0ywrpcK6igjSCN8w\n2ET/z+mGzUMRX1sWatY1Ncwn0eVdOFVw7BujUJlcbSG/uQ1Jt9wMXX2GtyHi1KgZ\n6UY8m0Vwmp2YUHC0dAPIUJ9sLjkeo3rn4Y7l/p/LaYOJEk5irV1WmvK4VfwvuJ4D\nnDop3JQ6Xh7R0wKCAQEA3RM909Ae3mSC8XGnCZRnVuI1IT/jBFQE9QZCAzyR2jxX\nPMIV6tM9kR/xqheYCaD1CPSrCFBhQt1/7eDjVILCP1yHWrLSrZ35mo6dwJd/4Sls\nerAk+z2RNfHyyVpHhZnVOT0MpGgmRqCe99tyCbBFrqgreC15mJwoGDJ2QazEdk42\nPdl61zBLRdg/K7beQcjYF//ugqjmuTNLOjuqbAqKKaAuIUsxitMyIUA2FB+rVXIi\npmJcorzZlBTU0qS/pAWQNjv07IJL1nkqRI1KNkm2L1kWK96x0IywpX142tvdxqti\nNPRp7Jy1WrsZ0ANzg1vIYi7wsF3I4glLpjgx4rgT5wKCAQAOh47SQe3ZVnftsHfx\nqw0BGFnJq6+L5uUJHQrc9lf5FbwABB86k+UWA8Ejq2vBc7xhLbouNJskcrs1UjfJ\n/qXTnNacNbUo/uwXxdI4sWZ1elxCoHoS/6EXJ9yLZHBzU1you7uMhVmrXJgNGIJa\ngM+/8WcYQlyuVl3bvX31ir1FUi04IQhs4coLKsnJpr/w/FqCGz5oMuDk8Deq9eNp\nTFRKqkfIgUWiIJb9pF4yHiGAWabd5gIcjWx46aS323wGSIWNXbm4DR1oKS0JV6vi\nBvmXTuXoIQiyYoiwtb1sjpvpCr/Ij4waZxO2NU9pKR8Z/MCAm0oZpXxEwM0QGsrK\nFzjtAoIBAQDDnfEJaZDG7F1JU22gdmZyZLrqbuNrwwSX4y+qOYA9gUMYCgzmuoAx\n1/g4r6PicUAg6o4kTyugxOocDPBaqVFES5WhVbZB1hU1A5jm/6cyDztj3FT80t+Y\nwjw4mt/KgfJAMZrsJxQnTp0baFwh4o3mG/xK3MJJnXOE5bHqLvuwS0iHtdaSbrNM\nXCqZfbhwsU00/0uG5fkySwb3wi/sZe8XIhtvbl+qHXKwJWc0q0kp1FKAs2yQu1Yz\nR7OBqDHC6wFOXAM++5QrdQ9HlVXjb5n7j3Kk4uqoRLVR2hKEZiR5VNETVmob6hY2\n8HPIsiUWSLKo3iwvguzrxZngvLy3hnZlAoIBAQDAAkZxfz54GYP40dpb9HfbIg1N\nlXxWkB6rLj8IBKMICzgQSrK6XyoLvfIiFfXYaTIdQUOd7CI8dIMXOI2rxDSPgDun\nfaPEk1V7gvxkhfwMPAiMHfWaPZeb6k3FtK9L7yZbGbHVNJ7/bUCzYnNo6iH+GaGT\nIywUsdEmLLV7JJEI2MwqHN7svG/qTb0pgDNYV20S1UR7fhgrMwdSS/0B8rLPzZMb\nlUUL/K2GxkRGXq/JSZvNFr+oXvwfTy0bsyK3qzAYJf9gT8obCiUnhijc4dEerS0v\nsC1kqHWBtJwG9UdKPtJae4CXJ/uygyqwuy9sIvyyK4MNqwCJjcDzFOw6KRDr\n-----END RSA PRIVATE KEY-----\n",
            "private_key_pem_pkcs8": "-----BEGIN PRIVATE KEY-----\nMIIJQwIBADANBgkqhkiG9w0BAQEFAASCCS0wggkpAgEAAoICAQDVz2/LnMeM0SS/\nujv6Jlf4Mjy3Fv51B91+VZnJa3/dzbHvo/+R0NFzZAwCI0aslRLE9sbSoUvsYbRX\ndNsTovJ/Tipo5W6WkfD7aRqnfb/IAPQPGA15O5g4YvLYDuD738hU19JprPpne7gq\nemgSRaH7rebPZYKbFS7cfc/WWRK25P348BtpWnY5lrLTc3fEDg/sP6yqhw9eUd9p\ne4e7PoyAzV6e1aQZP5YmHGUcwfx2DluaGBB2LJovumld9BOzkoLKJyTt2MhiMh8Z\n0iGhOOhfAZ6UB1JhoSL+PbFnWk18bf/Shui1gDvyg2juRxd0MsBmVL1b3h8fuqBP\nBDR5TZGnVb9AnFtWAF2jsi6Bnah8xZTd6SShr0VldbmJy66aeI2ZwBUZ58afbvW0\nX0pRG9U5imEzp7G7r1DGEqKf/AkUbiQJkPtd0f3GR5MXa0wXhyaI3lFwCT3+0FL8\nwqu/1wGs2IgJHOzbHYAHcWIhKmzErMByP70VXZvRIumMU6D1cWR0F6/OiMitLD7p\nt099FsAPUG2WrreeRsNrh4HY3gYdyHbOv/+4FsHAFyjw9zquNoMIca2iH6sAeG1U\noyme1elxHZIAN/Q5uRDgmaMPXS6fba5Y1xUKPUHgjZ4sTHrUkfYo1FoCGddsXTyX\nl6CcaB1dQFpzFg/X9J/Xs0JtTQn+ZQIDAQABAoICAFOlsYeXoQwq4HUv33oYmS7t\nPIqmsMtJVfKwe5ds+pvkdtoZr4k1CFRcDkSh12r6cVrkbtmFqAXlHaBfg7v1cmiy\nxG3AYNkAZKZ/MqHXVPniwZjMIK1Oztk0gOxdOdDgdmgW/WdBeL+Wi/D2bZPEcUBd\nAyEdhhC1I124zOB/fY5XHTNQgHDhpsIV/oUyNedaVwlmyd73MuCEKGMEpI/xQxe7\nAOskCuyjz1K+piIvlFz9dgHdq0cIYRQOGl3a+QA2b/u1f8Gbn52nHTrFVknUUTim\nEgu4p5axa1bK/QZBsnHdOQn8pLspXYqdtaYO4xKfLl16hpCT4FpR8ZioPP0+Bx6Y\nV0S97Eu43u1qTpvO2BK3Orvp/7FzLMF4TZYmaxzheLauxFm9+UxQxp7ogzAiOnMu\nUpsMTK3pFCQl8f5M6pnAniyMtMiwH8Cjd9wojTXOozlf3iwFjjoClKHyXQaxF2Z3\niqlESqunY1Epe1Tzv30342PI9fVMfTArvzdrSFOrPwunAe2HsJ/v/EjCIo+XprGm\nqqWKI3RQpgEiembNzy+JtYPWkgIBMDkEmtqAzoWxL2igRs021JGCQwz5bcb5uMdM\n94LjIkfPUPxN4T7KmLYFM/cdiicODcfCieLSGRJKiCmzzF61LQuIXv4Z8WEMZiUq\nFFWEiASJ/E+fxPLY+n6LAoIBAQD3lmNurVYVUjj89uxOeh7lENUik9mh6OYKhagB\nJTRHvC2lN3aHMm6fAfDJDnjvl3xETOdeCfDk1YKZdI79ogBqrXolS9bpPbWhE2+X\n3u2v6cAqYgbjOaYxUdokirTEvyq9VI2ph0SbX/G8JLS37HKJunHMtelqTcIalPJ9\nc1cze5OF8NxRFm059wLTLCulwrqKCNII3zDYRP/P6YbNQxFfWxZq1jU1zCfR5V04\nVXDsG6NQmVxtIb+5DUm33AxdfYa3IeLUqBnpRjybRXCanZhQcLR0A8hQn2wuOR6j\neufhjuX+n8tpg4kSTmKtXVaa8rhV/C+4ngOcOinclDpeHtHTAoIBAQDdEz3T0B7e\nZILxcacJlGdW4jUhP+MEVAT1BkIDPJHaPFc8whXq0z2RH/GqF5gJoPUI9KsIUGFC\n3X/t4ONUgsI/XIdastKtnfmajp3Al3/hKWx6sCT7PZE18fLJWkeFmdU5PQykaCZG\noJ7323IJsEWuqCt4LXmYnCgYMnZBrMR2TjY92XrXMEtF2D8rtt5ByNgX/+6CqOa5\nM0s6O6psCoopoC4hSzGK0zIhQDYUH6tVciKmYlyivNmUFNTSpL+kBZA2O/TsgkvW\neSpEjUo2SbYvWRYr3rHQjLClfXja293Gq2I09GnsnLVauxnQA3ODW8hiLvCwXcji\nCUumODHiuBPnAoIBAA6HjtJB7dlWd+2wd/GrDQEYWcmrr4vm5QkdCtz2V/kVvAAE\nHzqT5RYDwSOra8FzvGEtui40myRyuzVSN8n+pdOc1pw1tSj+7BfF0jixZnV6XEKg\nehL/oRcn3ItkcHNTXKi7u4yFWatcmA0YglqAz7/xZxhCXK5WXdu9ffWKvUVSLTgh\nCGzhygsqycmmv/D8WoIbPmgy4OTwN6r142lMVEqqR8iBRaIglv2kXjIeIYBZpt3m\nAhyNbHjppLfbfAZIhY1dubgNHWgpLQlXq+IG+ZdO5eghCLJiiLC1vWyOm+kKv8iP\njBpnE7Y1T2kpHxn8wICbShmlfETAzRAaysoXOO0CggEBAMOd8QlpkMbsXUlTbaB2\nZnJkuupu42vDBJfjL6o5gD2BQxgKDOa6gDHX+Divo+JxQCDqjiRPK6DE6hwM8Fqp\nUURLlaFVtkHWFTUDmOb/pzIPO2PcVPzS35jCPDia38qB8kAxmuwnFCdOnRtoXCHi\njeYb/Ercwkmdc4Tlseou+7BLSIe11pJus0xcKpl9uHCxTTT/S4bl+TJLBvfCL+xl\n7xciG29uX6odcrAlZzSrSSnUUoCzbJC7VjNHs4GoMcLrAU5cAz77lCt1D0eVVeNv\nmfuPcqTi6qhEtVHaEoRmJHlU0RNWahvqFjbwc8iyJRZIsqjeLC+C7OvFmeC8vLeG\ndmUCggEBAMACRnF/PngZg/jR2lv0d9siDU2VfFaQHqsuPwgEowgLOBBKsrpfKgu9\n8iIV9dhpMh1BQ53sIjx0gxc4javENI+AO6d9o8STVXuC/GSF/Aw8CIwd9Zo9l5vq\nTcW0r0vvJlsZsdU0nv9tQLNic2jqIf4ZoZMjLBSx0SYstXskkQjYzCoc3uy8b+pN\nvSmAM1hXbRLVRHt+GCszB1JL/QHyss/NkxuVRQv8rYbGREZer8lJm80Wv6he/B9P\nLRuzIrerMBgl/2BPyhsKJSeGKNzh0R6tLS+wLWSodYG0nAb1R0o+0lp7gJcn+7KD\nKrC7L2wi/LIrgw2rAImNwPMU7DopEOs=\n-----END PRIVATE KEY-----\n",
            "public_key_fingerprint_md5": "d1:a6:13:bc:a3:b7:6f:7b:b5:74:19:bd:ae:ec:34:64",
            "public_key_fingerprint_sha256": "SHA256:ZZEyd7Z6GVIEcwhx642ogZPsoU+PZfyWVAdXCJJwWrM",
            "public_key_openssh": "ssh-rsa AAAAB3NzaC1yc2EAAAADAQABAAACAQDVz2/LnMeM0SS/ujv6Jlf4Mjy3Fv51B91+VZnJa3/dzbHvo/+R0NFzZAwCI0aslRLE9sbSoUvsYbRXdNsTovJ/Tipo5W6WkfD7aRqnfb/IAPQPGA15O5g4YvLYDuD738hU19JprPpne7gqemgSRaH7rebPZYKbFS7cfc/WWRK25P348BtpWnY5lrLTc3fEDg/sP6yqhw9eUd9pe4e7PoyAzV6e1aQZP5YmHGUcwfx2DluaGBB2LJovumld9BOzkoLKJyTt2MhiMh8Z0iGhOOhfAZ6UB1JhoSL+PbFnWk18bf/Shui1gDvyg2juRxd0MsBmVL1b3h8fuqBPBDR5TZGnVb9AnFtWAF2jsi6Bnah8xZTd6SShr0VldbmJy66aeI2ZwBUZ58afbvW0X0pRG9U5imEzp7G7r1DGEqKf/AkUbiQJkPtd0f3GR5MXa0wXhyaI3lFwCT3+0FL8wqu/1wGs2IgJHOzbHYAHcWIhKmzErMByP70VXZvRIumMU6D1cWR0F6/OiMitLD7pt099FsAPUG2WrreeRsNrh4HY3gYdyHbOv/+4FsHAFyjw9zquNoMIca2iH6sAeG1Uoyme1elxHZIAN/Q5uRDgmaMPXS6fba5Y1xUKPUHgjZ4sTHrUkfYo1FoCGddsXTyXl6CcaB1dQFpzFg/X9J/Xs0JtTQn+ZQ==\n",
            "public_key_pem": "-----BEGIN PUBLIC KEY-----\nMIICIjANBgkqhkiG9w0BAQEFAAOCAg8AMIICCgKCAgEA1c9vy5zHjNEkv7o7+iZX\n+DI8txb+dQfdflWZyWt/3c2x76P/kdDRc2QMAiNGrJUSxPbG0qFL7GG0V3TbE6Ly\nf04qaOVulpHw+2kap32/yAD0DxgNeTuYOGLy2A7g+9/IVNfSaaz6Z3u4KnpoEkWh\n+63mz2WCmxUu3H3P1lkStuT9+PAbaVp2OZay03N3xA4P7D+sqocPXlHfaXuHuz6M\ngM1entWkGT+WJhxlHMH8dg5bmhgQdiyaL7ppXfQTs5KCyick7djIYjIfGdIhoTjo\nXwGelAdSYaEi/j2xZ1pNfG3/0obotYA78oNo7kcXdDLAZlS9W94fH7qgTwQ0eU2R\np1W/QJxbVgBdo7IugZ2ofMWU3ekkoa9FZXW5icuumniNmcAVGefGn271tF9KURvV\nOYphM6exu69QxhKin/wJFG4kCZD7XdH9xkeTF2tMF4cmiN5RcAk9/tBS/MKrv9cB\nrNiICRzs2x2AB3FiISpsxKzAcj+9FV2b0SLpjFOg9XFkdBevzojIrSw+6bdPfRbA\nD1Btlq63nkbDa4eB2N4GHch2zr//uBbBwBco8Pc6rjaDCHGtoh+rAHhtVKMpntXp\ncR2SADf0ObkQ4JmjD10un22uWNcVCj1B4I2eLEx61JH2KNRaAhnXbF08l5egnGgd\nXUBacxYP1/Sf17NCbU0J/mUCAwEAAQ==\n-----END PUBLIC KEY-----\n",
            "rsa_bits": 4096
          },
          "sensitive_attributes": []
        }
      ]
    },
    {
      "module": "module.eks",
      "mode": "data",
      "type": "aws_caller_identity",
      "name": "current",
      "provider": "provider[\"registry.terraform.io/hashicorp/aws\"]",
      "instances": [
        {
          "schema_version": 0,
          "attributes": {
            "account_id": "039612864283",
            "arn": "arn:aws:iam::039612864283:user/developer",
            "id": "039612864283",
            "user_id": "AIDAQSOI4K4NVLRP3K6G5"
          },
          "sensitive_attributes": []
        }
      ]
    },
    {
      "module": "module.eks",
      "mode": "data",
      "type": "aws_eks_addon_version",
      "name": "this",
      "provider": "provider[\"registry.terraform.io/hashicorp/aws\"]",
      "instances": []
    },
    {
      "module": "module.eks",
      "mode": "data",
      "type": "aws_iam_policy_document",
      "name": "assume_role_policy",
      "provider": "provider[\"registry.terraform.io/hashicorp/aws\"]",
      "instances": [
        {
          "index_key": 0,
          "schema_version": 0,
          "attributes": {
            "id": "2764486067",
            "json": "{\n  \"Version\": \"2012-10-17\",\n  \"Statement\": [\n    {\n      \"Sid\": \"EKSClusterAssumeRole\",\n      \"Effect\": \"Allow\",\n      \"Action\": \"sts:AssumeRole\",\n      \"Principal\": {\n        \"Service\": \"eks.amazonaws.com\"\n      }\n    }\n  ]\n}",
            "minified_json": "{\"Version\":\"2012-10-17\",\"Statement\":[{\"Sid\":\"EKSClusterAssumeRole\",\"Effect\":\"Allow\",\"Action\":\"sts:AssumeRole\",\"Principal\":{\"Service\":\"eks.amazonaws.com\"}}]}",
            "override_json": null,
            "override_policy_documents": null,
            "policy_id": null,
            "source_json": null,
            "source_policy_documents": null,
            "statement": [
              {
                "actions": [
                  "sts:AssumeRole"
                ],
                "condition": [],
                "effect": "Allow",
                "not_actions": [],
                "not_principals": [],
                "not_resources": [],
                "principals": [
                  {
                    "identifiers": [
                      "eks.amazonaws.com"
                    ],
                    "type": "Service"
                  }
                ],
                "resources": [],
                "sid": "EKSClusterAssumeRole"
              }
            ],
            "version": "2012-10-17"
          },
          "sensitive_attributes": []
        }
      ]
    },
    {
      "module": "module.eks",
      "mode": "data",
      "type": "aws_iam_policy_document",
      "name": "cni_ipv6_policy",
      "provider": "provider[\"registry.terraform.io/hashicorp/aws\"]",
      "instances": []
    },
    {
      "module": "module.eks",
      "mode": "data",
      "type": "aws_iam_session_context",
      "name": "current",
      "provider": "provider[\"registry.terraform.io/hashicorp/aws\"]",
      "instances": [
        {
          "schema_version": 0,
          "attributes": {
            "arn": "arn:aws:iam::039612864283:user/developer",
            "id": "arn:aws:iam::039612864283:user/developer",
            "issuer_arn": "arn:aws:iam::039612864283:user/developer",
            "issuer_id": "",
            "issuer_name": "",
            "session_name": ""
          },
          "sensitive_attributes": []
        }
      ]
    },
    {
      "module": "module.eks",
      "mode": "data",
      "type": "aws_partition",
      "name": "current",
      "provider": "provider[\"registry.terraform.io/hashicorp/aws\"]",
      "instances": [
        {
          "schema_version": 0,
          "attributes": {
            "dns_suffix": "amazonaws.com",
            "id": "aws",
            "partition": "aws",
            "reverse_dns_prefix": "com.amazonaws"
          },
          "sensitive_attributes": []
        }
      ]
    },
    {
      "module": "module.eks",
      "mode": "data",
      "type": "tls_certificate",
      "name": "this",
      "provider": "provider[\"registry.terraform.io/hashicorp/tls\"]",
      "instances": [
        {
          "index_key": 0,
          "schema_version": 0,
          "attributes": {
            "certificates": [
              {
                "cert_pem": "-----BEGIN CERTIFICATE-----\nMIIEkjCCA3qgAwIBAgITBn+USionzfP6wq4rAfkI7rnExjANBgkqhkiG9w0BAQsF\nADCBmDELMAkGA1UEBhMCVVMxEDAOBgNVBAgTB0FyaXpvbmExEzARBgNVBAcTClNj\nb3R0c2RhbGUxJTAjBgNVBAoTHFN0YXJmaWVsZCBUZWNobm9sb2dpZXMsIEluYy4x\nOzA5BgNVBAMTMlN0YXJmaWVsZCBTZXJ2aWNlcyBSb290IENlcnRpZmljYXRlIEF1\ndGhvcml0eSAtIEcyMB4XDTE1MDUyNTEyMDAwMFoXDTM3MTIzMTAxMDAwMFowOTEL\nMAkGA1UEBhMCVVMxDzANBgNVBAoTBkFtYXpvbjEZMBcGA1UEAxMQQW1hem9uIFJv\nb3QgQ0EgMTCCASIwDQYJKoZIhvcNAQEBBQADggEPADCCAQoCggEBALJ4gHHKeNXj\nca9HgFB0fW7Y14h29Jlo91ghYPl0hAEvrAIthtOgQ3pOsqTQNroBvo3bSMgHFzZM\n9O6II8c+6zf1tRn4SWiw3te5djgdYZ6k/oI2peVKVuRF4fn9tBb6dNqcmzU5L/qw\nIFAGbHrQgLKm+a/sRxmPUDgH3KKHOVj4utWp+UhnMJbulHheb4mjUcAwhmahRWa6\nVOujw5H5SNz/0egwLX0tdHA114gk957EWW67c4cX8jJGKLhD+rcdqsq08p8kDi1L\n93FcXmn/6pUCyziKrlA4b9v7LWIbxcceVOF34GfID5yHI9Y/QCB/IIDEgEw+OyQm\njgSubJrIqg0CAwEAAaOCATEwggEtMA8GA1UdEwEB/wQFMAMBAf8wDgYDVR0PAQH/\nBAQDAgGGMB0GA1UdDgQWBBSEGMyFNOy8DJSULghZnMeyEE4KCDAfBgNVHSMEGDAW\ngBScXwDfqgHXMCs4iKK4bUqc8hGRgzB4BggrBgEFBQcBAQRsMGowLgYIKwYBBQUH\nMAGGImh0dHA6Ly9vY3NwLnJvb3RnMi5hbWF6b250cnVzdC5jb20wOAYIKwYBBQUH\nMAKGLGh0dHA6Ly9jcnQucm9vdGcyLmFtYXpvbnRydXN0LmNvbS9yb290ZzIuY2Vy\nMD0GA1UdHwQ2MDQwMqAwoC6GLGh0dHA6Ly9jcmwucm9vdGcyLmFtYXpvbnRydXN0\nLmNvbS9yb290ZzIuY3JsMBEGA1UdIAQKMAgwBgYEVR0gADANBgkqhkiG9w0BAQsF\nAAOCAQEAYjdCXLwQtT6LLOkMm2xF4gcAevnFWAu5CIw+7bMlPLVvUOTNNWqnkzSW\nMiGpSESrnO09tKpzbeR/FoCJbM8oAxiDR3mjEH4wW6w7sGDgd9QIpuEdfF7Au/ma\neyKdpwAJfqxGF4PcnCZXmTA5YpaP7dreqsXMGz7KQ2hsVxa81Q4gLv7/wmpdLqBK\nbRRYh5TmOTFffHPLkIhqhBGWJ6bt2YFGpn6jcgAKUj6DiAdjd4lpFw85hdKrCEVN\n0FE6/V1dN2RMfjCyVSRCnTawXZwXgWHxyvkQAiSr6w10kY17RSlQOYiypok1JR4U\nakcjMS9cmvqtmg5iUaQqqcT5NJ0hGA==\n-----END CERTIFICATE-----\n",
                "is_ca": true,
                "issuer": "CN=Starfield Services Root Certificate Authority - G2,O=Starfield Technologies\\, Inc.,L=Scottsdale,ST=Arizona,C=US",
                "not_after": "2037-12-31T01:00:00Z",
                "not_before": "2015-05-25T12:00:00Z",
                "public_key_algorithm": "RSA",
                "serial_number": "144918191876577076464031512351042010504348870",
                "sha1_fingerprint": "06b25927c42a721631c1efd9431e648fa62e1e39",
                "signature_algorithm": "SHA256-RSA",
                "subject": "CN=Amazon Root CA 1,O=Amazon,C=US",
                "version": 3
              },
              {
                "cert_pem": "-----BEGIN CERTIFICATE-----\nMIIEXjCCA0agAwIBAgITB3MSSkvL1E7HtTvq8ZSELToPoTANBgkqhkiG9w0BAQsF\nADA5MQswCQYDVQQGEwJVUzEPMA0GA1UEChMGQW1hem9uMRkwFwYDVQQDExBBbWF6\nb24gUm9vdCBDQSAxMB4XDTIyMDgyMzIyMjUzMFoXDTMwMDgyMzIyMjUzMFowPDEL\nMAkGA1UEBhMCVVMxDzANBgNVBAoTBkFtYXpvbjEcMBoGA1UEAxMTQW1hem9uIFJT\nQSAyMDQ4IE0wMjCCASIwDQYJKoZIhvcNAQEBBQADggEPADCCAQoCggEBALtDGMZa\nqHneKei1by6+pUPPLljTB143Si6VpEWPc6mSkFhZb/6qrkZyoHlQLbDYnI2D7hD0\nsdzEqfnuAjIsuXQLG3A8TvX6V3oFNBFVe8NlLJHvBseKY88saLwufxkZVwk74g4n\nWlNMXzla9Y5F3wwRHwMVH443xGz6UtGSZSqQ94eFx5X7Tlqt8whi8qCaKdZ5rNak\n+r9nUThOeClqFd4oXych//Rc7Y0eX1KNWHYSI1Nk31mYgiK3JvH063g+K9tHA63Z\neTgKgndlh+WI+zv7i44HepRZjA1FYwYZ9Vv/9UkC5Yz8/yU65fgjaE+wVHM4e/Yy\nC2osrPWE7gJ+dXMCAwEAAaOCAVowggFWMBIGA1UdEwEB/wQIMAYBAf8CAQAwDgYD\nVR0PAQH/BAQDAgGGMB0GA1UdJQQWMBQGCCsGAQUFBwMBBggrBgEFBQcDAjAdBgNV\nHQ4EFgQUwDFSzVpQw4J8dHHOy+mc+XrrguIwHwYDVR0jBBgwFoAUhBjMhTTsvAyU\nlC4IWZzHshBOCggwewYIKwYBBQUHAQEEbzBtMC8GCCsGAQUFBzABhiNodHRwOi8v\nb2NzcC5yb290Y2ExLmFtYXpvbnRydXN0LmNvbTA6BggrBgEFBQcwAoYuaHR0cDov\nL2NydC5yb290Y2ExLmFtYXpvbnRydXN0LmNvbS9yb290Y2ExLmNlcjA/BgNVHR8E\nODA2MDSgMqAwhi5odHRwOi8vY3JsLnJvb3RjYTEuYW1hem9udHJ1c3QuY29tL3Jv\nb3RjYTEuY3JsMBMGA1UdIAQMMAowCAYGZ4EMAQIBMA0GCSqGSIb3DQEBCwUAA4IB\nAQAtTi6Fs0Azfi+iwm7jrz+CSxHH+uHl7Law3MQSXVtR8RV53PtR6r/6gNpqlzdo\nZq4FKbADi1v9Bun8RY8D51uedRfjsbeodizeBB8nXmeyD33Ep7VATj4ozcd31YFV\nfgRhvTSxNrrTlNpWkUk0m3BMPv8sg381HhA6uEYokE5q9uws/3YkKqRiEz3TsaWm\nJqIRZhMbgAfp7O7FUwFIb7UIspogZSKxPIWJpxiPo3TcBambbVtQOcNRWz5qCQdD\nslI2yayq0n2TXoHyNCLEH8rpsJRVILFsg0jc7BaFrMnF462+ajSehgj12IidNeRN\n4zl+EoNaWdpnWndvSpAEkq2P\n-----END CERTIFICATE-----\n",
                "is_ca": true,
                "issuer": "CN=Amazon Root CA 1,O=Amazon,C=US",
                "not_after": "2030-08-23T22:25:30Z",
                "not_before": "2022-08-23T22:25:30Z",
                "public_key_algorithm": "RSA",
                "serial_number": "166129353110899469622597955040406457904926625",
                "sha1_fingerprint": "414a2060b738c635cc7fc243e052615592830c53",
                "signature_algorithm": "SHA256-RSA",
                "subject": "CN=Amazon RSA 2048 M02,O=Amazon,C=US",
                "version": 3
              },
              {
                "cert_pem": "-----BEGIN CERTIFICATE-----\nMIIF5zCCBM+gAwIBAgIQBt5mSjSgAoagQzAhAu43UDANBgkqhkiG9w0BAQsFADA8\nMQswCQYDVQQGEwJVUzEPMA0GA1UEChMGQW1hem9uMRwwGgYDVQQDExNBbWF6b24g\nUlNBIDIwNDggTTAyMB4XDTI1MDQxNjAwMDAwMFoXDTI2MDMyNzIzNTk1OVowKTEn\nMCUGA1UEAwweKi5la3MuZXUtbm9ydGgtMS5hbWF6b25hd3MuY29tMIIBIjANBgkq\nhkiG9w0BAQEFAAOCAQ8AMIIBCgKCAQEAv10Daa6uVZnCikF6ZVvEu3piAzlzLfPO\nm2TqJCy5zDp9Xmdta3pBpGY+ywNRywCSXSQc49uPCCgtRrfzbDBV5rBnYOwcg5HT\nURuh8AlZ7ZpVhN7Iu5lASdVkt6eAQ3cfj1kSfNrw3VhQhHj6qeI4TE/6FjJyamoX\nMg/iOns4nASAZPWAUopamVqAczxxdesZtPnaVx81HeQiyGqDi8d2CbtZG3bg38sy\nVo8qhS96l0NrqKKOr1OriKCYdz+zLMqGulr3Vy16gMCPMQflTz0ulvkBKSqcazLR\nZgwKw6fbrx3BsATX4J0UE9yV3P/VhROvjI8TSsLvsIODQwKHXkJKNwIDAQABo4IC\n9jCCAvIwHwYDVR0jBBgwFoAUwDFSzVpQw4J8dHHOy+mc+XrrguIwHQYDVR0OBBYE\nFJc/1GpQQjEiXDgstfzIH2g5W7DCMCkGA1UdEQQiMCCCHiouZWtzLmV1LW5vcnRo\nLTEuYW1hem9uYXdzLmNvbTATBgNVHSAEDDAKMAgGBmeBDAECATAOBgNVHQ8BAf8E\nBAMCBaAwHQYDVR0lBBYwFAYIKwYBBQUHAwEGCCsGAQUFBwMCMDsGA1UdHwQ0MDIw\nMKAuoCyGKmh0dHA6Ly9jcmwucjJtMDIuYW1hem9udHJ1c3QuY29tL3IybTAyLmNy\nbDB1BggrBgEFBQcBAQRpMGcwLQYIKwYBBQUHMAGGIWh0dHA6Ly9vY3NwLnIybTAy\nLmFtYXpvbnRydXN0LmNvbTA2BggrBgEFBQcwAoYqaHR0cDovL2NydC5yMm0wMi5h\nbWF6b250cnVzdC5jb20vcjJtMDIuY2VyMAwGA1UdEwEB/wQCMAAwggF9BgorBgEE\nAdZ5AgQCBIIBbQSCAWkBZwB1AA5XlLzzrqk+MxssmQez95Dfm8I9cTIl3SGpJaxh\nxU4hAAABlkCsXFQAAAQDAEYwRAIgEKqafStnbxBzjctaabsj6q8MM5sj80mmG++b\nu6d4Q8cCIETJu83Yu6jOh5bQMHSSi+yg5FzxMHfhLtl29W4fzoh5AHUASZybad4d\nfOz8Nt7Nh2SmuFuvCoeAGdFVUvvp6ynd+MMAAAGWQKxcrwAABAMARjBEAiARIVlQ\nNoTlDYxKYViWm4p5QqUIF+wQ4WwDPCP/9TMX6QIgKqeFcmMpQlNSTbpzHLzcY3eH\nmZu9iVyqy1+8Po7SD24AdwDLOPcViXyEoURfW8Hd+8lu8ppZzUcKaQWFsMsUwxRY\n5wAAAZZArFycAAAEAwBIMEYCIQC91V3yttLyZEU3zbrMUZfWfz0jaUBIXbT/3ceY\nFu77IgIhAM4pl5kfbaizYPqRmq4ydkaM1LHSrGfNoPBymIq4rCRFMA0GCSqGSIb3\nDQEBCwUAA4IBAQCE7fm5fv/r5vIe6ekRKvvnzkRA9zEkSMlNqwzQibPipM/yllYG\nWwxDcE5k4RYugs/bheH8s0/F9hp9Tn8sMFk5+oGLS0y98eg4Una2Y1DA70jrnoEK\ndjr3fiQ7OACT0ZAvJPs3h5uEXTS4QIXdTBRX8agS+QEDHf5jT/J8ou7iQtTUzyHW\nRUekKGjw28vzm7ma1+BzxrrBA5Xk81Z4/O9S11TIc8d6HLvGuxuxkcM6lB6ePf2r\n9qRMqnurJXgku7hdDwHedOiOnp5Lf5Kh4HMiY+UW/4dtrD2TpM8/mQUjzmRqRrZh\nZFIjah1GFlLMnHwxolDibDjmZj38iJWOdp0s\n-----END CERTIFICATE-----\n",
                "is_ca": false,
                "issuer": "CN=Amazon RSA 2048 M02,O=Amazon,C=US",
                "not_after": "2026-03-27T23:59:59Z",
                "not_before": "2025-04-16T00:00:00Z",
                "public_key_algorithm": "RSA",
                "serial_number": "9130132562254486066893919734513678160",
                "sha1_fingerprint": "3c65c5f6bb96657afeeb155a92807e4d78f67735",
                "signature_algorithm": "SHA256-RSA",
                "subject": "CN=*.eks.eu-north-1.amazonaws.com",
                "version": 3
              }
            ],
            "content": null,
            "id": "b46b18b5406a22593d433ab3851b8b9db9f10cf3",
            "url": "https://oidc.eks.eu-north-1.amazonaws.com/id/3CA89AAEB49FEF243D9DED82CB4193D5",
            "verify_chain": true
          },
          "sensitive_attributes": []
        }
      ]
    },
    {
      "module": "module.eks",
      "mode": "managed",
      "type": "aws_cloudwatch_log_group",
      "name": "this",
      "provider": "provider[\"registry.terraform.io/hashicorp/aws\"]",
      "instances": [
        {
          "index_key": 0,
          "schema_version": 0,
          "attributes": {
            "arn": "arn:aws:logs:eu-north-1:039612864283:log-group:/aws/eks/API_EKS_ThreatGPT/cluster",
            "id": "/aws/eks/API_EKS_ThreatGPT/cluster",
            "kms_key_id": "",
            "log_group_class": "STANDARD",
            "name": "/aws/eks/API_EKS_ThreatGPT/cluster",
            "name_prefix": "",
            "retention_in_days": 90,
            "skip_destroy": false,
            "tags": {
              "Name": "/aws/eks/API_EKS_ThreatGPT/cluster"
            },
            "tags_all": {
              "Name": "/aws/eks/API_EKS_ThreatGPT/cluster"
            }
          },
          "sensitive_attributes": [],
          "private": "bnVsbA==",
          "create_before_destroy": true
        }
      ]
    },
    {
      "module": "module.eks",
      "mode": "managed",
      "type": "aws_eks_addon",
      "name": "before_compute",
      "provider": "provider[\"registry.terraform.io/hashicorp/aws\"]",
      "instances": []
    },
    {
      "module": "module.eks",
      "mode": "managed",
      "type": "aws_eks_addon",
      "name": "this",
      "provider": "provider[\"registry.terraform.io/hashicorp/aws\"]",
      "instances": []
    },
    {
      "module": "module.eks",
      "mode": "managed",
      "type": "aws_eks_cluster",
      "name": "this",
      "provider": "provider[\"registry.terraform.io/hashicorp/aws\"]",
      "instances": [
        {
          "index_key": 0,
          "schema_version": 1,
          "attributes": {
            "access_config": [
              {
                "authentication_mode": "CONFIG_MAP",
                "bootstrap_cluster_creator_admin_permissions": true
              }
            ],
            "arn": "arn:aws:eks:eu-north-1:039612864283:cluster/API_EKS_ThreatGPT",
            "bootstrap_self_managed_addons": true,
            "certificate_authority": [
              {
                "data": "LS0tLS1CRUdJTiBDRVJUSUZJQ0FURS0tLS0tCk1JSURCVENDQWUyZ0F3SUJBZ0lJVmpIOG8xczFsc3N3RFFZSktvWklodmNOQVFFTEJRQXdGVEVUTUJFR0ExVUUKQXhNS2EzVmlaWEp1WlhSbGN6QWVGdzB5TlRBMk1UQXdPVEl5TXpCYUZ3MHpOVEEyTURnd09USTNNekJhTUJVeApFekFSQmdOVkJBTVRDbXQxWW1WeWJtVjBaWE13Z2dFaU1BMEdDU3FHU0liM0RRRUJBUVVBQTRJQkR3QXdnZ0VLCkFvSUJBUURWVWxoRExaWXFHTnlEZWl6djZYakFWZStlSHhqY0N5ekIxN3p6NUs2YktYZEV0Z1RXQXNVNTV4K3IKV2hoYzFnajJCRG83U2VYK2w5YXRuYjBZTW9QWFpPQ05Fek1KNXRYa1FrVlNXRjZXOTJ4amw0RTdCNlpROWhQYQpXL3hpQWJBdmpyQlhDWit5OHhkV2Q3OGtvbHljVUN5Sm9xZFpCRHp3cHk0M0l2UGh4MlUydkxmSnUzUUtCUXoyCmpuUWRlUWFucVJLbFNCdGhTbmxrbDdOYmhJZld1dzYxbU81YS9OSms1WmUwTjMvSEsvV2FDQXBxcWhOeS9aVmIKdDV3MSt2dmlyTE4xRTFHL3draXBMVTlSQkhmUDk4OGJ1M294L3Y4b0F5MTlYbG5QT1JjUFhCdmtPRGMrcUd4KwptOGxRN3NEM1AzbmV6NWk4bSs4am5SdEVXdzNCQWdNQkFBR2pXVEJYTUE0R0ExVWREd0VCL3dRRUF3SUNwREFQCkJnTlZIUk1CQWY4RUJUQURBUUgvTUIwR0ExVWREZ1FXQkJTUWc0NmpPcnRDaHQ3T1B4QUFNZllpT0prbWlqQVYKQmdOVkhSRUVEakFNZ2dwcmRXSmxjbTVsZEdWek1BMEdDU3FHU0liM0RRRUJDd1VBQTRJQkFRQk5BVlRPS0pJVgprRW91NWFkT1hZYUk4VmR4R1l2SEd3eVlJaDBEeW9Iek9HdTJ5NldOVmtxLzNlRjIxam5hV25VOGRvaUpDT0o4CksyZjBRSEZheWFqem5vVVdCVHc0RTBCSTN0UjNtVm41NlcyQ0h6RUg1UDdJa01zUjU5TW1BcDV3NnNQcGxSSXcKeU5hNzllOWcvQlNNbTg4aWQxT1djQzY4VVlMckZGOG8vaHA0T05uTXBoRVJtdlNQRlZvWXUvNm9rZ1pabUo0bQo1YmV0Vk91Z25SUWNFUjRnTnNMcjcyZ2JtU25VZFVsYjhLdEZjUFVuenc2RERnRVg0T1Y5UFBoc3hkRVJjT3hVCm5qTS9jL1R6R005ejl3d2RhUEsrSFdDQ1lVSk5ncFdJMEx3SUN0Z2JaNDBPUEJOU2o2d0QwcFZHOUtVcC9OSnYKdUtQRWxPeU81Mkk5Ci0tLS0tRU5EIENFUlRJRklDQVRFLS0tLS0K"
              }
            ],
            "cluster_id": null,
            "compute_config": [],
            "created_at": "2025-06-10T09:23:13Z",
            "enabled_cluster_log_types": [
              "api",
              "audit",
              "authenticator"
            ],
            "encryption_config": [
              {
                "provider": [
                  {
                    "key_arn": "arn:aws:kms:eu-north-1:039612864283:key/ec7545c4-989b-42a1-8bb2-aaaa5765b4ce"
                  }
                ],
                "resources": [
                  "secrets"
                ]
              }
            ],
            "endpoint": "https://3CA89AAEB49FEF243D9DED82CB4193D5.sk1.eu-north-1.eks.amazonaws.com",
            "force_update_version": null,
            "id": "API_EKS_ThreatGPT",
            "identity": [
              {
                "oidc": [
                  {
                    "issuer": "https://oidc.eks.eu-north-1.amazonaws.com/id/3CA89AAEB49FEF243D9DED82CB4193D5"
                  }
                ]
              }
            ],
            "kubernetes_network_config": [
              {
                "elastic_load_balancing": [
                  {
                    "enabled": false
                  }
                ],
                "ip_family": "ipv4",
                "service_ipv4_cidr": "172.20.0.0/16",
                "service_ipv6_cidr": ""
              }
            ],
            "name": "API_EKS_ThreatGPT",
            "outpost_config": [],
            "platform_version": "eks.28",
            "remote_network_config": [],
            "role_arn": "arn:aws:iam::039612864283:role/API_EKS_ThreatGPT-cluster-20250531101209947700000004",
            "status": "ACTIVE",
            "storage_config": [],
            "tags": null,
            "tags_all": {},
            "timeouts": {
              "create": null,
              "delete": null,
              "update": null
            },
            "upgrade_policy": [
              {
                "support_type": "EXTENDED"
              }
            ],
            "version": "1.31",
            "vpc_config": [
              {
                "cluster_security_group_id": "sg-01b236c7b8fb135b1",
                "endpoint_private_access": true,
                "endpoint_public_access": true,
                "public_access_cidrs": [
                  "134.94.2.124/32"
                ],
                "security_group_ids": [
                  "sg-0a1ab93976b60d5f3"
                ],
                "subnet_ids": [
                  "subnet-012ca80a2303a146f",
                  "subnet-0218f9dd12b492d9f"
                ],
                "vpc_id": "vpc-00ab0082adeef6e00"
              }
            ],
            "zonal_shift_config": []
          },
          "sensitive_attributes": [],
          "private": "eyJlMmJmYjczMC1lY2FhLTExZTYtOGY4OC0zNDM2M2JjN2M0YzAiOnsiY3JlYXRlIjoxODAwMDAwMDAwMDAwLCJkZWxldGUiOjkwMDAwMDAwMDAwMCwidXBkYXRlIjozNjAwMDAwMDAwMDAwfSwic2NoZW1hX3ZlcnNpb24iOiIxIn0=",
          "dependencies": [
            "aws_subnet.my_private_subnet_1",
            "aws_subnet.my_private_subnet_2",
            "aws_vpc.my_main_vpc",
            "module.eks.aws_cloudwatch_log_group.this",
            "module.eks.aws_iam_policy.cni_ipv6_policy",
            "module.eks.aws_iam_role.this",
            "module.eks.aws_iam_role_policy_attachment.this",
            "module.eks.aws_security_group.cluster",
            "module.eks.aws_security_group.node",
            "module.eks.aws_security_group_rule.cluster",
            "module.eks.aws_security_group_rule.node",
            "module.eks.data.aws_caller_identity.current",
            "module.eks.data.aws_iam_policy_document.assume_role_policy",
            "module.eks.data.aws_iam_policy_document.cni_ipv6_policy",
            "module.eks.data.aws_iam_session_context.current",
            "module.eks.data.aws_partition.current",
            "module.eks.module.kms.aws_kms_external_key.this",
            "module.eks.module.kms.aws_kms_key.this",
            "module.eks.module.kms.aws_kms_replica_external_key.this",
            "module.eks.module.kms.aws_kms_replica_key.this",
            "module.eks.module.kms.data.aws_caller_identity.current",
            "module.eks.module.kms.data.aws_iam_policy_document.this",
            "module.eks.module.kms.data.aws_partition.current"
          ],
          "create_before_destroy": true
        }
      ]
    },
    {
      "module": "module.eks",
      "mode": "managed",
      "type": "aws_eks_identity_provider_config",
      "name": "this",
      "provider": "provider[\"registry.terraform.io/hashicorp/aws\"]",
      "instances": []
    },
    {
      "module": "module.eks",
      "mode": "managed",
      "type": "aws_iam_openid_connect_provider",
      "name": "oidc_provider",
      "provider": "provider[\"registry.terraform.io/hashicorp/aws\"]",
      "instances": [
        {
          "index_key": 0,
          "schema_version": 0,
          "attributes": {
            "arn": "arn:aws:iam::039612864283:oidc-provider/oidc.eks.eu-north-1.amazonaws.com/id/3CA89AAEB49FEF243D9DED82CB4193D5",
            "client_id_list": [
              "sts.amazonaws.com"
            ],
            "id": "arn:aws:iam::039612864283:oidc-provider/oidc.eks.eu-north-1.amazonaws.com/id/3CA89AAEB49FEF243D9DED82CB4193D5",
            "tags": {
              "Name": "API_EKS_ThreatGPT-eks-irsa"
            },
            "tags_all": {
              "Name": "API_EKS_ThreatGPT-eks-irsa"
            },
            "thumbprint_list": [
              "06b25927c42a721631c1efd9431e648fa62e1e39"
            ],
            "url": "oidc.eks.eu-north-1.amazonaws.com/id/3CA89AAEB49FEF243D9DED82CB4193D5"
          },
          "sensitive_attributes": [],
          "private": "bnVsbA==",
          "dependencies": [
            "aws_subnet.my_private_subnet_1",
            "aws_subnet.my_private_subnet_2",
            "aws_vpc.my_main_vpc",
            "module.eks.aws_cloudwatch_log_group.this",
            "module.eks.aws_eks_cluster.this",
            "module.eks.aws_iam_policy.cni_ipv6_policy",
            "module.eks.aws_iam_role.this",
            "module.eks.aws_iam_role_policy_attachment.this",
            "module.eks.aws_security_group.cluster",
            "module.eks.aws_security_group.node",
            "module.eks.aws_security_group_rule.cluster",
            "module.eks.aws_security_group_rule.node",
            "module.eks.data.aws_caller_identity.current",
            "module.eks.data.aws_iam_policy_document.assume_role_policy",
            "module.eks.data.aws_iam_policy_document.cni_ipv6_policy",
            "module.eks.data.aws_iam_session_context.current",
            "module.eks.data.aws_partition.current",
            "module.eks.data.tls_certificate.this",
            "module.eks.module.kms.aws_kms_external_key.this",
            "module.eks.module.kms.aws_kms_key.this",
            "module.eks.module.kms.aws_kms_replica_external_key.this",
            "module.eks.module.kms.aws_kms_replica_key.this",
            "module.eks.module.kms.data.aws_caller_identity.current",
            "module.eks.module.kms.data.aws_iam_policy_document.this",
            "module.eks.module.kms.data.aws_partition.current"
          ]
        }
      ]
    },
    {
      "module": "module.eks",
      "mode": "managed",
      "type": "aws_iam_policy",
      "name": "cluster_encryption",
      "provider": "provider[\"registry.terraform.io/hashicorp/aws\"]",
      "instances": [
        {
          "index_key": 0,
          "schema_version": 0,
          "attributes": {
            "arn": "arn:aws:iam::039612864283:policy/API_EKS_ThreatGPT-cluster-ClusterEncryption2025053110122997750000000a",
            "attachment_count": 1,
            "description": "Cluster encryption policy to allow cluster role to utilize CMK provided",
            "id": "arn:aws:iam::039612864283:policy/API_EKS_ThreatGPT-cluster-ClusterEncryption2025053110122997750000000a",
            "name": "API_EKS_ThreatGPT-cluster-ClusterEncryption2025053110122997750000000a",
            "name_prefix": "API_EKS_ThreatGPT-cluster-ClusterEncryption",
            "path": "/",
            "policy": "{\"Statement\":[{\"Action\":[\"kms:Encrypt\",\"kms:Decrypt\",\"kms:ListGrants\",\"kms:DescribeKey\"],\"Effect\":\"Allow\",\"Resource\":\"arn:aws:kms:eu-north-1:039612864283:key/ec7545c4-989b-42a1-8bb2-aaaa5765b4ce\"}],\"Version\":\"2012-10-17\"}",
            "policy_id": "ANPAQSOI4K4NRW3UBHXYM",
            "tags": {},
            "tags_all": {}
          },
          "sensitive_attributes": [],
          "private": "bnVsbA==",
          "dependencies": [
            "module.eks.aws_iam_role.this",
            "module.eks.data.aws_caller_identity.current",
            "module.eks.data.aws_iam_policy_document.assume_role_policy",
            "module.eks.data.aws_iam_session_context.current",
            "module.eks.data.aws_partition.current",
            "module.eks.module.kms.aws_kms_external_key.this",
            "module.eks.module.kms.aws_kms_key.this",
            "module.eks.module.kms.aws_kms_replica_external_key.this",
            "module.eks.module.kms.aws_kms_replica_key.this",
            "module.eks.module.kms.data.aws_caller_identity.current",
            "module.eks.module.kms.data.aws_iam_policy_document.this",
            "module.eks.module.kms.data.aws_partition.current"
          ]
        }
      ]
    },
    {
      "module": "module.eks",
      "mode": "managed",
      "type": "aws_iam_policy",
      "name": "cni_ipv6_policy",
      "provider": "provider[\"registry.terraform.io/hashicorp/aws\"]",
      "instances": []
    },
    {
      "module": "module.eks",
      "mode": "managed",
      "type": "aws_iam_role",
      "name": "this",
      "provider": "provider[\"registry.terraform.io/hashicorp/aws\"]",
      "instances": [
        {
          "index_key": 0,
          "schema_version": 0,
          "attributes": {
            "arn": "arn:aws:iam::039612864283:role/API_EKS_ThreatGPT-cluster-20250531101209947700000004",
            "assume_role_policy": "{\"Statement\":[{\"Action\":\"sts:AssumeRole\",\"Effect\":\"Allow\",\"Principal\":{\"Service\":\"eks.amazonaws.com\"},\"Sid\":\"EKSClusterAssumeRole\"}],\"Version\":\"2012-10-17\"}",
            "create_date": "2025-05-31T10:12:10Z",
            "description": "",
            "force_detach_policies": true,
            "id": "API_EKS_ThreatGPT-cluster-20250531101209947700000004",
            "inline_policy": [
              {
                "name": "API_EKS_ThreatGPT-cluster",
                "policy": "{\"Version\":\"2012-10-17\",\"Statement\":[{\"Action\":[\"logs:CreateLogGroup\"],\"Effect\":\"Deny\",\"Resource\":\"*\"}]}"
              }
            ],
            "managed_policy_arns": [
              "arn:aws:iam::039612864283:policy/API_EKS_ThreatGPT-cluster-ClusterEncryption2025053110122997750000000a",
              "arn:aws:iam::aws:policy/AmazonEKSClusterPolicy",
              "arn:aws:iam::aws:policy/AmazonEKSVPCResourceController"
            ],
            "max_session_duration": 3600,
            "name": "API_EKS_ThreatGPT-cluster-20250531101209947700000004",
            "name_prefix": "API_EKS_ThreatGPT-cluster-",
            "path": "/",
            "permissions_boundary": "",
            "tags": {},
            "tags_all": {},
            "unique_id": "AROAQSOI4K4N6IXSNHMLD"
          },
          "sensitive_attributes": [],
          "private": "bnVsbA==",
          "dependencies": [
            "module.eks.data.aws_iam_policy_document.assume_role_policy",
            "module.eks.data.aws_partition.current"
          ],
          "create_before_destroy": true
        }
      ]
    },
    {
      "module": "module.eks",
      "mode": "managed",
      "type": "aws_iam_role_policy_attachment",
      "name": "cluster_encryption",
      "provider": "provider[\"registry.terraform.io/hashicorp/aws\"]",
      "instances": [
        {
          "index_key": 0,
          "schema_version": 0,
          "attributes": {
            "id": "API_EKS_ThreatGPT-cluster-20250531101209947700000004-2025053110123081470000000b",
            "policy_arn": "arn:aws:iam::039612864283:policy/API_EKS_ThreatGPT-cluster-ClusterEncryption2025053110122997750000000a",
            "role": "API_EKS_ThreatGPT-cluster-20250531101209947700000004"
          },
          "sensitive_attributes": [],
          "private": "bnVsbA==",
          "dependencies": [
            "module.eks.aws_iam_policy.cluster_encryption",
            "module.eks.aws_iam_role.this",
            "module.eks.data.aws_caller_identity.current",
            "module.eks.data.aws_iam_policy_document.assume_role_policy",
            "module.eks.data.aws_iam_session_context.current",
            "module.eks.data.aws_partition.current",
            "module.eks.module.kms.aws_kms_external_key.this",
            "module.eks.module.kms.aws_kms_key.this",
            "module.eks.module.kms.aws_kms_replica_external_key.this",
            "module.eks.module.kms.aws_kms_replica_key.this",
            "module.eks.module.kms.data.aws_caller_identity.current",
            "module.eks.module.kms.data.aws_iam_policy_document.this",
            "module.eks.module.kms.data.aws_partition.current"
          ]
        }
      ]
    },
    {
      "module": "module.eks",
      "mode": "managed",
      "type": "aws_iam_role_policy_attachment",
      "name": "this",
      "provider": "provider[\"registry.terraform.io/hashicorp/aws\"]",
      "instances": [
        {
          "index_key": "AmazonEKSClusterPolicy",
          "schema_version": 0,
          "attributes": {
            "id": "API_EKS_ThreatGPT-cluster-20250531101209947700000004-20250531101212191900000008",
            "policy_arn": "arn:aws:iam::aws:policy/AmazonEKSClusterPolicy",
            "role": "API_EKS_ThreatGPT-cluster-20250531101209947700000004"
          },
          "sensitive_attributes": [],
          "private": "bnVsbA==",
          "dependencies": [
            "module.eks.aws_iam_role.this",
            "module.eks.data.aws_iam_policy_document.assume_role_policy",
            "module.eks.data.aws_partition.current"
          ],
          "create_before_destroy": true
        },
        {
          "index_key": "AmazonEKSVPCResourceController",
          "schema_version": 0,
          "attributes": {
            "id": "API_EKS_ThreatGPT-cluster-20250531101209947700000004-20250531101212212600000009",
            "policy_arn": "arn:aws:iam::aws:policy/AmazonEKSVPCResourceController",
            "role": "API_EKS_ThreatGPT-cluster-20250531101209947700000004"
          },
          "sensitive_attributes": [],
          "private": "bnVsbA==",
          "dependencies": [
            "module.eks.aws_iam_role.this",
            "module.eks.data.aws_iam_policy_document.assume_role_policy",
            "module.eks.data.aws_partition.current"
          ],
          "create_before_destroy": true
        }
      ]
    },
    {
      "module": "module.eks",
      "mode": "managed",
      "type": "aws_security_group",
      "name": "cluster",
      "provider": "provider[\"registry.terraform.io/hashicorp/aws\"]",
      "instances": [
        {
          "index_key": 0,
          "schema_version": 1,
          "attributes": {
            "arn": "arn:aws:ec2:eu-north-1:039612864283:security-group/sg-0a1ab93976b60d5f3",
            "description": "EKS cluster security group",
            "egress": [],
            "id": "sg-0a1ab93976b60d5f3",
            "ingress": [
              {
                "cidr_blocks": [],
                "description": "Node groups to cluster API",
                "from_port": 443,
                "ipv6_cidr_blocks": [],
                "prefix_list_ids": [],
                "protocol": "tcp",
                "security_groups": [
                  "sg-0407f512282ed7378"
                ],
                "self": false,
                "to_port": 443
              }
            ],
            "name": "API_EKS_ThreatGPT-cluster-20250531101209945200000001",
            "name_prefix": "API_EKS_ThreatGPT-cluster-",
            "owner_id": "039612864283",
            "revoke_rules_on_delete": false,
            "tags": {
              "Name": "API_EKS_ThreatGPT-cluster"
            },
            "tags_all": {
              "Name": "API_EKS_ThreatGPT-cluster"
            },
            "timeouts": null,
            "vpc_id": "vpc-00ab0082adeef6e00"
          },
          "sensitive_attributes": [],
          "private": "eyJlMmJmYjczMC1lY2FhLTExZTYtOGY4OC0zNDM2M2JjN2M0YzAiOnsiY3JlYXRlIjo2MDAwMDAwMDAwMDAsImRlbGV0ZSI6OTAwMDAwMDAwMDAwfSwic2NoZW1hX3ZlcnNpb24iOiIxIn0=",
          "dependencies": [
            "aws_vpc.my_main_vpc"
          ],
          "create_before_destroy": true
        }
      ]
    },
    {
      "module": "module.eks",
      "mode": "managed",
      "type": "aws_security_group",
      "name": "node",
      "provider": "provider[\"registry.terraform.io/hashicorp/aws\"]",
      "instances": [
        {
          "index_key": 0,
          "schema_version": 1,
          "attributes": {
            "arn": "arn:aws:ec2:eu-north-1:039612864283:security-group/sg-0407f512282ed7378",
            "description": "EKS node shared security group",
            "egress": [
              {
                "cidr_blocks": [
                  "0.0.0.0/0"
                ],
                "description": "Allow all egress",
                "from_port": 0,
                "ipv6_cidr_blocks": [],
                "prefix_list_ids": [],
                "protocol": "-1",
                "security_groups": [],
                "self": false,
                "to_port": 0
              }
            ],
            "id": "sg-0407f512282ed7378",
            "ingress": [
              {
                "cidr_blocks": [],
                "description": "Cluster API to node 4443/tcp webhook",
                "from_port": 4443,
                "ipv6_cidr_blocks": [],
                "prefix_list_ids": [],
                "protocol": "tcp",
                "security_groups": [
                  "sg-0a1ab93976b60d5f3"
                ],
                "self": false,
                "to_port": 4443
              },
              {
                "cidr_blocks": [],
                "description": "Cluster API to node 6443/tcp webhook",
                "from_port": 6443,
                "ipv6_cidr_blocks": [],
                "prefix_list_ids": [],
                "protocol": "tcp",
                "security_groups": [
                  "sg-0a1ab93976b60d5f3"
                ],
                "self": false,
                "to_port": 6443
              },
              {
                "cidr_blocks": [],
                "description": "Cluster API to node 8443/tcp webhook",
                "from_port": 8443,
                "ipv6_cidr_blocks": [],
                "prefix_list_ids": [],
                "protocol": "tcp",
                "security_groups": [
                  "sg-0a1ab93976b60d5f3"
                ],
                "self": false,
                "to_port": 8443
              },
              {
                "cidr_blocks": [],
                "description": "Cluster API to node 9443/tcp webhook",
                "from_port": 9443,
                "ipv6_cidr_blocks": [],
                "prefix_list_ids": [],
                "protocol": "tcp",
                "security_groups": [
                  "sg-0a1ab93976b60d5f3"
                ],
                "self": false,
                "to_port": 9443
              },
              {
                "cidr_blocks": [],
                "description": "Cluster API to node groups",
                "from_port": 443,
                "ipv6_cidr_blocks": [],
                "prefix_list_ids": [],
                "protocol": "tcp",
                "security_groups": [
                  "sg-0a1ab93976b60d5f3"
                ],
                "self": false,
                "to_port": 443
              },
              {
                "cidr_blocks": [],
                "description": "Cluster API to node kubelets",
                "from_port": 10250,
                "ipv6_cidr_blocks": [],
                "prefix_list_ids": [],
                "protocol": "tcp",
                "security_groups": [
                  "sg-0a1ab93976b60d5f3"
                ],
                "self": false,
                "to_port": 10250
              },
              {
                "cidr_blocks": [],
                "description": "Node to node CoreDNS UDP",
                "from_port": 53,
                "ipv6_cidr_blocks": [],
                "prefix_list_ids": [],
                "protocol": "udp",
                "security_groups": [],
                "self": true,
                "to_port": 53
              },
              {
                "cidr_blocks": [],
                "description": "Node to node CoreDNS",
                "from_port": 53,
                "ipv6_cidr_blocks": [],
                "prefix_list_ids": [],
                "protocol": "tcp",
                "security_groups": [],
                "self": true,
                "to_port": 53
              },
              {
                "cidr_blocks": [],
                "description": "Node to node ingress on ephemeral ports",
                "from_port": 1025,
                "ipv6_cidr_blocks": [],
                "prefix_list_ids": [],
                "protocol": "tcp",
                "security_groups": [],
                "self": true,
                "to_port": 65535
              }
            ],
            "name": "API_EKS_ThreatGPT-node-20250531101209946000000002",
            "name_prefix": "API_EKS_ThreatGPT-node-",
            "owner_id": "039612864283",
            "revoke_rules_on_delete": false,
            "tags": {
              "Name": "API_EKS_ThreatGPT-node",
              "kubernetes.io/cluster/API_EKS_ThreatGPT": "owned"
            },
            "tags_all": {
              "Name": "API_EKS_ThreatGPT-node",
              "kubernetes.io/cluster/API_EKS_ThreatGPT": "owned"
            },
            "timeouts": null,
            "vpc_id": "vpc-00ab0082adeef6e00"
          },
          "sensitive_attributes": [],
          "private": "eyJlMmJmYjczMC1lY2FhLTExZTYtOGY4OC0zNDM2M2JjN2M0YzAiOnsiY3JlYXRlIjo2MDAwMDAwMDAwMDAsImRlbGV0ZSI6OTAwMDAwMDAwMDAwfSwic2NoZW1hX3ZlcnNpb24iOiIxIn0=",
          "dependencies": [
            "aws_vpc.my_main_vpc"
          ],
          "create_before_destroy": true
        }
      ]
    },
    {
      "module": "module.eks",
      "mode": "managed",
      "type": "aws_security_group_rule",
      "name": "cluster",
      "provider": "provider[\"registry.terraform.io/hashicorp/aws\"]",
      "instances": [
        {
          "index_key": "ingress_nodes_443",
          "schema_version": 2,
          "attributes": {
            "cidr_blocks": null,
            "description": "Node groups to cluster API",
            "from_port": 443,
            "id": "sgrule-743129193",
            "ipv6_cidr_blocks": null,
            "prefix_list_ids": null,
            "protocol": "tcp",
            "security_group_id": "sg-0a1ab93976b60d5f3",
            "security_group_rule_id": "sgr-00e6a411a3a77e029",
            "self": false,
            "source_security_group_id": "sg-0407f512282ed7378",
            "timeouts": null,
            "to_port": 443,
            "type": "ingress"
          },
          "sensitive_attributes": [],
          "private": "eyJlMmJmYjczMC1lY2FhLTExZTYtOGY4OC0zNDM2M2JjN2M0YzAiOnsiY3JlYXRlIjozMDAwMDAwMDAwMDB9LCJzY2hlbWFfdmVyc2lvbiI6IjIifQ==",
          "dependencies": [
            "aws_vpc.my_main_vpc",
            "module.eks.aws_security_group.cluster",
            "module.eks.aws_security_group.node"
          ],
          "create_before_destroy": true
        }
      ]
    },
    {
      "module": "module.eks",
      "mode": "managed",
      "type": "aws_security_group_rule",
      "name": "node",
      "provider": "provider[\"registry.terraform.io/hashicorp/aws\"]",
      "instances": [
        {
          "index_key": "egress_all",
          "schema_version": 2,
          "attributes": {
            "cidr_blocks": [
              "0.0.0.0/0"
            ],
            "description": "Allow all egress",
            "from_port": 0,
            "id": "sgrule-1395128777",
            "ipv6_cidr_blocks": null,
            "prefix_list_ids": [],
            "protocol": "-1",
            "security_group_id": "sg-0407f512282ed7378",
            "security_group_rule_id": "sgr-02afb352831029a21",
            "self": false,
            "source_security_group_id": null,
            "timeouts": null,
            "to_port": 0,
            "type": "egress"
          },
          "sensitive_attributes": [],
          "private": "eyJlMmJmYjczMC1lY2FhLTExZTYtOGY4OC0zNDM2M2JjN2M0YzAiOnsiY3JlYXRlIjozMDAwMDAwMDAwMDB9LCJzY2hlbWFfdmVyc2lvbiI6IjIifQ==",
          "dependencies": [
            "aws_vpc.my_main_vpc",
            "module.eks.aws_security_group.cluster",
            "module.eks.aws_security_group.node"
          ],
          "create_before_destroy": true
        },
        {
          "index_key": "ingress_cluster_443",
          "schema_version": 2,
          "attributes": {
            "cidr_blocks": null,
            "description": "Cluster API to node groups",
            "from_port": 443,
            "id": "sgrule-3571833741",
            "ipv6_cidr_blocks": null,
            "prefix_list_ids": [],
            "protocol": "tcp",
            "security_group_id": "sg-0407f512282ed7378",
            "security_group_rule_id": "sgr-023223ddbb1b59e25",
            "self": false,
            "source_security_group_id": "sg-0a1ab93976b60d5f3",
            "timeouts": null,
            "to_port": 443,
            "type": "ingress"
          },
          "sensitive_attributes": [],
          "private": "eyJlMmJmYjczMC1lY2FhLTExZTYtOGY4OC0zNDM2M2JjN2M0YzAiOnsiY3JlYXRlIjozMDAwMDAwMDAwMDB9LCJzY2hlbWFfdmVyc2lvbiI6IjIifQ==",
          "dependencies": [
            "aws_vpc.my_main_vpc",
            "module.eks.aws_security_group.cluster",
            "module.eks.aws_security_group.node"
          ],
          "create_before_destroy": true
        },
        {
          "index_key": "ingress_cluster_4443_webhook",
          "schema_version": 2,
          "attributes": {
            "cidr_blocks": null,
            "description": "Cluster API to node 4443/tcp webhook",
            "from_port": 4443,
            "id": "sgrule-2483295780",
            "ipv6_cidr_blocks": null,
            "prefix_list_ids": [],
            "protocol": "tcp",
            "security_group_id": "sg-0407f512282ed7378",
            "security_group_rule_id": "sgr-04e33dbea4301ff9a",
            "self": false,
            "source_security_group_id": "sg-0a1ab93976b60d5f3",
            "timeouts": null,
            "to_port": 4443,
            "type": "ingress"
          },
          "sensitive_attributes": [],
          "private": "eyJlMmJmYjczMC1lY2FhLTExZTYtOGY4OC0zNDM2M2JjN2M0YzAiOnsiY3JlYXRlIjozMDAwMDAwMDAwMDB9LCJzY2hlbWFfdmVyc2lvbiI6IjIifQ==",
          "dependencies": [
            "aws_vpc.my_main_vpc",
            "module.eks.aws_security_group.cluster",
            "module.eks.aws_security_group.node"
          ],
          "create_before_destroy": true
        },
        {
          "index_key": "ingress_cluster_6443_webhook",
          "schema_version": 2,
          "attributes": {
            "cidr_blocks": null,
            "description": "Cluster API to node 6443/tcp webhook",
            "from_port": 6443,
            "id": "sgrule-1564897714",
            "ipv6_cidr_blocks": null,
            "prefix_list_ids": [],
            "protocol": "tcp",
            "security_group_id": "sg-0407f512282ed7378",
            "security_group_rule_id": "sgr-039876ef90ab147a9",
            "self": false,
            "source_security_group_id": "sg-0a1ab93976b60d5f3",
            "timeouts": null,
            "to_port": 6443,
            "type": "ingress"
          },
          "sensitive_attributes": [],
          "private": "eyJlMmJmYjczMC1lY2FhLTExZTYtOGY4OC0zNDM2M2JjN2M0YzAiOnsiY3JlYXRlIjozMDAwMDAwMDAwMDB9LCJzY2hlbWFfdmVyc2lvbiI6IjIifQ==",
          "dependencies": [
            "aws_vpc.my_main_vpc",
            "module.eks.aws_security_group.cluster",
            "module.eks.aws_security_group.node"
          ],
          "create_before_destroy": true
        },
        {
          "index_key": "ingress_cluster_8443_webhook",
          "schema_version": 2,
          "attributes": {
            "cidr_blocks": null,
            "description": "Cluster API to node 8443/tcp webhook",
            "from_port": 8443,
            "id": "sgrule-1310346643",
            "ipv6_cidr_blocks": null,
            "prefix_list_ids": [],
            "protocol": "tcp",
            "security_group_id": "sg-0407f512282ed7378",
            "security_group_rule_id": "sgr-061c52df05e2acdc9",
            "self": false,
            "source_security_group_id": "sg-0a1ab93976b60d5f3",
            "timeouts": null,
            "to_port": 8443,
            "type": "ingress"
          },
          "sensitive_attributes": [],
          "private": "eyJlMmJmYjczMC1lY2FhLTExZTYtOGY4OC0zNDM2M2JjN2M0YzAiOnsiY3JlYXRlIjozMDAwMDAwMDAwMDB9LCJzY2hlbWFfdmVyc2lvbiI6IjIifQ==",
          "dependencies": [
            "aws_vpc.my_main_vpc",
            "module.eks.aws_security_group.cluster",
            "module.eks.aws_security_group.node"
          ],
          "create_before_destroy": true
        },
        {
          "index_key": "ingress_cluster_9443_webhook",
          "schema_version": 2,
          "attributes": {
            "cidr_blocks": null,
            "description": "Cluster API to node 9443/tcp webhook",
            "from_port": 9443,
            "id": "sgrule-716930648",
            "ipv6_cidr_blocks": null,
            "prefix_list_ids": [],
            "protocol": "tcp",
            "security_group_id": "sg-0407f512282ed7378",
            "security_group_rule_id": "sgr-0e8f80bbc8eed647e",
            "self": false,
            "source_security_group_id": "sg-0a1ab93976b60d5f3",
            "timeouts": null,
            "to_port": 9443,
            "type": "ingress"
          },
          "sensitive_attributes": [],
          "private": "eyJlMmJmYjczMC1lY2FhLTExZTYtOGY4OC0zNDM2M2JjN2M0YzAiOnsiY3JlYXRlIjozMDAwMDAwMDAwMDB9LCJzY2hlbWFfdmVyc2lvbiI6IjIifQ==",
          "dependencies": [
            "aws_vpc.my_main_vpc",
            "module.eks.aws_security_group.cluster",
            "module.eks.aws_security_group.node"
          ],
          "create_before_destroy": true
        },
        {
          "index_key": "ingress_cluster_kubelet",
          "schema_version": 2,
          "attributes": {
            "cidr_blocks": null,
            "description": "Cluster API to node kubelets",
            "from_port": 10250,
            "id": "sgrule-3044161766",
            "ipv6_cidr_blocks": null,
            "prefix_list_ids": [],
            "protocol": "tcp",
            "security_group_id": "sg-0407f512282ed7378",
            "security_group_rule_id": "sgr-058f3864f40ffcc7d",
            "self": false,
            "source_security_group_id": "sg-0a1ab93976b60d5f3",
            "timeouts": null,
            "to_port": 10250,
            "type": "ingress"
          },
          "sensitive_attributes": [],
          "private": "eyJlMmJmYjczMC1lY2FhLTExZTYtOGY4OC0zNDM2M2JjN2M0YzAiOnsiY3JlYXRlIjozMDAwMDAwMDAwMDB9LCJzY2hlbWFfdmVyc2lvbiI6IjIifQ==",
          "dependencies": [
            "aws_vpc.my_main_vpc",
            "module.eks.aws_security_group.cluster",
            "module.eks.aws_security_group.node"
          ],
          "create_before_destroy": true
        },
        {
          "index_key": "ingress_nodes_ephemeral",
          "schema_version": 2,
          "attributes": {
            "cidr_blocks": null,
            "description": "Node to node ingress on ephemeral ports",
            "from_port": 1025,
            "id": "sgrule-3643866313",
            "ipv6_cidr_blocks": null,
            "prefix_list_ids": [],
            "protocol": "tcp",
            "security_group_id": "sg-0407f512282ed7378",
            "security_group_rule_id": "sgr-05bb2b57186316bc5",
            "self": true,
            "source_security_group_id": null,
            "timeouts": null,
            "to_port": 65535,
            "type": "ingress"
          },
          "sensitive_attributes": [],
          "private": "eyJlMmJmYjczMC1lY2FhLTExZTYtOGY4OC0zNDM2M2JjN2M0YzAiOnsiY3JlYXRlIjozMDAwMDAwMDAwMDB9LCJzY2hlbWFfdmVyc2lvbiI6IjIifQ==",
          "dependencies": [
            "aws_vpc.my_main_vpc",
            "module.eks.aws_security_group.cluster",
            "module.eks.aws_security_group.node"
          ],
          "create_before_destroy": true
        },
        {
          "index_key": "ingress_self_coredns_tcp",
          "schema_version": 2,
          "attributes": {
            "cidr_blocks": null,
            "description": "Node to node CoreDNS",
            "from_port": 53,
            "id": "sgrule-1404983855",
            "ipv6_cidr_blocks": null,
            "prefix_list_ids": [],
            "protocol": "tcp",
            "security_group_id": "sg-0407f512282ed7378",
            "security_group_rule_id": "sgr-0d090342675ecc48c",
            "self": true,
            "source_security_group_id": null,
            "timeouts": null,
            "to_port": 53,
            "type": "ingress"
          },
          "sensitive_attributes": [],
          "private": "eyJlMmJmYjczMC1lY2FhLTExZTYtOGY4OC0zNDM2M2JjN2M0YzAiOnsiY3JlYXRlIjozMDAwMDAwMDAwMDB9LCJzY2hlbWFfdmVyc2lvbiI6IjIifQ==",
          "dependencies": [
            "aws_vpc.my_main_vpc",
            "module.eks.aws_security_group.cluster",
            "module.eks.aws_security_group.node"
          ],
          "create_before_destroy": true
        },
        {
          "index_key": "ingress_self_coredns_udp",
          "schema_version": 2,
          "attributes": {
            "cidr_blocks": null,
            "description": "Node to node CoreDNS UDP",
            "from_port": 53,
            "id": "sgrule-4158781888",
            "ipv6_cidr_blocks": null,
            "prefix_list_ids": [],
            "protocol": "udp",
            "security_group_id": "sg-0407f512282ed7378",
            "security_group_rule_id": "sgr-0601f38c9b8a1afc5",
            "self": true,
            "source_security_group_id": null,
            "timeouts": null,
            "to_port": 53,
            "type": "ingress"
          },
          "sensitive_attributes": [],
          "private": "eyJlMmJmYjczMC1lY2FhLTExZTYtOGY4OC0zNDM2M2JjN2M0YzAiOnsiY3JlYXRlIjozMDAwMDAwMDAwMDB9LCJzY2hlbWFfdmVyc2lvbiI6IjIifQ==",
          "dependencies": [
            "aws_vpc.my_main_vpc",
            "module.eks.aws_security_group.cluster",
            "module.eks.aws_security_group.node"
          ],
          "create_before_destroy": true
        }
      ]
    },
    {
      "module": "module.eks",
      "mode": "managed",
      "type": "kubernetes_config_map_v1_data",
      "name": "aws_auth",
      "provider": "provider[\"registry.terraform.io/hashicorp/kubernetes\"].null",
      "instances": [
        {
          "index_key": 0,
          "schema_version": 0,
          "attributes": {
            "data": {
              "mapAccounts": "[]\n",
              "mapRoles": "- \"groups\":\n  - \"system:bootstrappers\"\n  - \"system:nodes\"\n  \"rolearn\": \"arn:aws:iam::039612864283:role/default-eks-node-group-20250531101209946800000003\"\n  \"username\": \"system:node:{{EC2PrivateDNSName}}\"\n- \"groups\":\n  - \"system:bootstrappers\"\n  - \"system:nodes\"\n  \"rolearn\": \"arn:aws:iam::039612864283:role/eks-node-group-role\"\n  \"username\": \"system:node:{{EC2PrivateDNSName}}\"\n",
              "mapUsers": "- \"groups\":\n  - \"system:masters\"\n  \"userarn\": \"arn:aws:iam::039612864283:user/developer\"\n  \"username\": \"developer\"\n"
            },
            "field_manager": "Terraform",
            "force": true,
            "id": "kube-system/aws-auth",
            "metadata": [
              {
                "name": "aws-auth",
                "namespace": "kube-system"
              }
            ]
          },
          "sensitive_attributes": [],
          "private": "bnVsbA==",
          "dependencies": [
            "aws_iam_role.eks_node_group_iam_role",
            "aws_subnet.my_private_subnet_1",
            "aws_subnet.my_private_subnet_2",
            "aws_vpc.my_main_vpc",
            "module.eks.aws_cloudwatch_log_group.this",
            "module.eks.aws_eks_cluster.this",
            "module.eks.aws_iam_policy.cni_ipv6_policy",
            "module.eks.aws_iam_role.this",
            "module.eks.aws_iam_role_policy_attachment.this",
            "module.eks.aws_security_group.cluster",
            "module.eks.aws_security_group.node",
            "module.eks.aws_security_group_rule.cluster",
            "module.eks.aws_security_group_rule.node",
            "module.eks.data.aws_caller_identity.current",
            "module.eks.data.aws_iam_policy_document.assume_role_policy",
            "module.eks.data.aws_iam_policy_document.cni_ipv6_policy",
            "module.eks.data.aws_iam_session_context.current",
            "module.eks.data.aws_partition.current",
            "module.eks.kubernetes_config_map.aws_auth",
            "module.eks.module.eks_managed_node_group.aws_autoscaling_schedule.this",
            "module.eks.module.eks_managed_node_group.aws_eks_node_group.this",
            "module.eks.module.eks_managed_node_group.aws_iam_role.this",
            "module.eks.module.eks_managed_node_group.aws_iam_role_policy_attachment.additional",
            "module.eks.module.eks_managed_node_group.aws_iam_role_policy_attachment.this",
            "module.eks.module.eks_managed_node_group.aws_launch_template.this",
            "module.eks.module.eks_managed_node_group.data.aws_caller_identity.current",
            "module.eks.module.eks_managed_node_group.data.aws_iam_policy_document.assume_role_policy",
            "module.eks.module.eks_managed_node_group.data.aws_partition.current",
            "module.eks.module.eks_managed_node_group.module.user_data.data.cloudinit_config.linux_eks_managed_node_group",
            "module.eks.module.fargate_profile.aws_eks_fargate_profile.this",
            "module.eks.module.fargate_profile.aws_iam_role.this",
            "module.eks.module.fargate_profile.aws_iam_role_policy_attachment.additional",
            "module.eks.module.fargate_profile.aws_iam_role_policy_attachment.this",
            "module.eks.module.fargate_profile.data.aws_caller_identity.current",
            "module.eks.module.fargate_profile.data.aws_iam_policy_document.assume_role_policy",
            "module.eks.module.fargate_profile.data.aws_partition.current",
            "module.eks.module.kms.aws_kms_external_key.this",
            "module.eks.module.kms.aws_kms_key.this",
            "module.eks.module.kms.aws_kms_replica_external_key.this",
            "module.eks.module.kms.aws_kms_replica_key.this",
            "module.eks.module.kms.data.aws_caller_identity.current",
            "module.eks.module.kms.data.aws_iam_policy_document.this",
            "module.eks.module.kms.data.aws_partition.current",
            "module.eks.module.self_managed_node_group.aws_autoscaling_group.this",
            "module.eks.module.self_managed_node_group.aws_autoscaling_schedule.this",
            "module.eks.module.self_managed_node_group.aws_iam_instance_profile.this",
            "module.eks.module.self_managed_node_group.aws_iam_role.this",
            "module.eks.module.self_managed_node_group.aws_iam_role_policy_attachment.additional",
            "module.eks.module.self_managed_node_group.aws_iam_role_policy_attachment.this",
            "module.eks.module.self_managed_node_group.aws_launch_template.this",
            "module.eks.module.self_managed_node_group.data.aws_ami.eks_default",
            "module.eks.module.self_managed_node_group.data.aws_caller_identity.current",
            "module.eks.module.self_managed_node_group.data.aws_iam_policy_document.assume_role_policy",
            "module.eks.module.self_managed_node_group.data.aws_partition.current",
            "module.eks.module.self_managed_node_group.module.user_data.data.cloudinit_config.linux_eks_managed_node_group",
            "module.eks.time_sleep.this"
          ]
        }
      ]
    },
    {
      "module": "module.eks",
      "mode": "managed",
      "type": "time_sleep",
      "name": "this",
      "provider": "provider[\"registry.terraform.io/hashicorp/time\"]",
      "instances": [
        {
          "index_key": 0,
          "schema_version": 0,
          "attributes": {
            "create_duration": "30s",
            "destroy_duration": null,
            "id": "2025-06-10T09:31:46Z",
            "triggers": {
              "cluster_certificate_authority_data": "LS0tLS1CRUdJTiBDRVJUSUZJQ0FURS0tLS0tCk1JSURCVENDQWUyZ0F3SUJBZ0lJVmpIOG8xczFsc3N3RFFZSktvWklodmNOQVFFTEJRQXdGVEVUTUJFR0ExVUUKQXhNS2EzVmlaWEp1WlhSbGN6QWVGdzB5TlRBMk1UQXdPVEl5TXpCYUZ3MHpOVEEyTURnd09USTNNekJhTUJVeApFekFSQmdOVkJBTVRDbXQxWW1WeWJtVjBaWE13Z2dFaU1BMEdDU3FHU0liM0RRRUJBUVVBQTRJQkR3QXdnZ0VLCkFvSUJBUURWVWxoRExaWXFHTnlEZWl6djZYakFWZStlSHhqY0N5ekIxN3p6NUs2YktYZEV0Z1RXQXNVNTV4K3IKV2hoYzFnajJCRG83U2VYK2w5YXRuYjBZTW9QWFpPQ05Fek1KNXRYa1FrVlNXRjZXOTJ4amw0RTdCNlpROWhQYQpXL3hpQWJBdmpyQlhDWit5OHhkV2Q3OGtvbHljVUN5Sm9xZFpCRHp3cHk0M0l2UGh4MlUydkxmSnUzUUtCUXoyCmpuUWRlUWFucVJLbFNCdGhTbmxrbDdOYmhJZld1dzYxbU81YS9OSms1WmUwTjMvSEsvV2FDQXBxcWhOeS9aVmIKdDV3MSt2dmlyTE4xRTFHL3draXBMVTlSQkhmUDk4OGJ1M294L3Y4b0F5MTlYbG5QT1JjUFhCdmtPRGMrcUd4KwptOGxRN3NEM1AzbmV6NWk4bSs4am5SdEVXdzNCQWdNQkFBR2pXVEJYTUE0R0ExVWREd0VCL3dRRUF3SUNwREFQCkJnTlZIUk1CQWY4RUJUQURBUUgvTUIwR0ExVWREZ1FXQkJTUWc0NmpPcnRDaHQ3T1B4QUFNZllpT0prbWlqQVYKQmdOVkhSRUVEakFNZ2dwcmRXSmxjbTVsZEdWek1BMEdDU3FHU0liM0RRRUJDd1VBQTRJQkFRQk5BVlRPS0pJVgprRW91NWFkT1hZYUk4VmR4R1l2SEd3eVlJaDBEeW9Iek9HdTJ5NldOVmtxLzNlRjIxam5hV25VOGRvaUpDT0o4CksyZjBRSEZheWFqem5vVVdCVHc0RTBCSTN0UjNtVm41NlcyQ0h6RUg1UDdJa01zUjU5TW1BcDV3NnNQcGxSSXcKeU5hNzllOWcvQlNNbTg4aWQxT1djQzY4VVlMckZGOG8vaHA0T05uTXBoRVJtdlNQRlZvWXUvNm9rZ1pabUo0bQo1YmV0Vk91Z25SUWNFUjRnTnNMcjcyZ2JtU25VZFVsYjhLdEZjUFVuenc2RERnRVg0T1Y5UFBoc3hkRVJjT3hVCm5qTS9jL1R6R005ejl3d2RhUEsrSFdDQ1lVSk5ncFdJMEx3SUN0Z2JaNDBPUEJOU2o2d0QwcFZHOUtVcC9OSnYKdUtQRWxPeU81Mkk5Ci0tLS0tRU5EIENFUlRJRklDQVRFLS0tLS0K",
              "cluster_endpoint": "https://3CA89AAEB49FEF243D9DED82CB4193D5.sk1.eu-north-1.eks.amazonaws.com",
              "cluster_name": "API_EKS_ThreatGPT",
              "cluster_version": "1.31"
            }
          },
          "sensitive_attributes": [],
          "dependencies": [
            "aws_subnet.my_private_subnet_1",
            "aws_subnet.my_private_subnet_2",
            "aws_vpc.my_main_vpc",
            "module.eks.aws_cloudwatch_log_group.this",
            "module.eks.aws_eks_cluster.this",
            "module.eks.aws_iam_policy.cni_ipv6_policy",
            "module.eks.aws_iam_role.this",
            "module.eks.aws_iam_role_policy_attachment.this",
            "module.eks.aws_security_group.cluster",
            "module.eks.aws_security_group.node",
            "module.eks.aws_security_group_rule.cluster",
            "module.eks.aws_security_group_rule.node",
            "module.eks.data.aws_caller_identity.current",
            "module.eks.data.aws_iam_policy_document.assume_role_policy",
            "module.eks.data.aws_iam_policy_document.cni_ipv6_policy",
            "module.eks.data.aws_iam_session_context.current",
            "module.eks.data.aws_partition.current",
            "module.eks.module.kms.aws_kms_external_key.this",
            "module.eks.module.kms.aws_kms_key.this",
            "module.eks.module.kms.aws_kms_replica_external_key.this",
            "module.eks.module.kms.aws_kms_replica_key.this",
            "module.eks.module.kms.data.aws_caller_identity.current",
            "module.eks.module.kms.data.aws_iam_policy_document.this",
            "module.eks.module.kms.data.aws_partition.current"
          ],
          "create_before_destroy": true
        },
        {
          "index_key": 0,
          "deposed": "0014cb9b",
          "schema_version": 0,
          "attributes": {
            "create_duration": "30s",
            "destroy_duration": null,
            "id": "2025-06-03T11:30:33Z",
            "triggers": {
              "cluster_certificate_authority_data": "LS0tLS1CRUdJTiBDRVJUSUZJQ0FURS0tLS0tCk1JSURCVENDQWUyZ0F3SUJBZ0lJUzFPeG9Sc3ViZzB3RFFZSktvWklodmNOQVFFTEJRQXdGVEVUTUJFR0ExVUUKQXhNS2EzVmlaWEp1WlhSbGN6QWVGdzB5TlRBMk1ETXhNVEl4TVRoYUZ3MHpOVEEyTURFeE1USTJNVGhhTUJVeApFekFSQmdOVkJBTVRDbXQxWW1WeWJtVjBaWE13Z2dFaU1BMEdDU3FHU0liM0RRRUJBUVVBQTRJQkR3QXdnZ0VLCkFvSUJBUURJc3lEaUlNRGpaZElPa1FvVnNHSkhCT2svU2FzM01iQ3pwZCs0V0IraDNCaVhrcDlibWtpWGVCZ2YKdGZpTTdmVXZCdFdYRm8vb09TMlkranBMdjlrRFppbnBYZ2JCeTJ2NCttYTZOa0h2OUpGa3NNSjhSbGZTdE1qZApNTFlTNEFRZE9qTzRiZjVHS1ptbENJNXZjOWxKMTRlMnJmMHJ0RXpza1Q2cEtDdmxmYmx6d1U5N2FLTVRheHFMCjNDSFJPWmxWK2pVSFFGM2hsYWVJMXpndml1K0RnVFpTdGc3aG9JaVFtVzA2UVdIOVVYSFpPdlU4ZlAxQmNxaDkKT3VFOEtkYTQ3dmJBS1NBWVdqdXBna1NHV2R3TDRDVXVRbGx6TXRDbEZLZ3ZHVEdCRkxaRm1HVHBVaWxtalRucApSQjV6dDJQWEpjK3krenVsZmV4QUhiRDJWUzc5QWdNQkFBR2pXVEJYTUE0R0ExVWREd0VCL3dRRUF3SUNwREFQCkJnTlZIUk1CQWY4RUJUQURBUUgvTUIwR0ExVWREZ1FXQkJTUFp1WFB3Qkh6SjZscEQ5NHNIUkRXN0pETzNUQVYKQmdOVkhSRUVEakFNZ2dwcmRXSmxjbTVsZEdWek1BMEdDU3FHU0liM0RRRUJDd1VBQTRJQkFRQ2R4TUZIalpuTQpSemJlRlQwT2NFNFJPUzdwZ3BoQXNvRTVxaGlrOGI4YnhJb2hPSE5FdG9sQTNOU29rUnNVTWJJV3Bua096OUlPCkk5b2lKcWFEYTdqRS9PTUtMbXhBcEpQb3JTUnIyaU0wY3VDUXM0OEpBQXhwbzRVQ21HOE9lUG56Um9nMVdxZnIKVkUrTFF6TGFpOUdlcnd2NGp5dys3eWpQeElybWlWRERmY0NpSTJRd3N1OThNZHJNdE9ac3drdXZweTA3NnNEUwpNWDFZTlduTTRMN1JyTUorNUh5WnhnSDdBbUdOK2RCN3RiQktxSXhUcFZDUVYzT0ZXV1VFS3JsMXFVMDEyTXdFClRnV1ZQQVp4MUZiZm9yMnFXZkU5VEltdWN5bjhYN1ROd2tCU0NIUHZXQ0ZpbDFQMTlLMjRIZ0tObjF0VjQ3Y1cKUnlxeHYrdlM5QUUyCi0tLS0tRU5EIENFUlRJRklDQVRFLS0tLS0K",
              "cluster_endpoint": "https://D528C1EF679865F872CB871686B335F9.gr7.eu-north-1.eks.amazonaws.com",
              "cluster_name": "API_EKS_ThreatGPT",
              "cluster_version": "1.31"
            }
          },
          "sensitive_attributes": [],
          "dependencies": [
            "aws_subnet.my_private_subnet_1",
            "aws_subnet.my_private_subnet_2",
            "aws_vpc.my_main_vpc",
            "module.eks.aws_cloudwatch_log_group.this",
            "module.eks.aws_eks_cluster.this",
            "module.eks.aws_iam_policy.cni_ipv6_policy",
            "module.eks.aws_iam_role.this",
            "module.eks.aws_iam_role_policy_attachment.this",
            "module.eks.aws_security_group.cluster",
            "module.eks.aws_security_group.node",
            "module.eks.aws_security_group_rule.cluster",
            "module.eks.aws_security_group_rule.node",
            "module.eks.data.aws_caller_identity.current",
            "module.eks.data.aws_iam_policy_document.assume_role_policy",
            "module.eks.data.aws_iam_policy_document.cni_ipv6_policy",
            "module.eks.data.aws_iam_session_context.current",
            "module.eks.data.aws_partition.current",
            "module.eks.module.kms.aws_kms_external_key.this",
            "module.eks.module.kms.aws_kms_key.this",
            "module.eks.module.kms.aws_kms_replica_external_key.this",
            "module.eks.module.kms.aws_kms_replica_key.this",
            "module.eks.module.kms.data.aws_caller_identity.current",
            "module.eks.module.kms.data.aws_iam_policy_document.this",
            "module.eks.module.kms.data.aws_partition.current"
          ],
          "create_before_destroy": true
        },
        {
          "index_key": 0,
          "deposed": "4742fc29",
          "schema_version": 0,
          "attributes": {
            "create_duration": "30s",
            "destroy_duration": null,
            "id": "2025-06-03T09:03:29Z",
            "triggers": {
              "cluster_certificate_authority_data": "LS0tLS1CRUdJTiBDRVJUSUZJQ0FURS0tLS0tCk1JSURCVENDQWUyZ0F3SUJBZ0lJQ1NCQ3lqQndLSXN3RFFZSktvWklodmNOQVFFTEJRQXdGVEVUTUJFR0ExVUUKQXhNS2EzVmlaWEp1WlhSbGN6QWVGdzB5TlRBMk1ETXdPRFUwTURsYUZ3MHpOVEEyTURFd09EVTVNRGxhTUJVeApFekFSQmdOVkJBTVRDbXQxWW1WeWJtVjBaWE13Z2dFaU1BMEdDU3FHU0liM0RRRUJBUVVBQTRJQkR3QXdnZ0VLCkFvSUJBUUN0UkU0TmZlbE5HSEZjOWJTblZ3L0dEdU9CWnlZdzBsYzRKUmExN1A5eWh5NmJ0ankzdTk0RVRsSW8KR3FlNkNPeHBDanpOTC9qTGllZmhCTEkyNmVVb2MwVHd0OVJxUnhPeVUva2lhTkZtZUdFUVZIcVp0UjN5K3loKwpmTTYrTlY1eWNCREhhQnN6N0RoZnNsR1orQnBhVnMxWnhRaUs4Q2Q3MldUUnQyVHR4SFJhM2F6d1BEK3F2R0U0Cm5jZk1wWGtYUktJUWJDSlB1R0VlOVpOTldMcDB4aGppMGFsbzlTcDdPU3J5NFZ0N1dEc3RvRUUxaU9aQXRlTUcKSzNDNnJEZXFXajFUdFh4VjltWWdhUXhmYXBJS3lBbTd6ZFQraVhVcVBZNTdKY2NYVHJkWFBzVmZpOXZXSkdDaAo2QUJhaTJvVE42ZEk1YTAvQXZZdHVWRWFhV2k1QWdNQkFBR2pXVEJYTUE0R0ExVWREd0VCL3dRRUF3SUNwREFQCkJnTlZIUk1CQWY4RUJUQURBUUgvTUIwR0ExVWREZ1FXQkJSOXNGY0NSZ1o4RXQwQ245NlRmcHFHbUZ5Z0l6QVYKQmdOVkhSRUVEakFNZ2dwcmRXSmxjbTVsZEdWek1BMEdDU3FHU0liM0RRRUJDd1VBQTRJQkFRQXcxNldFdGN2dQpwYVJWdkI4U2pralI5bktrNzlKeVU4WnRSWWc5a1NRT2NjY1V6SDlYTkxMTWpBRmszOXlZR1A5R1VTK3lQbTh2CkZYSjA4UXdQYnZ4Y1YrOGllVWJtdUxSRGNzem9hR3FmbU5VT09KeDZYUWdjYk51VkFlU2pEOTlPR3JXL1ljNEIKSC9uY3NwSGpDMWo1eGFnQk01M0o5a1ZHbGlYU0oxTUZnZ09OWDZEMkhoMmtFa1p5di8rNXhLZDJkdnB2dDlLQgpldW5ybGI1cGEyT29KOUVTMzhHK3JUSzBlUElJNnFYNEp5ZjdYMkZySElPYkllSDB1QUVPak9PUlJiekgvSHlkCkwySnBuNlFNQzBTenUvVnJpaUpiYnBCWkdqUjNsQk9FNEtUdmVxaldqWm1kcy8vbEFuV3hZVllWWnNtRC9JZDMKS1RFL21qVTNLeU1PCi0tLS0tRU5EIENFUlRJRklDQVRFLS0tLS0K",
              "cluster_endpoint": "https://4B33AE952E8A44EC34238CF5A0CF3A4F.yl4.eu-north-1.eks.amazonaws.com",
              "cluster_name": "API_EKS_ThreatGPT",
              "cluster_version": "1.31"
            }
          },
          "sensitive_attributes": [],
          "dependencies": [
            "aws_subnet.my_private_subnet_1",
            "aws_subnet.my_private_subnet_2",
            "aws_vpc.my_main_vpc",
            "module.eks.aws_cloudwatch_log_group.this",
            "module.eks.aws_eks_cluster.this",
            "module.eks.aws_iam_policy.cni_ipv6_policy",
            "module.eks.aws_iam_role.this",
            "module.eks.aws_iam_role_policy_attachment.this",
            "module.eks.aws_security_group.cluster",
            "module.eks.aws_security_group.node",
            "module.eks.aws_security_group_rule.cluster",
            "module.eks.aws_security_group_rule.node",
            "module.eks.data.aws_caller_identity.current",
            "module.eks.data.aws_iam_policy_document.assume_role_policy",
            "module.eks.data.aws_iam_policy_document.cni_ipv6_policy",
            "module.eks.data.aws_iam_session_context.current",
            "module.eks.data.aws_partition.current",
            "module.eks.module.kms.aws_kms_external_key.this",
            "module.eks.module.kms.aws_kms_key.this",
            "module.eks.module.kms.aws_kms_replica_external_key.this",
            "module.eks.module.kms.aws_kms_replica_key.this",
            "module.eks.module.kms.data.aws_caller_identity.current",
            "module.eks.module.kms.data.aws_iam_policy_document.this",
            "module.eks.module.kms.data.aws_partition.current"
          ],
          "create_before_destroy": true
        },
        {
          "index_key": 0,
          "deposed": "7caea714",
          "schema_version": 0,
          "attributes": {
            "create_duration": "30s",
            "destroy_duration": null,
            "id": "2025-06-03T13:16:43Z",
            "triggers": {
              "cluster_certificate_authority_data": "LS0tLS1CRUdJTiBDRVJUSUZJQ0FURS0tLS0tCk1JSURCVENDQWUyZ0F3SUJBZ0lJV1hzc2Y2UC9Sdkl3RFFZSktvWklodmNOQVFFTEJRQXdGVEVUTUJFR0ExVUUKQXhNS2EzVmlaWEp1WlhSbGN6QWVGdzB5TlRBMk1ETXhNekEzTWpWYUZ3MHpOVEEyTURFeE16RXlNalZhTUJVeApFekFSQmdOVkJBTVRDbXQxWW1WeWJtVjBaWE13Z2dFaU1BMEdDU3FHU0liM0RRRUJBUVVBQTRJQkR3QXdnZ0VLCkFvSUJBUURCa2h1TmdZd0dacDJ3akVxVGdxekI2anFxYW9hNHE1NldqWmpVNmhsY2Y1c2FVRkdqdkdzWXVQZzEKejA2Z01rZ205aVRuN1NkbGxGa1pVVVladFExenBOSURISUpwbVVNd0xyd2NZc1VmV0ZPbWlRbG1tNnR6Zyt2TApsM1hlNk01UHRZOXh1ODZmMElZYTNtUllsSzdNTm9Wb1JjcDhCMnM4am9xZVdjSkRoSStHYjRUZGwyWlFiN283ClRaS2lTOVB6UW5tZ3VYNy90VlJJK1BKM3RBeWN0YXRrNmMyWDhhS2VBbmdUYmtKYi8zUWw0Zk1nQ3JXR1FYTU4KRk1RSVhBQXNGaXlDQUphdHVIL0E5clFIRjUwNENKcENZSW4yWk01VjBxekpWL25qQnlrMW1LcE1MekZ4eVBnVgo0ZHA1S0JiK2R3anBaNTZXTHF6UjI3TTlhcHBYQWdNQkFBR2pXVEJYTUE0R0ExVWREd0VCL3dRRUF3SUNwREFQCkJnTlZIUk1CQWY4RUJUQURBUUgvTUIwR0ExVWREZ1FXQkJSY1ZrWmg1Y3ZQTnlJaFBjTldlc05aQ1Y4NXp6QVYKQmdOVkhSRUVEakFNZ2dwcmRXSmxjbTVsZEdWek1BMEdDU3FHU0liM0RRRUJDd1VBQTRJQkFRQ2dnSGNpSU9Sawp4ZXVpdUdLbmxTNlhsc3ZnUFNXdUFYRFVrQmxMUGRpanNKeVlnQ2hRc2kvTjNCYi9DK0lUZ29nOVRCcEZJS01ZCkUwT0hQZWYwV2lTMXhFVlJRZjE0UUVEMW1rVnAwNjhuZW0xaHpEbDFEVlcrRlBxcnprelpoRnBmUUNZNWJFVlkKZnFWMHNQSzlPcHlHb3hzbk9RVjBtZ2ZLQWhvaUkwVjJyeEVucThmQXZDWTR6MjVkb04yZDhhS1RkTTNEUkFFQgprcGhTYTlLQ0FDM2gwU3Vjbm8rdGY3Vlo1Ull3czJMS29JNzJkTnlSS01xbUdIYjZ5cUpQdWhIOU5wNXh2SmtxClVkaUlFbXFwVnJ4N0svZWVSUXljMGFIa293NDMzMWoveUZacHNwNDZSeU8veUNVWWpYQmhEa1FIdXR2TEFLMmMKcVpGbm1IeFJ4Qjg0Ci0tLS0tRU5EIENFUlRJRklDQVRFLS0tLS0K",
              "cluster_endpoint": "https://4FEC0E08335F4BE99E8914E620F38F43.yl4.eu-north-1.eks.amazonaws.com",
              "cluster_name": "API_EKS_ThreatGPT",
              "cluster_version": "1.31"
            }
          },
          "sensitive_attributes": [],
          "dependencies": [
            "aws_subnet.my_private_subnet_1",
            "aws_subnet.my_private_subnet_2",
            "aws_vpc.my_main_vpc",
            "module.eks.aws_cloudwatch_log_group.this",
            "module.eks.aws_eks_cluster.this",
            "module.eks.aws_iam_policy.cni_ipv6_policy",
            "module.eks.aws_iam_role.this",
            "module.eks.aws_iam_role_policy_attachment.this",
            "module.eks.aws_security_group.cluster",
            "module.eks.aws_security_group.node",
            "module.eks.aws_security_group_rule.cluster",
            "module.eks.aws_security_group_rule.node",
            "module.eks.data.aws_caller_identity.current",
            "module.eks.data.aws_iam_policy_document.assume_role_policy",
            "module.eks.data.aws_iam_policy_document.cni_ipv6_policy",
            "module.eks.data.aws_iam_session_context.current",
            "module.eks.data.aws_partition.current",
            "module.eks.module.kms.aws_kms_external_key.this",
            "module.eks.module.kms.aws_kms_key.this",
            "module.eks.module.kms.aws_kms_replica_external_key.this",
            "module.eks.module.kms.aws_kms_replica_key.this",
            "module.eks.module.kms.data.aws_caller_identity.current",
            "module.eks.module.kms.data.aws_iam_policy_document.this",
            "module.eks.module.kms.data.aws_partition.current"
          ],
          "create_before_destroy": true
        },
        {
          "index_key": 0,
          "deposed": "836d3a16",
          "schema_version": 0,
          "attributes": {
            "create_duration": "30s",
            "destroy_duration": null,
            "id": "2025-06-03T12:07:30Z",
            "triggers": {
              "cluster_certificate_authority_data": "LS0tLS1CRUdJTiBDRVJUSUZJQ0FURS0tLS0tCk1JSURCVENDQWUyZ0F3SUJBZ0lJV0YzczNRSnNCVWt3RFFZSktvWklodmNOQVFFTEJRQXdGVEVUTUJFR0ExVUUKQXhNS2EzVmlaWEp1WlhSbGN6QWVGdzB5TlRBMk1ETXhNVFUzTlRWYUZ3MHpOVEEyTURFeE1qQXlOVFZhTUJVeApFekFSQmdOVkJBTVRDbXQxWW1WeWJtVjBaWE13Z2dFaU1BMEdDU3FHU0liM0RRRUJBUVVBQTRJQkR3QXdnZ0VLCkFvSUJBUURORjl1VXQybUloOENRUTNxS3dQaStndEhhMmVUWnlyT3dnaVNWekN0SE9ObGlJMkRIeGg4ekxSSlUKaUw0Ky8yWWdDMkgvekFoWnZzckRpcml2ck5ROHpXOTlBTkJyWm4rMkNzbm1GR3FhQ2RpTU9VTzgyTktmczgwMQpwNmVhQXZQSitDSkxkUS9ZUUVPV2JUNWRkMi9mT0E1ZmdCUmdUeGdqeGlkSEVLNkNUZkxoNWhsNUQ2Z1JvaVZVCndIWTV4cWdDOVhsZk1rd1R4UGhiaGZpVG9GSVFhSUliY1hSWHpreGdiMjkybmlrQms5cUtxYmVlUUFVNms5MnAKSHNCUmtjdmQ0R055c3gwd1pVL2FDSGpGSEVLMU8zQ0gvMTlweTNhbWE1R3h2azRDMGtZcVlyWGdPLy95NmlNZAp2MERPOVN1QkhOYTNiNTNGYmU5bkdZOFpBZjVaQWdNQkFBR2pXVEJYTUE0R0ExVWREd0VCL3dRRUF3SUNwREFQCkJnTlZIUk1CQWY4RUJUQURBUUgvTUIwR0ExVWREZ1FXQkJRRXpnb0RzRG5OYjhsM3VteE8yUFdEUUJQNTJqQVYKQmdOVkhSRUVEakFNZ2dwcmRXSmxjbTVsZEdWek1BMEdDU3FHU0liM0RRRUJDd1VBQTRJQkFRQS9kVGJFSGVMYwphV0d6MHM0cGNPdUVNRjZ5Qmh4VzB3U09DcVZPZm82c0tyK0VXMTYrcnV4dmFpanZJRFRjRVltREJPTDJaS0dLCjcyQUFsYlFmWW10WXlFa1MyZmJjLzRSUnNTWHloejFyS0RqQll6K0QzcUI1b2NxZkxmQUNBWU1SYjNYd1JGNjIKeTJvckJtVVE0RDUxT3JGaFhndHZwVHNrQlpOdHFpUHBCMGRHUDBsUjlJaDV6SVVKc3pObXYxVG8zRFpuMHhFUwoxRy9VY3U0UG04alpNbnRWYzI5KzRhZFVWdHZxblBhWGUwOURwWC9KU083Q0xOU2Y5cTc2eGYvMDUwRmFja2tYCkdFQWVReXovcldkT2xwUDVqYXZDR3hIa2dQeHlaeGRWMklzaGFJbzQ2Znk2c3F6THM4cVZaNFM5UG5FZEg3Q0kKZk9GWFJwVUFXczJ4Ci0tLS0tRU5EIENFUlRJRklDQVRFLS0tLS0K",
              "cluster_endpoint": "https://4144C369CFBC433CEF2AA2406EF4E3A0.gr7.eu-north-1.eks.amazonaws.com",
              "cluster_name": "API_EKS_ThreatGPT",
              "cluster_version": "1.31"
            }
          },
          "sensitive_attributes": [],
          "dependencies": [
            "aws_subnet.my_private_subnet_1",
            "aws_subnet.my_private_subnet_2",
            "aws_vpc.my_main_vpc",
            "module.eks.aws_cloudwatch_log_group.this",
            "module.eks.aws_eks_cluster.this",
            "module.eks.aws_iam_policy.cni_ipv6_policy",
            "module.eks.aws_iam_role.this",
            "module.eks.aws_iam_role_policy_attachment.this",
            "module.eks.aws_security_group.cluster",
            "module.eks.aws_security_group.node",
            "module.eks.aws_security_group_rule.cluster",
            "module.eks.aws_security_group_rule.node",
            "module.eks.data.aws_caller_identity.current",
            "module.eks.data.aws_iam_policy_document.assume_role_policy",
            "module.eks.data.aws_iam_policy_document.cni_ipv6_policy",
            "module.eks.data.aws_iam_session_context.current",
            "module.eks.data.aws_partition.current",
            "module.eks.module.kms.aws_kms_external_key.this",
            "module.eks.module.kms.aws_kms_key.this",
            "module.eks.module.kms.aws_kms_replica_external_key.this",
            "module.eks.module.kms.aws_kms_replica_key.this",
            "module.eks.module.kms.data.aws_caller_identity.current",
            "module.eks.module.kms.data.aws_iam_policy_document.this",
            "module.eks.module.kms.data.aws_partition.current"
          ],
          "create_before_destroy": true
        },
        {
          "index_key": 0,
          "deposed": "9af86155",
          "schema_version": 0,
          "attributes": {
            "create_duration": "30s",
            "destroy_duration": null,
            "id": "2025-06-03T12:48:48Z",
            "triggers": {
              "cluster_certificate_authority_data": "LS0tLS1CRUdJTiBDRVJUSUZJQ0FURS0tLS0tCk1JSURCVENDQWUyZ0F3SUJBZ0lJUlgyakxuUHdrSEV3RFFZSktvWklodmNOQVFFTEJRQXdGVEVUTUJFR0ExVUUKQXhNS2EzVmlaWEp1WlhSbGN6QWVGdzB5TlRBMk1ETXhNak01TWpkYUZ3MHpOVEEyTURFeE1qUTBNamRhTUJVeApFekFSQmdOVkJBTVRDbXQxWW1WeWJtVjBaWE13Z2dFaU1BMEdDU3FHU0liM0RRRUJBUVVBQTRJQkR3QXdnZ0VLCkFvSUJBUURHTnJzQXpkTWhBdGg1cVZ5RU40NDVyRzlMQWZRTUp2VGoyWUdlOWZicFBNSzBPUGFsZ01JZEdNdzcKWm5xbjN3WVBuM3laRllPb1JOQUxIM0Q2cWlNdjFMYWZlRzAxdCtxemNhL0tBREQ1Mmt3TmZNZEdLaW1kSk1YZwpRbGZFVDEzSkdtUVY2TVV1UWVNbmx3SHg1Y29mNzgvdmNLU3QzelV3SWJMeGRoRGo4elAyOVV0bVl3UXAwT2xRCndTajRQZ0RLM0VhSkZGU2RQRGRtT21vczVoVmdEVmtaQytwV0w4cFBSVzM3dDVWRWE2YlZiOFRrWHd5VmUvQVQKRkszUUkrczEraEh2RW53a1MxakxRcFZaWktxUFBBM0JGM242MlhaWnl6cXhkWVJWcmdEZWNJWmtxN1RLL2tEQgpiK3hMUnBTN0ZlT2NObjVJRU9jaFRweEtvSXYxQWdNQkFBR2pXVEJYTUE0R0ExVWREd0VCL3dRRUF3SUNwREFQCkJnTlZIUk1CQWY4RUJUQURBUUgvTUIwR0ExVWREZ1FXQkJUVWxyRDdFNXVMRGZZUDVVQ1IvK0tzM1ltK1BEQVYKQmdOVkhSRUVEakFNZ2dwcmRXSmxjbTVsZEdWek1BMEdDU3FHU0liM0RRRUJDd1VBQTRJQkFRQ3BMay9BYk9NVQo3SEk1ZGxVUERsbGpXNVU4dGtXci9laUdLMzNyblJuTzlCR2FFbG1JMzRMK3RmcUU1eCs1alFXS0R2VlZncWloClo3ZkFkSnJQMmNQSXBTQ1ZXS2NUMmxXMGNTaU83N0ZSblFWZ3UyZERjRC9ZVVpRbmdHMXBBcmRkTkVWYWNnaUUKSmFDR3BkbWVZOEh5SWJrZTBEWmR6Um1uT3BRaUNJakVjaVZ0VWpET1Y5aStYMUZvNVRiM1ltcUVuZEJmcU1WTgo0NFJUbmxHdUlIbUQ0cW9IQUFCOUpHYXZGcjA1REpwTmJOQ3VpQVpudnNMRklxckdlRGlNdnJuenJnRTlJbkFnClJLdTFNc1lDQ09hT1RLS29uSndoVjlsd2VzakVHZXJnSXVTRnJHWHppTlhwZ1lwc3dIOTJQMis5OUtpZExvUjUKUmFTUi9udnhTOTcrCi0tLS0tRU5EIENFUlRJRklDQVRFLS0tLS0K",
              "cluster_endpoint": "https://B5BFFB2B824FEBBE70CA69732115C031.gr7.eu-north-1.eks.amazonaws.com",
              "cluster_name": "API_EKS_ThreatGPT",
              "cluster_version": "1.31"
            }
          },
          "sensitive_attributes": [],
          "dependencies": [
            "aws_subnet.my_private_subnet_1",
            "aws_subnet.my_private_subnet_2",
            "aws_vpc.my_main_vpc",
            "module.eks.aws_cloudwatch_log_group.this",
            "module.eks.aws_eks_cluster.this",
            "module.eks.aws_iam_policy.cni_ipv6_policy",
            "module.eks.aws_iam_role.this",
            "module.eks.aws_iam_role_policy_attachment.this",
            "module.eks.aws_security_group.cluster",
            "module.eks.aws_security_group.node",
            "module.eks.aws_security_group_rule.cluster",
            "module.eks.aws_security_group_rule.node",
            "module.eks.data.aws_caller_identity.current",
            "module.eks.data.aws_iam_policy_document.assume_role_policy",
            "module.eks.data.aws_iam_policy_document.cni_ipv6_policy",
            "module.eks.data.aws_iam_session_context.current",
            "module.eks.data.aws_partition.current",
            "module.eks.module.kms.aws_kms_external_key.this",
            "module.eks.module.kms.aws_kms_key.this",
            "module.eks.module.kms.aws_kms_replica_external_key.this",
            "module.eks.module.kms.aws_kms_replica_key.this",
            "module.eks.module.kms.data.aws_caller_identity.current",
            "module.eks.module.kms.data.aws_iam_policy_document.this",
            "module.eks.module.kms.data.aws_partition.current"
          ],
          "create_before_destroy": true
        },
        {
          "index_key": 0,
          "deposed": "bcde22c7",
          "schema_version": 0,
          "attributes": {
            "create_duration": "30s",
            "destroy_duration": null,
            "id": "2025-06-03T10:20:58Z",
            "triggers": {
              "cluster_certificate_authority_data": "LS0tLS1CRUdJTiBDRVJUSUZJQ0FURS0tLS0tCk1JSURCVENDQWUyZ0F3SUJBZ0lJVzhMbi9yc3V4SzR3RFFZSktvWklodmNOQVFFTEJRQXdGVEVUTUJFR0ExVUUKQXhNS2EzVmlaWEp1WlhSbGN6QWVGdzB5TlRBMk1ETXhNREV4TXpsYUZ3MHpOVEEyTURFeE1ERTJNemxhTUJVeApFekFSQmdOVkJBTVRDbXQxWW1WeWJtVjBaWE13Z2dFaU1BMEdDU3FHU0liM0RRRUJBUVVBQTRJQkR3QXdnZ0VLCkFvSUJBUUN2cEJmUjlzb2s0U0ZEZDhYRDdSeVloRHVnNWRkSzhVZFBUNG9kaW9pbjZ5SXhpd3c3Z2pTZ2Myc0wKbyt5N0pleVErbFZNRzR5aFlocjV5bHNLV2ZCM1VKRnBUU1FheGgzNmI4RVIvZ3cwYU5Uc21nMmlmZlZmTkcxSwovVDVkQ3p3ck9mTlVJYW5va1E2Y1U1TUxtS20wQUdnMGJITkNZTlVTYXVobUtORUtNODd5dHV4NklIK1A1eDdICktJTmZQL2tHRXBXa0NwQWtXcHZDa24rWkwvV1B6K1dzak5aYlFCQUtHQTRjMWZxcjI2V29helI1VjBjeVQyU1kKRFF5anhxR2IzNEJFZnpsd1NmTDMwbitDUUZNVmRxVm9wRnVVRk0xVjVhaGk0bkdEdkVnQy9ZdFBDS3pLWWNSUgprQWxZdVo4TE5mNlJmUmRIaU1GamREYXZscDFGQWdNQkFBR2pXVEJYTUE0R0ExVWREd0VCL3dRRUF3SUNwREFQCkJnTlZIUk1CQWY4RUJUQURBUUgvTUIwR0ExVWREZ1FXQkJTQ2M2ODJtdEd4VVNkYjIwais5OFBxOVZrSU1UQVYKQmdOVkhSRUVEakFNZ2dwcmRXSmxjbTVsZEdWek1BMEdDU3FHU0liM0RRRUJDd1VBQTRJQkFRQWZ2V3N4eTlzbApPM2N5YS9nRnVUZDV6djFOZmV2eWZLOVZHSjc2T3VEOWoxaVE2U0xrWkJwNWJZTkhyb1hmcEhCYS80V0lrZ3NaCnQxUDQ0aWYvcEhsdmptT1AyZGorcmhPeHljNEdNaER1UnJSYU95ejN3em44YzNtM1M0ZTQ4THM2K1VSYnFXZG4KMThkYzZpczcxMWlvUG1nckV5bjZ3YUdrMldxTnJuYjZsSzlqZ212ZUFwY2wxK0wzMEdBSE13dDZRVUpvcVJDUApjSCt2VEZ3V1hISTJPZXRWejJYZ3BjYkl1dWszTjBtRHZDSWpQWGVMMmdaODJESnUrWGNMTlYyNmpuZTZJQlZXClBOLzg0ZTd4NVlqTTVITnFsQXZiOUZCVmphOWYramZKVTd0NHlUL2FWNDVxR244MmxWZlVLbG1QQ0N4V0FsSFcKTnpnMzlUNFRZM1YvCi0tLS0tRU5EIENFUlRJRklDQVRFLS0tLS0K",
              "cluster_endpoint": "https://A0B91F8A545AB7F3BB6CE432069D2E8B.yl4.eu-north-1.eks.amazonaws.com",
              "cluster_name": "API_EKS_ThreatGPT",
              "cluster_version": "1.31"
            }
          },
          "sensitive_attributes": [],
          "dependencies": [
            "aws_subnet.my_private_subnet_1",
            "aws_subnet.my_private_subnet_2",
            "aws_vpc.my_main_vpc",
            "module.eks.aws_cloudwatch_log_group.this",
            "module.eks.aws_eks_cluster.this",
            "module.eks.aws_iam_policy.cni_ipv6_policy",
            "module.eks.aws_iam_role.this",
            "module.eks.aws_iam_role_policy_attachment.this",
            "module.eks.aws_security_group.cluster",
            "module.eks.aws_security_group.node",
            "module.eks.aws_security_group_rule.cluster",
            "module.eks.aws_security_group_rule.node",
            "module.eks.data.aws_caller_identity.current",
            "module.eks.data.aws_iam_policy_document.assume_role_policy",
            "module.eks.data.aws_iam_policy_document.cni_ipv6_policy",
            "module.eks.data.aws_iam_session_context.current",
            "module.eks.data.aws_partition.current",
            "module.eks.module.kms.aws_kms_external_key.this",
            "module.eks.module.kms.aws_kms_key.this",
            "module.eks.module.kms.aws_kms_replica_external_key.this",
            "module.eks.module.kms.aws_kms_replica_key.this",
            "module.eks.module.kms.data.aws_caller_identity.current",
            "module.eks.module.kms.data.aws_iam_policy_document.this",
            "module.eks.module.kms.data.aws_partition.current"
          ],
          "create_before_destroy": true
        },
        {
          "index_key": 0,
          "deposed": "ff6837f1",
          "schema_version": 0,
          "attributes": {
            "create_duration": "30s",
            "destroy_duration": null,
            "id": "2025-06-03T14:14:13Z",
            "triggers": {
              "cluster_certificate_authority_data": "LS0tLS1CRUdJTiBDRVJUSUZJQ0FURS0tLS0tCk1JSURCVENDQWUyZ0F3SUJBZ0lJUTVyN1IyaEVsVWd3RFFZSktvWklodmNOQVFFTEJRQXdGVEVUTUJFR0ExVUUKQXhNS2EzVmlaWEp1WlhSbGN6QWVGdzB5TlRBMk1ETXhOREF6TlRkYUZ3MHpOVEEyTURFeE5EQTROVGRhTUJVeApFekFSQmdOVkJBTVRDbXQxWW1WeWJtVjBaWE13Z2dFaU1BMEdDU3FHU0liM0RRRUJBUVVBQTRJQkR3QXdnZ0VLCkFvSUJBUURHK3ZXaXNhcC80TnVHdTkyakdtaVV5YmZpTzRZMUQzRExpVWkxb2FHbGtHV3l1anByYTgxMmVkRUYKUDdqNGd0K05RRFc5WnhiOTk3T3lMRmZKKzExbE5lcitjcUgxQVIzRHZXakxHZVdMc2czSkxmNFJvRmFFK2lVQgo3cFdybXJmdUNEcVpQL0ZvM2JJNnBmQ1ZaWEdobnlaSWtuRlJDdDd2TC9JK1BPV0lCdWNXcVh0Wlg5VThUd29lCk5kVkF2cnNHSk04VExKazhrbnhRLys0eU80RGt5VnhRYkcvaFFaVFBDSUxLdEJlNm9VTFFjQThLdWhGSWRweEoKTE53amc2SlpLMlVaZm1GN2N5U1pVVm9EVXhWYVRsWW1sb0dVQ3ZlazY0bGtUVHFkTDFOVG5TanRKTFgzemphMgowbFVvTDh2Rk0vMjVWZlpYQUpISUZ1aWNrVHJ0QWdNQkFBR2pXVEJYTUE0R0ExVWREd0VCL3dRRUF3SUNwREFQCkJnTlZIUk1CQWY4RUJUQURBUUgvTUIwR0ExVWREZ1FXQkJSbG9seGViSnpQcGt1a215OWcvZHBCNlRLK0RUQVYKQmdOVkhSRUVEakFNZ2dwcmRXSmxjbTVsZEdWek1BMEdDU3FHU0liM0RRRUJDd1VBQTRJQkFRQ0FVS1JFbjd2LwpsNDByaSttdUd0dXk0V2x3WXVjeEJ0bzdjUHdnYmlJaHQyRk1zbE9DbWZTUmdQWnhFMUJBZUlRWUl1ZUVnYk5BCnlyejBzeTRra2ZPRXNVZ1krbGJMNmdBMEk3RlFQaTZId3FDMmNUSFBHQjdJOWcrRTI0NW9jK3FZTjZPd3RtamkKVS9kR1ZLRHgwQThXR1pGazcyZlBZUWVkUlpnOXpBTzhLTGNxTW54N2RjbE1zREdxOVZxRHdJQU81TldOUWNSbgpNcXkyc05GRjBzSjBaMG5BdVJha1lXTWpNVVlkYjFHZ2lEY014VXlwT3ZSTnlNekJsbkV3S3gzZzEzM0Q4Nk9TCmR3T1hvS3pheCtkTW1yR2xGbWRMYVhuOThsWGhMb0l1cjFFSGlVMGovMG9xa3RsUEVLMWVCNGtlaU9IM0JrNHIKOXdzQ21QNlFHbk85Ci0tLS0tRU5EIENFUlRJRklDQVRFLS0tLS0K",
              "cluster_endpoint": "https://8F09969CB50945FCA0C4AF26B7C0C78C.gr7.eu-north-1.eks.amazonaws.com",
              "cluster_name": "API_EKS_ThreatGPT",
              "cluster_version": "1.31"
            }
          },
          "sensitive_attributes": [],
          "dependencies": [
            "aws_subnet.my_private_subnet_1",
            "aws_subnet.my_private_subnet_2",
            "aws_vpc.my_main_vpc",
            "module.eks.aws_cloudwatch_log_group.this",
            "module.eks.aws_eks_cluster.this",
            "module.eks.aws_iam_policy.cni_ipv6_policy",
            "module.eks.aws_iam_role.this",
            "module.eks.aws_iam_role_policy_attachment.this",
            "module.eks.aws_security_group.cluster",
            "module.eks.aws_security_group.node",
            "module.eks.aws_security_group_rule.cluster",
            "module.eks.aws_security_group_rule.node",
            "module.eks.data.aws_caller_identity.current",
            "module.eks.data.aws_iam_policy_document.assume_role_policy",
            "module.eks.data.aws_iam_policy_document.cni_ipv6_policy",
            "module.eks.data.aws_iam_session_context.current",
            "module.eks.data.aws_partition.current",
            "module.eks.module.kms.aws_kms_external_key.this",
            "module.eks.module.kms.aws_kms_key.this",
            "module.eks.module.kms.aws_kms_replica_external_key.this",
            "module.eks.module.kms.aws_kms_replica_key.this",
            "module.eks.module.kms.data.aws_caller_identity.current",
            "module.eks.module.kms.data.aws_iam_policy_document.this",
            "module.eks.module.kms.data.aws_partition.current"
          ],
          "create_before_destroy": true
        }
      ]
    },
    {
      "module": "module.eks.module.eks_managed_node_group[\"default\"]",
      "mode": "data",
      "type": "aws_caller_identity",
      "name": "current",
      "provider": "provider[\"registry.terraform.io/hashicorp/aws\"]",
      "instances": [
        {
          "schema_version": 0,
          "attributes": {
            "account_id": "039612864283",
            "arn": "arn:aws:iam::039612864283:user/developer",
            "id": "039612864283",
            "user_id": "AIDAQSOI4K4NVLRP3K6G5"
          },
          "sensitive_attributes": []
        }
      ]
    },
    {
      "module": "module.eks.module.eks_managed_node_group[\"default\"]",
      "mode": "data",
      "type": "aws_iam_policy_document",
      "name": "assume_role_policy",
      "provider": "provider[\"registry.terraform.io/hashicorp/aws\"]",
      "instances": [
        {
          "index_key": 0,
          "schema_version": 0,
          "attributes": {
            "id": "2560088296",
            "json": "{\n  \"Version\": \"2012-10-17\",\n  \"Statement\": [\n    {\n      \"Sid\": \"EKSNodeAssumeRole\",\n      \"Effect\": \"Allow\",\n      \"Action\": \"sts:AssumeRole\",\n      \"Principal\": {\n        \"Service\": \"ec2.amazonaws.com\"\n      }\n    }\n  ]\n}",
            "minified_json": "{\"Version\":\"2012-10-17\",\"Statement\":[{\"Sid\":\"EKSNodeAssumeRole\",\"Effect\":\"Allow\",\"Action\":\"sts:AssumeRole\",\"Principal\":{\"Service\":\"ec2.amazonaws.com\"}}]}",
            "override_json": null,
            "override_policy_documents": null,
            "policy_id": null,
            "source_json": null,
            "source_policy_documents": null,
            "statement": [
              {
                "actions": [
                  "sts:AssumeRole"
                ],
                "condition": [],
                "effect": "Allow",
                "not_actions": [],
                "not_principals": [],
                "not_resources": [],
                "principals": [
                  {
                    "identifiers": [
                      "ec2.amazonaws.com"
                    ],
                    "type": "Service"
                  }
                ],
                "resources": [],
                "sid": "EKSNodeAssumeRole"
              }
            ],
            "version": "2012-10-17"
          },
          "sensitive_attributes": []
        }
      ]
    },
    {
      "module": "module.eks.module.eks_managed_node_group[\"default\"]",
      "mode": "data",
      "type": "aws_partition",
      "name": "current",
      "provider": "provider[\"registry.terraform.io/hashicorp/aws\"]",
      "instances": [
        {
          "schema_version": 0,
          "attributes": {
            "dns_suffix": "amazonaws.com",
            "id": "aws",
            "partition": "aws",
            "reverse_dns_prefix": "com.amazonaws"
          },
          "sensitive_attributes": []
        }
      ]
    },
    {
      "module": "module.eks.module.eks_managed_node_group[\"default\"]",
      "mode": "managed",
      "type": "aws_autoscaling_schedule",
      "name": "this",
      "provider": "provider[\"registry.terraform.io/hashicorp/aws\"]",
      "instances": []
    },
    {
      "module": "module.eks.module.eks_managed_node_group[\"default\"]",
      "mode": "managed",
      "type": "aws_eks_node_group",
      "name": "this",
      "provider": "provider[\"registry.terraform.io/hashicorp/aws\"]",
      "instances": [
        {
          "index_key": 0,
          "schema_version": 0,
          "attributes": {
            "ami_type": "AL2023_x86_64_STANDARD",
            "arn": "arn:aws:eks:eu-north-1:039612864283:nodegroup/API_EKS_ThreatGPT/default-2025061009314624560000000a/e6cbac97-3a7c-c048-5e5b-8daec3e2da23",
            "capacity_type": "ON_DEMAND",
            "cluster_name": "API_EKS_ThreatGPT",
            "disk_size": 0,
            "force_update_version": null,
            "id": "API_EKS_ThreatGPT:default-2025061009314624560000000a",
            "instance_types": [
              "t3.medium"
            ],
            "labels": null,
            "launch_template": [
              {
                "id": "lt-08612a8e3bb64da8e",
                "name": "default-20250531111423927600000008",
                "version": "1"
              }
            ],
            "node_group_name": "default-2025061009314624560000000a",
            "node_group_name_prefix": "default-",
            "node_repair_config": [],
            "node_role_arn": "arn:aws:iam::039612864283:role/default-eks-node-group-20250531101209946800000003",
            "release_version": "1.31.7-20250519",
            "remote_access": [],
            "resources": [
              {
                "autoscaling_groups": [
                  {
                    "name": "eks-default-2025061009314624560000000a-e6cbac97-3a7c-c048-5e5b-8daec3e2da23"
                  }
                ],
                "remote_access_security_group_id": ""
              }
            ],
            "scaling_config": [
              {
                "desired_size": 2,
                "max_size": 3,
                "min_size": 1
              }
            ],
            "status": "ACTIVE",
            "subnet_ids": [
              "subnet-012ca80a2303a146f",
              "subnet-0218f9dd12b492d9f"
            ],
            "tags": {
              "Name": "default"
            },
            "tags_all": {
              "Name": "default"
            },
            "taint": [],
            "timeouts": {
              "create": null,
              "delete": null,
              "update": null
            },
            "update_config": [
              {
                "max_unavailable": 0,
                "max_unavailable_percentage": 33
              }
            ],
            "version": "1.31"
          },
          "sensitive_attributes": [],
          "private": "eyJlMmJmYjczMC1lY2FhLTExZTYtOGY4OC0zNDM2M2JjN2M0YzAiOnsiY3JlYXRlIjozNjAwMDAwMDAwMDAwLCJkZWxldGUiOjM2MDAwMDAwMDAwMDAsInVwZGF0ZSI6MzYwMDAwMDAwMDAwMH19",
          "dependencies": [
            "aws_iam_role.eks_node_group_iam_role",
            "aws_subnet.my_private_subnet_1",
            "aws_subnet.my_private_subnet_2",
            "aws_vpc.my_main_vpc",
            "module.eks.aws_cloudwatch_log_group.this",
            "module.eks.aws_eks_cluster.this",
            "module.eks.aws_iam_policy.cni_ipv6_policy",
            "module.eks.aws_iam_role.this",
            "module.eks.aws_iam_role_policy_attachment.this",
            "module.eks.aws_security_group.cluster",
            "module.eks.aws_security_group.node",
            "module.eks.aws_security_group_rule.cluster",
            "module.eks.aws_security_group_rule.node",
            "module.eks.data.aws_caller_identity.current",
            "module.eks.data.aws_iam_policy_document.assume_role_policy",
            "module.eks.data.aws_iam_policy_document.cni_ipv6_policy",
            "module.eks.data.aws_iam_session_context.current",
            "module.eks.data.aws_partition.current",
            "module.eks.module.eks_managed_node_group.aws_iam_role.this",
            "module.eks.module.eks_managed_node_group.aws_iam_role_policy_attachment.this",
            "module.eks.module.eks_managed_node_group.aws_launch_template.this",
            "module.eks.module.eks_managed_node_group.data.aws_caller_identity.current",
            "module.eks.module.eks_managed_node_group.data.aws_iam_policy_document.assume_role_policy",
            "module.eks.module.eks_managed_node_group.data.aws_partition.current",
            "module.eks.module.eks_managed_node_group.module.user_data.data.cloudinit_config.linux_eks_managed_node_group",
            "module.eks.module.kms.aws_kms_external_key.this",
            "module.eks.module.kms.aws_kms_key.this",
            "module.eks.module.kms.aws_kms_replica_external_key.this",
            "module.eks.module.kms.aws_kms_replica_key.this",
            "module.eks.module.kms.data.aws_caller_identity.current",
            "module.eks.module.kms.data.aws_iam_policy_document.this",
            "module.eks.module.kms.data.aws_partition.current",
            "module.eks.time_sleep.this"
          ],
          "create_before_destroy": true
        }
      ]
    },
    {
      "module": "module.eks.module.eks_managed_node_group[\"default\"]",
      "mode": "managed",
      "type": "aws_iam_role",
      "name": "this",
      "provider": "provider[\"registry.terraform.io/hashicorp/aws\"]",
      "instances": [
        {
          "index_key": 0,
          "schema_version": 0,
          "attributes": {
            "arn": "arn:aws:iam::039612864283:role/default-eks-node-group-20250531101209946800000003",
            "assume_role_policy": "{\"Statement\":[{\"Action\":\"sts:AssumeRole\",\"Effect\":\"Allow\",\"Principal\":{\"Service\":\"ec2.amazonaws.com\"},\"Sid\":\"EKSNodeAssumeRole\"}],\"Version\":\"2012-10-17\"}",
            "create_date": "2025-05-31T10:12:10Z",
            "description": "EKS managed node group IAM role",
            "force_detach_policies": true,
            "id": "default-eks-node-group-20250531101209946800000003",
            "inline_policy": [],
            "managed_policy_arns": [
              "arn:aws:iam::aws:policy/AmazonEC2ContainerRegistryReadOnly",
              "arn:aws:iam::aws:policy/AmazonEKSWorkerNodePolicy",
              "arn:aws:iam::aws:policy/AmazonEKS_CNI_Policy"
            ],
            "max_session_duration": 3600,
            "name": "default-eks-node-group-20250531101209946800000003",
            "name_prefix": "default-eks-node-group-",
            "path": "/",
            "permissions_boundary": "",
            "tags": {},
            "tags_all": {},
            "unique_id": "AROAQSOI4K4NYGWI344F3"
          },
          "sensitive_attributes": [],
          "private": "bnVsbA==",
          "dependencies": [
            "aws_iam_role.eks_node_group_iam_role",
            "module.eks.module.eks_managed_node_group.data.aws_iam_policy_document.assume_role_policy",
            "module.eks.module.eks_managed_node_group.data.aws_partition.current"
          ],
          "create_before_destroy": true
        }
      ]
    },
    {
      "module": "module.eks.module.eks_managed_node_group[\"default\"]",
      "mode": "managed",
      "type": "aws_iam_role_policy_attachment",
      "name": "this",
      "provider": "provider[\"registry.terraform.io/hashicorp/aws\"]",
      "instances": [
        {
          "index_key": "arn:aws:iam::aws:policy/AmazonEC2ContainerRegistryReadOnly",
          "schema_version": 0,
          "attributes": {
            "id": "default-eks-node-group-20250531101209946800000003-20250531101211700400000007",
            "policy_arn": "arn:aws:iam::aws:policy/AmazonEC2ContainerRegistryReadOnly",
            "role": "default-eks-node-group-20250531101209946800000003"
          },
          "sensitive_attributes": [],
          "private": "bnVsbA==",
          "dependencies": [
            "aws_iam_role.eks_node_group_iam_role",
            "module.eks.module.eks_managed_node_group.aws_iam_role.this",
            "module.eks.module.eks_managed_node_group.data.aws_caller_identity.current",
            "module.eks.module.eks_managed_node_group.data.aws_iam_policy_document.assume_role_policy",
            "module.eks.module.eks_managed_node_group.data.aws_partition.current"
          ],
          "create_before_destroy": true
        },
        {
          "index_key": "arn:aws:iam::aws:policy/AmazonEKSWorkerNodePolicy",
          "schema_version": 0,
          "attributes": {
            "id": "default-eks-node-group-20250531101209946800000003-20250531101211471300000005",
            "policy_arn": "arn:aws:iam::aws:policy/AmazonEKSWorkerNodePolicy",
            "role": "default-eks-node-group-20250531101209946800000003"
          },
          "sensitive_attributes": [],
          "private": "bnVsbA==",
          "dependencies": [
            "aws_iam_role.eks_node_group_iam_role",
            "module.eks.module.eks_managed_node_group.aws_iam_role.this",
            "module.eks.module.eks_managed_node_group.data.aws_caller_identity.current",
            "module.eks.module.eks_managed_node_group.data.aws_iam_policy_document.assume_role_policy",
            "module.eks.module.eks_managed_node_group.data.aws_partition.current"
          ],
          "create_before_destroy": true
        },
        {
          "index_key": "arn:aws:iam::aws:policy/AmazonEKS_CNI_Policy",
          "schema_version": 0,
          "attributes": {
            "id": "default-eks-node-group-20250531101209946800000003-20250531101211555600000006",
            "policy_arn": "arn:aws:iam::aws:policy/AmazonEKS_CNI_Policy",
            "role": "default-eks-node-group-20250531101209946800000003"
          },
          "sensitive_attributes": [],
          "private": "bnVsbA==",
          "dependencies": [
            "aws_iam_role.eks_node_group_iam_role",
            "module.eks.module.eks_managed_node_group.aws_iam_role.this",
            "module.eks.module.eks_managed_node_group.data.aws_caller_identity.current",
            "module.eks.module.eks_managed_node_group.data.aws_iam_policy_document.assume_role_policy",
            "module.eks.module.eks_managed_node_group.data.aws_partition.current"
          ],
          "create_before_destroy": true
        }
      ]
    },
    {
      "module": "module.eks.module.eks_managed_node_group[\"default\"]",
      "mode": "managed",
      "type": "aws_launch_template",
      "name": "this",
      "provider": "provider[\"registry.terraform.io/hashicorp/aws\"]",
      "instances": [
        {
          "index_key": 0,
          "schema_version": 0,
          "attributes": {
            "arn": "arn:aws:ec2:eu-north-1:039612864283:launch-template/lt-08612a8e3bb64da8e",
            "block_device_mappings": [],
            "capacity_reservation_specification": [],
            "cpu_options": [],
            "credit_specification": [],
            "default_version": 1,
            "description": "Custom launch template for default EKS managed node group",
            "disable_api_stop": false,
            "disable_api_termination": false,
            "ebs_optimized": "",
            "elastic_gpu_specifications": [],
            "elastic_inference_accelerator": [],
            "enclave_options": [],
            "hibernation_options": [],
            "iam_instance_profile": [],
            "id": "lt-08612a8e3bb64da8e",
            "image_id": "",
            "instance_initiated_shutdown_behavior": "",
            "instance_market_options": [],
            "instance_requirements": [],
            "instance_type": "",
            "kernel_id": "",
            "key_name": "",
            "latest_version": 1,
            "license_specification": [],
            "maintenance_options": [],
            "metadata_options": [
              {
                "http_endpoint": "enabled",
                "http_protocol_ipv6": "",
                "http_put_response_hop_limit": 2,
                "http_tokens": "required",
                "instance_metadata_tags": ""
              }
            ],
            "monitoring": [
              {
                "enabled": true
              }
            ],
            "name": "default-20250531111423927600000008",
            "name_prefix": "default-",
            "network_interfaces": [],
            "placement": [],
            "private_dns_name_options": [],
            "ram_disk_id": "",
            "security_group_names": [],
            "tag_specifications": [
              {
                "resource_type": "instance",
                "tags": {
                  "Name": "default"
                }
              },
              {
                "resource_type": "network-interface",
                "tags": {
                  "Name": "default"
                }
              },
              {
                "resource_type": "volume",
                "tags": {
                  "Name": "default"
                }
              }
            ],
            "tags": {},
            "tags_all": {},
            "update_default_version": true,
            "user_data": "",
            "vpc_security_group_ids": [
              "sg-0407f512282ed7378"
            ]
          },
          "sensitive_attributes": [],
          "private": "bnVsbA==",
          "dependencies": [
            "aws_iam_role.eks_node_group_iam_role",
            "aws_subnet.my_private_subnet_1",
            "aws_subnet.my_private_subnet_2",
            "aws_vpc.my_main_vpc",
            "module.eks.aws_cloudwatch_log_group.this",
            "module.eks.aws_eks_cluster.this",
            "module.eks.aws_iam_policy.cni_ipv6_policy",
            "module.eks.aws_iam_role.this",
            "module.eks.aws_iam_role_policy_attachment.this",
            "module.eks.aws_security_group.cluster",
            "module.eks.aws_security_group.node",
            "module.eks.aws_security_group_rule.cluster",
            "module.eks.aws_security_group_rule.node",
            "module.eks.data.aws_caller_identity.current",
            "module.eks.data.aws_iam_policy_document.assume_role_policy",
            "module.eks.data.aws_iam_policy_document.cni_ipv6_policy",
            "module.eks.data.aws_iam_session_context.current",
            "module.eks.data.aws_partition.current",
            "module.eks.module.eks_managed_node_group.aws_iam_role.this",
            "module.eks.module.eks_managed_node_group.aws_iam_role_policy_attachment.this",
            "module.eks.module.eks_managed_node_group.data.aws_caller_identity.current",
            "module.eks.module.eks_managed_node_group.data.aws_iam_policy_document.assume_role_policy",
            "module.eks.module.eks_managed_node_group.data.aws_partition.current",
            "module.eks.module.eks_managed_node_group.module.user_data.data.cloudinit_config.linux_eks_managed_node_group",
            "module.eks.module.kms.aws_kms_external_key.this",
            "module.eks.module.kms.aws_kms_key.this",
            "module.eks.module.kms.aws_kms_replica_external_key.this",
            "module.eks.module.kms.aws_kms_replica_key.this",
            "module.eks.module.kms.data.aws_caller_identity.current",
            "module.eks.module.kms.data.aws_iam_policy_document.this",
            "module.eks.module.kms.data.aws_partition.current",
            "module.eks.time_sleep.this"
          ],
          "create_before_destroy": true
        }
      ]
    },
    {
      "module": "module.eks.module.eks_managed_node_group[\"default\"].module.user_data",
      "mode": "data",
      "type": "cloudinit_config",
      "name": "linux_eks_managed_node_group",
      "provider": "provider[\"registry.terraform.io/hashicorp/cloudinit\"]",
      "instances": []
    },
    {
      "module": "module.eks.module.kms",
      "mode": "data",
      "type": "aws_caller_identity",
      "name": "current",
      "provider": "provider[\"registry.terraform.io/hashicorp/aws\"]",
      "instances": [
        {
          "index_key": 0,
          "schema_version": 0,
          "attributes": {
            "account_id": "039612864283",
            "arn": "arn:aws:iam::039612864283:user/developer",
            "id": "039612864283",
            "user_id": "AIDAQSOI4K4NVLRP3K6G5"
          },
          "sensitive_attributes": []
        }
      ]
    },
    {
      "module": "module.eks.module.kms",
      "mode": "data",
      "type": "aws_iam_policy_document",
      "name": "this",
      "provider": "provider[\"registry.terraform.io/hashicorp/aws\"]",
      "instances": [
        {
          "index_key": 0,
          "schema_version": 0,
          "attributes": {
            "id": "1283823497",
            "json": "{\n  \"Version\": \"2012-10-17\",\n  \"Statement\": [\n    {\n      \"Sid\": \"KeyAdministration\",\n      \"Effect\": \"Allow\",\n      \"Action\": [\n        \"kms:Update*\",\n        \"kms:UntagResource\",\n        \"kms:TagResource\",\n        \"kms:ScheduleKeyDeletion\",\n        \"kms:Revoke*\",\n        \"kms:ReplicateKey\",\n        \"kms:Put*\",\n        \"kms:List*\",\n        \"kms:ImportKeyMaterial\",\n        \"kms:Get*\",\n        \"kms:Enable*\",\n        \"kms:Disable*\",\n        \"kms:Describe*\",\n        \"kms:Delete*\",\n        \"kms:Create*\",\n        \"kms:CancelKeyDeletion\"\n      ],\n      \"Resource\": \"*\",\n      \"Principal\": {\n        \"AWS\": \"arn:aws:iam::039612864283:user/developer\"\n      }\n    },\n    {\n      \"Sid\": \"KeyUsage\",\n      \"Effect\": \"Allow\",\n      \"Action\": [\n        \"kms:ReEncrypt*\",\n        \"kms:GenerateDataKey*\",\n        \"kms:Encrypt\",\n        \"kms:DescribeKey\",\n        \"kms:Decrypt\"\n      ],\n      \"Resource\": \"*\",\n      \"Principal\": {\n        \"AWS\": \"arn:aws:iam::039612864283:role/API_EKS_ThreatGPT-cluster-20250531101209947700000004\"\n      }\n    }\n  ]\n}",
            "minified_json": "{\"Version\":\"2012-10-17\",\"Statement\":[{\"Sid\":\"KeyAdministration\",\"Effect\":\"Allow\",\"Action\":[\"kms:Update*\",\"kms:UntagResource\",\"kms:TagResource\",\"kms:ScheduleKeyDeletion\",\"kms:Revoke*\",\"kms:ReplicateKey\",\"kms:Put*\",\"kms:List*\",\"kms:ImportKeyMaterial\",\"kms:Get*\",\"kms:Enable*\",\"kms:Disable*\",\"kms:Describe*\",\"kms:Delete*\",\"kms:Create*\",\"kms:CancelKeyDeletion\"],\"Resource\":\"*\",\"Principal\":{\"AWS\":\"arn:aws:iam::039612864283:user/developer\"}},{\"Sid\":\"KeyUsage\",\"Effect\":\"Allow\",\"Action\":[\"kms:ReEncrypt*\",\"kms:GenerateDataKey*\",\"kms:Encrypt\",\"kms:DescribeKey\",\"kms:Decrypt\"],\"Resource\":\"*\",\"Principal\":{\"AWS\":\"arn:aws:iam::039612864283:role/API_EKS_ThreatGPT-cluster-20250531101209947700000004\"}}]}",
            "override_json": null,
            "override_policy_documents": null,
            "policy_id": null,
            "source_json": null,
            "source_policy_documents": null,
            "statement": [
              {
                "actions": [
                  "kms:CancelKeyDeletion",
                  "kms:Create*",
                  "kms:Delete*",
                  "kms:Describe*",
                  "kms:Disable*",
                  "kms:Enable*",
                  "kms:Get*",
                  "kms:ImportKeyMaterial",
                  "kms:List*",
                  "kms:Put*",
                  "kms:ReplicateKey",
                  "kms:Revoke*",
                  "kms:ScheduleKeyDeletion",
                  "kms:TagResource",
                  "kms:UntagResource",
                  "kms:Update*"
                ],
                "condition": [],
                "effect": "Allow",
                "not_actions": [],
                "not_principals": [],
                "not_resources": [],
                "principals": [
                  {
                    "identifiers": [
                      "arn:aws:iam::039612864283:user/developer"
                    ],
                    "type": "AWS"
                  }
                ],
                "resources": [
                  "*"
                ],
                "sid": "KeyAdministration"
              },
              {
                "actions": [
                  "kms:Decrypt",
                  "kms:DescribeKey",
                  "kms:Encrypt",
                  "kms:GenerateDataKey*",
                  "kms:ReEncrypt*"
                ],
                "condition": [],
                "effect": "Allow",
                "not_actions": [],
                "not_principals": [],
                "not_resources": [],
                "principals": [
                  {
                    "identifiers": [
                      "arn:aws:iam::039612864283:role/API_EKS_ThreatGPT-cluster-20250531101209947700000004"
                    ],
                    "type": "AWS"
                  }
                ],
                "resources": [
                  "*"
                ],
                "sid": "KeyUsage"
              }
            ],
            "version": "2012-10-17"
          },
          "sensitive_attributes": []
        }
      ]
    },
    {
      "module": "module.eks.module.kms",
      "mode": "data",
      "type": "aws_partition",
      "name": "current",
      "provider": "provider[\"registry.terraform.io/hashicorp/aws\"]",
      "instances": [
        {
          "index_key": 0,
          "schema_version": 0,
          "attributes": {
            "dns_suffix": "amazonaws.com",
            "id": "aws",
            "partition": "aws",
            "reverse_dns_prefix": "com.amazonaws"
          },
          "sensitive_attributes": []
        }
      ]
    },
    {
      "module": "module.eks.module.kms",
      "mode": "managed",
      "type": "aws_kms_alias",
      "name": "this",
      "provider": "provider[\"registry.terraform.io/hashicorp/aws\"]",
      "instances": [
        {
          "index_key": "cluster",
          "schema_version": 0,
          "attributes": {
            "arn": "arn:aws:kms:eu-north-1:039612864283:alias/eks/API_EKS_ThreatGPT",
            "id": "alias/eks/API_EKS_ThreatGPT",
            "name": "alias/eks/API_EKS_ThreatGPT",
            "name_prefix": "",
            "target_key_arn": "arn:aws:kms:eu-north-1:039612864283:key/ec7545c4-989b-42a1-8bb2-aaaa5765b4ce",
            "target_key_id": "ec7545c4-989b-42a1-8bb2-aaaa5765b4ce"
          },
          "sensitive_attributes": [],
          "private": "bnVsbA==",
          "dependencies": [
            "module.eks.aws_iam_role.this",
            "module.eks.data.aws_caller_identity.current",
            "module.eks.data.aws_iam_policy_document.assume_role_policy",
            "module.eks.data.aws_iam_session_context.current",
            "module.eks.data.aws_partition.current",
            "module.eks.module.kms.aws_kms_external_key.this",
            "module.eks.module.kms.aws_kms_key.this",
            "module.eks.module.kms.aws_kms_replica_external_key.this",
            "module.eks.module.kms.aws_kms_replica_key.this",
            "module.eks.module.kms.data.aws_caller_identity.current",
            "module.eks.module.kms.data.aws_iam_policy_document.this",
            "module.eks.module.kms.data.aws_partition.current"
          ]
        }
      ]
    },
    {
      "module": "module.eks.module.kms",
      "mode": "managed",
      "type": "aws_kms_external_key",
      "name": "this",
      "provider": "provider[\"registry.terraform.io/hashicorp/aws\"]",
      "instances": []
    },
    {
      "module": "module.eks.module.kms",
      "mode": "managed",
      "type": "aws_kms_key",
      "name": "this",
      "provider": "provider[\"registry.terraform.io/hashicorp/aws\"]",
      "instances": [
        {
          "index_key": 0,
          "schema_version": 0,
          "attributes": {
            "arn": "arn:aws:kms:eu-north-1:039612864283:key/ec7545c4-989b-42a1-8bb2-aaaa5765b4ce",
            "bypass_policy_lockout_safety_check": false,
            "custom_key_store_id": "",
            "customer_master_key_spec": "SYMMETRIC_DEFAULT",
            "deletion_window_in_days": null,
            "description": "API_EKS_ThreatGPT cluster encryption key",
            "enable_key_rotation": true,
            "id": "ec7545c4-989b-42a1-8bb2-aaaa5765b4ce",
            "is_enabled": true,
            "key_id": "ec7545c4-989b-42a1-8bb2-aaaa5765b4ce",
            "key_usage": "ENCRYPT_DECRYPT",
            "multi_region": false,
            "policy": "{\"Statement\":[{\"Action\":[\"kms:Update*\",\"kms:UntagResource\",\"kms:TagResource\",\"kms:ScheduleKeyDeletion\",\"kms:Revoke*\",\"kms:ReplicateKey\",\"kms:Put*\",\"kms:List*\",\"kms:ImportKeyMaterial\",\"kms:Get*\",\"kms:Enable*\",\"kms:Disable*\",\"kms:Describe*\",\"kms:Delete*\",\"kms:Create*\",\"kms:CancelKeyDeletion\"],\"Effect\":\"Allow\",\"Principal\":{\"AWS\":\"arn:aws:iam::039612864283:user/developer\"},\"Resource\":\"*\",\"Sid\":\"KeyAdministration\"},{\"Action\":[\"kms:ReEncrypt*\",\"kms:GenerateDataKey*\",\"kms:Encrypt\",\"kms:DescribeKey\",\"kms:Decrypt\"],\"Effect\":\"Allow\",\"Principal\":{\"AWS\":\"arn:aws:iam::039612864283:role/API_EKS_ThreatGPT-cluster-20250531101209947700000004\"},\"Resource\":\"*\",\"Sid\":\"KeyUsage\"}],\"Version\":\"2012-10-17\"}",
            "rotation_period_in_days": 365,
            "tags": {},
            "tags_all": {},
            "timeouts": null,
            "xks_key_id": ""
          },
          "sensitive_attributes": [],
          "private": "eyJlMmJmYjczMC1lY2FhLTExZTYtOGY4OC0zNDM2M2JjN2M0YzAiOnsiY3JlYXRlIjoxMjAwMDAwMDAwMDB9fQ==",
          "dependencies": [
            "module.eks.aws_iam_role.this",
            "module.eks.data.aws_caller_identity.current",
            "module.eks.data.aws_iam_policy_document.assume_role_policy",
            "module.eks.data.aws_iam_session_context.current",
            "module.eks.data.aws_partition.current",
            "module.eks.module.kms.data.aws_caller_identity.current",
            "module.eks.module.kms.data.aws_iam_policy_document.this",
            "module.eks.module.kms.data.aws_partition.current"
          ],
          "create_before_destroy": true
        }
      ]
    },
    {
      "module": "module.eks.module.kms",
      "mode": "managed",
      "type": "aws_kms_replica_external_key",
      "name": "this",
      "provider": "provider[\"registry.terraform.io/hashicorp/aws\"]",
      "instances": []
    },
    {
      "module": "module.eks.module.kms",
      "mode": "managed",
      "type": "aws_kms_replica_key",
      "name": "this",
      "provider": "provider[\"registry.terraform.io/hashicorp/aws\"]",
      "instances": []
    }
  ],
  "check_results": null
}
